{
  "version": 4,
  "terraform_version": "1.3.4",
  "serial": 839,
  "lineage": "739f1a39-e530-5b94-c2f8-a0946d3868ac",
  "outputs": {},
  "resources": [
    {
      "mode": "managed",
      "type": "kubernetes_manifest",
      "name": "deployed_attestation",
      "provider": "provider[\"registry.terraform.io/hashicorp/kubernetes\"]",
      "instances": [
        {
          "index_key": 0,
          "schema_version": 1,
          "attributes": {
            "computed_fields": null,
            "field_manager": [],
            "manifest": {
              "value": {
                "apiVersion": "argus.io/v1alpha1",
                "kind": "Attestation",
                "metadata": {
                  "labels": {
                    "app.kubernetes.io/created-by": "operator",
                    "app.kubernetes.io/instance": "attestation-sample",
                    "app.kubernetes.io/managed-by": "kustomize",
                    "app.kubernetes.io/name": "attestation",
                    "app.kubernetes.io/part-of": "operator"
                  },
                  "name": "req1-prev-deployed",
                  "namespace": "default"
                },
                "spec": {
                  "assessmentRef": "req1-preventative",
                  "providerRef": {
                    "name": "random",
                    "namespace": "default"
                  }
                }
              },
              "type": [
                "object",
                {
                  "apiVersion": "string",
                  "kind": "string",
                  "metadata": [
                    "object",
                    {
                      "labels": [
                        "object",
                        {
                          "app.kubernetes.io/created-by": "string",
                          "app.kubernetes.io/instance": "string",
                          "app.kubernetes.io/managed-by": "string",
                          "app.kubernetes.io/name": "string",
                          "app.kubernetes.io/part-of": "string"
                        }
                      ],
                      "name": "string",
                      "namespace": "string"
                    }
                  ],
                  "spec": [
                    "object",
                    {
                      "assessmentRef": "string",
                      "providerRef": [
                        "object",
                        {
                          "name": "string",
                          "namespace": "string"
                        }
                      ]
                    }
                  ]
                }
              ]
            },
            "object": {
              "value": {
                "apiVersion": "argus.io/v1alpha1",
                "kind": "Attestation",
                "metadata": {
                  "annotations": null,
                  "creationTimestamp": null,
                  "deletionGracePeriodSeconds": null,
                  "deletionTimestamp": null,
                  "finalizers": null,
                  "generateName": null,
                  "generation": null,
                  "labels": {
                    "app.kubernetes.io/created-by": "operator",
                    "app.kubernetes.io/instance": "attestation-sample",
                    "app.kubernetes.io/managed-by": "kustomize",
                    "app.kubernetes.io/name": "attestation",
                    "app.kubernetes.io/part-of": "operator"
                  },
                  "managedFields": null,
                  "name": "req1-prev-deployed",
                  "namespace": "default",
                  "ownerReferences": null,
                  "resourceVersion": null,
                  "selfLink": null,
                  "uid": null
                },
                "spec": {
                  "assessmentRef": "req1-preventative",
                  "providerRef": {
                    "name": "random",
                    "namespace": "default"
                  }
                }
              },
              "type": [
                "object",
                {
                  "apiVersion": "string",
                  "kind": "string",
                  "metadata": [
                    "object",
                    {
                      "annotations": [
                        "map",
                        "string"
                      ],
                      "creationTimestamp": "string",
                      "deletionGracePeriodSeconds": "number",
                      "deletionTimestamp": "string",
                      "finalizers": [
                        "list",
                        "string"
                      ],
                      "generateName": "string",
                      "generation": "number",
                      "labels": [
                        "map",
                        "string"
                      ],
                      "managedFields": [
                        "tuple",
                        [
                          [
                            "object",
                            {
                              "apiVersion": "string",
                              "fieldsType": "string",
                              "fieldsV1": "dynamic",
                              "manager": "string",
                              "operation": "string",
                              "subresource": "string",
                              "time": "string"
                            }
                          ]
                        ]
                      ],
                      "name": "string",
                      "namespace": "string",
                      "ownerReferences": [
                        "list",
                        [
                          "object",
                          {
                            "apiVersion": "string",
                            "blockOwnerDeletion": "bool",
                            "controller": "bool",
                            "kind": "string",
                            "name": "string",
                            "uid": "string"
                          }
                        ]
                      ],
                      "resourceVersion": "string",
                      "selfLink": "string",
                      "uid": "string"
                    }
                  ],
                  "spec": [
                    "object",
                    {
                      "assessmentRef": "string",
                      "providerRef": [
                        "object",
                        {
                          "name": "string",
                          "namespace": "string"
                        }
                      ]
                    }
                  ]
                }
              ]
            },
            "timeouts": [],
            "wait": [],
            "wait_for": null
          },
          "sensitive_attributes": []
        },
        {
          "index_key": 1,
          "schema_version": 1,
          "attributes": {
            "computed_fields": null,
            "field_manager": [],
            "manifest": {
              "value": {
                "apiVersion": "argus.io/v1alpha1",
                "kind": "Attestation",
                "metadata": {
                  "labels": {
                    "app.kubernetes.io/created-by": "operator",
                    "app.kubernetes.io/instance": "attestation-sample",
                    "app.kubernetes.io/managed-by": "kustomize",
                    "app.kubernetes.io/name": "attestation",
                    "app.kubernetes.io/part-of": "operator"
                  },
                  "name": "req2-prev-deployed",
                  "namespace": "default"
                },
                "spec": {
                  "assessmentRef": "req2-preventative",
                  "providerRef": {
                    "name": "random",
                    "namespace": "default"
                  }
                }
              },
              "type": [
                "object",
                {
                  "apiVersion": "string",
                  "kind": "string",
                  "metadata": [
                    "object",
                    {
                      "labels": [
                        "object",
                        {
                          "app.kubernetes.io/created-by": "string",
                          "app.kubernetes.io/instance": "string",
                          "app.kubernetes.io/managed-by": "string",
                          "app.kubernetes.io/name": "string",
                          "app.kubernetes.io/part-of": "string"
                        }
                      ],
                      "name": "string",
                      "namespace": "string"
                    }
                  ],
                  "spec": [
                    "object",
                    {
                      "assessmentRef": "string",
                      "providerRef": [
                        "object",
                        {
                          "name": "string",
                          "namespace": "string"
                        }
                      ]
                    }
                  ]
                }
              ]
            },
            "object": {
              "value": {
                "apiVersion": "argus.io/v1alpha1",
                "kind": "Attestation",
                "metadata": {
                  "annotations": null,
                  "creationTimestamp": null,
                  "deletionGracePeriodSeconds": null,
                  "deletionTimestamp": null,
                  "finalizers": null,
                  "generateName": null,
                  "generation": null,
                  "labels": {
                    "app.kubernetes.io/created-by": "operator",
                    "app.kubernetes.io/instance": "attestation-sample",
                    "app.kubernetes.io/managed-by": "kustomize",
                    "app.kubernetes.io/name": "attestation",
                    "app.kubernetes.io/part-of": "operator"
                  },
                  "managedFields": null,
                  "name": "req2-prev-deployed",
                  "namespace": "default",
                  "ownerReferences": null,
                  "resourceVersion": null,
                  "selfLink": null,
                  "uid": null
                },
                "spec": {
                  "assessmentRef": "req2-preventative",
                  "providerRef": {
                    "name": "random",
                    "namespace": "default"
                  }
                }
              },
              "type": [
                "object",
                {
                  "apiVersion": "string",
                  "kind": "string",
                  "metadata": [
                    "object",
                    {
                      "annotations": [
                        "map",
                        "string"
                      ],
                      "creationTimestamp": "string",
                      "deletionGracePeriodSeconds": "number",
                      "deletionTimestamp": "string",
                      "finalizers": [
                        "list",
                        "string"
                      ],
                      "generateName": "string",
                      "generation": "number",
                      "labels": [
                        "map",
                        "string"
                      ],
                      "managedFields": [
                        "tuple",
                        [
                          [
                            "object",
                            {
                              "apiVersion": "string",
                              "fieldsType": "string",
                              "fieldsV1": "dynamic",
                              "manager": "string",
                              "operation": "string",
                              "subresource": "string",
                              "time": "string"
                            }
                          ]
                        ]
                      ],
                      "name": "string",
                      "namespace": "string",
                      "ownerReferences": [
                        "list",
                        [
                          "object",
                          {
                            "apiVersion": "string",
                            "blockOwnerDeletion": "bool",
                            "controller": "bool",
                            "kind": "string",
                            "name": "string",
                            "uid": "string"
                          }
                        ]
                      ],
                      "resourceVersion": "string",
                      "selfLink": "string",
                      "uid": "string"
                    }
                  ],
                  "spec": [
                    "object",
                    {
                      "assessmentRef": "string",
                      "providerRef": [
                        "object",
                        {
                          "name": "string",
                          "namespace": "string"
                        }
                      ]
                    }
                  ]
                }
              ]
            },
            "timeouts": [],
            "wait": [],
            "wait_for": null
          },
          "sensitive_attributes": []
        },
        {
          "index_key": 2,
          "schema_version": 1,
          "attributes": {
            "computed_fields": null,
            "field_manager": [],
            "manifest": {
              "value": {
                "apiVersion": "argus.io/v1alpha1",
                "kind": "Attestation",
                "metadata": {
                  "labels": {
                    "app.kubernetes.io/created-by": "operator",
                    "app.kubernetes.io/instance": "attestation-sample",
                    "app.kubernetes.io/managed-by": "kustomize",
                    "app.kubernetes.io/name": "attestation",
                    "app.kubernetes.io/part-of": "operator"
                  },
                  "name": "req3-prev-deployed",
                  "namespace": "default"
                },
                "spec": {
                  "assessmentRef": "req3-preventative",
                  "providerRef": {
                    "name": "random",
                    "namespace": "default"
                  }
                }
              },
              "type": [
                "object",
                {
                  "apiVersion": "string",
                  "kind": "string",
                  "metadata": [
                    "object",
                    {
                      "labels": [
                        "object",
                        {
                          "app.kubernetes.io/created-by": "string",
                          "app.kubernetes.io/instance": "string",
                          "app.kubernetes.io/managed-by": "string",
                          "app.kubernetes.io/name": "string",
                          "app.kubernetes.io/part-of": "string"
                        }
                      ],
                      "name": "string",
                      "namespace": "string"
                    }
                  ],
                  "spec": [
                    "object",
                    {
                      "assessmentRef": "string",
                      "providerRef": [
                        "object",
                        {
                          "name": "string",
                          "namespace": "string"
                        }
                      ]
                    }
                  ]
                }
              ]
            },
            "object": {
              "value": {
                "apiVersion": "argus.io/v1alpha1",
                "kind": "Attestation",
                "metadata": {
                  "annotations": null,
                  "creationTimestamp": null,
                  "deletionGracePeriodSeconds": null,
                  "deletionTimestamp": null,
                  "finalizers": null,
                  "generateName": null,
                  "generation": null,
                  "labels": {
                    "app.kubernetes.io/created-by": "operator",
                    "app.kubernetes.io/instance": "attestation-sample",
                    "app.kubernetes.io/managed-by": "kustomize",
                    "app.kubernetes.io/name": "attestation",
                    "app.kubernetes.io/part-of": "operator"
                  },
                  "managedFields": null,
                  "name": "req3-prev-deployed",
                  "namespace": "default",
                  "ownerReferences": null,
                  "resourceVersion": null,
                  "selfLink": null,
                  "uid": null
                },
                "spec": {
                  "assessmentRef": "req3-preventative",
                  "providerRef": {
                    "name": "random",
                    "namespace": "default"
                  }
                }
              },
              "type": [
                "object",
                {
                  "apiVersion": "string",
                  "kind": "string",
                  "metadata": [
                    "object",
                    {
                      "annotations": [
                        "map",
                        "string"
                      ],
                      "creationTimestamp": "string",
                      "deletionGracePeriodSeconds": "number",
                      "deletionTimestamp": "string",
                      "finalizers": [
                        "list",
                        "string"
                      ],
                      "generateName": "string",
                      "generation": "number",
                      "labels": [
                        "map",
                        "string"
                      ],
                      "managedFields": [
                        "tuple",
                        [
                          [
                            "object",
                            {
                              "apiVersion": "string",
                              "fieldsType": "string",
                              "fieldsV1": "dynamic",
                              "manager": "string",
                              "operation": "string",
                              "subresource": "string",
                              "time": "string"
                            }
                          ]
                        ]
                      ],
                      "name": "string",
                      "namespace": "string",
                      "ownerReferences": [
                        "list",
                        [
                          "object",
                          {
                            "apiVersion": "string",
                            "blockOwnerDeletion": "bool",
                            "controller": "bool",
                            "kind": "string",
                            "name": "string",
                            "uid": "string"
                          }
                        ]
                      ],
                      "resourceVersion": "string",
                      "selfLink": "string",
                      "uid": "string"
                    }
                  ],
                  "spec": [
                    "object",
                    {
                      "assessmentRef": "string",
                      "providerRef": [
                        "object",
                        {
                          "name": "string",
                          "namespace": "string"
                        }
                      ]
                    }
                  ]
                }
              ]
            },
            "timeouts": [],
            "wait": [],
            "wait_for": null
          },
          "sensitive_attributes": []
        },
        {
          "index_key": 3,
          "schema_version": 1,
          "attributes": {
            "computed_fields": null,
            "field_manager": [],
            "manifest": {
              "value": {
                "apiVersion": "argus.io/v1alpha1",
                "kind": "Attestation",
                "metadata": {
                  "labels": {
                    "app.kubernetes.io/created-by": "operator",
                    "app.kubernetes.io/instance": "attestation-sample",
                    "app.kubernetes.io/managed-by": "kustomize",
                    "app.kubernetes.io/name": "attestation",
                    "app.kubernetes.io/part-of": "operator"
                  },
                  "name": "req4-prev-deployed",
                  "namespace": "default"
                },
                "spec": {
                  "assessmentRef": "req4-preventative",
                  "providerRef": {
                    "name": "random",
                    "namespace": "default"
                  }
                }
              },
              "type": [
                "object",
                {
                  "apiVersion": "string",
                  "kind": "string",
                  "metadata": [
                    "object",
                    {
                      "labels": [
                        "object",
                        {
                          "app.kubernetes.io/created-by": "string",
                          "app.kubernetes.io/instance": "string",
                          "app.kubernetes.io/managed-by": "string",
                          "app.kubernetes.io/name": "string",
                          "app.kubernetes.io/part-of": "string"
                        }
                      ],
                      "name": "string",
                      "namespace": "string"
                    }
                  ],
                  "spec": [
                    "object",
                    {
                      "assessmentRef": "string",
                      "providerRef": [
                        "object",
                        {
                          "name": "string",
                          "namespace": "string"
                        }
                      ]
                    }
                  ]
                }
              ]
            },
            "object": {
              "value": {
                "apiVersion": "argus.io/v1alpha1",
                "kind": "Attestation",
                "metadata": {
                  "annotations": null,
                  "creationTimestamp": null,
                  "deletionGracePeriodSeconds": null,
                  "deletionTimestamp": null,
                  "finalizers": null,
                  "generateName": null,
                  "generation": null,
                  "labels": {
                    "app.kubernetes.io/created-by": "operator",
                    "app.kubernetes.io/instance": "attestation-sample",
                    "app.kubernetes.io/managed-by": "kustomize",
                    "app.kubernetes.io/name": "attestation",
                    "app.kubernetes.io/part-of": "operator"
                  },
                  "managedFields": null,
                  "name": "req4-prev-deployed",
                  "namespace": "default",
                  "ownerReferences": null,
                  "resourceVersion": null,
                  "selfLink": null,
                  "uid": null
                },
                "spec": {
                  "assessmentRef": "req4-preventative",
                  "providerRef": {
                    "name": "random",
                    "namespace": "default"
                  }
                }
              },
              "type": [
                "object",
                {
                  "apiVersion": "string",
                  "kind": "string",
                  "metadata": [
                    "object",
                    {
                      "annotations": [
                        "map",
                        "string"
                      ],
                      "creationTimestamp": "string",
                      "deletionGracePeriodSeconds": "number",
                      "deletionTimestamp": "string",
                      "finalizers": [
                        "list",
                        "string"
                      ],
                      "generateName": "string",
                      "generation": "number",
                      "labels": [
                        "map",
                        "string"
                      ],
                      "managedFields": [
                        "tuple",
                        [
                          [
                            "object",
                            {
                              "apiVersion": "string",
                              "fieldsType": "string",
                              "fieldsV1": "dynamic",
                              "manager": "string",
                              "operation": "string",
                              "subresource": "string",
                              "time": "string"
                            }
                          ]
                        ]
                      ],
                      "name": "string",
                      "namespace": "string",
                      "ownerReferences": [
                        "list",
                        [
                          "object",
                          {
                            "apiVersion": "string",
                            "blockOwnerDeletion": "bool",
                            "controller": "bool",
                            "kind": "string",
                            "name": "string",
                            "uid": "string"
                          }
                        ]
                      ],
                      "resourceVersion": "string",
                      "selfLink": "string",
                      "uid": "string"
                    }
                  ],
                  "spec": [
                    "object",
                    {
                      "assessmentRef": "string",
                      "providerRef": [
                        "object",
                        {
                          "name": "string",
                          "namespace": "string"
                        }
                      ]
                    }
                  ]
                }
              ]
            },
            "timeouts": [],
            "wait": [],
            "wait_for": null
          },
          "sensitive_attributes": []
        },
        {
          "index_key": 4,
          "schema_version": 1,
          "attributes": {
            "computed_fields": null,
            "field_manager": [],
            "manifest": {
              "value": {
                "apiVersion": "argus.io/v1alpha1",
                "kind": "Attestation",
                "metadata": {
                  "labels": {
                    "app.kubernetes.io/created-by": "operator",
                    "app.kubernetes.io/instance": "attestation-sample",
                    "app.kubernetes.io/managed-by": "kustomize",
                    "app.kubernetes.io/name": "attestation",
                    "app.kubernetes.io/part-of": "operator"
                  },
                  "name": "req5-prev-deployed",
                  "namespace": "default"
                },
                "spec": {
                  "assessmentRef": "req5-preventative",
                  "providerRef": {
                    "name": "random",
                    "namespace": "default"
                  }
                }
              },
              "type": [
                "object",
                {
                  "apiVersion": "string",
                  "kind": "string",
                  "metadata": [
                    "object",
                    {
                      "labels": [
                        "object",
                        {
                          "app.kubernetes.io/created-by": "string",
                          "app.kubernetes.io/instance": "string",
                          "app.kubernetes.io/managed-by": "string",
                          "app.kubernetes.io/name": "string",
                          "app.kubernetes.io/part-of": "string"
                        }
                      ],
                      "name": "string",
                      "namespace": "string"
                    }
                  ],
                  "spec": [
                    "object",
                    {
                      "assessmentRef": "string",
                      "providerRef": [
                        "object",
                        {
                          "name": "string",
                          "namespace": "string"
                        }
                      ]
                    }
                  ]
                }
              ]
            },
            "object": {
              "value": {
                "apiVersion": "argus.io/v1alpha1",
                "kind": "Attestation",
                "metadata": {
                  "annotations": null,
                  "creationTimestamp": null,
                  "deletionGracePeriodSeconds": null,
                  "deletionTimestamp": null,
                  "finalizers": null,
                  "generateName": null,
                  "generation": null,
                  "labels": {
                    "app.kubernetes.io/created-by": "operator",
                    "app.kubernetes.io/instance": "attestation-sample",
                    "app.kubernetes.io/managed-by": "kustomize",
                    "app.kubernetes.io/name": "attestation",
                    "app.kubernetes.io/part-of": "operator"
                  },
                  "managedFields": null,
                  "name": "req5-prev-deployed",
                  "namespace": "default",
                  "ownerReferences": null,
                  "resourceVersion": null,
                  "selfLink": null,
                  "uid": null
                },
                "spec": {
                  "assessmentRef": "req5-preventative",
                  "providerRef": {
                    "name": "random",
                    "namespace": "default"
                  }
                }
              },
              "type": [
                "object",
                {
                  "apiVersion": "string",
                  "kind": "string",
                  "metadata": [
                    "object",
                    {
                      "annotations": [
                        "map",
                        "string"
                      ],
                      "creationTimestamp": "string",
                      "deletionGracePeriodSeconds": "number",
                      "deletionTimestamp": "string",
                      "finalizers": [
                        "list",
                        "string"
                      ],
                      "generateName": "string",
                      "generation": "number",
                      "labels": [
                        "map",
                        "string"
                      ],
                      "managedFields": [
                        "tuple",
                        [
                          [
                            "object",
                            {
                              "apiVersion": "string",
                              "fieldsType": "string",
                              "fieldsV1": "dynamic",
                              "manager": "string",
                              "operation": "string",
                              "subresource": "string",
                              "time": "string"
                            }
                          ]
                        ]
                      ],
                      "name": "string",
                      "namespace": "string",
                      "ownerReferences": [
                        "list",
                        [
                          "object",
                          {
                            "apiVersion": "string",
                            "blockOwnerDeletion": "bool",
                            "controller": "bool",
                            "kind": "string",
                            "name": "string",
                            "uid": "string"
                          }
                        ]
                      ],
                      "resourceVersion": "string",
                      "selfLink": "string",
                      "uid": "string"
                    }
                  ],
                  "spec": [
                    "object",
                    {
                      "assessmentRef": "string",
                      "providerRef": [
                        "object",
                        {
                          "name": "string",
                          "namespace": "string"
                        }
                      ]
                    }
                  ]
                }
              ]
            },
            "timeouts": [],
            "wait": [],
            "wait_for": null
          },
          "sensitive_attributes": []
        },
        {
          "index_key": 5,
          "schema_version": 1,
          "attributes": {
            "computed_fields": null,
            "field_manager": [],
            "manifest": {
              "value": {
                "apiVersion": "argus.io/v1alpha1",
                "kind": "Attestation",
                "metadata": {
                  "labels": {
                    "app.kubernetes.io/created-by": "operator",
                    "app.kubernetes.io/instance": "attestation-sample",
                    "app.kubernetes.io/managed-by": "kustomize",
                    "app.kubernetes.io/name": "attestation",
                    "app.kubernetes.io/part-of": "operator"
                  },
                  "name": "req6-prev-deployed",
                  "namespace": "default"
                },
                "spec": {
                  "assessmentRef": "req6-preventative",
                  "providerRef": {
                    "name": "random",
                    "namespace": "default"
                  }
                }
              },
              "type": [
                "object",
                {
                  "apiVersion": "string",
                  "kind": "string",
                  "metadata": [
                    "object",
                    {
                      "labels": [
                        "object",
                        {
                          "app.kubernetes.io/created-by": "string",
                          "app.kubernetes.io/instance": "string",
                          "app.kubernetes.io/managed-by": "string",
                          "app.kubernetes.io/name": "string",
                          "app.kubernetes.io/part-of": "string"
                        }
                      ],
                      "name": "string",
                      "namespace": "string"
                    }
                  ],
                  "spec": [
                    "object",
                    {
                      "assessmentRef": "string",
                      "providerRef": [
                        "object",
                        {
                          "name": "string",
                          "namespace": "string"
                        }
                      ]
                    }
                  ]
                }
              ]
            },
            "object": {
              "value": {
                "apiVersion": "argus.io/v1alpha1",
                "kind": "Attestation",
                "metadata": {
                  "annotations": null,
                  "creationTimestamp": null,
                  "deletionGracePeriodSeconds": null,
                  "deletionTimestamp": null,
                  "finalizers": null,
                  "generateName": null,
                  "generation": null,
                  "labels": {
                    "app.kubernetes.io/created-by": "operator",
                    "app.kubernetes.io/instance": "attestation-sample",
                    "app.kubernetes.io/managed-by": "kustomize",
                    "app.kubernetes.io/name": "attestation",
                    "app.kubernetes.io/part-of": "operator"
                  },
                  "managedFields": null,
                  "name": "req6-prev-deployed",
                  "namespace": "default",
                  "ownerReferences": null,
                  "resourceVersion": null,
                  "selfLink": null,
                  "uid": null
                },
                "spec": {
                  "assessmentRef": "req6-preventative",
                  "providerRef": {
                    "name": "random",
                    "namespace": "default"
                  }
                }
              },
              "type": [
                "object",
                {
                  "apiVersion": "string",
                  "kind": "string",
                  "metadata": [
                    "object",
                    {
                      "annotations": [
                        "map",
                        "string"
                      ],
                      "creationTimestamp": "string",
                      "deletionGracePeriodSeconds": "number",
                      "deletionTimestamp": "string",
                      "finalizers": [
                        "list",
                        "string"
                      ],
                      "generateName": "string",
                      "generation": "number",
                      "labels": [
                        "map",
                        "string"
                      ],
                      "managedFields": [
                        "tuple",
                        [
                          [
                            "object",
                            {
                              "apiVersion": "string",
                              "fieldsType": "string",
                              "fieldsV1": "dynamic",
                              "manager": "string",
                              "operation": "string",
                              "subresource": "string",
                              "time": "string"
                            }
                          ]
                        ]
                      ],
                      "name": "string",
                      "namespace": "string",
                      "ownerReferences": [
                        "list",
                        [
                          "object",
                          {
                            "apiVersion": "string",
                            "blockOwnerDeletion": "bool",
                            "controller": "bool",
                            "kind": "string",
                            "name": "string",
                            "uid": "string"
                          }
                        ]
                      ],
                      "resourceVersion": "string",
                      "selfLink": "string",
                      "uid": "string"
                    }
                  ],
                  "spec": [
                    "object",
                    {
                      "assessmentRef": "string",
                      "providerRef": [
                        "object",
                        {
                          "name": "string",
                          "namespace": "string"
                        }
                      ]
                    }
                  ]
                }
              ]
            },
            "timeouts": [],
            "wait": [],
            "wait_for": null
          },
          "sensitive_attributes": []
        },
        {
          "index_key": 6,
          "schema_version": 1,
          "attributes": {
            "computed_fields": null,
            "field_manager": [],
            "manifest": {
              "value": {
                "apiVersion": "argus.io/v1alpha1",
                "kind": "Attestation",
                "metadata": {
                  "labels": {
                    "app.kubernetes.io/created-by": "operator",
                    "app.kubernetes.io/instance": "attestation-sample",
                    "app.kubernetes.io/managed-by": "kustomize",
                    "app.kubernetes.io/name": "attestation",
                    "app.kubernetes.io/part-of": "operator"
                  },
                  "name": "req7-prev-deployed",
                  "namespace": "default"
                },
                "spec": {
                  "assessmentRef": "req7-preventative",
                  "providerRef": {
                    "name": "random",
                    "namespace": "default"
                  }
                }
              },
              "type": [
                "object",
                {
                  "apiVersion": "string",
                  "kind": "string",
                  "metadata": [
                    "object",
                    {
                      "labels": [
                        "object",
                        {
                          "app.kubernetes.io/created-by": "string",
                          "app.kubernetes.io/instance": "string",
                          "app.kubernetes.io/managed-by": "string",
                          "app.kubernetes.io/name": "string",
                          "app.kubernetes.io/part-of": "string"
                        }
                      ],
                      "name": "string",
                      "namespace": "string"
                    }
                  ],
                  "spec": [
                    "object",
                    {
                      "assessmentRef": "string",
                      "providerRef": [
                        "object",
                        {
                          "name": "string",
                          "namespace": "string"
                        }
                      ]
                    }
                  ]
                }
              ]
            },
            "object": {
              "value": {
                "apiVersion": "argus.io/v1alpha1",
                "kind": "Attestation",
                "metadata": {
                  "annotations": null,
                  "creationTimestamp": null,
                  "deletionGracePeriodSeconds": null,
                  "deletionTimestamp": null,
                  "finalizers": null,
                  "generateName": null,
                  "generation": null,
                  "labels": {
                    "app.kubernetes.io/created-by": "operator",
                    "app.kubernetes.io/instance": "attestation-sample",
                    "app.kubernetes.io/managed-by": "kustomize",
                    "app.kubernetes.io/name": "attestation",
                    "app.kubernetes.io/part-of": "operator"
                  },
                  "managedFields": null,
                  "name": "req7-prev-deployed",
                  "namespace": "default",
                  "ownerReferences": null,
                  "resourceVersion": null,
                  "selfLink": null,
                  "uid": null
                },
                "spec": {
                  "assessmentRef": "req7-preventative",
                  "providerRef": {
                    "name": "random",
                    "namespace": "default"
                  }
                }
              },
              "type": [
                "object",
                {
                  "apiVersion": "string",
                  "kind": "string",
                  "metadata": [
                    "object",
                    {
                      "annotations": [
                        "map",
                        "string"
                      ],
                      "creationTimestamp": "string",
                      "deletionGracePeriodSeconds": "number",
                      "deletionTimestamp": "string",
                      "finalizers": [
                        "list",
                        "string"
                      ],
                      "generateName": "string",
                      "generation": "number",
                      "labels": [
                        "map",
                        "string"
                      ],
                      "managedFields": [
                        "tuple",
                        [
                          [
                            "object",
                            {
                              "apiVersion": "string",
                              "fieldsType": "string",
                              "fieldsV1": "dynamic",
                              "manager": "string",
                              "operation": "string",
                              "subresource": "string",
                              "time": "string"
                            }
                          ]
                        ]
                      ],
                      "name": "string",
                      "namespace": "string",
                      "ownerReferences": [
                        "list",
                        [
                          "object",
                          {
                            "apiVersion": "string",
                            "blockOwnerDeletion": "bool",
                            "controller": "bool",
                            "kind": "string",
                            "name": "string",
                            "uid": "string"
                          }
                        ]
                      ],
                      "resourceVersion": "string",
                      "selfLink": "string",
                      "uid": "string"
                    }
                  ],
                  "spec": [
                    "object",
                    {
                      "assessmentRef": "string",
                      "providerRef": [
                        "object",
                        {
                          "name": "string",
                          "namespace": "string"
                        }
                      ]
                    }
                  ]
                }
              ]
            },
            "timeouts": [],
            "wait": [],
            "wait_for": null
          },
          "sensitive_attributes": []
        },
        {
          "index_key": 7,
          "schema_version": 1,
          "attributes": {
            "computed_fields": null,
            "field_manager": [],
            "manifest": {
              "value": {
                "apiVersion": "argus.io/v1alpha1",
                "kind": "Attestation",
                "metadata": {
                  "labels": {
                    "app.kubernetes.io/created-by": "operator",
                    "app.kubernetes.io/instance": "attestation-sample",
                    "app.kubernetes.io/managed-by": "kustomize",
                    "app.kubernetes.io/name": "attestation",
                    "app.kubernetes.io/part-of": "operator"
                  },
                  "name": "req8-prev-deployed",
                  "namespace": "default"
                },
                "spec": {
                  "assessmentRef": "req8-preventative",
                  "providerRef": {
                    "name": "random",
                    "namespace": "default"
                  }
                }
              },
              "type": [
                "object",
                {
                  "apiVersion": "string",
                  "kind": "string",
                  "metadata": [
                    "object",
                    {
                      "labels": [
                        "object",
                        {
                          "app.kubernetes.io/created-by": "string",
                          "app.kubernetes.io/instance": "string",
                          "app.kubernetes.io/managed-by": "string",
                          "app.kubernetes.io/name": "string",
                          "app.kubernetes.io/part-of": "string"
                        }
                      ],
                      "name": "string",
                      "namespace": "string"
                    }
                  ],
                  "spec": [
                    "object",
                    {
                      "assessmentRef": "string",
                      "providerRef": [
                        "object",
                        {
                          "name": "string",
                          "namespace": "string"
                        }
                      ]
                    }
                  ]
                }
              ]
            },
            "object": {
              "value": {
                "apiVersion": "argus.io/v1alpha1",
                "kind": "Attestation",
                "metadata": {
                  "annotations": null,
                  "creationTimestamp": null,
                  "deletionGracePeriodSeconds": null,
                  "deletionTimestamp": null,
                  "finalizers": null,
                  "generateName": null,
                  "generation": null,
                  "labels": {
                    "app.kubernetes.io/created-by": "operator",
                    "app.kubernetes.io/instance": "attestation-sample",
                    "app.kubernetes.io/managed-by": "kustomize",
                    "app.kubernetes.io/name": "attestation",
                    "app.kubernetes.io/part-of": "operator"
                  },
                  "managedFields": null,
                  "name": "req8-prev-deployed",
                  "namespace": "default",
                  "ownerReferences": null,
                  "resourceVersion": null,
                  "selfLink": null,
                  "uid": null
                },
                "spec": {
                  "assessmentRef": "req8-preventative",
                  "providerRef": {
                    "name": "random",
                    "namespace": "default"
                  }
                }
              },
              "type": [
                "object",
                {
                  "apiVersion": "string",
                  "kind": "string",
                  "metadata": [
                    "object",
                    {
                      "annotations": [
                        "map",
                        "string"
                      ],
                      "creationTimestamp": "string",
                      "deletionGracePeriodSeconds": "number",
                      "deletionTimestamp": "string",
                      "finalizers": [
                        "list",
                        "string"
                      ],
                      "generateName": "string",
                      "generation": "number",
                      "labels": [
                        "map",
                        "string"
                      ],
                      "managedFields": [
                        "tuple",
                        [
                          [
                            "object",
                            {
                              "apiVersion": "string",
                              "fieldsType": "string",
                              "fieldsV1": "dynamic",
                              "manager": "string",
                              "operation": "string",
                              "subresource": "string",
                              "time": "string"
                            }
                          ]
                        ]
                      ],
                      "name": "string",
                      "namespace": "string",
                      "ownerReferences": [
                        "list",
                        [
                          "object",
                          {
                            "apiVersion": "string",
                            "blockOwnerDeletion": "bool",
                            "controller": "bool",
                            "kind": "string",
                            "name": "string",
                            "uid": "string"
                          }
                        ]
                      ],
                      "resourceVersion": "string",
                      "selfLink": "string",
                      "uid": "string"
                    }
                  ],
                  "spec": [
                    "object",
                    {
                      "assessmentRef": "string",
                      "providerRef": [
                        "object",
                        {
                          "name": "string",
                          "namespace": "string"
                        }
                      ]
                    }
                  ]
                }
              ]
            },
            "timeouts": [],
            "wait": [],
            "wait_for": null
          },
          "sensitive_attributes": []
        }
      ]
    },
    {
      "mode": "managed",
      "type": "kubernetes_manifest",
      "name": "detective_control",
      "provider": "provider[\"registry.terraform.io/hashicorp/kubernetes\"]",
      "instances": [
        {
          "index_key": 0,
          "schema_version": 1,
          "attributes": {
            "computed_fields": null,
            "field_manager": [],
            "manifest": {
              "value": {
                "apiVersion": "argus.io/v1alpha1",
                "kind": "Assessment",
                "metadata": {
                  "labels": {
                    "app.kubernetes.io/created-by": "operator",
                    "app.kubernetes.io/instance": "assessment-sample",
                    "app.kubernetes.io/managed-by": "kustomize",
                    "app.kubernetes.io/name": "assessment",
                    "app.kubernetes.io/part-of": "operator"
                  },
                  "name": "req1-detective",
                  "namespace": "default"
                },
                "spec": {
                  "cascadePolicy": "None",
                  "class": "DetectiveControl",
                  "componentRef": [
                    {
                      "name": "rt-1",
                      "namespace": "default"
                    },
                    {
                      "name": "rt-2",
                      "namespace": "default"
                    },
                    {
                      "name": "rt-3",
                      "namespace": "default"
                    },
                    {
                      "name": "rt-4",
                      "namespace": "default"
                    },
                    {
                      "name": "rt-5",
                      "namespace": "default"
                    },
                    {
                      "name": "rt-6",
                      "namespace": "default"
                    },
                    {
                      "name": "rt-7",
                      "namespace": "default"
                    },
                    {
                      "name": "rt-8",
                      "namespace": "default"
                    },
                    {
                      "name": "rt-9",
                      "namespace": "default"
                    },
                    {
                      "name": "rt-10",
                      "namespace": "default"
                    }
                  ],
                  "controlRef": {
                    "code": "NET-REQ-01",
                    "version": "1.0.0"
                  }
                }
              },
              "type": [
                "object",
                {
                  "apiVersion": "string",
                  "kind": "string",
                  "metadata": [
                    "object",
                    {
                      "labels": [
                        "object",
                        {
                          "app.kubernetes.io/created-by": "string",
                          "app.kubernetes.io/instance": "string",
                          "app.kubernetes.io/managed-by": "string",
                          "app.kubernetes.io/name": "string",
                          "app.kubernetes.io/part-of": "string"
                        }
                      ],
                      "name": "string",
                      "namespace": "string"
                    }
                  ],
                  "spec": [
                    "object",
                    {
                      "cascadePolicy": "string",
                      "class": "string",
                      "componentRef": [
                        "tuple",
                        [
                          [
                            "object",
                            {
                              "name": "string",
                              "namespace": "string"
                            }
                          ],
                          [
                            "object",
                            {
                              "name": "string",
                              "namespace": "string"
                            }
                          ],
                          [
                            "object",
                            {
                              "name": "string",
                              "namespace": "string"
                            }
                          ],
                          [
                            "object",
                            {
                              "name": "string",
                              "namespace": "string"
                            }
                          ],
                          [
                            "object",
                            {
                              "name": "string",
                              "namespace": "string"
                            }
                          ],
                          [
                            "object",
                            {
                              "name": "string",
                              "namespace": "string"
                            }
                          ],
                          [
                            "object",
                            {
                              "name": "string",
                              "namespace": "string"
                            }
                          ],
                          [
                            "object",
                            {
                              "name": "string",
                              "namespace": "string"
                            }
                          ],
                          [
                            "object",
                            {
                              "name": "string",
                              "namespace": "string"
                            }
                          ],
                          [
                            "object",
                            {
                              "name": "string",
                              "namespace": "string"
                            }
                          ]
                        ]
                      ],
                      "controlRef": [
                        "object",
                        {
                          "code": "string",
                          "version": "string"
                        }
                      ]
                    }
                  ]
                }
              ]
            },
            "object": {
              "value": {
                "apiVersion": "argus.io/v1alpha1",
                "kind": "Assessment",
                "metadata": {
                  "annotations": null,
                  "creationTimestamp": null,
                  "deletionGracePeriodSeconds": null,
                  "deletionTimestamp": null,
                  "finalizers": null,
                  "generateName": null,
                  "generation": null,
                  "labels": {
                    "app.kubernetes.io/created-by": "operator",
                    "app.kubernetes.io/instance": "assessment-sample",
                    "app.kubernetes.io/managed-by": "kustomize",
                    "app.kubernetes.io/name": "assessment",
                    "app.kubernetes.io/part-of": "operator"
                  },
                  "managedFields": null,
                  "name": "req1-detective",
                  "namespace": "default",
                  "ownerReferences": null,
                  "resourceVersion": null,
                  "selfLink": null,
                  "uid": null
                },
                "spec": {
                  "cascadePolicy": "None",
                  "class": "DetectiveControl",
                  "componentRef": [
                    {
                      "name": "rt-1",
                      "namespace": "default"
                    },
                    {
                      "name": "rt-2",
                      "namespace": "default"
                    },
                    {
                      "name": "rt-3",
                      "namespace": "default"
                    },
                    {
                      "name": "rt-4",
                      "namespace": "default"
                    },
                    {
                      "name": "rt-5",
                      "namespace": "default"
                    },
                    {
                      "name": "rt-6",
                      "namespace": "default"
                    },
                    {
                      "name": "rt-7",
                      "namespace": "default"
                    },
                    {
                      "name": "rt-8",
                      "namespace": "default"
                    },
                    {
                      "name": "rt-9",
                      "namespace": "default"
                    },
                    {
                      "name": "rt-10",
                      "namespace": "default"
                    }
                  ],
                  "controlRef": {
                    "code": "NET-REQ-01",
                    "version": "1.0.0"
                  }
                }
              },
              "type": [
                "object",
                {
                  "apiVersion": "string",
                  "kind": "string",
                  "metadata": [
                    "object",
                    {
                      "annotations": [
                        "map",
                        "string"
                      ],
                      "creationTimestamp": "string",
                      "deletionGracePeriodSeconds": "number",
                      "deletionTimestamp": "string",
                      "finalizers": [
                        "list",
                        "string"
                      ],
                      "generateName": "string",
                      "generation": "number",
                      "labels": [
                        "map",
                        "string"
                      ],
                      "managedFields": [
                        "tuple",
                        [
                          [
                            "object",
                            {
                              "apiVersion": "string",
                              "fieldsType": "string",
                              "fieldsV1": "dynamic",
                              "manager": "string",
                              "operation": "string",
                              "subresource": "string",
                              "time": "string"
                            }
                          ]
                        ]
                      ],
                      "name": "string",
                      "namespace": "string",
                      "ownerReferences": [
                        "list",
                        [
                          "object",
                          {
                            "apiVersion": "string",
                            "blockOwnerDeletion": "bool",
                            "controller": "bool",
                            "kind": "string",
                            "name": "string",
                            "uid": "string"
                          }
                        ]
                      ],
                      "resourceVersion": "string",
                      "selfLink": "string",
                      "uid": "string"
                    }
                  ],
                  "spec": [
                    "object",
                    {
                      "cascadePolicy": "string",
                      "class": "string",
                      "componentRef": [
                        "list",
                        [
                          "object",
                          {
                            "name": "string",
                            "namespace": "string"
                          }
                        ]
                      ],
                      "controlRef": [
                        "object",
                        {
                          "code": "string",
                          "version": "string"
                        }
                      ]
                    }
                  ]
                }
              ]
            },
            "timeouts": [],
            "wait": [],
            "wait_for": null
          },
          "sensitive_attributes": []
        },
        {
          "index_key": 1,
          "schema_version": 1,
          "attributes": {
            "computed_fields": null,
            "field_manager": [],
            "manifest": {
              "value": {
                "apiVersion": "argus.io/v1alpha1",
                "kind": "Assessment",
                "metadata": {
                  "labels": {
                    "app.kubernetes.io/created-by": "operator",
                    "app.kubernetes.io/instance": "assessment-sample",
                    "app.kubernetes.io/managed-by": "kustomize",
                    "app.kubernetes.io/name": "assessment",
                    "app.kubernetes.io/part-of": "operator"
                  },
                  "name": "req2-detective",
                  "namespace": "default"
                },
                "spec": {
                  "cascadePolicy": "None",
                  "class": "DetectiveControl",
                  "componentRef": [
                    {
                      "name": "rt-1",
                      "namespace": "default"
                    },
                    {
                      "name": "rt-2",
                      "namespace": "default"
                    },
                    {
                      "name": "rt-3",
                      "namespace": "default"
                    },
                    {
                      "name": "rt-4",
                      "namespace": "default"
                    },
                    {
                      "name": "rt-5",
                      "namespace": "default"
                    },
                    {
                      "name": "rt-6",
                      "namespace": "default"
                    },
                    {
                      "name": "rt-7",
                      "namespace": "default"
                    },
                    {
                      "name": "rt-8",
                      "namespace": "default"
                    },
                    {
                      "name": "rt-9",
                      "namespace": "default"
                    },
                    {
                      "name": "rt-10",
                      "namespace": "default"
                    }
                  ],
                  "controlRef": {
                    "code": "NET-REQ-02",
                    "version": "1.0.0"
                  }
                }
              },
              "type": [
                "object",
                {
                  "apiVersion": "string",
                  "kind": "string",
                  "metadata": [
                    "object",
                    {
                      "labels": [
                        "object",
                        {
                          "app.kubernetes.io/created-by": "string",
                          "app.kubernetes.io/instance": "string",
                          "app.kubernetes.io/managed-by": "string",
                          "app.kubernetes.io/name": "string",
                          "app.kubernetes.io/part-of": "string"
                        }
                      ],
                      "name": "string",
                      "namespace": "string"
                    }
                  ],
                  "spec": [
                    "object",
                    {
                      "cascadePolicy": "string",
                      "class": "string",
                      "componentRef": [
                        "tuple",
                        [
                          [
                            "object",
                            {
                              "name": "string",
                              "namespace": "string"
                            }
                          ],
                          [
                            "object",
                            {
                              "name": "string",
                              "namespace": "string"
                            }
                          ],
                          [
                            "object",
                            {
                              "name": "string",
                              "namespace": "string"
                            }
                          ],
                          [
                            "object",
                            {
                              "name": "string",
                              "namespace": "string"
                            }
                          ],
                          [
                            "object",
                            {
                              "name": "string",
                              "namespace": "string"
                            }
                          ],
                          [
                            "object",
                            {
                              "name": "string",
                              "namespace": "string"
                            }
                          ],
                          [
                            "object",
                            {
                              "name": "string",
                              "namespace": "string"
                            }
                          ],
                          [
                            "object",
                            {
                              "name": "string",
                              "namespace": "string"
                            }
                          ],
                          [
                            "object",
                            {
                              "name": "string",
                              "namespace": "string"
                            }
                          ],
                          [
                            "object",
                            {
                              "name": "string",
                              "namespace": "string"
                            }
                          ]
                        ]
                      ],
                      "controlRef": [
                        "object",
                        {
                          "code": "string",
                          "version": "string"
                        }
                      ]
                    }
                  ]
                }
              ]
            },
            "object": {
              "value": {
                "apiVersion": "argus.io/v1alpha1",
                "kind": "Assessment",
                "metadata": {
                  "annotations": null,
                  "creationTimestamp": null,
                  "deletionGracePeriodSeconds": null,
                  "deletionTimestamp": null,
                  "finalizers": null,
                  "generateName": null,
                  "generation": null,
                  "labels": {
                    "app.kubernetes.io/created-by": "operator",
                    "app.kubernetes.io/instance": "assessment-sample",
                    "app.kubernetes.io/managed-by": "kustomize",
                    "app.kubernetes.io/name": "assessment",
                    "app.kubernetes.io/part-of": "operator"
                  },
                  "managedFields": null,
                  "name": "req2-detective",
                  "namespace": "default",
                  "ownerReferences": null,
                  "resourceVersion": null,
                  "selfLink": null,
                  "uid": null
                },
                "spec": {
                  "cascadePolicy": "None",
                  "class": "DetectiveControl",
                  "componentRef": [
                    {
                      "name": "rt-1",
                      "namespace": "default"
                    },
                    {
                      "name": "rt-2",
                      "namespace": "default"
                    },
                    {
                      "name": "rt-3",
                      "namespace": "default"
                    },
                    {
                      "name": "rt-4",
                      "namespace": "default"
                    },
                    {
                      "name": "rt-5",
                      "namespace": "default"
                    },
                    {
                      "name": "rt-6",
                      "namespace": "default"
                    },
                    {
                      "name": "rt-7",
                      "namespace": "default"
                    },
                    {
                      "name": "rt-8",
                      "namespace": "default"
                    },
                    {
                      "name": "rt-9",
                      "namespace": "default"
                    },
                    {
                      "name": "rt-10",
                      "namespace": "default"
                    }
                  ],
                  "controlRef": {
                    "code": "NET-REQ-02",
                    "version": "1.0.0"
                  }
                }
              },
              "type": [
                "object",
                {
                  "apiVersion": "string",
                  "kind": "string",
                  "metadata": [
                    "object",
                    {
                      "annotations": [
                        "map",
                        "string"
                      ],
                      "creationTimestamp": "string",
                      "deletionGracePeriodSeconds": "number",
                      "deletionTimestamp": "string",
                      "finalizers": [
                        "list",
                        "string"
                      ],
                      "generateName": "string",
                      "generation": "number",
                      "labels": [
                        "map",
                        "string"
                      ],
                      "managedFields": [
                        "tuple",
                        [
                          [
                            "object",
                            {
                              "apiVersion": "string",
                              "fieldsType": "string",
                              "fieldsV1": "dynamic",
                              "manager": "string",
                              "operation": "string",
                              "subresource": "string",
                              "time": "string"
                            }
                          ]
                        ]
                      ],
                      "name": "string",
                      "namespace": "string",
                      "ownerReferences": [
                        "list",
                        [
                          "object",
                          {
                            "apiVersion": "string",
                            "blockOwnerDeletion": "bool",
                            "controller": "bool",
                            "kind": "string",
                            "name": "string",
                            "uid": "string"
                          }
                        ]
                      ],
                      "resourceVersion": "string",
                      "selfLink": "string",
                      "uid": "string"
                    }
                  ],
                  "spec": [
                    "object",
                    {
                      "cascadePolicy": "string",
                      "class": "string",
                      "componentRef": [
                        "list",
                        [
                          "object",
                          {
                            "name": "string",
                            "namespace": "string"
                          }
                        ]
                      ],
                      "controlRef": [
                        "object",
                        {
                          "code": "string",
                          "version": "string"
                        }
                      ]
                    }
                  ]
                }
              ]
            },
            "timeouts": [],
            "wait": [],
            "wait_for": null
          },
          "sensitive_attributes": []
        },
        {
          "index_key": 2,
          "schema_version": 1,
          "attributes": {
            "computed_fields": null,
            "field_manager": [],
            "manifest": {
              "value": {
                "apiVersion": "argus.io/v1alpha1",
                "kind": "Assessment",
                "metadata": {
                  "labels": {
                    "app.kubernetes.io/created-by": "operator",
                    "app.kubernetes.io/instance": "assessment-sample",
                    "app.kubernetes.io/managed-by": "kustomize",
                    "app.kubernetes.io/name": "assessment",
                    "app.kubernetes.io/part-of": "operator"
                  },
                  "name": "req3-detective",
                  "namespace": "default"
                },
                "spec": {
                  "cascadePolicy": "None",
                  "class": "DetectiveControl",
                  "componentRef": [
                    {
                      "name": "rt-1",
                      "namespace": "default"
                    },
                    {
                      "name": "rt-2",
                      "namespace": "default"
                    },
                    {
                      "name": "rt-3",
                      "namespace": "default"
                    },
                    {
                      "name": "rt-4",
                      "namespace": "default"
                    },
                    {
                      "name": "rt-5",
                      "namespace": "default"
                    },
                    {
                      "name": "rt-6",
                      "namespace": "default"
                    },
                    {
                      "name": "rt-7",
                      "namespace": "default"
                    },
                    {
                      "name": "rt-8",
                      "namespace": "default"
                    },
                    {
                      "name": "rt-9",
                      "namespace": "default"
                    },
                    {
                      "name": "rt-10",
                      "namespace": "default"
                    }
                  ],
                  "controlRef": {
                    "code": "NET-REQ-03",
                    "version": "1.0.0"
                  }
                }
              },
              "type": [
                "object",
                {
                  "apiVersion": "string",
                  "kind": "string",
                  "metadata": [
                    "object",
                    {
                      "labels": [
                        "object",
                        {
                          "app.kubernetes.io/created-by": "string",
                          "app.kubernetes.io/instance": "string",
                          "app.kubernetes.io/managed-by": "string",
                          "app.kubernetes.io/name": "string",
                          "app.kubernetes.io/part-of": "string"
                        }
                      ],
                      "name": "string",
                      "namespace": "string"
                    }
                  ],
                  "spec": [
                    "object",
                    {
                      "cascadePolicy": "string",
                      "class": "string",
                      "componentRef": [
                        "tuple",
                        [
                          [
                            "object",
                            {
                              "name": "string",
                              "namespace": "string"
                            }
                          ],
                          [
                            "object",
                            {
                              "name": "string",
                              "namespace": "string"
                            }
                          ],
                          [
                            "object",
                            {
                              "name": "string",
                              "namespace": "string"
                            }
                          ],
                          [
                            "object",
                            {
                              "name": "string",
                              "namespace": "string"
                            }
                          ],
                          [
                            "object",
                            {
                              "name": "string",
                              "namespace": "string"
                            }
                          ],
                          [
                            "object",
                            {
                              "name": "string",
                              "namespace": "string"
                            }
                          ],
                          [
                            "object",
                            {
                              "name": "string",
                              "namespace": "string"
                            }
                          ],
                          [
                            "object",
                            {
                              "name": "string",
                              "namespace": "string"
                            }
                          ],
                          [
                            "object",
                            {
                              "name": "string",
                              "namespace": "string"
                            }
                          ],
                          [
                            "object",
                            {
                              "name": "string",
                              "namespace": "string"
                            }
                          ]
                        ]
                      ],
                      "controlRef": [
                        "object",
                        {
                          "code": "string",
                          "version": "string"
                        }
                      ]
                    }
                  ]
                }
              ]
            },
            "object": {
              "value": {
                "apiVersion": "argus.io/v1alpha1",
                "kind": "Assessment",
                "metadata": {
                  "annotations": null,
                  "creationTimestamp": null,
                  "deletionGracePeriodSeconds": null,
                  "deletionTimestamp": null,
                  "finalizers": null,
                  "generateName": null,
                  "generation": null,
                  "labels": {
                    "app.kubernetes.io/created-by": "operator",
                    "app.kubernetes.io/instance": "assessment-sample",
                    "app.kubernetes.io/managed-by": "kustomize",
                    "app.kubernetes.io/name": "assessment",
                    "app.kubernetes.io/part-of": "operator"
                  },
                  "managedFields": null,
                  "name": "req3-detective",
                  "namespace": "default",
                  "ownerReferences": null,
                  "resourceVersion": null,
                  "selfLink": null,
                  "uid": null
                },
                "spec": {
                  "cascadePolicy": "None",
                  "class": "DetectiveControl",
                  "componentRef": [
                    {
                      "name": "rt-1",
                      "namespace": "default"
                    },
                    {
                      "name": "rt-2",
                      "namespace": "default"
                    },
                    {
                      "name": "rt-3",
                      "namespace": "default"
                    },
                    {
                      "name": "rt-4",
                      "namespace": "default"
                    },
                    {
                      "name": "rt-5",
                      "namespace": "default"
                    },
                    {
                      "name": "rt-6",
                      "namespace": "default"
                    },
                    {
                      "name": "rt-7",
                      "namespace": "default"
                    },
                    {
                      "name": "rt-8",
                      "namespace": "default"
                    },
                    {
                      "name": "rt-9",
                      "namespace": "default"
                    },
                    {
                      "name": "rt-10",
                      "namespace": "default"
                    }
                  ],
                  "controlRef": {
                    "code": "NET-REQ-03",
                    "version": "1.0.0"
                  }
                }
              },
              "type": [
                "object",
                {
                  "apiVersion": "string",
                  "kind": "string",
                  "metadata": [
                    "object",
                    {
                      "annotations": [
                        "map",
                        "string"
                      ],
                      "creationTimestamp": "string",
                      "deletionGracePeriodSeconds": "number",
                      "deletionTimestamp": "string",
                      "finalizers": [
                        "list",
                        "string"
                      ],
                      "generateName": "string",
                      "generation": "number",
                      "labels": [
                        "map",
                        "string"
                      ],
                      "managedFields": [
                        "tuple",
                        [
                          [
                            "object",
                            {
                              "apiVersion": "string",
                              "fieldsType": "string",
                              "fieldsV1": "dynamic",
                              "manager": "string",
                              "operation": "string",
                              "subresource": "string",
                              "time": "string"
                            }
                          ]
                        ]
                      ],
                      "name": "string",
                      "namespace": "string",
                      "ownerReferences": [
                        "list",
                        [
                          "object",
                          {
                            "apiVersion": "string",
                            "blockOwnerDeletion": "bool",
                            "controller": "bool",
                            "kind": "string",
                            "name": "string",
                            "uid": "string"
                          }
                        ]
                      ],
                      "resourceVersion": "string",
                      "selfLink": "string",
                      "uid": "string"
                    }
                  ],
                  "spec": [
                    "object",
                    {
                      "cascadePolicy": "string",
                      "class": "string",
                      "componentRef": [
                        "list",
                        [
                          "object",
                          {
                            "name": "string",
                            "namespace": "string"
                          }
                        ]
                      ],
                      "controlRef": [
                        "object",
                        {
                          "code": "string",
                          "version": "string"
                        }
                      ]
                    }
                  ]
                }
              ]
            },
            "timeouts": [],
            "wait": [],
            "wait_for": null
          },
          "sensitive_attributes": []
        },
        {
          "index_key": 3,
          "schema_version": 1,
          "attributes": {
            "computed_fields": null,
            "field_manager": [],
            "manifest": {
              "value": {
                "apiVersion": "argus.io/v1alpha1",
                "kind": "Assessment",
                "metadata": {
                  "labels": {
                    "app.kubernetes.io/created-by": "operator",
                    "app.kubernetes.io/instance": "assessment-sample",
                    "app.kubernetes.io/managed-by": "kustomize",
                    "app.kubernetes.io/name": "assessment",
                    "app.kubernetes.io/part-of": "operator"
                  },
                  "name": "req4-detective",
                  "namespace": "default"
                },
                "spec": {
                  "cascadePolicy": "None",
                  "class": "DetectiveControl",
                  "componentRef": [
                    {
                      "name": "rt-1",
                      "namespace": "default"
                    },
                    {
                      "name": "rt-2",
                      "namespace": "default"
                    },
                    {
                      "name": "rt-3",
                      "namespace": "default"
                    },
                    {
                      "name": "rt-4",
                      "namespace": "default"
                    },
                    {
                      "name": "rt-5",
                      "namespace": "default"
                    },
                    {
                      "name": "rt-6",
                      "namespace": "default"
                    },
                    {
                      "name": "rt-7",
                      "namespace": "default"
                    },
                    {
                      "name": "rt-8",
                      "namespace": "default"
                    },
                    {
                      "name": "rt-9",
                      "namespace": "default"
                    },
                    {
                      "name": "rt-10",
                      "namespace": "default"
                    }
                  ],
                  "controlRef": {
                    "code": "NET-REQ-04",
                    "version": "1.0.0"
                  }
                }
              },
              "type": [
                "object",
                {
                  "apiVersion": "string",
                  "kind": "string",
                  "metadata": [
                    "object",
                    {
                      "labels": [
                        "object",
                        {
                          "app.kubernetes.io/created-by": "string",
                          "app.kubernetes.io/instance": "string",
                          "app.kubernetes.io/managed-by": "string",
                          "app.kubernetes.io/name": "string",
                          "app.kubernetes.io/part-of": "string"
                        }
                      ],
                      "name": "string",
                      "namespace": "string"
                    }
                  ],
                  "spec": [
                    "object",
                    {
                      "cascadePolicy": "string",
                      "class": "string",
                      "componentRef": [
                        "tuple",
                        [
                          [
                            "object",
                            {
                              "name": "string",
                              "namespace": "string"
                            }
                          ],
                          [
                            "object",
                            {
                              "name": "string",
                              "namespace": "string"
                            }
                          ],
                          [
                            "object",
                            {
                              "name": "string",
                              "namespace": "string"
                            }
                          ],
                          [
                            "object",
                            {
                              "name": "string",
                              "namespace": "string"
                            }
                          ],
                          [
                            "object",
                            {
                              "name": "string",
                              "namespace": "string"
                            }
                          ],
                          [
                            "object",
                            {
                              "name": "string",
                              "namespace": "string"
                            }
                          ],
                          [
                            "object",
                            {
                              "name": "string",
                              "namespace": "string"
                            }
                          ],
                          [
                            "object",
                            {
                              "name": "string",
                              "namespace": "string"
                            }
                          ],
                          [
                            "object",
                            {
                              "name": "string",
                              "namespace": "string"
                            }
                          ],
                          [
                            "object",
                            {
                              "name": "string",
                              "namespace": "string"
                            }
                          ]
                        ]
                      ],
                      "controlRef": [
                        "object",
                        {
                          "code": "string",
                          "version": "string"
                        }
                      ]
                    }
                  ]
                }
              ]
            },
            "object": {
              "value": {
                "apiVersion": "argus.io/v1alpha1",
                "kind": "Assessment",
                "metadata": {
                  "annotations": null,
                  "creationTimestamp": null,
                  "deletionGracePeriodSeconds": null,
                  "deletionTimestamp": null,
                  "finalizers": null,
                  "generateName": null,
                  "generation": null,
                  "labels": {
                    "app.kubernetes.io/created-by": "operator",
                    "app.kubernetes.io/instance": "assessment-sample",
                    "app.kubernetes.io/managed-by": "kustomize",
                    "app.kubernetes.io/name": "assessment",
                    "app.kubernetes.io/part-of": "operator"
                  },
                  "managedFields": null,
                  "name": "req4-detective",
                  "namespace": "default",
                  "ownerReferences": null,
                  "resourceVersion": null,
                  "selfLink": null,
                  "uid": null
                },
                "spec": {
                  "cascadePolicy": "None",
                  "class": "DetectiveControl",
                  "componentRef": [
                    {
                      "name": "rt-1",
                      "namespace": "default"
                    },
                    {
                      "name": "rt-2",
                      "namespace": "default"
                    },
                    {
                      "name": "rt-3",
                      "namespace": "default"
                    },
                    {
                      "name": "rt-4",
                      "namespace": "default"
                    },
                    {
                      "name": "rt-5",
                      "namespace": "default"
                    },
                    {
                      "name": "rt-6",
                      "namespace": "default"
                    },
                    {
                      "name": "rt-7",
                      "namespace": "default"
                    },
                    {
                      "name": "rt-8",
                      "namespace": "default"
                    },
                    {
                      "name": "rt-9",
                      "namespace": "default"
                    },
                    {
                      "name": "rt-10",
                      "namespace": "default"
                    }
                  ],
                  "controlRef": {
                    "code": "NET-REQ-04",
                    "version": "1.0.0"
                  }
                }
              },
              "type": [
                "object",
                {
                  "apiVersion": "string",
                  "kind": "string",
                  "metadata": [
                    "object",
                    {
                      "annotations": [
                        "map",
                        "string"
                      ],
                      "creationTimestamp": "string",
                      "deletionGracePeriodSeconds": "number",
                      "deletionTimestamp": "string",
                      "finalizers": [
                        "list",
                        "string"
                      ],
                      "generateName": "string",
                      "generation": "number",
                      "labels": [
                        "map",
                        "string"
                      ],
                      "managedFields": [
                        "tuple",
                        [
                          [
                            "object",
                            {
                              "apiVersion": "string",
                              "fieldsType": "string",
                              "fieldsV1": "dynamic",
                              "manager": "string",
                              "operation": "string",
                              "subresource": "string",
                              "time": "string"
                            }
                          ]
                        ]
                      ],
                      "name": "string",
                      "namespace": "string",
                      "ownerReferences": [
                        "list",
                        [
                          "object",
                          {
                            "apiVersion": "string",
                            "blockOwnerDeletion": "bool",
                            "controller": "bool",
                            "kind": "string",
                            "name": "string",
                            "uid": "string"
                          }
                        ]
                      ],
                      "resourceVersion": "string",
                      "selfLink": "string",
                      "uid": "string"
                    }
                  ],
                  "spec": [
                    "object",
                    {
                      "cascadePolicy": "string",
                      "class": "string",
                      "componentRef": [
                        "list",
                        [
                          "object",
                          {
                            "name": "string",
                            "namespace": "string"
                          }
                        ]
                      ],
                      "controlRef": [
                        "object",
                        {
                          "code": "string",
                          "version": "string"
                        }
                      ]
                    }
                  ]
                }
              ]
            },
            "timeouts": [],
            "wait": [],
            "wait_for": null
          },
          "sensitive_attributes": []
        },
        {
          "index_key": 4,
          "schema_version": 1,
          "attributes": {
            "computed_fields": null,
            "field_manager": [],
            "manifest": {
              "value": {
                "apiVersion": "argus.io/v1alpha1",
                "kind": "Assessment",
                "metadata": {
                  "labels": {
                    "app.kubernetes.io/created-by": "operator",
                    "app.kubernetes.io/instance": "assessment-sample",
                    "app.kubernetes.io/managed-by": "kustomize",
                    "app.kubernetes.io/name": "assessment",
                    "app.kubernetes.io/part-of": "operator"
                  },
                  "name": "req5-detective",
                  "namespace": "default"
                },
                "spec": {
                  "cascadePolicy": "None",
                  "class": "DetectiveControl",
                  "componentRef": [
                    {
                      "name": "rt-1",
                      "namespace": "default"
                    },
                    {
                      "name": "rt-2",
                      "namespace": "default"
                    },
                    {
                      "name": "rt-3",
                      "namespace": "default"
                    },
                    {
                      "name": "rt-4",
                      "namespace": "default"
                    },
                    {
                      "name": "rt-5",
                      "namespace": "default"
                    },
                    {
                      "name": "rt-6",
                      "namespace": "default"
                    },
                    {
                      "name": "rt-7",
                      "namespace": "default"
                    },
                    {
                      "name": "rt-8",
                      "namespace": "default"
                    },
                    {
                      "name": "rt-9",
                      "namespace": "default"
                    },
                    {
                      "name": "rt-10",
                      "namespace": "default"
                    }
                  ],
                  "controlRef": {
                    "code": "NET-REQ-05",
                    "version": "1.0.0"
                  }
                }
              },
              "type": [
                "object",
                {
                  "apiVersion": "string",
                  "kind": "string",
                  "metadata": [
                    "object",
                    {
                      "labels": [
                        "object",
                        {
                          "app.kubernetes.io/created-by": "string",
                          "app.kubernetes.io/instance": "string",
                          "app.kubernetes.io/managed-by": "string",
                          "app.kubernetes.io/name": "string",
                          "app.kubernetes.io/part-of": "string"
                        }
                      ],
                      "name": "string",
                      "namespace": "string"
                    }
                  ],
                  "spec": [
                    "object",
                    {
                      "cascadePolicy": "string",
                      "class": "string",
                      "componentRef": [
                        "tuple",
                        [
                          [
                            "object",
                            {
                              "name": "string",
                              "namespace": "string"
                            }
                          ],
                          [
                            "object",
                            {
                              "name": "string",
                              "namespace": "string"
                            }
                          ],
                          [
                            "object",
                            {
                              "name": "string",
                              "namespace": "string"
                            }
                          ],
                          [
                            "object",
                            {
                              "name": "string",
                              "namespace": "string"
                            }
                          ],
                          [
                            "object",
                            {
                              "name": "string",
                              "namespace": "string"
                            }
                          ],
                          [
                            "object",
                            {
                              "name": "string",
                              "namespace": "string"
                            }
                          ],
                          [
                            "object",
                            {
                              "name": "string",
                              "namespace": "string"
                            }
                          ],
                          [
                            "object",
                            {
                              "name": "string",
                              "namespace": "string"
                            }
                          ],
                          [
                            "object",
                            {
                              "name": "string",
                              "namespace": "string"
                            }
                          ],
                          [
                            "object",
                            {
                              "name": "string",
                              "namespace": "string"
                            }
                          ]
                        ]
                      ],
                      "controlRef": [
                        "object",
                        {
                          "code": "string",
                          "version": "string"
                        }
                      ]
                    }
                  ]
                }
              ]
            },
            "object": {
              "value": {
                "apiVersion": "argus.io/v1alpha1",
                "kind": "Assessment",
                "metadata": {
                  "annotations": null,
                  "creationTimestamp": null,
                  "deletionGracePeriodSeconds": null,
                  "deletionTimestamp": null,
                  "finalizers": null,
                  "generateName": null,
                  "generation": null,
                  "labels": {
                    "app.kubernetes.io/created-by": "operator",
                    "app.kubernetes.io/instance": "assessment-sample",
                    "app.kubernetes.io/managed-by": "kustomize",
                    "app.kubernetes.io/name": "assessment",
                    "app.kubernetes.io/part-of": "operator"
                  },
                  "managedFields": null,
                  "name": "req5-detective",
                  "namespace": "default",
                  "ownerReferences": null,
                  "resourceVersion": null,
                  "selfLink": null,
                  "uid": null
                },
                "spec": {
                  "cascadePolicy": "None",
                  "class": "DetectiveControl",
                  "componentRef": [
                    {
                      "name": "rt-1",
                      "namespace": "default"
                    },
                    {
                      "name": "rt-2",
                      "namespace": "default"
                    },
                    {
                      "name": "rt-3",
                      "namespace": "default"
                    },
                    {
                      "name": "rt-4",
                      "namespace": "default"
                    },
                    {
                      "name": "rt-5",
                      "namespace": "default"
                    },
                    {
                      "name": "rt-6",
                      "namespace": "default"
                    },
                    {
                      "name": "rt-7",
                      "namespace": "default"
                    },
                    {
                      "name": "rt-8",
                      "namespace": "default"
                    },
                    {
                      "name": "rt-9",
                      "namespace": "default"
                    },
                    {
                      "name": "rt-10",
                      "namespace": "default"
                    }
                  ],
                  "controlRef": {
                    "code": "NET-REQ-05",
                    "version": "1.0.0"
                  }
                }
              },
              "type": [
                "object",
                {
                  "apiVersion": "string",
                  "kind": "string",
                  "metadata": [
                    "object",
                    {
                      "annotations": [
                        "map",
                        "string"
                      ],
                      "creationTimestamp": "string",
                      "deletionGracePeriodSeconds": "number",
                      "deletionTimestamp": "string",
                      "finalizers": [
                        "list",
                        "string"
                      ],
                      "generateName": "string",
                      "generation": "number",
                      "labels": [
                        "map",
                        "string"
                      ],
                      "managedFields": [
                        "tuple",
                        [
                          [
                            "object",
                            {
                              "apiVersion": "string",
                              "fieldsType": "string",
                              "fieldsV1": "dynamic",
                              "manager": "string",
                              "operation": "string",
                              "subresource": "string",
                              "time": "string"
                            }
                          ]
                        ]
                      ],
                      "name": "string",
                      "namespace": "string",
                      "ownerReferences": [
                        "list",
                        [
                          "object",
                          {
                            "apiVersion": "string",
                            "blockOwnerDeletion": "bool",
                            "controller": "bool",
                            "kind": "string",
                            "name": "string",
                            "uid": "string"
                          }
                        ]
                      ],
                      "resourceVersion": "string",
                      "selfLink": "string",
                      "uid": "string"
                    }
                  ],
                  "spec": [
                    "object",
                    {
                      "cascadePolicy": "string",
                      "class": "string",
                      "componentRef": [
                        "list",
                        [
                          "object",
                          {
                            "name": "string",
                            "namespace": "string"
                          }
                        ]
                      ],
                      "controlRef": [
                        "object",
                        {
                          "code": "string",
                          "version": "string"
                        }
                      ]
                    }
                  ]
                }
              ]
            },
            "timeouts": [],
            "wait": [],
            "wait_for": null
          },
          "sensitive_attributes": []
        },
        {
          "index_key": 5,
          "schema_version": 1,
          "attributes": {
            "computed_fields": null,
            "field_manager": [],
            "manifest": {
              "value": {
                "apiVersion": "argus.io/v1alpha1",
                "kind": "Assessment",
                "metadata": {
                  "labels": {
                    "app.kubernetes.io/created-by": "operator",
                    "app.kubernetes.io/instance": "assessment-sample",
                    "app.kubernetes.io/managed-by": "kustomize",
                    "app.kubernetes.io/name": "assessment",
                    "app.kubernetes.io/part-of": "operator"
                  },
                  "name": "req6-detective",
                  "namespace": "default"
                },
                "spec": {
                  "cascadePolicy": "None",
                  "class": "DetectiveControl",
                  "componentRef": [
                    {
                      "name": "rt-1",
                      "namespace": "default"
                    },
                    {
                      "name": "rt-2",
                      "namespace": "default"
                    },
                    {
                      "name": "rt-3",
                      "namespace": "default"
                    },
                    {
                      "name": "rt-4",
                      "namespace": "default"
                    },
                    {
                      "name": "rt-5",
                      "namespace": "default"
                    },
                    {
                      "name": "rt-6",
                      "namespace": "default"
                    },
                    {
                      "name": "rt-7",
                      "namespace": "default"
                    },
                    {
                      "name": "rt-8",
                      "namespace": "default"
                    },
                    {
                      "name": "rt-9",
                      "namespace": "default"
                    },
                    {
                      "name": "rt-10",
                      "namespace": "default"
                    }
                  ],
                  "controlRef": {
                    "code": "NET-REQ-06",
                    "version": "1.0.0"
                  }
                }
              },
              "type": [
                "object",
                {
                  "apiVersion": "string",
                  "kind": "string",
                  "metadata": [
                    "object",
                    {
                      "labels": [
                        "object",
                        {
                          "app.kubernetes.io/created-by": "string",
                          "app.kubernetes.io/instance": "string",
                          "app.kubernetes.io/managed-by": "string",
                          "app.kubernetes.io/name": "string",
                          "app.kubernetes.io/part-of": "string"
                        }
                      ],
                      "name": "string",
                      "namespace": "string"
                    }
                  ],
                  "spec": [
                    "object",
                    {
                      "cascadePolicy": "string",
                      "class": "string",
                      "componentRef": [
                        "tuple",
                        [
                          [
                            "object",
                            {
                              "name": "string",
                              "namespace": "string"
                            }
                          ],
                          [
                            "object",
                            {
                              "name": "string",
                              "namespace": "string"
                            }
                          ],
                          [
                            "object",
                            {
                              "name": "string",
                              "namespace": "string"
                            }
                          ],
                          [
                            "object",
                            {
                              "name": "string",
                              "namespace": "string"
                            }
                          ],
                          [
                            "object",
                            {
                              "name": "string",
                              "namespace": "string"
                            }
                          ],
                          [
                            "object",
                            {
                              "name": "string",
                              "namespace": "string"
                            }
                          ],
                          [
                            "object",
                            {
                              "name": "string",
                              "namespace": "string"
                            }
                          ],
                          [
                            "object",
                            {
                              "name": "string",
                              "namespace": "string"
                            }
                          ],
                          [
                            "object",
                            {
                              "name": "string",
                              "namespace": "string"
                            }
                          ],
                          [
                            "object",
                            {
                              "name": "string",
                              "namespace": "string"
                            }
                          ]
                        ]
                      ],
                      "controlRef": [
                        "object",
                        {
                          "code": "string",
                          "version": "string"
                        }
                      ]
                    }
                  ]
                }
              ]
            },
            "object": {
              "value": {
                "apiVersion": "argus.io/v1alpha1",
                "kind": "Assessment",
                "metadata": {
                  "annotations": null,
                  "creationTimestamp": null,
                  "deletionGracePeriodSeconds": null,
                  "deletionTimestamp": null,
                  "finalizers": null,
                  "generateName": null,
                  "generation": null,
                  "labels": {
                    "app.kubernetes.io/created-by": "operator",
                    "app.kubernetes.io/instance": "assessment-sample",
                    "app.kubernetes.io/managed-by": "kustomize",
                    "app.kubernetes.io/name": "assessment",
                    "app.kubernetes.io/part-of": "operator"
                  },
                  "managedFields": null,
                  "name": "req6-detective",
                  "namespace": "default",
                  "ownerReferences": null,
                  "resourceVersion": null,
                  "selfLink": null,
                  "uid": null
                },
                "spec": {
                  "cascadePolicy": "None",
                  "class": "DetectiveControl",
                  "componentRef": [
                    {
                      "name": "rt-1",
                      "namespace": "default"
                    },
                    {
                      "name": "rt-2",
                      "namespace": "default"
                    },
                    {
                      "name": "rt-3",
                      "namespace": "default"
                    },
                    {
                      "name": "rt-4",
                      "namespace": "default"
                    },
                    {
                      "name": "rt-5",
                      "namespace": "default"
                    },
                    {
                      "name": "rt-6",
                      "namespace": "default"
                    },
                    {
                      "name": "rt-7",
                      "namespace": "default"
                    },
                    {
                      "name": "rt-8",
                      "namespace": "default"
                    },
                    {
                      "name": "rt-9",
                      "namespace": "default"
                    },
                    {
                      "name": "rt-10",
                      "namespace": "default"
                    }
                  ],
                  "controlRef": {
                    "code": "NET-REQ-06",
                    "version": "1.0.0"
                  }
                }
              },
              "type": [
                "object",
                {
                  "apiVersion": "string",
                  "kind": "string",
                  "metadata": [
                    "object",
                    {
                      "annotations": [
                        "map",
                        "string"
                      ],
                      "creationTimestamp": "string",
                      "deletionGracePeriodSeconds": "number",
                      "deletionTimestamp": "string",
                      "finalizers": [
                        "list",
                        "string"
                      ],
                      "generateName": "string",
                      "generation": "number",
                      "labels": [
                        "map",
                        "string"
                      ],
                      "managedFields": [
                        "tuple",
                        [
                          [
                            "object",
                            {
                              "apiVersion": "string",
                              "fieldsType": "string",
                              "fieldsV1": "dynamic",
                              "manager": "string",
                              "operation": "string",
                              "subresource": "string",
                              "time": "string"
                            }
                          ]
                        ]
                      ],
                      "name": "string",
                      "namespace": "string",
                      "ownerReferences": [
                        "list",
                        [
                          "object",
                          {
                            "apiVersion": "string",
                            "blockOwnerDeletion": "bool",
                            "controller": "bool",
                            "kind": "string",
                            "name": "string",
                            "uid": "string"
                          }
                        ]
                      ],
                      "resourceVersion": "string",
                      "selfLink": "string",
                      "uid": "string"
                    }
                  ],
                  "spec": [
                    "object",
                    {
                      "cascadePolicy": "string",
                      "class": "string",
                      "componentRef": [
                        "list",
                        [
                          "object",
                          {
                            "name": "string",
                            "namespace": "string"
                          }
                        ]
                      ],
                      "controlRef": [
                        "object",
                        {
                          "code": "string",
                          "version": "string"
                        }
                      ]
                    }
                  ]
                }
              ]
            },
            "timeouts": [],
            "wait": [],
            "wait_for": null
          },
          "sensitive_attributes": []
        },
        {
          "index_key": 6,
          "schema_version": 1,
          "attributes": {
            "computed_fields": null,
            "field_manager": [],
            "manifest": {
              "value": {
                "apiVersion": "argus.io/v1alpha1",
                "kind": "Assessment",
                "metadata": {
                  "labels": {
                    "app.kubernetes.io/created-by": "operator",
                    "app.kubernetes.io/instance": "assessment-sample",
                    "app.kubernetes.io/managed-by": "kustomize",
                    "app.kubernetes.io/name": "assessment",
                    "app.kubernetes.io/part-of": "operator"
                  },
                  "name": "req7-detective",
                  "namespace": "default"
                },
                "spec": {
                  "cascadePolicy": "None",
                  "class": "DetectiveControl",
                  "componentRef": [
                    {
                      "name": "rt-1",
                      "namespace": "default"
                    },
                    {
                      "name": "rt-2",
                      "namespace": "default"
                    },
                    {
                      "name": "rt-3",
                      "namespace": "default"
                    },
                    {
                      "name": "rt-4",
                      "namespace": "default"
                    },
                    {
                      "name": "rt-5",
                      "namespace": "default"
                    },
                    {
                      "name": "rt-6",
                      "namespace": "default"
                    },
                    {
                      "name": "rt-7",
                      "namespace": "default"
                    },
                    {
                      "name": "rt-8",
                      "namespace": "default"
                    },
                    {
                      "name": "rt-9",
                      "namespace": "default"
                    },
                    {
                      "name": "rt-10",
                      "namespace": "default"
                    }
                  ],
                  "controlRef": {
                    "code": "NET-REQ-07",
                    "version": "1.0.0"
                  }
                }
              },
              "type": [
                "object",
                {
                  "apiVersion": "string",
                  "kind": "string",
                  "metadata": [
                    "object",
                    {
                      "labels": [
                        "object",
                        {
                          "app.kubernetes.io/created-by": "string",
                          "app.kubernetes.io/instance": "string",
                          "app.kubernetes.io/managed-by": "string",
                          "app.kubernetes.io/name": "string",
                          "app.kubernetes.io/part-of": "string"
                        }
                      ],
                      "name": "string",
                      "namespace": "string"
                    }
                  ],
                  "spec": [
                    "object",
                    {
                      "cascadePolicy": "string",
                      "class": "string",
                      "componentRef": [
                        "tuple",
                        [
                          [
                            "object",
                            {
                              "name": "string",
                              "namespace": "string"
                            }
                          ],
                          [
                            "object",
                            {
                              "name": "string",
                              "namespace": "string"
                            }
                          ],
                          [
                            "object",
                            {
                              "name": "string",
                              "namespace": "string"
                            }
                          ],
                          [
                            "object",
                            {
                              "name": "string",
                              "namespace": "string"
                            }
                          ],
                          [
                            "object",
                            {
                              "name": "string",
                              "namespace": "string"
                            }
                          ],
                          [
                            "object",
                            {
                              "name": "string",
                              "namespace": "string"
                            }
                          ],
                          [
                            "object",
                            {
                              "name": "string",
                              "namespace": "string"
                            }
                          ],
                          [
                            "object",
                            {
                              "name": "string",
                              "namespace": "string"
                            }
                          ],
                          [
                            "object",
                            {
                              "name": "string",
                              "namespace": "string"
                            }
                          ],
                          [
                            "object",
                            {
                              "name": "string",
                              "namespace": "string"
                            }
                          ]
                        ]
                      ],
                      "controlRef": [
                        "object",
                        {
                          "code": "string",
                          "version": "string"
                        }
                      ]
                    }
                  ]
                }
              ]
            },
            "object": {
              "value": {
                "apiVersion": "argus.io/v1alpha1",
                "kind": "Assessment",
                "metadata": {
                  "annotations": null,
                  "creationTimestamp": null,
                  "deletionGracePeriodSeconds": null,
                  "deletionTimestamp": null,
                  "finalizers": null,
                  "generateName": null,
                  "generation": null,
                  "labels": {
                    "app.kubernetes.io/created-by": "operator",
                    "app.kubernetes.io/instance": "assessment-sample",
                    "app.kubernetes.io/managed-by": "kustomize",
                    "app.kubernetes.io/name": "assessment",
                    "app.kubernetes.io/part-of": "operator"
                  },
                  "managedFields": null,
                  "name": "req7-detective",
                  "namespace": "default",
                  "ownerReferences": null,
                  "resourceVersion": null,
                  "selfLink": null,
                  "uid": null
                },
                "spec": {
                  "cascadePolicy": "None",
                  "class": "DetectiveControl",
                  "componentRef": [
                    {
                      "name": "rt-1",
                      "namespace": "default"
                    },
                    {
                      "name": "rt-2",
                      "namespace": "default"
                    },
                    {
                      "name": "rt-3",
                      "namespace": "default"
                    },
                    {
                      "name": "rt-4",
                      "namespace": "default"
                    },
                    {
                      "name": "rt-5",
                      "namespace": "default"
                    },
                    {
                      "name": "rt-6",
                      "namespace": "default"
                    },
                    {
                      "name": "rt-7",
                      "namespace": "default"
                    },
                    {
                      "name": "rt-8",
                      "namespace": "default"
                    },
                    {
                      "name": "rt-9",
                      "namespace": "default"
                    },
                    {
                      "name": "rt-10",
                      "namespace": "default"
                    }
                  ],
                  "controlRef": {
                    "code": "NET-REQ-07",
                    "version": "1.0.0"
                  }
                }
              },
              "type": [
                "object",
                {
                  "apiVersion": "string",
                  "kind": "string",
                  "metadata": [
                    "object",
                    {
                      "annotations": [
                        "map",
                        "string"
                      ],
                      "creationTimestamp": "string",
                      "deletionGracePeriodSeconds": "number",
                      "deletionTimestamp": "string",
                      "finalizers": [
                        "list",
                        "string"
                      ],
                      "generateName": "string",
                      "generation": "number",
                      "labels": [
                        "map",
                        "string"
                      ],
                      "managedFields": [
                        "tuple",
                        [
                          [
                            "object",
                            {
                              "apiVersion": "string",
                              "fieldsType": "string",
                              "fieldsV1": "dynamic",
                              "manager": "string",
                              "operation": "string",
                              "subresource": "string",
                              "time": "string"
                            }
                          ]
                        ]
                      ],
                      "name": "string",
                      "namespace": "string",
                      "ownerReferences": [
                        "list",
                        [
                          "object",
                          {
                            "apiVersion": "string",
                            "blockOwnerDeletion": "bool",
                            "controller": "bool",
                            "kind": "string",
                            "name": "string",
                            "uid": "string"
                          }
                        ]
                      ],
                      "resourceVersion": "string",
                      "selfLink": "string",
                      "uid": "string"
                    }
                  ],
                  "spec": [
                    "object",
                    {
                      "cascadePolicy": "string",
                      "class": "string",
                      "componentRef": [
                        "list",
                        [
                          "object",
                          {
                            "name": "string",
                            "namespace": "string"
                          }
                        ]
                      ],
                      "controlRef": [
                        "object",
                        {
                          "code": "string",
                          "version": "string"
                        }
                      ]
                    }
                  ]
                }
              ]
            },
            "timeouts": [],
            "wait": [],
            "wait_for": null
          },
          "sensitive_attributes": []
        },
        {
          "index_key": 7,
          "schema_version": 1,
          "attributes": {
            "computed_fields": null,
            "field_manager": [],
            "manifest": {
              "value": {
                "apiVersion": "argus.io/v1alpha1",
                "kind": "Assessment",
                "metadata": {
                  "labels": {
                    "app.kubernetes.io/created-by": "operator",
                    "app.kubernetes.io/instance": "assessment-sample",
                    "app.kubernetes.io/managed-by": "kustomize",
                    "app.kubernetes.io/name": "assessment",
                    "app.kubernetes.io/part-of": "operator"
                  },
                  "name": "req8-detective",
                  "namespace": "default"
                },
                "spec": {
                  "cascadePolicy": "None",
                  "class": "DetectiveControl",
                  "componentRef": [
                    {
                      "name": "rt-1",
                      "namespace": "default"
                    },
                    {
                      "name": "rt-2",
                      "namespace": "default"
                    },
                    {
                      "name": "rt-3",
                      "namespace": "default"
                    },
                    {
                      "name": "rt-4",
                      "namespace": "default"
                    },
                    {
                      "name": "rt-5",
                      "namespace": "default"
                    },
                    {
                      "name": "rt-6",
                      "namespace": "default"
                    },
                    {
                      "name": "rt-7",
                      "namespace": "default"
                    },
                    {
                      "name": "rt-8",
                      "namespace": "default"
                    },
                    {
                      "name": "rt-9",
                      "namespace": "default"
                    },
                    {
                      "name": "rt-10",
                      "namespace": "default"
                    }
                  ],
                  "controlRef": {
                    "code": "NET-REQ-08",
                    "version": "1.0.0"
                  }
                }
              },
              "type": [
                "object",
                {
                  "apiVersion": "string",
                  "kind": "string",
                  "metadata": [
                    "object",
                    {
                      "labels": [
                        "object",
                        {
                          "app.kubernetes.io/created-by": "string",
                          "app.kubernetes.io/instance": "string",
                          "app.kubernetes.io/managed-by": "string",
                          "app.kubernetes.io/name": "string",
                          "app.kubernetes.io/part-of": "string"
                        }
                      ],
                      "name": "string",
                      "namespace": "string"
                    }
                  ],
                  "spec": [
                    "object",
                    {
                      "cascadePolicy": "string",
                      "class": "string",
                      "componentRef": [
                        "tuple",
                        [
                          [
                            "object",
                            {
                              "name": "string",
                              "namespace": "string"
                            }
                          ],
                          [
                            "object",
                            {
                              "name": "string",
                              "namespace": "string"
                            }
                          ],
                          [
                            "object",
                            {
                              "name": "string",
                              "namespace": "string"
                            }
                          ],
                          [
                            "object",
                            {
                              "name": "string",
                              "namespace": "string"
                            }
                          ],
                          [
                            "object",
                            {
                              "name": "string",
                              "namespace": "string"
                            }
                          ],
                          [
                            "object",
                            {
                              "name": "string",
                              "namespace": "string"
                            }
                          ],
                          [
                            "object",
                            {
                              "name": "string",
                              "namespace": "string"
                            }
                          ],
                          [
                            "object",
                            {
                              "name": "string",
                              "namespace": "string"
                            }
                          ],
                          [
                            "object",
                            {
                              "name": "string",
                              "namespace": "string"
                            }
                          ],
                          [
                            "object",
                            {
                              "name": "string",
                              "namespace": "string"
                            }
                          ]
                        ]
                      ],
                      "controlRef": [
                        "object",
                        {
                          "code": "string",
                          "version": "string"
                        }
                      ]
                    }
                  ]
                }
              ]
            },
            "object": {
              "value": {
                "apiVersion": "argus.io/v1alpha1",
                "kind": "Assessment",
                "metadata": {
                  "annotations": null,
                  "creationTimestamp": null,
                  "deletionGracePeriodSeconds": null,
                  "deletionTimestamp": null,
                  "finalizers": null,
                  "generateName": null,
                  "generation": null,
                  "labels": {
                    "app.kubernetes.io/created-by": "operator",
                    "app.kubernetes.io/instance": "assessment-sample",
                    "app.kubernetes.io/managed-by": "kustomize",
                    "app.kubernetes.io/name": "assessment",
                    "app.kubernetes.io/part-of": "operator"
                  },
                  "managedFields": null,
                  "name": "req8-detective",
                  "namespace": "default",
                  "ownerReferences": null,
                  "resourceVersion": null,
                  "selfLink": null,
                  "uid": null
                },
                "spec": {
                  "cascadePolicy": "None",
                  "class": "DetectiveControl",
                  "componentRef": [
                    {
                      "name": "rt-1",
                      "namespace": "default"
                    },
                    {
                      "name": "rt-2",
                      "namespace": "default"
                    },
                    {
                      "name": "rt-3",
                      "namespace": "default"
                    },
                    {
                      "name": "rt-4",
                      "namespace": "default"
                    },
                    {
                      "name": "rt-5",
                      "namespace": "default"
                    },
                    {
                      "name": "rt-6",
                      "namespace": "default"
                    },
                    {
                      "name": "rt-7",
                      "namespace": "default"
                    },
                    {
                      "name": "rt-8",
                      "namespace": "default"
                    },
                    {
                      "name": "rt-9",
                      "namespace": "default"
                    },
                    {
                      "name": "rt-10",
                      "namespace": "default"
                    }
                  ],
                  "controlRef": {
                    "code": "NET-REQ-08",
                    "version": "1.0.0"
                  }
                }
              },
              "type": [
                "object",
                {
                  "apiVersion": "string",
                  "kind": "string",
                  "metadata": [
                    "object",
                    {
                      "annotations": [
                        "map",
                        "string"
                      ],
                      "creationTimestamp": "string",
                      "deletionGracePeriodSeconds": "number",
                      "deletionTimestamp": "string",
                      "finalizers": [
                        "list",
                        "string"
                      ],
                      "generateName": "string",
                      "generation": "number",
                      "labels": [
                        "map",
                        "string"
                      ],
                      "managedFields": [
                        "tuple",
                        [
                          [
                            "object",
                            {
                              "apiVersion": "string",
                              "fieldsType": "string",
                              "fieldsV1": "dynamic",
                              "manager": "string",
                              "operation": "string",
                              "subresource": "string",
                              "time": "string"
                            }
                          ]
                        ]
                      ],
                      "name": "string",
                      "namespace": "string",
                      "ownerReferences": [
                        "list",
                        [
                          "object",
                          {
                            "apiVersion": "string",
                            "blockOwnerDeletion": "bool",
                            "controller": "bool",
                            "kind": "string",
                            "name": "string",
                            "uid": "string"
                          }
                        ]
                      ],
                      "resourceVersion": "string",
                      "selfLink": "string",
                      "uid": "string"
                    }
                  ],
                  "spec": [
                    "object",
                    {
                      "cascadePolicy": "string",
                      "class": "string",
                      "componentRef": [
                        "list",
                        [
                          "object",
                          {
                            "name": "string",
                            "namespace": "string"
                          }
                        ]
                      ],
                      "controlRef": [
                        "object",
                        {
                          "code": "string",
                          "version": "string"
                        }
                      ]
                    }
                  ]
                }
              ]
            },
            "timeouts": [],
            "wait": [],
            "wait_for": null
          },
          "sensitive_attributes": []
        }
      ]
    },
    {
      "mode": "managed",
      "type": "kubernetes_manifest",
      "name": "detective_deployed_attestation",
      "provider": "provider[\"registry.terraform.io/hashicorp/kubernetes\"]",
      "instances": [
        {
          "index_key": 0,
          "schema_version": 1,
          "attributes": {
            "computed_fields": null,
            "field_manager": [],
            "manifest": {
              "value": {
                "apiVersion": "argus.io/v1alpha1",
                "kind": "Attestation",
                "metadata": {
                  "labels": {
                    "app.kubernetes.io/created-by": "operator",
                    "app.kubernetes.io/instance": "attestation-sample",
                    "app.kubernetes.io/managed-by": "kustomize",
                    "app.kubernetes.io/name": "attestation",
                    "app.kubernetes.io/part-of": "operator"
                  },
                  "name": "req1-detective-deployed",
                  "namespace": "default"
                },
                "spec": {
                  "assessmentRef": "req1-detective",
                  "providerRef": {
                    "name": "random",
                    "namespace": "default"
                  }
                }
              },
              "type": [
                "object",
                {
                  "apiVersion": "string",
                  "kind": "string",
                  "metadata": [
                    "object",
                    {
                      "labels": [
                        "object",
                        {
                          "app.kubernetes.io/created-by": "string",
                          "app.kubernetes.io/instance": "string",
                          "app.kubernetes.io/managed-by": "string",
                          "app.kubernetes.io/name": "string",
                          "app.kubernetes.io/part-of": "string"
                        }
                      ],
                      "name": "string",
                      "namespace": "string"
                    }
                  ],
                  "spec": [
                    "object",
                    {
                      "assessmentRef": "string",
                      "providerRef": [
                        "object",
                        {
                          "name": "string",
                          "namespace": "string"
                        }
                      ]
                    }
                  ]
                }
              ]
            },
            "object": {
              "value": {
                "apiVersion": "argus.io/v1alpha1",
                "kind": "Attestation",
                "metadata": {
                  "annotations": null,
                  "creationTimestamp": null,
                  "deletionGracePeriodSeconds": null,
                  "deletionTimestamp": null,
                  "finalizers": null,
                  "generateName": null,
                  "generation": null,
                  "labels": {
                    "app.kubernetes.io/created-by": "operator",
                    "app.kubernetes.io/instance": "attestation-sample",
                    "app.kubernetes.io/managed-by": "kustomize",
                    "app.kubernetes.io/name": "attestation",
                    "app.kubernetes.io/part-of": "operator"
                  },
                  "managedFields": null,
                  "name": "req1-detective-deployed",
                  "namespace": "default",
                  "ownerReferences": null,
                  "resourceVersion": null,
                  "selfLink": null,
                  "uid": null
                },
                "spec": {
                  "assessmentRef": "req1-detective",
                  "providerRef": {
                    "name": "random",
                    "namespace": "default"
                  }
                }
              },
              "type": [
                "object",
                {
                  "apiVersion": "string",
                  "kind": "string",
                  "metadata": [
                    "object",
                    {
                      "annotations": [
                        "map",
                        "string"
                      ],
                      "creationTimestamp": "string",
                      "deletionGracePeriodSeconds": "number",
                      "deletionTimestamp": "string",
                      "finalizers": [
                        "list",
                        "string"
                      ],
                      "generateName": "string",
                      "generation": "number",
                      "labels": [
                        "map",
                        "string"
                      ],
                      "managedFields": [
                        "tuple",
                        [
                          [
                            "object",
                            {
                              "apiVersion": "string",
                              "fieldsType": "string",
                              "fieldsV1": "dynamic",
                              "manager": "string",
                              "operation": "string",
                              "subresource": "string",
                              "time": "string"
                            }
                          ]
                        ]
                      ],
                      "name": "string",
                      "namespace": "string",
                      "ownerReferences": [
                        "list",
                        [
                          "object",
                          {
                            "apiVersion": "string",
                            "blockOwnerDeletion": "bool",
                            "controller": "bool",
                            "kind": "string",
                            "name": "string",
                            "uid": "string"
                          }
                        ]
                      ],
                      "resourceVersion": "string",
                      "selfLink": "string",
                      "uid": "string"
                    }
                  ],
                  "spec": [
                    "object",
                    {
                      "assessmentRef": "string",
                      "providerRef": [
                        "object",
                        {
                          "name": "string",
                          "namespace": "string"
                        }
                      ]
                    }
                  ]
                }
              ]
            },
            "timeouts": [],
            "wait": [],
            "wait_for": null
          },
          "sensitive_attributes": []
        },
        {
          "index_key": 1,
          "schema_version": 1,
          "attributes": {
            "computed_fields": null,
            "field_manager": [],
            "manifest": {
              "value": {
                "apiVersion": "argus.io/v1alpha1",
                "kind": "Attestation",
                "metadata": {
                  "labels": {
                    "app.kubernetes.io/created-by": "operator",
                    "app.kubernetes.io/instance": "attestation-sample",
                    "app.kubernetes.io/managed-by": "kustomize",
                    "app.kubernetes.io/name": "attestation",
                    "app.kubernetes.io/part-of": "operator"
                  },
                  "name": "req2-detective-deployed",
                  "namespace": "default"
                },
                "spec": {
                  "assessmentRef": "req2-detective",
                  "providerRef": {
                    "name": "random",
                    "namespace": "default"
                  }
                }
              },
              "type": [
                "object",
                {
                  "apiVersion": "string",
                  "kind": "string",
                  "metadata": [
                    "object",
                    {
                      "labels": [
                        "object",
                        {
                          "app.kubernetes.io/created-by": "string",
                          "app.kubernetes.io/instance": "string",
                          "app.kubernetes.io/managed-by": "string",
                          "app.kubernetes.io/name": "string",
                          "app.kubernetes.io/part-of": "string"
                        }
                      ],
                      "name": "string",
                      "namespace": "string"
                    }
                  ],
                  "spec": [
                    "object",
                    {
                      "assessmentRef": "string",
                      "providerRef": [
                        "object",
                        {
                          "name": "string",
                          "namespace": "string"
                        }
                      ]
                    }
                  ]
                }
              ]
            },
            "object": {
              "value": {
                "apiVersion": "argus.io/v1alpha1",
                "kind": "Attestation",
                "metadata": {
                  "annotations": null,
                  "creationTimestamp": null,
                  "deletionGracePeriodSeconds": null,
                  "deletionTimestamp": null,
                  "finalizers": null,
                  "generateName": null,
                  "generation": null,
                  "labels": {
                    "app.kubernetes.io/created-by": "operator",
                    "app.kubernetes.io/instance": "attestation-sample",
                    "app.kubernetes.io/managed-by": "kustomize",
                    "app.kubernetes.io/name": "attestation",
                    "app.kubernetes.io/part-of": "operator"
                  },
                  "managedFields": null,
                  "name": "req2-detective-deployed",
                  "namespace": "default",
                  "ownerReferences": null,
                  "resourceVersion": null,
                  "selfLink": null,
                  "uid": null
                },
                "spec": {
                  "assessmentRef": "req2-detective",
                  "providerRef": {
                    "name": "random",
                    "namespace": "default"
                  }
                }
              },
              "type": [
                "object",
                {
                  "apiVersion": "string",
                  "kind": "string",
                  "metadata": [
                    "object",
                    {
                      "annotations": [
                        "map",
                        "string"
                      ],
                      "creationTimestamp": "string",
                      "deletionGracePeriodSeconds": "number",
                      "deletionTimestamp": "string",
                      "finalizers": [
                        "list",
                        "string"
                      ],
                      "generateName": "string",
                      "generation": "number",
                      "labels": [
                        "map",
                        "string"
                      ],
                      "managedFields": [
                        "tuple",
                        [
                          [
                            "object",
                            {
                              "apiVersion": "string",
                              "fieldsType": "string",
                              "fieldsV1": "dynamic",
                              "manager": "string",
                              "operation": "string",
                              "subresource": "string",
                              "time": "string"
                            }
                          ]
                        ]
                      ],
                      "name": "string",
                      "namespace": "string",
                      "ownerReferences": [
                        "list",
                        [
                          "object",
                          {
                            "apiVersion": "string",
                            "blockOwnerDeletion": "bool",
                            "controller": "bool",
                            "kind": "string",
                            "name": "string",
                            "uid": "string"
                          }
                        ]
                      ],
                      "resourceVersion": "string",
                      "selfLink": "string",
                      "uid": "string"
                    }
                  ],
                  "spec": [
                    "object",
                    {
                      "assessmentRef": "string",
                      "providerRef": [
                        "object",
                        {
                          "name": "string",
                          "namespace": "string"
                        }
                      ]
                    }
                  ]
                }
              ]
            },
            "timeouts": [],
            "wait": [],
            "wait_for": null
          },
          "sensitive_attributes": []
        },
        {
          "index_key": 2,
          "schema_version": 1,
          "attributes": {
            "computed_fields": null,
            "field_manager": [],
            "manifest": {
              "value": {
                "apiVersion": "argus.io/v1alpha1",
                "kind": "Attestation",
                "metadata": {
                  "labels": {
                    "app.kubernetes.io/created-by": "operator",
                    "app.kubernetes.io/instance": "attestation-sample",
                    "app.kubernetes.io/managed-by": "kustomize",
                    "app.kubernetes.io/name": "attestation",
                    "app.kubernetes.io/part-of": "operator"
                  },
                  "name": "req3-detective-deployed",
                  "namespace": "default"
                },
                "spec": {
                  "assessmentRef": "req3-detective",
                  "providerRef": {
                    "name": "random",
                    "namespace": "default"
                  }
                }
              },
              "type": [
                "object",
                {
                  "apiVersion": "string",
                  "kind": "string",
                  "metadata": [
                    "object",
                    {
                      "labels": [
                        "object",
                        {
                          "app.kubernetes.io/created-by": "string",
                          "app.kubernetes.io/instance": "string",
                          "app.kubernetes.io/managed-by": "string",
                          "app.kubernetes.io/name": "string",
                          "app.kubernetes.io/part-of": "string"
                        }
                      ],
                      "name": "string",
                      "namespace": "string"
                    }
                  ],
                  "spec": [
                    "object",
                    {
                      "assessmentRef": "string",
                      "providerRef": [
                        "object",
                        {
                          "name": "string",
                          "namespace": "string"
                        }
                      ]
                    }
                  ]
                }
              ]
            },
            "object": {
              "value": {
                "apiVersion": "argus.io/v1alpha1",
                "kind": "Attestation",
                "metadata": {
                  "annotations": null,
                  "creationTimestamp": null,
                  "deletionGracePeriodSeconds": null,
                  "deletionTimestamp": null,
                  "finalizers": null,
                  "generateName": null,
                  "generation": null,
                  "labels": {
                    "app.kubernetes.io/created-by": "operator",
                    "app.kubernetes.io/instance": "attestation-sample",
                    "app.kubernetes.io/managed-by": "kustomize",
                    "app.kubernetes.io/name": "attestation",
                    "app.kubernetes.io/part-of": "operator"
                  },
                  "managedFields": null,
                  "name": "req3-detective-deployed",
                  "namespace": "default",
                  "ownerReferences": null,
                  "resourceVersion": null,
                  "selfLink": null,
                  "uid": null
                },
                "spec": {
                  "assessmentRef": "req3-detective",
                  "providerRef": {
                    "name": "random",
                    "namespace": "default"
                  }
                }
              },
              "type": [
                "object",
                {
                  "apiVersion": "string",
                  "kind": "string",
                  "metadata": [
                    "object",
                    {
                      "annotations": [
                        "map",
                        "string"
                      ],
                      "creationTimestamp": "string",
                      "deletionGracePeriodSeconds": "number",
                      "deletionTimestamp": "string",
                      "finalizers": [
                        "list",
                        "string"
                      ],
                      "generateName": "string",
                      "generation": "number",
                      "labels": [
                        "map",
                        "string"
                      ],
                      "managedFields": [
                        "tuple",
                        [
                          [
                            "object",
                            {
                              "apiVersion": "string",
                              "fieldsType": "string",
                              "fieldsV1": "dynamic",
                              "manager": "string",
                              "operation": "string",
                              "subresource": "string",
                              "time": "string"
                            }
                          ]
                        ]
                      ],
                      "name": "string",
                      "namespace": "string",
                      "ownerReferences": [
                        "list",
                        [
                          "object",
                          {
                            "apiVersion": "string",
                            "blockOwnerDeletion": "bool",
                            "controller": "bool",
                            "kind": "string",
                            "name": "string",
                            "uid": "string"
                          }
                        ]
                      ],
                      "resourceVersion": "string",
                      "selfLink": "string",
                      "uid": "string"
                    }
                  ],
                  "spec": [
                    "object",
                    {
                      "assessmentRef": "string",
                      "providerRef": [
                        "object",
                        {
                          "name": "string",
                          "namespace": "string"
                        }
                      ]
                    }
                  ]
                }
              ]
            },
            "timeouts": [],
            "wait": [],
            "wait_for": null
          },
          "sensitive_attributes": []
        },
        {
          "index_key": 3,
          "schema_version": 1,
          "attributes": {
            "computed_fields": null,
            "field_manager": [],
            "manifest": {
              "value": {
                "apiVersion": "argus.io/v1alpha1",
                "kind": "Attestation",
                "metadata": {
                  "labels": {
                    "app.kubernetes.io/created-by": "operator",
                    "app.kubernetes.io/instance": "attestation-sample",
                    "app.kubernetes.io/managed-by": "kustomize",
                    "app.kubernetes.io/name": "attestation",
                    "app.kubernetes.io/part-of": "operator"
                  },
                  "name": "req4-detective-deployed",
                  "namespace": "default"
                },
                "spec": {
                  "assessmentRef": "req4-detective",
                  "providerRef": {
                    "name": "random",
                    "namespace": "default"
                  }
                }
              },
              "type": [
                "object",
                {
                  "apiVersion": "string",
                  "kind": "string",
                  "metadata": [
                    "object",
                    {
                      "labels": [
                        "object",
                        {
                          "app.kubernetes.io/created-by": "string",
                          "app.kubernetes.io/instance": "string",
                          "app.kubernetes.io/managed-by": "string",
                          "app.kubernetes.io/name": "string",
                          "app.kubernetes.io/part-of": "string"
                        }
                      ],
                      "name": "string",
                      "namespace": "string"
                    }
                  ],
                  "spec": [
                    "object",
                    {
                      "assessmentRef": "string",
                      "providerRef": [
                        "object",
                        {
                          "name": "string",
                          "namespace": "string"
                        }
                      ]
                    }
                  ]
                }
              ]
            },
            "object": {
              "value": {
                "apiVersion": "argus.io/v1alpha1",
                "kind": "Attestation",
                "metadata": {
                  "annotations": null,
                  "creationTimestamp": null,
                  "deletionGracePeriodSeconds": null,
                  "deletionTimestamp": null,
                  "finalizers": null,
                  "generateName": null,
                  "generation": null,
                  "labels": {
                    "app.kubernetes.io/created-by": "operator",
                    "app.kubernetes.io/instance": "attestation-sample",
                    "app.kubernetes.io/managed-by": "kustomize",
                    "app.kubernetes.io/name": "attestation",
                    "app.kubernetes.io/part-of": "operator"
                  },
                  "managedFields": null,
                  "name": "req4-detective-deployed",
                  "namespace": "default",
                  "ownerReferences": null,
                  "resourceVersion": null,
                  "selfLink": null,
                  "uid": null
                },
                "spec": {
                  "assessmentRef": "req4-detective",
                  "providerRef": {
                    "name": "random",
                    "namespace": "default"
                  }
                }
              },
              "type": [
                "object",
                {
                  "apiVersion": "string",
                  "kind": "string",
                  "metadata": [
                    "object",
                    {
                      "annotations": [
                        "map",
                        "string"
                      ],
                      "creationTimestamp": "string",
                      "deletionGracePeriodSeconds": "number",
                      "deletionTimestamp": "string",
                      "finalizers": [
                        "list",
                        "string"
                      ],
                      "generateName": "string",
                      "generation": "number",
                      "labels": [
                        "map",
                        "string"
                      ],
                      "managedFields": [
                        "tuple",
                        [
                          [
                            "object",
                            {
                              "apiVersion": "string",
                              "fieldsType": "string",
                              "fieldsV1": "dynamic",
                              "manager": "string",
                              "operation": "string",
                              "subresource": "string",
                              "time": "string"
                            }
                          ]
                        ]
                      ],
                      "name": "string",
                      "namespace": "string",
                      "ownerReferences": [
                        "list",
                        [
                          "object",
                          {
                            "apiVersion": "string",
                            "blockOwnerDeletion": "bool",
                            "controller": "bool",
                            "kind": "string",
                            "name": "string",
                            "uid": "string"
                          }
                        ]
                      ],
                      "resourceVersion": "string",
                      "selfLink": "string",
                      "uid": "string"
                    }
                  ],
                  "spec": [
                    "object",
                    {
                      "assessmentRef": "string",
                      "providerRef": [
                        "object",
                        {
                          "name": "string",
                          "namespace": "string"
                        }
                      ]
                    }
                  ]
                }
              ]
            },
            "timeouts": [],
            "wait": [],
            "wait_for": null
          },
          "sensitive_attributes": []
        },
        {
          "index_key": 4,
          "schema_version": 1,
          "attributes": {
            "computed_fields": null,
            "field_manager": [],
            "manifest": {
              "value": {
                "apiVersion": "argus.io/v1alpha1",
                "kind": "Attestation",
                "metadata": {
                  "labels": {
                    "app.kubernetes.io/created-by": "operator",
                    "app.kubernetes.io/instance": "attestation-sample",
                    "app.kubernetes.io/managed-by": "kustomize",
                    "app.kubernetes.io/name": "attestation",
                    "app.kubernetes.io/part-of": "operator"
                  },
                  "name": "req5-detective-deployed",
                  "namespace": "default"
                },
                "spec": {
                  "assessmentRef": "req5-detective",
                  "providerRef": {
                    "name": "random",
                    "namespace": "default"
                  }
                }
              },
              "type": [
                "object",
                {
                  "apiVersion": "string",
                  "kind": "string",
                  "metadata": [
                    "object",
                    {
                      "labels": [
                        "object",
                        {
                          "app.kubernetes.io/created-by": "string",
                          "app.kubernetes.io/instance": "string",
                          "app.kubernetes.io/managed-by": "string",
                          "app.kubernetes.io/name": "string",
                          "app.kubernetes.io/part-of": "string"
                        }
                      ],
                      "name": "string",
                      "namespace": "string"
                    }
                  ],
                  "spec": [
                    "object",
                    {
                      "assessmentRef": "string",
                      "providerRef": [
                        "object",
                        {
                          "name": "string",
                          "namespace": "string"
                        }
                      ]
                    }
                  ]
                }
              ]
            },
            "object": {
              "value": {
                "apiVersion": "argus.io/v1alpha1",
                "kind": "Attestation",
                "metadata": {
                  "annotations": null,
                  "creationTimestamp": null,
                  "deletionGracePeriodSeconds": null,
                  "deletionTimestamp": null,
                  "finalizers": null,
                  "generateName": null,
                  "generation": null,
                  "labels": {
                    "app.kubernetes.io/created-by": "operator",
                    "app.kubernetes.io/instance": "attestation-sample",
                    "app.kubernetes.io/managed-by": "kustomize",
                    "app.kubernetes.io/name": "attestation",
                    "app.kubernetes.io/part-of": "operator"
                  },
                  "managedFields": null,
                  "name": "req5-detective-deployed",
                  "namespace": "default",
                  "ownerReferences": null,
                  "resourceVersion": null,
                  "selfLink": null,
                  "uid": null
                },
                "spec": {
                  "assessmentRef": "req5-detective",
                  "providerRef": {
                    "name": "random",
                    "namespace": "default"
                  }
                }
              },
              "type": [
                "object",
                {
                  "apiVersion": "string",
                  "kind": "string",
                  "metadata": [
                    "object",
                    {
                      "annotations": [
                        "map",
                        "string"
                      ],
                      "creationTimestamp": "string",
                      "deletionGracePeriodSeconds": "number",
                      "deletionTimestamp": "string",
                      "finalizers": [
                        "list",
                        "string"
                      ],
                      "generateName": "string",
                      "generation": "number",
                      "labels": [
                        "map",
                        "string"
                      ],
                      "managedFields": [
                        "tuple",
                        [
                          [
                            "object",
                            {
                              "apiVersion": "string",
                              "fieldsType": "string",
                              "fieldsV1": "dynamic",
                              "manager": "string",
                              "operation": "string",
                              "subresource": "string",
                              "time": "string"
                            }
                          ]
                        ]
                      ],
                      "name": "string",
                      "namespace": "string",
                      "ownerReferences": [
                        "list",
                        [
                          "object",
                          {
                            "apiVersion": "string",
                            "blockOwnerDeletion": "bool",
                            "controller": "bool",
                            "kind": "string",
                            "name": "string",
                            "uid": "string"
                          }
                        ]
                      ],
                      "resourceVersion": "string",
                      "selfLink": "string",
                      "uid": "string"
                    }
                  ],
                  "spec": [
                    "object",
                    {
                      "assessmentRef": "string",
                      "providerRef": [
                        "object",
                        {
                          "name": "string",
                          "namespace": "string"
                        }
                      ]
                    }
                  ]
                }
              ]
            },
            "timeouts": [],
            "wait": [],
            "wait_for": null
          },
          "sensitive_attributes": []
        },
        {
          "index_key": 5,
          "schema_version": 1,
          "attributes": {
            "computed_fields": null,
            "field_manager": [],
            "manifest": {
              "value": {
                "apiVersion": "argus.io/v1alpha1",
                "kind": "Attestation",
                "metadata": {
                  "labels": {
                    "app.kubernetes.io/created-by": "operator",
                    "app.kubernetes.io/instance": "attestation-sample",
                    "app.kubernetes.io/managed-by": "kustomize",
                    "app.kubernetes.io/name": "attestation",
                    "app.kubernetes.io/part-of": "operator"
                  },
                  "name": "req6-detective-deployed",
                  "namespace": "default"
                },
                "spec": {
                  "assessmentRef": "req6-detective",
                  "providerRef": {
                    "name": "random",
                    "namespace": "default"
                  }
                }
              },
              "type": [
                "object",
                {
                  "apiVersion": "string",
                  "kind": "string",
                  "metadata": [
                    "object",
                    {
                      "labels": [
                        "object",
                        {
                          "app.kubernetes.io/created-by": "string",
                          "app.kubernetes.io/instance": "string",
                          "app.kubernetes.io/managed-by": "string",
                          "app.kubernetes.io/name": "string",
                          "app.kubernetes.io/part-of": "string"
                        }
                      ],
                      "name": "string",
                      "namespace": "string"
                    }
                  ],
                  "spec": [
                    "object",
                    {
                      "assessmentRef": "string",
                      "providerRef": [
                        "object",
                        {
                          "name": "string",
                          "namespace": "string"
                        }
                      ]
                    }
                  ]
                }
              ]
            },
            "object": {
              "value": {
                "apiVersion": "argus.io/v1alpha1",
                "kind": "Attestation",
                "metadata": {
                  "annotations": null,
                  "creationTimestamp": null,
                  "deletionGracePeriodSeconds": null,
                  "deletionTimestamp": null,
                  "finalizers": null,
                  "generateName": null,
                  "generation": null,
                  "labels": {
                    "app.kubernetes.io/created-by": "operator",
                    "app.kubernetes.io/instance": "attestation-sample",
                    "app.kubernetes.io/managed-by": "kustomize",
                    "app.kubernetes.io/name": "attestation",
                    "app.kubernetes.io/part-of": "operator"
                  },
                  "managedFields": null,
                  "name": "req6-detective-deployed",
                  "namespace": "default",
                  "ownerReferences": null,
                  "resourceVersion": null,
                  "selfLink": null,
                  "uid": null
                },
                "spec": {
                  "assessmentRef": "req6-detective",
                  "providerRef": {
                    "name": "random",
                    "namespace": "default"
                  }
                }
              },
              "type": [
                "object",
                {
                  "apiVersion": "string",
                  "kind": "string",
                  "metadata": [
                    "object",
                    {
                      "annotations": [
                        "map",
                        "string"
                      ],
                      "creationTimestamp": "string",
                      "deletionGracePeriodSeconds": "number",
                      "deletionTimestamp": "string",
                      "finalizers": [
                        "list",
                        "string"
                      ],
                      "generateName": "string",
                      "generation": "number",
                      "labels": [
                        "map",
                        "string"
                      ],
                      "managedFields": [
                        "tuple",
                        [
                          [
                            "object",
                            {
                              "apiVersion": "string",
                              "fieldsType": "string",
                              "fieldsV1": "dynamic",
                              "manager": "string",
                              "operation": "string",
                              "subresource": "string",
                              "time": "string"
                            }
                          ]
                        ]
                      ],
                      "name": "string",
                      "namespace": "string",
                      "ownerReferences": [
                        "list",
                        [
                          "object",
                          {
                            "apiVersion": "string",
                            "blockOwnerDeletion": "bool",
                            "controller": "bool",
                            "kind": "string",
                            "name": "string",
                            "uid": "string"
                          }
                        ]
                      ],
                      "resourceVersion": "string",
                      "selfLink": "string",
                      "uid": "string"
                    }
                  ],
                  "spec": [
                    "object",
                    {
                      "assessmentRef": "string",
                      "providerRef": [
                        "object",
                        {
                          "name": "string",
                          "namespace": "string"
                        }
                      ]
                    }
                  ]
                }
              ]
            },
            "timeouts": [],
            "wait": [],
            "wait_for": null
          },
          "sensitive_attributes": []
        },
        {
          "index_key": 6,
          "schema_version": 1,
          "attributes": {
            "computed_fields": null,
            "field_manager": [],
            "manifest": {
              "value": {
                "apiVersion": "argus.io/v1alpha1",
                "kind": "Attestation",
                "metadata": {
                  "labels": {
                    "app.kubernetes.io/created-by": "operator",
                    "app.kubernetes.io/instance": "attestation-sample",
                    "app.kubernetes.io/managed-by": "kustomize",
                    "app.kubernetes.io/name": "attestation",
                    "app.kubernetes.io/part-of": "operator"
                  },
                  "name": "req7-detective-deployed",
                  "namespace": "default"
                },
                "spec": {
                  "assessmentRef": "req7-detective",
                  "providerRef": {
                    "name": "random",
                    "namespace": "default"
                  }
                }
              },
              "type": [
                "object",
                {
                  "apiVersion": "string",
                  "kind": "string",
                  "metadata": [
                    "object",
                    {
                      "labels": [
                        "object",
                        {
                          "app.kubernetes.io/created-by": "string",
                          "app.kubernetes.io/instance": "string",
                          "app.kubernetes.io/managed-by": "string",
                          "app.kubernetes.io/name": "string",
                          "app.kubernetes.io/part-of": "string"
                        }
                      ],
                      "name": "string",
                      "namespace": "string"
                    }
                  ],
                  "spec": [
                    "object",
                    {
                      "assessmentRef": "string",
                      "providerRef": [
                        "object",
                        {
                          "name": "string",
                          "namespace": "string"
                        }
                      ]
                    }
                  ]
                }
              ]
            },
            "object": {
              "value": {
                "apiVersion": "argus.io/v1alpha1",
                "kind": "Attestation",
                "metadata": {
                  "annotations": null,
                  "creationTimestamp": null,
                  "deletionGracePeriodSeconds": null,
                  "deletionTimestamp": null,
                  "finalizers": null,
                  "generateName": null,
                  "generation": null,
                  "labels": {
                    "app.kubernetes.io/created-by": "operator",
                    "app.kubernetes.io/instance": "attestation-sample",
                    "app.kubernetes.io/managed-by": "kustomize",
                    "app.kubernetes.io/name": "attestation",
                    "app.kubernetes.io/part-of": "operator"
                  },
                  "managedFields": null,
                  "name": "req7-detective-deployed",
                  "namespace": "default",
                  "ownerReferences": null,
                  "resourceVersion": null,
                  "selfLink": null,
                  "uid": null
                },
                "spec": {
                  "assessmentRef": "req7-detective",
                  "providerRef": {
                    "name": "random",
                    "namespace": "default"
                  }
                }
              },
              "type": [
                "object",
                {
                  "apiVersion": "string",
                  "kind": "string",
                  "metadata": [
                    "object",
                    {
                      "annotations": [
                        "map",
                        "string"
                      ],
                      "creationTimestamp": "string",
                      "deletionGracePeriodSeconds": "number",
                      "deletionTimestamp": "string",
                      "finalizers": [
                        "list",
                        "string"
                      ],
                      "generateName": "string",
                      "generation": "number",
                      "labels": [
                        "map",
                        "string"
                      ],
                      "managedFields": [
                        "tuple",
                        [
                          [
                            "object",
                            {
                              "apiVersion": "string",
                              "fieldsType": "string",
                              "fieldsV1": "dynamic",
                              "manager": "string",
                              "operation": "string",
                              "subresource": "string",
                              "time": "string"
                            }
                          ]
                        ]
                      ],
                      "name": "string",
                      "namespace": "string",
                      "ownerReferences": [
                        "list",
                        [
                          "object",
                          {
                            "apiVersion": "string",
                            "blockOwnerDeletion": "bool",
                            "controller": "bool",
                            "kind": "string",
                            "name": "string",
                            "uid": "string"
                          }
                        ]
                      ],
                      "resourceVersion": "string",
                      "selfLink": "string",
                      "uid": "string"
                    }
                  ],
                  "spec": [
                    "object",
                    {
                      "assessmentRef": "string",
                      "providerRef": [
                        "object",
                        {
                          "name": "string",
                          "namespace": "string"
                        }
                      ]
                    }
                  ]
                }
              ]
            },
            "timeouts": [],
            "wait": [],
            "wait_for": null
          },
          "sensitive_attributes": []
        },
        {
          "index_key": 7,
          "schema_version": 1,
          "attributes": {
            "computed_fields": null,
            "field_manager": [],
            "manifest": {
              "value": {
                "apiVersion": "argus.io/v1alpha1",
                "kind": "Attestation",
                "metadata": {
                  "labels": {
                    "app.kubernetes.io/created-by": "operator",
                    "app.kubernetes.io/instance": "attestation-sample",
                    "app.kubernetes.io/managed-by": "kustomize",
                    "app.kubernetes.io/name": "attestation",
                    "app.kubernetes.io/part-of": "operator"
                  },
                  "name": "req8-detective-deployed",
                  "namespace": "default"
                },
                "spec": {
                  "assessmentRef": "req8-detective",
                  "providerRef": {
                    "name": "random",
                    "namespace": "default"
                  }
                }
              },
              "type": [
                "object",
                {
                  "apiVersion": "string",
                  "kind": "string",
                  "metadata": [
                    "object",
                    {
                      "labels": [
                        "object",
                        {
                          "app.kubernetes.io/created-by": "string",
                          "app.kubernetes.io/instance": "string",
                          "app.kubernetes.io/managed-by": "string",
                          "app.kubernetes.io/name": "string",
                          "app.kubernetes.io/part-of": "string"
                        }
                      ],
                      "name": "string",
                      "namespace": "string"
                    }
                  ],
                  "spec": [
                    "object",
                    {
                      "assessmentRef": "string",
                      "providerRef": [
                        "object",
                        {
                          "name": "string",
                          "namespace": "string"
                        }
                      ]
                    }
                  ]
                }
              ]
            },
            "object": {
              "value": {
                "apiVersion": "argus.io/v1alpha1",
                "kind": "Attestation",
                "metadata": {
                  "annotations": null,
                  "creationTimestamp": null,
                  "deletionGracePeriodSeconds": null,
                  "deletionTimestamp": null,
                  "finalizers": null,
                  "generateName": null,
                  "generation": null,
                  "labels": {
                    "app.kubernetes.io/created-by": "operator",
                    "app.kubernetes.io/instance": "attestation-sample",
                    "app.kubernetes.io/managed-by": "kustomize",
                    "app.kubernetes.io/name": "attestation",
                    "app.kubernetes.io/part-of": "operator"
                  },
                  "managedFields": null,
                  "name": "req8-detective-deployed",
                  "namespace": "default",
                  "ownerReferences": null,
                  "resourceVersion": null,
                  "selfLink": null,
                  "uid": null
                },
                "spec": {
                  "assessmentRef": "req8-detective",
                  "providerRef": {
                    "name": "random",
                    "namespace": "default"
                  }
                }
              },
              "type": [
                "object",
                {
                  "apiVersion": "string",
                  "kind": "string",
                  "metadata": [
                    "object",
                    {
                      "annotations": [
                        "map",
                        "string"
                      ],
                      "creationTimestamp": "string",
                      "deletionGracePeriodSeconds": "number",
                      "deletionTimestamp": "string",
                      "finalizers": [
                        "list",
                        "string"
                      ],
                      "generateName": "string",
                      "generation": "number",
                      "labels": [
                        "map",
                        "string"
                      ],
                      "managedFields": [
                        "tuple",
                        [
                          [
                            "object",
                            {
                              "apiVersion": "string",
                              "fieldsType": "string",
                              "fieldsV1": "dynamic",
                              "manager": "string",
                              "operation": "string",
                              "subresource": "string",
                              "time": "string"
                            }
                          ]
                        ]
                      ],
                      "name": "string",
                      "namespace": "string",
                      "ownerReferences": [
                        "list",
                        [
                          "object",
                          {
                            "apiVersion": "string",
                            "blockOwnerDeletion": "bool",
                            "controller": "bool",
                            "kind": "string",
                            "name": "string",
                            "uid": "string"
                          }
                        ]
                      ],
                      "resourceVersion": "string",
                      "selfLink": "string",
                      "uid": "string"
                    }
                  ],
                  "spec": [
                    "object",
                    {
                      "assessmentRef": "string",
                      "providerRef": [
                        "object",
                        {
                          "name": "string",
                          "namespace": "string"
                        }
                      ]
                    }
                  ]
                }
              ]
            },
            "timeouts": [],
            "wait": [],
            "wait_for": null
          },
          "sensitive_attributes": []
        }
      ]
    },
    {
      "mode": "managed",
      "type": "kubernetes_manifest",
      "name": "detective_reasoning_attestation",
      "provider": "provider[\"registry.terraform.io/hashicorp/kubernetes\"]",
      "instances": [
        {
          "index_key": 0,
          "schema_version": 1,
          "attributes": {
            "computed_fields": null,
            "field_manager": [],
            "manifest": {
              "value": {
                "apiVersion": "argus.io/v1alpha1",
                "kind": "Attestation",
                "metadata": {
                  "labels": {
                    "app.kubernetes.io/created-by": "operator",
                    "app.kubernetes.io/instance": "attestation-sample",
                    "app.kubernetes.io/managed-by": "kustomize",
                    "app.kubernetes.io/name": "attestation",
                    "app.kubernetes.io/part-of": "operator"
                  },
                  "name": "req1-detective-reasoning",
                  "namespace": "default"
                },
                "spec": {
                  "assessmentRef": "req1-detective",
                  "providerRef": {
                    "name": "random",
                    "namespace": "default"
                  }
                }
              },
              "type": [
                "object",
                {
                  "apiVersion": "string",
                  "kind": "string",
                  "metadata": [
                    "object",
                    {
                      "labels": [
                        "object",
                        {
                          "app.kubernetes.io/created-by": "string",
                          "app.kubernetes.io/instance": "string",
                          "app.kubernetes.io/managed-by": "string",
                          "app.kubernetes.io/name": "string",
                          "app.kubernetes.io/part-of": "string"
                        }
                      ],
                      "name": "string",
                      "namespace": "string"
                    }
                  ],
                  "spec": [
                    "object",
                    {
                      "assessmentRef": "string",
                      "providerRef": [
                        "object",
                        {
                          "name": "string",
                          "namespace": "string"
                        }
                      ]
                    }
                  ]
                }
              ]
            },
            "object": {
              "value": {
                "apiVersion": "argus.io/v1alpha1",
                "kind": "Attestation",
                "metadata": {
                  "annotations": null,
                  "creationTimestamp": null,
                  "deletionGracePeriodSeconds": null,
                  "deletionTimestamp": null,
                  "finalizers": null,
                  "generateName": null,
                  "generation": null,
                  "labels": {
                    "app.kubernetes.io/created-by": "operator",
                    "app.kubernetes.io/instance": "attestation-sample",
                    "app.kubernetes.io/managed-by": "kustomize",
                    "app.kubernetes.io/name": "attestation",
                    "app.kubernetes.io/part-of": "operator"
                  },
                  "managedFields": null,
                  "name": "req1-detective-reasoning",
                  "namespace": "default",
                  "ownerReferences": null,
                  "resourceVersion": null,
                  "selfLink": null,
                  "uid": null
                },
                "spec": {
                  "assessmentRef": "req1-detective",
                  "providerRef": {
                    "name": "random",
                    "namespace": "default"
                  }
                }
              },
              "type": [
                "object",
                {
                  "apiVersion": "string",
                  "kind": "string",
                  "metadata": [
                    "object",
                    {
                      "annotations": [
                        "map",
                        "string"
                      ],
                      "creationTimestamp": "string",
                      "deletionGracePeriodSeconds": "number",
                      "deletionTimestamp": "string",
                      "finalizers": [
                        "list",
                        "string"
                      ],
                      "generateName": "string",
                      "generation": "number",
                      "labels": [
                        "map",
                        "string"
                      ],
                      "managedFields": [
                        "tuple",
                        [
                          [
                            "object",
                            {
                              "apiVersion": "string",
                              "fieldsType": "string",
                              "fieldsV1": "dynamic",
                              "manager": "string",
                              "operation": "string",
                              "subresource": "string",
                              "time": "string"
                            }
                          ]
                        ]
                      ],
                      "name": "string",
                      "namespace": "string",
                      "ownerReferences": [
                        "list",
                        [
                          "object",
                          {
                            "apiVersion": "string",
                            "blockOwnerDeletion": "bool",
                            "controller": "bool",
                            "kind": "string",
                            "name": "string",
                            "uid": "string"
                          }
                        ]
                      ],
                      "resourceVersion": "string",
                      "selfLink": "string",
                      "uid": "string"
                    }
                  ],
                  "spec": [
                    "object",
                    {
                      "assessmentRef": "string",
                      "providerRef": [
                        "object",
                        {
                          "name": "string",
                          "namespace": "string"
                        }
                      ]
                    }
                  ]
                }
              ]
            },
            "timeouts": [],
            "wait": [],
            "wait_for": null
          },
          "sensitive_attributes": []
        },
        {
          "index_key": 1,
          "schema_version": 1,
          "attributes": {
            "computed_fields": null,
            "field_manager": [],
            "manifest": {
              "value": {
                "apiVersion": "argus.io/v1alpha1",
                "kind": "Attestation",
                "metadata": {
                  "labels": {
                    "app.kubernetes.io/created-by": "operator",
                    "app.kubernetes.io/instance": "attestation-sample",
                    "app.kubernetes.io/managed-by": "kustomize",
                    "app.kubernetes.io/name": "attestation",
                    "app.kubernetes.io/part-of": "operator"
                  },
                  "name": "req2-detective-reasoning",
                  "namespace": "default"
                },
                "spec": {
                  "assessmentRef": "req2-detective",
                  "providerRef": {
                    "name": "random",
                    "namespace": "default"
                  }
                }
              },
              "type": [
                "object",
                {
                  "apiVersion": "string",
                  "kind": "string",
                  "metadata": [
                    "object",
                    {
                      "labels": [
                        "object",
                        {
                          "app.kubernetes.io/created-by": "string",
                          "app.kubernetes.io/instance": "string",
                          "app.kubernetes.io/managed-by": "string",
                          "app.kubernetes.io/name": "string",
                          "app.kubernetes.io/part-of": "string"
                        }
                      ],
                      "name": "string",
                      "namespace": "string"
                    }
                  ],
                  "spec": [
                    "object",
                    {
                      "assessmentRef": "string",
                      "providerRef": [
                        "object",
                        {
                          "name": "string",
                          "namespace": "string"
                        }
                      ]
                    }
                  ]
                }
              ]
            },
            "object": {
              "value": {
                "apiVersion": "argus.io/v1alpha1",
                "kind": "Attestation",
                "metadata": {
                  "annotations": null,
                  "creationTimestamp": null,
                  "deletionGracePeriodSeconds": null,
                  "deletionTimestamp": null,
                  "finalizers": null,
                  "generateName": null,
                  "generation": null,
                  "labels": {
                    "app.kubernetes.io/created-by": "operator",
                    "app.kubernetes.io/instance": "attestation-sample",
                    "app.kubernetes.io/managed-by": "kustomize",
                    "app.kubernetes.io/name": "attestation",
                    "app.kubernetes.io/part-of": "operator"
                  },
                  "managedFields": null,
                  "name": "req2-detective-reasoning",
                  "namespace": "default",
                  "ownerReferences": null,
                  "resourceVersion": null,
                  "selfLink": null,
                  "uid": null
                },
                "spec": {
                  "assessmentRef": "req2-detective",
                  "providerRef": {
                    "name": "random",
                    "namespace": "default"
                  }
                }
              },
              "type": [
                "object",
                {
                  "apiVersion": "string",
                  "kind": "string",
                  "metadata": [
                    "object",
                    {
                      "annotations": [
                        "map",
                        "string"
                      ],
                      "creationTimestamp": "string",
                      "deletionGracePeriodSeconds": "number",
                      "deletionTimestamp": "string",
                      "finalizers": [
                        "list",
                        "string"
                      ],
                      "generateName": "string",
                      "generation": "number",
                      "labels": [
                        "map",
                        "string"
                      ],
                      "managedFields": [
                        "tuple",
                        [
                          [
                            "object",
                            {
                              "apiVersion": "string",
                              "fieldsType": "string",
                              "fieldsV1": "dynamic",
                              "manager": "string",
                              "operation": "string",
                              "subresource": "string",
                              "time": "string"
                            }
                          ]
                        ]
                      ],
                      "name": "string",
                      "namespace": "string",
                      "ownerReferences": [
                        "list",
                        [
                          "object",
                          {
                            "apiVersion": "string",
                            "blockOwnerDeletion": "bool",
                            "controller": "bool",
                            "kind": "string",
                            "name": "string",
                            "uid": "string"
                          }
                        ]
                      ],
                      "resourceVersion": "string",
                      "selfLink": "string",
                      "uid": "string"
                    }
                  ],
                  "spec": [
                    "object",
                    {
                      "assessmentRef": "string",
                      "providerRef": [
                        "object",
                        {
                          "name": "string",
                          "namespace": "string"
                        }
                      ]
                    }
                  ]
                }
              ]
            },
            "timeouts": [],
            "wait": [],
            "wait_for": null
          },
          "sensitive_attributes": []
        },
        {
          "index_key": 2,
          "schema_version": 1,
          "attributes": {
            "computed_fields": null,
            "field_manager": [],
            "manifest": {
              "value": {
                "apiVersion": "argus.io/v1alpha1",
                "kind": "Attestation",
                "metadata": {
                  "labels": {
                    "app.kubernetes.io/created-by": "operator",
                    "app.kubernetes.io/instance": "attestation-sample",
                    "app.kubernetes.io/managed-by": "kustomize",
                    "app.kubernetes.io/name": "attestation",
                    "app.kubernetes.io/part-of": "operator"
                  },
                  "name": "req3-detective-reasoning",
                  "namespace": "default"
                },
                "spec": {
                  "assessmentRef": "req3-detective",
                  "providerRef": {
                    "name": "random",
                    "namespace": "default"
                  }
                }
              },
              "type": [
                "object",
                {
                  "apiVersion": "string",
                  "kind": "string",
                  "metadata": [
                    "object",
                    {
                      "labels": [
                        "object",
                        {
                          "app.kubernetes.io/created-by": "string",
                          "app.kubernetes.io/instance": "string",
                          "app.kubernetes.io/managed-by": "string",
                          "app.kubernetes.io/name": "string",
                          "app.kubernetes.io/part-of": "string"
                        }
                      ],
                      "name": "string",
                      "namespace": "string"
                    }
                  ],
                  "spec": [
                    "object",
                    {
                      "assessmentRef": "string",
                      "providerRef": [
                        "object",
                        {
                          "name": "string",
                          "namespace": "string"
                        }
                      ]
                    }
                  ]
                }
              ]
            },
            "object": {
              "value": {
                "apiVersion": "argus.io/v1alpha1",
                "kind": "Attestation",
                "metadata": {
                  "annotations": null,
                  "creationTimestamp": null,
                  "deletionGracePeriodSeconds": null,
                  "deletionTimestamp": null,
                  "finalizers": null,
                  "generateName": null,
                  "generation": null,
                  "labels": {
                    "app.kubernetes.io/created-by": "operator",
                    "app.kubernetes.io/instance": "attestation-sample",
                    "app.kubernetes.io/managed-by": "kustomize",
                    "app.kubernetes.io/name": "attestation",
                    "app.kubernetes.io/part-of": "operator"
                  },
                  "managedFields": null,
                  "name": "req3-detective-reasoning",
                  "namespace": "default",
                  "ownerReferences": null,
                  "resourceVersion": null,
                  "selfLink": null,
                  "uid": null
                },
                "spec": {
                  "assessmentRef": "req3-detective",
                  "providerRef": {
                    "name": "random",
                    "namespace": "default"
                  }
                }
              },
              "type": [
                "object",
                {
                  "apiVersion": "string",
                  "kind": "string",
                  "metadata": [
                    "object",
                    {
                      "annotations": [
                        "map",
                        "string"
                      ],
                      "creationTimestamp": "string",
                      "deletionGracePeriodSeconds": "number",
                      "deletionTimestamp": "string",
                      "finalizers": [
                        "list",
                        "string"
                      ],
                      "generateName": "string",
                      "generation": "number",
                      "labels": [
                        "map",
                        "string"
                      ],
                      "managedFields": [
                        "tuple",
                        [
                          [
                            "object",
                            {
                              "apiVersion": "string",
                              "fieldsType": "string",
                              "fieldsV1": "dynamic",
                              "manager": "string",
                              "operation": "string",
                              "subresource": "string",
                              "time": "string"
                            }
                          ]
                        ]
                      ],
                      "name": "string",
                      "namespace": "string",
                      "ownerReferences": [
                        "list",
                        [
                          "object",
                          {
                            "apiVersion": "string",
                            "blockOwnerDeletion": "bool",
                            "controller": "bool",
                            "kind": "string",
                            "name": "string",
                            "uid": "string"
                          }
                        ]
                      ],
                      "resourceVersion": "string",
                      "selfLink": "string",
                      "uid": "string"
                    }
                  ],
                  "spec": [
                    "object",
                    {
                      "assessmentRef": "string",
                      "providerRef": [
                        "object",
                        {
                          "name": "string",
                          "namespace": "string"
                        }
                      ]
                    }
                  ]
                }
              ]
            },
            "timeouts": [],
            "wait": [],
            "wait_for": null
          },
          "sensitive_attributes": []
        },
        {
          "index_key": 3,
          "schema_version": 1,
          "attributes": {
            "computed_fields": null,
            "field_manager": [],
            "manifest": {
              "value": {
                "apiVersion": "argus.io/v1alpha1",
                "kind": "Attestation",
                "metadata": {
                  "labels": {
                    "app.kubernetes.io/created-by": "operator",
                    "app.kubernetes.io/instance": "attestation-sample",
                    "app.kubernetes.io/managed-by": "kustomize",
                    "app.kubernetes.io/name": "attestation",
                    "app.kubernetes.io/part-of": "operator"
                  },
                  "name": "req4-detective-reasoning",
                  "namespace": "default"
                },
                "spec": {
                  "assessmentRef": "req4-detective",
                  "providerRef": {
                    "name": "random",
                    "namespace": "default"
                  }
                }
              },
              "type": [
                "object",
                {
                  "apiVersion": "string",
                  "kind": "string",
                  "metadata": [
                    "object",
                    {
                      "labels": [
                        "object",
                        {
                          "app.kubernetes.io/created-by": "string",
                          "app.kubernetes.io/instance": "string",
                          "app.kubernetes.io/managed-by": "string",
                          "app.kubernetes.io/name": "string",
                          "app.kubernetes.io/part-of": "string"
                        }
                      ],
                      "name": "string",
                      "namespace": "string"
                    }
                  ],
                  "spec": [
                    "object",
                    {
                      "assessmentRef": "string",
                      "providerRef": [
                        "object",
                        {
                          "name": "string",
                          "namespace": "string"
                        }
                      ]
                    }
                  ]
                }
              ]
            },
            "object": {
              "value": {
                "apiVersion": "argus.io/v1alpha1",
                "kind": "Attestation",
                "metadata": {
                  "annotations": null,
                  "creationTimestamp": null,
                  "deletionGracePeriodSeconds": null,
                  "deletionTimestamp": null,
                  "finalizers": null,
                  "generateName": null,
                  "generation": null,
                  "labels": {
                    "app.kubernetes.io/created-by": "operator",
                    "app.kubernetes.io/instance": "attestation-sample",
                    "app.kubernetes.io/managed-by": "kustomize",
                    "app.kubernetes.io/name": "attestation",
                    "app.kubernetes.io/part-of": "operator"
                  },
                  "managedFields": null,
                  "name": "req4-detective-reasoning",
                  "namespace": "default",
                  "ownerReferences": null,
                  "resourceVersion": null,
                  "selfLink": null,
                  "uid": null
                },
                "spec": {
                  "assessmentRef": "req4-detective",
                  "providerRef": {
                    "name": "random",
                    "namespace": "default"
                  }
                }
              },
              "type": [
                "object",
                {
                  "apiVersion": "string",
                  "kind": "string",
                  "metadata": [
                    "object",
                    {
                      "annotations": [
                        "map",
                        "string"
                      ],
                      "creationTimestamp": "string",
                      "deletionGracePeriodSeconds": "number",
                      "deletionTimestamp": "string",
                      "finalizers": [
                        "list",
                        "string"
                      ],
                      "generateName": "string",
                      "generation": "number",
                      "labels": [
                        "map",
                        "string"
                      ],
                      "managedFields": [
                        "tuple",
                        [
                          [
                            "object",
                            {
                              "apiVersion": "string",
                              "fieldsType": "string",
                              "fieldsV1": "dynamic",
                              "manager": "string",
                              "operation": "string",
                              "subresource": "string",
                              "time": "string"
                            }
                          ]
                        ]
                      ],
                      "name": "string",
                      "namespace": "string",
                      "ownerReferences": [
                        "list",
                        [
                          "object",
                          {
                            "apiVersion": "string",
                            "blockOwnerDeletion": "bool",
                            "controller": "bool",
                            "kind": "string",
                            "name": "string",
                            "uid": "string"
                          }
                        ]
                      ],
                      "resourceVersion": "string",
                      "selfLink": "string",
                      "uid": "string"
                    }
                  ],
                  "spec": [
                    "object",
                    {
                      "assessmentRef": "string",
                      "providerRef": [
                        "object",
                        {
                          "name": "string",
                          "namespace": "string"
                        }
                      ]
                    }
                  ]
                }
              ]
            },
            "timeouts": [],
            "wait": [],
            "wait_for": null
          },
          "sensitive_attributes": []
        },
        {
          "index_key": 4,
          "schema_version": 1,
          "attributes": {
            "computed_fields": null,
            "field_manager": [],
            "manifest": {
              "value": {
                "apiVersion": "argus.io/v1alpha1",
                "kind": "Attestation",
                "metadata": {
                  "labels": {
                    "app.kubernetes.io/created-by": "operator",
                    "app.kubernetes.io/instance": "attestation-sample",
                    "app.kubernetes.io/managed-by": "kustomize",
                    "app.kubernetes.io/name": "attestation",
                    "app.kubernetes.io/part-of": "operator"
                  },
                  "name": "req5-detective-reasoning",
                  "namespace": "default"
                },
                "spec": {
                  "assessmentRef": "req5-detective",
                  "providerRef": {
                    "name": "random",
                    "namespace": "default"
                  }
                }
              },
              "type": [
                "object",
                {
                  "apiVersion": "string",
                  "kind": "string",
                  "metadata": [
                    "object",
                    {
                      "labels": [
                        "object",
                        {
                          "app.kubernetes.io/created-by": "string",
                          "app.kubernetes.io/instance": "string",
                          "app.kubernetes.io/managed-by": "string",
                          "app.kubernetes.io/name": "string",
                          "app.kubernetes.io/part-of": "string"
                        }
                      ],
                      "name": "string",
                      "namespace": "string"
                    }
                  ],
                  "spec": [
                    "object",
                    {
                      "assessmentRef": "string",
                      "providerRef": [
                        "object",
                        {
                          "name": "string",
                          "namespace": "string"
                        }
                      ]
                    }
                  ]
                }
              ]
            },
            "object": {
              "value": {
                "apiVersion": "argus.io/v1alpha1",
                "kind": "Attestation",
                "metadata": {
                  "annotations": null,
                  "creationTimestamp": null,
                  "deletionGracePeriodSeconds": null,
                  "deletionTimestamp": null,
                  "finalizers": null,
                  "generateName": null,
                  "generation": null,
                  "labels": {
                    "app.kubernetes.io/created-by": "operator",
                    "app.kubernetes.io/instance": "attestation-sample",
                    "app.kubernetes.io/managed-by": "kustomize",
                    "app.kubernetes.io/name": "attestation",
                    "app.kubernetes.io/part-of": "operator"
                  },
                  "managedFields": null,
                  "name": "req5-detective-reasoning",
                  "namespace": "default",
                  "ownerReferences": null,
                  "resourceVersion": null,
                  "selfLink": null,
                  "uid": null
                },
                "spec": {
                  "assessmentRef": "req5-detective",
                  "providerRef": {
                    "name": "random",
                    "namespace": "default"
                  }
                }
              },
              "type": [
                "object",
                {
                  "apiVersion": "string",
                  "kind": "string",
                  "metadata": [
                    "object",
                    {
                      "annotations": [
                        "map",
                        "string"
                      ],
                      "creationTimestamp": "string",
                      "deletionGracePeriodSeconds": "number",
                      "deletionTimestamp": "string",
                      "finalizers": [
                        "list",
                        "string"
                      ],
                      "generateName": "string",
                      "generation": "number",
                      "labels": [
                        "map",
                        "string"
                      ],
                      "managedFields": [
                        "tuple",
                        [
                          [
                            "object",
                            {
                              "apiVersion": "string",
                              "fieldsType": "string",
                              "fieldsV1": "dynamic",
                              "manager": "string",
                              "operation": "string",
                              "subresource": "string",
                              "time": "string"
                            }
                          ]
                        ]
                      ],
                      "name": "string",
                      "namespace": "string",
                      "ownerReferences": [
                        "list",
                        [
                          "object",
                          {
                            "apiVersion": "string",
                            "blockOwnerDeletion": "bool",
                            "controller": "bool",
                            "kind": "string",
                            "name": "string",
                            "uid": "string"
                          }
                        ]
                      ],
                      "resourceVersion": "string",
                      "selfLink": "string",
                      "uid": "string"
                    }
                  ],
                  "spec": [
                    "object",
                    {
                      "assessmentRef": "string",
                      "providerRef": [
                        "object",
                        {
                          "name": "string",
                          "namespace": "string"
                        }
                      ]
                    }
                  ]
                }
              ]
            },
            "timeouts": [],
            "wait": [],
            "wait_for": null
          },
          "sensitive_attributes": []
        },
        {
          "index_key": 5,
          "schema_version": 1,
          "attributes": {
            "computed_fields": null,
            "field_manager": [],
            "manifest": {
              "value": {
                "apiVersion": "argus.io/v1alpha1",
                "kind": "Attestation",
                "metadata": {
                  "labels": {
                    "app.kubernetes.io/created-by": "operator",
                    "app.kubernetes.io/instance": "attestation-sample",
                    "app.kubernetes.io/managed-by": "kustomize",
                    "app.kubernetes.io/name": "attestation",
                    "app.kubernetes.io/part-of": "operator"
                  },
                  "name": "req6-detective-reasoning",
                  "namespace": "default"
                },
                "spec": {
                  "assessmentRef": "req6-detective",
                  "providerRef": {
                    "name": "random",
                    "namespace": "default"
                  }
                }
              },
              "type": [
                "object",
                {
                  "apiVersion": "string",
                  "kind": "string",
                  "metadata": [
                    "object",
                    {
                      "labels": [
                        "object",
                        {
                          "app.kubernetes.io/created-by": "string",
                          "app.kubernetes.io/instance": "string",
                          "app.kubernetes.io/managed-by": "string",
                          "app.kubernetes.io/name": "string",
                          "app.kubernetes.io/part-of": "string"
                        }
                      ],
                      "name": "string",
                      "namespace": "string"
                    }
                  ],
                  "spec": [
                    "object",
                    {
                      "assessmentRef": "string",
                      "providerRef": [
                        "object",
                        {
                          "name": "string",
                          "namespace": "string"
                        }
                      ]
                    }
                  ]
                }
              ]
            },
            "object": {
              "value": {
                "apiVersion": "argus.io/v1alpha1",
                "kind": "Attestation",
                "metadata": {
                  "annotations": null,
                  "creationTimestamp": null,
                  "deletionGracePeriodSeconds": null,
                  "deletionTimestamp": null,
                  "finalizers": null,
                  "generateName": null,
                  "generation": null,
                  "labels": {
                    "app.kubernetes.io/created-by": "operator",
                    "app.kubernetes.io/instance": "attestation-sample",
                    "app.kubernetes.io/managed-by": "kustomize",
                    "app.kubernetes.io/name": "attestation",
                    "app.kubernetes.io/part-of": "operator"
                  },
                  "managedFields": null,
                  "name": "req6-detective-reasoning",
                  "namespace": "default",
                  "ownerReferences": null,
                  "resourceVersion": null,
                  "selfLink": null,
                  "uid": null
                },
                "spec": {
                  "assessmentRef": "req6-detective",
                  "providerRef": {
                    "name": "random",
                    "namespace": "default"
                  }
                }
              },
              "type": [
                "object",
                {
                  "apiVersion": "string",
                  "kind": "string",
                  "metadata": [
                    "object",
                    {
                      "annotations": [
                        "map",
                        "string"
                      ],
                      "creationTimestamp": "string",
                      "deletionGracePeriodSeconds": "number",
                      "deletionTimestamp": "string",
                      "finalizers": [
                        "list",
                        "string"
                      ],
                      "generateName": "string",
                      "generation": "number",
                      "labels": [
                        "map",
                        "string"
                      ],
                      "managedFields": [
                        "tuple",
                        [
                          [
                            "object",
                            {
                              "apiVersion": "string",
                              "fieldsType": "string",
                              "fieldsV1": "dynamic",
                              "manager": "string",
                              "operation": "string",
                              "subresource": "string",
                              "time": "string"
                            }
                          ]
                        ]
                      ],
                      "name": "string",
                      "namespace": "string",
                      "ownerReferences": [
                        "list",
                        [
                          "object",
                          {
                            "apiVersion": "string",
                            "blockOwnerDeletion": "bool",
                            "controller": "bool",
                            "kind": "string",
                            "name": "string",
                            "uid": "string"
                          }
                        ]
                      ],
                      "resourceVersion": "string",
                      "selfLink": "string",
                      "uid": "string"
                    }
                  ],
                  "spec": [
                    "object",
                    {
                      "assessmentRef": "string",
                      "providerRef": [
                        "object",
                        {
                          "name": "string",
                          "namespace": "string"
                        }
                      ]
                    }
                  ]
                }
              ]
            },
            "timeouts": [],
            "wait": [],
            "wait_for": null
          },
          "sensitive_attributes": []
        },
        {
          "index_key": 6,
          "schema_version": 1,
          "attributes": {
            "computed_fields": null,
            "field_manager": [],
            "manifest": {
              "value": {
                "apiVersion": "argus.io/v1alpha1",
                "kind": "Attestation",
                "metadata": {
                  "labels": {
                    "app.kubernetes.io/created-by": "operator",
                    "app.kubernetes.io/instance": "attestation-sample",
                    "app.kubernetes.io/managed-by": "kustomize",
                    "app.kubernetes.io/name": "attestation",
                    "app.kubernetes.io/part-of": "operator"
                  },
                  "name": "req7-detective-reasoning",
                  "namespace": "default"
                },
                "spec": {
                  "assessmentRef": "req7-detective",
                  "providerRef": {
                    "name": "random",
                    "namespace": "default"
                  }
                }
              },
              "type": [
                "object",
                {
                  "apiVersion": "string",
                  "kind": "string",
                  "metadata": [
                    "object",
                    {
                      "labels": [
                        "object",
                        {
                          "app.kubernetes.io/created-by": "string",
                          "app.kubernetes.io/instance": "string",
                          "app.kubernetes.io/managed-by": "string",
                          "app.kubernetes.io/name": "string",
                          "app.kubernetes.io/part-of": "string"
                        }
                      ],
                      "name": "string",
                      "namespace": "string"
                    }
                  ],
                  "spec": [
                    "object",
                    {
                      "assessmentRef": "string",
                      "providerRef": [
                        "object",
                        {
                          "name": "string",
                          "namespace": "string"
                        }
                      ]
                    }
                  ]
                }
              ]
            },
            "object": {
              "value": {
                "apiVersion": "argus.io/v1alpha1",
                "kind": "Attestation",
                "metadata": {
                  "annotations": null,
                  "creationTimestamp": null,
                  "deletionGracePeriodSeconds": null,
                  "deletionTimestamp": null,
                  "finalizers": null,
                  "generateName": null,
                  "generation": null,
                  "labels": {
                    "app.kubernetes.io/created-by": "operator",
                    "app.kubernetes.io/instance": "attestation-sample",
                    "app.kubernetes.io/managed-by": "kustomize",
                    "app.kubernetes.io/name": "attestation",
                    "app.kubernetes.io/part-of": "operator"
                  },
                  "managedFields": null,
                  "name": "req7-detective-reasoning",
                  "namespace": "default",
                  "ownerReferences": null,
                  "resourceVersion": null,
                  "selfLink": null,
                  "uid": null
                },
                "spec": {
                  "assessmentRef": "req7-detective",
                  "providerRef": {
                    "name": "random",
                    "namespace": "default"
                  }
                }
              },
              "type": [
                "object",
                {
                  "apiVersion": "string",
                  "kind": "string",
                  "metadata": [
                    "object",
                    {
                      "annotations": [
                        "map",
                        "string"
                      ],
                      "creationTimestamp": "string",
                      "deletionGracePeriodSeconds": "number",
                      "deletionTimestamp": "string",
                      "finalizers": [
                        "list",
                        "string"
                      ],
                      "generateName": "string",
                      "generation": "number",
                      "labels": [
                        "map",
                        "string"
                      ],
                      "managedFields": [
                        "tuple",
                        [
                          [
                            "object",
                            {
                              "apiVersion": "string",
                              "fieldsType": "string",
                              "fieldsV1": "dynamic",
                              "manager": "string",
                              "operation": "string",
                              "subresource": "string",
                              "time": "string"
                            }
                          ]
                        ]
                      ],
                      "name": "string",
                      "namespace": "string",
                      "ownerReferences": [
                        "list",
                        [
                          "object",
                          {
                            "apiVersion": "string",
                            "blockOwnerDeletion": "bool",
                            "controller": "bool",
                            "kind": "string",
                            "name": "string",
                            "uid": "string"
                          }
                        ]
                      ],
                      "resourceVersion": "string",
                      "selfLink": "string",
                      "uid": "string"
                    }
                  ],
                  "spec": [
                    "object",
                    {
                      "assessmentRef": "string",
                      "providerRef": [
                        "object",
                        {
                          "name": "string",
                          "namespace": "string"
                        }
                      ]
                    }
                  ]
                }
              ]
            },
            "timeouts": [],
            "wait": [],
            "wait_for": null
          },
          "sensitive_attributes": []
        },
        {
          "index_key": 7,
          "schema_version": 1,
          "attributes": {
            "computed_fields": null,
            "field_manager": [],
            "manifest": {
              "value": {
                "apiVersion": "argus.io/v1alpha1",
                "kind": "Attestation",
                "metadata": {
                  "labels": {
                    "app.kubernetes.io/created-by": "operator",
                    "app.kubernetes.io/instance": "attestation-sample",
                    "app.kubernetes.io/managed-by": "kustomize",
                    "app.kubernetes.io/name": "attestation",
                    "app.kubernetes.io/part-of": "operator"
                  },
                  "name": "req8-detective-reasoning",
                  "namespace": "default"
                },
                "spec": {
                  "assessmentRef": "req8-detective",
                  "providerRef": {
                    "name": "random",
                    "namespace": "default"
                  }
                }
              },
              "type": [
                "object",
                {
                  "apiVersion": "string",
                  "kind": "string",
                  "metadata": [
                    "object",
                    {
                      "labels": [
                        "object",
                        {
                          "app.kubernetes.io/created-by": "string",
                          "app.kubernetes.io/instance": "string",
                          "app.kubernetes.io/managed-by": "string",
                          "app.kubernetes.io/name": "string",
                          "app.kubernetes.io/part-of": "string"
                        }
                      ],
                      "name": "string",
                      "namespace": "string"
                    }
                  ],
                  "spec": [
                    "object",
                    {
                      "assessmentRef": "string",
                      "providerRef": [
                        "object",
                        {
                          "name": "string",
                          "namespace": "string"
                        }
                      ]
                    }
                  ]
                }
              ]
            },
            "object": {
              "value": {
                "apiVersion": "argus.io/v1alpha1",
                "kind": "Attestation",
                "metadata": {
                  "annotations": null,
                  "creationTimestamp": null,
                  "deletionGracePeriodSeconds": null,
                  "deletionTimestamp": null,
                  "finalizers": null,
                  "generateName": null,
                  "generation": null,
                  "labels": {
                    "app.kubernetes.io/created-by": "operator",
                    "app.kubernetes.io/instance": "attestation-sample",
                    "app.kubernetes.io/managed-by": "kustomize",
                    "app.kubernetes.io/name": "attestation",
                    "app.kubernetes.io/part-of": "operator"
                  },
                  "managedFields": null,
                  "name": "req8-detective-reasoning",
                  "namespace": "default",
                  "ownerReferences": null,
                  "resourceVersion": null,
                  "selfLink": null,
                  "uid": null
                },
                "spec": {
                  "assessmentRef": "req8-detective",
                  "providerRef": {
                    "name": "random",
                    "namespace": "default"
                  }
                }
              },
              "type": [
                "object",
                {
                  "apiVersion": "string",
                  "kind": "string",
                  "metadata": [
                    "object",
                    {
                      "annotations": [
                        "map",
                        "string"
                      ],
                      "creationTimestamp": "string",
                      "deletionGracePeriodSeconds": "number",
                      "deletionTimestamp": "string",
                      "finalizers": [
                        "list",
                        "string"
                      ],
                      "generateName": "string",
                      "generation": "number",
                      "labels": [
                        "map",
                        "string"
                      ],
                      "managedFields": [
                        "tuple",
                        [
                          [
                            "object",
                            {
                              "apiVersion": "string",
                              "fieldsType": "string",
                              "fieldsV1": "dynamic",
                              "manager": "string",
                              "operation": "string",
                              "subresource": "string",
                              "time": "string"
                            }
                          ]
                        ]
                      ],
                      "name": "string",
                      "namespace": "string",
                      "ownerReferences": [
                        "list",
                        [
                          "object",
                          {
                            "apiVersion": "string",
                            "blockOwnerDeletion": "bool",
                            "controller": "bool",
                            "kind": "string",
                            "name": "string",
                            "uid": "string"
                          }
                        ]
                      ],
                      "resourceVersion": "string",
                      "selfLink": "string",
                      "uid": "string"
                    }
                  ],
                  "spec": [
                    "object",
                    {
                      "assessmentRef": "string",
                      "providerRef": [
                        "object",
                        {
                          "name": "string",
                          "namespace": "string"
                        }
                      ]
                    }
                  ]
                }
              ]
            },
            "timeouts": [],
            "wait": [],
            "wait_for": null
          },
          "sensitive_attributes": []
        }
      ]
    },
    {
      "mode": "managed",
      "type": "kubernetes_manifest",
      "name": "network_control_1",
      "provider": "provider[\"registry.terraform.io/hashicorp/kubernetes\"]",
      "instances": [
        {
          "schema_version": 1,
          "attributes": {
            "computed_fields": null,
            "field_manager": [],
            "manifest": {
              "value": {
                "apiVersion": "argus.io/v1alpha1",
                "kind": "Control",
                "metadata": {
                  "labels": {
                    "app.kubernetes.io/created-by": "operator",
                    "app.kubernetes.io/instance": "control-sample",
                    "app.kubernetes.io/managed-by": "kustomize",
                    "app.kubernetes.io/name": "control",
                    "app.kubernetes.io/part-of": "operator"
                  },
                  "name": "net-req-01",
                  "namespace": "default"
                },
                "spec": {
                  "applicableComponentClasses": [
                    "NetworkElement"
                  ],
                  "definition": {
                    "category": "Internal",
                    "class": "Security",
                    "code": "NET-REQ-01",
                    "version": "1.0.0"
                  },
                  "requiredAssessmentClasses": [
                    "PreventativeControl",
                    "DetectiveControl",
                    "ReactiveControl"
                  ]
                }
              },
              "type": [
                "object",
                {
                  "apiVersion": "string",
                  "kind": "string",
                  "metadata": [
                    "object",
                    {
                      "labels": [
                        "object",
                        {
                          "app.kubernetes.io/created-by": "string",
                          "app.kubernetes.io/instance": "string",
                          "app.kubernetes.io/managed-by": "string",
                          "app.kubernetes.io/name": "string",
                          "app.kubernetes.io/part-of": "string"
                        }
                      ],
                      "name": "string",
                      "namespace": "string"
                    }
                  ],
                  "spec": [
                    "object",
                    {
                      "applicableComponentClasses": [
                        "tuple",
                        [
                          "string"
                        ]
                      ],
                      "definition": [
                        "object",
                        {
                          "category": "string",
                          "class": "string",
                          "code": "string",
                          "version": "string"
                        }
                      ],
                      "requiredAssessmentClasses": [
                        "tuple",
                        [
                          "string",
                          "string",
                          "string"
                        ]
                      ]
                    }
                  ]
                }
              ]
            },
            "object": {
              "value": {
                "apiVersion": "argus.io/v1alpha1",
                "kind": "Control",
                "metadata": {
                  "annotations": null,
                  "creationTimestamp": null,
                  "deletionGracePeriodSeconds": null,
                  "deletionTimestamp": null,
                  "finalizers": null,
                  "generateName": null,
                  "generation": null,
                  "labels": {
                    "app.kubernetes.io/created-by": "operator",
                    "app.kubernetes.io/instance": "control-sample",
                    "app.kubernetes.io/managed-by": "kustomize",
                    "app.kubernetes.io/name": "control",
                    "app.kubernetes.io/part-of": "operator"
                  },
                  "managedFields": null,
                  "name": "net-req-01",
                  "namespace": "default",
                  "ownerReferences": null,
                  "resourceVersion": null,
                  "selfLink": null,
                  "uid": null
                },
                "spec": {
                  "applicableComponentClasses": [
                    "NetworkElement"
                  ],
                  "definition": {
                    "category": "Internal",
                    "class": "Security",
                    "code": "NET-REQ-01",
                    "version": "1.0.0"
                  },
                  "requiredAssessmentClasses": [
                    "PreventativeControl",
                    "DetectiveControl",
                    "ReactiveControl"
                  ]
                }
              },
              "type": [
                "object",
                {
                  "apiVersion": "string",
                  "kind": "string",
                  "metadata": [
                    "object",
                    {
                      "annotations": [
                        "map",
                        "string"
                      ],
                      "creationTimestamp": "string",
                      "deletionGracePeriodSeconds": "number",
                      "deletionTimestamp": "string",
                      "finalizers": [
                        "list",
                        "string"
                      ],
                      "generateName": "string",
                      "generation": "number",
                      "labels": [
                        "map",
                        "string"
                      ],
                      "managedFields": [
                        "tuple",
                        [
                          [
                            "object",
                            {
                              "apiVersion": "string",
                              "fieldsType": "string",
                              "fieldsV1": "dynamic",
                              "manager": "string",
                              "operation": "string",
                              "subresource": "string",
                              "time": "string"
                            }
                          ]
                        ]
                      ],
                      "name": "string",
                      "namespace": "string",
                      "ownerReferences": [
                        "list",
                        [
                          "object",
                          {
                            "apiVersion": "string",
                            "blockOwnerDeletion": "bool",
                            "controller": "bool",
                            "kind": "string",
                            "name": "string",
                            "uid": "string"
                          }
                        ]
                      ],
                      "resourceVersion": "string",
                      "selfLink": "string",
                      "uid": "string"
                    }
                  ],
                  "spec": [
                    "object",
                    {
                      "applicableComponentClasses": [
                        "list",
                        "string"
                      ],
                      "definition": [
                        "object",
                        {
                          "category": "string",
                          "class": "string",
                          "code": "string",
                          "version": "string"
                        }
                      ],
                      "requiredAssessmentClasses": [
                        "list",
                        "string"
                      ]
                    }
                  ]
                }
              ]
            },
            "timeouts": [],
            "wait": [],
            "wait_for": null
          },
          "sensitive_attributes": []
        }
      ]
    },
    {
      "mode": "managed",
      "type": "kubernetes_manifest",
      "name": "network_control_2",
      "provider": "provider[\"registry.terraform.io/hashicorp/kubernetes\"]",
      "instances": [
        {
          "schema_version": 1,
          "attributes": {
            "computed_fields": null,
            "field_manager": [],
            "manifest": {
              "value": {
                "apiVersion": "argus.io/v1alpha1",
                "kind": "Control",
                "metadata": {
                  "labels": {
                    "app.kubernetes.io/created-by": "operator",
                    "app.kubernetes.io/instance": "control-sample",
                    "app.kubernetes.io/managed-by": "kustomize",
                    "app.kubernetes.io/name": "control",
                    "app.kubernetes.io/part-of": "operator"
                  },
                  "name": "net-req-02",
                  "namespace": "default"
                },
                "spec": {
                  "applicableComponentClasses": [
                    "NetworkElement"
                  ],
                  "definition": {
                    "category": "Internal",
                    "class": "Security",
                    "code": "NET-REQ-02",
                    "version": "1.0.0"
                  },
                  "requiredAssessmentClasses": [
                    "PreventativeControl",
                    "DetectiveControl",
                    "ReactiveControl"
                  ]
                }
              },
              "type": [
                "object",
                {
                  "apiVersion": "string",
                  "kind": "string",
                  "metadata": [
                    "object",
                    {
                      "labels": [
                        "object",
                        {
                          "app.kubernetes.io/created-by": "string",
                          "app.kubernetes.io/instance": "string",
                          "app.kubernetes.io/managed-by": "string",
                          "app.kubernetes.io/name": "string",
                          "app.kubernetes.io/part-of": "string"
                        }
                      ],
                      "name": "string",
                      "namespace": "string"
                    }
                  ],
                  "spec": [
                    "object",
                    {
                      "applicableComponentClasses": [
                        "tuple",
                        [
                          "string"
                        ]
                      ],
                      "definition": [
                        "object",
                        {
                          "category": "string",
                          "class": "string",
                          "code": "string",
                          "version": "string"
                        }
                      ],
                      "requiredAssessmentClasses": [
                        "tuple",
                        [
                          "string",
                          "string",
                          "string"
                        ]
                      ]
                    }
                  ]
                }
              ]
            },
            "object": {
              "value": {
                "apiVersion": "argus.io/v1alpha1",
                "kind": "Control",
                "metadata": {
                  "annotations": null,
                  "creationTimestamp": null,
                  "deletionGracePeriodSeconds": null,
                  "deletionTimestamp": null,
                  "finalizers": null,
                  "generateName": null,
                  "generation": null,
                  "labels": {
                    "app.kubernetes.io/created-by": "operator",
                    "app.kubernetes.io/instance": "control-sample",
                    "app.kubernetes.io/managed-by": "kustomize",
                    "app.kubernetes.io/name": "control",
                    "app.kubernetes.io/part-of": "operator"
                  },
                  "managedFields": null,
                  "name": "net-req-02",
                  "namespace": "default",
                  "ownerReferences": null,
                  "resourceVersion": null,
                  "selfLink": null,
                  "uid": null
                },
                "spec": {
                  "applicableComponentClasses": [
                    "NetworkElement"
                  ],
                  "definition": {
                    "category": "Internal",
                    "class": "Security",
                    "code": "NET-REQ-02",
                    "version": "1.0.0"
                  },
                  "requiredAssessmentClasses": [
                    "PreventativeControl",
                    "DetectiveControl",
                    "ReactiveControl"
                  ]
                }
              },
              "type": [
                "object",
                {
                  "apiVersion": "string",
                  "kind": "string",
                  "metadata": [
                    "object",
                    {
                      "annotations": [
                        "map",
                        "string"
                      ],
                      "creationTimestamp": "string",
                      "deletionGracePeriodSeconds": "number",
                      "deletionTimestamp": "string",
                      "finalizers": [
                        "list",
                        "string"
                      ],
                      "generateName": "string",
                      "generation": "number",
                      "labels": [
                        "map",
                        "string"
                      ],
                      "managedFields": [
                        "tuple",
                        [
                          [
                            "object",
                            {
                              "apiVersion": "string",
                              "fieldsType": "string",
                              "fieldsV1": "dynamic",
                              "manager": "string",
                              "operation": "string",
                              "subresource": "string",
                              "time": "string"
                            }
                          ]
                        ]
                      ],
                      "name": "string",
                      "namespace": "string",
                      "ownerReferences": [
                        "list",
                        [
                          "object",
                          {
                            "apiVersion": "string",
                            "blockOwnerDeletion": "bool",
                            "controller": "bool",
                            "kind": "string",
                            "name": "string",
                            "uid": "string"
                          }
                        ]
                      ],
                      "resourceVersion": "string",
                      "selfLink": "string",
                      "uid": "string"
                    }
                  ],
                  "spec": [
                    "object",
                    {
                      "applicableComponentClasses": [
                        "list",
                        "string"
                      ],
                      "definition": [
                        "object",
                        {
                          "category": "string",
                          "class": "string",
                          "code": "string",
                          "version": "string"
                        }
                      ],
                      "requiredAssessmentClasses": [
                        "list",
                        "string"
                      ]
                    }
                  ]
                }
              ]
            },
            "timeouts": [],
            "wait": [],
            "wait_for": null
          },
          "sensitive_attributes": []
        }
      ]
    },
    {
      "mode": "managed",
      "type": "kubernetes_manifest",
      "name": "network_control_3",
      "provider": "provider[\"registry.terraform.io/hashicorp/kubernetes\"]",
      "instances": [
        {
          "schema_version": 1,
          "attributes": {
            "computed_fields": null,
            "field_manager": [],
            "manifest": {
              "value": {
                "apiVersion": "argus.io/v1alpha1",
                "kind": "Control",
                "metadata": {
                  "labels": {
                    "app.kubernetes.io/created-by": "operator",
                    "app.kubernetes.io/instance": "control-sample",
                    "app.kubernetes.io/managed-by": "kustomize",
                    "app.kubernetes.io/name": "control",
                    "app.kubernetes.io/part-of": "operator"
                  },
                  "name": "net-req-03",
                  "namespace": "default"
                },
                "spec": {
                  "applicableComponentClasses": [
                    "NetworkElement"
                  ],
                  "definition": {
                    "category": "Internal",
                    "class": "Security",
                    "code": "NET-REQ-03",
                    "version": "1.0.0"
                  },
                  "requiredAssessmentClasses": [
                    "PreventativeControl",
                    "DetectiveControl",
                    "ReactiveControl"
                  ]
                }
              },
              "type": [
                "object",
                {
                  "apiVersion": "string",
                  "kind": "string",
                  "metadata": [
                    "object",
                    {
                      "labels": [
                        "object",
                        {
                          "app.kubernetes.io/created-by": "string",
                          "app.kubernetes.io/instance": "string",
                          "app.kubernetes.io/managed-by": "string",
                          "app.kubernetes.io/name": "string",
                          "app.kubernetes.io/part-of": "string"
                        }
                      ],
                      "name": "string",
                      "namespace": "string"
                    }
                  ],
                  "spec": [
                    "object",
                    {
                      "applicableComponentClasses": [
                        "tuple",
                        [
                          "string"
                        ]
                      ],
                      "definition": [
                        "object",
                        {
                          "category": "string",
                          "class": "string",
                          "code": "string",
                          "version": "string"
                        }
                      ],
                      "requiredAssessmentClasses": [
                        "tuple",
                        [
                          "string",
                          "string",
                          "string"
                        ]
                      ]
                    }
                  ]
                }
              ]
            },
            "object": {
              "value": {
                "apiVersion": "argus.io/v1alpha1",
                "kind": "Control",
                "metadata": {
                  "annotations": null,
                  "creationTimestamp": null,
                  "deletionGracePeriodSeconds": null,
                  "deletionTimestamp": null,
                  "finalizers": null,
                  "generateName": null,
                  "generation": null,
                  "labels": {
                    "app.kubernetes.io/created-by": "operator",
                    "app.kubernetes.io/instance": "control-sample",
                    "app.kubernetes.io/managed-by": "kustomize",
                    "app.kubernetes.io/name": "control",
                    "app.kubernetes.io/part-of": "operator"
                  },
                  "managedFields": null,
                  "name": "net-req-03",
                  "namespace": "default",
                  "ownerReferences": null,
                  "resourceVersion": null,
                  "selfLink": null,
                  "uid": null
                },
                "spec": {
                  "applicableComponentClasses": [
                    "NetworkElement"
                  ],
                  "definition": {
                    "category": "Internal",
                    "class": "Security",
                    "code": "NET-REQ-03",
                    "version": "1.0.0"
                  },
                  "requiredAssessmentClasses": [
                    "PreventativeControl",
                    "DetectiveControl",
                    "ReactiveControl"
                  ]
                }
              },
              "type": [
                "object",
                {
                  "apiVersion": "string",
                  "kind": "string",
                  "metadata": [
                    "object",
                    {
                      "annotations": [
                        "map",
                        "string"
                      ],
                      "creationTimestamp": "string",
                      "deletionGracePeriodSeconds": "number",
                      "deletionTimestamp": "string",
                      "finalizers": [
                        "list",
                        "string"
                      ],
                      "generateName": "string",
                      "generation": "number",
                      "labels": [
                        "map",
                        "string"
                      ],
                      "managedFields": [
                        "tuple",
                        [
                          [
                            "object",
                            {
                              "apiVersion": "string",
                              "fieldsType": "string",
                              "fieldsV1": "dynamic",
                              "manager": "string",
                              "operation": "string",
                              "subresource": "string",
                              "time": "string"
                            }
                          ]
                        ]
                      ],
                      "name": "string",
                      "namespace": "string",
                      "ownerReferences": [
                        "list",
                        [
                          "object",
                          {
                            "apiVersion": "string",
                            "blockOwnerDeletion": "bool",
                            "controller": "bool",
                            "kind": "string",
                            "name": "string",
                            "uid": "string"
                          }
                        ]
                      ],
                      "resourceVersion": "string",
                      "selfLink": "string",
                      "uid": "string"
                    }
                  ],
                  "spec": [
                    "object",
                    {
                      "applicableComponentClasses": [
                        "list",
                        "string"
                      ],
                      "definition": [
                        "object",
                        {
                          "category": "string",
                          "class": "string",
                          "code": "string",
                          "version": "string"
                        }
                      ],
                      "requiredAssessmentClasses": [
                        "list",
                        "string"
                      ]
                    }
                  ]
                }
              ]
            },
            "timeouts": [],
            "wait": [],
            "wait_for": null
          },
          "sensitive_attributes": []
        }
      ]
    },
    {
      "mode": "managed",
      "type": "kubernetes_manifest",
      "name": "network_control_4",
      "provider": "provider[\"registry.terraform.io/hashicorp/kubernetes\"]",
      "instances": [
        {
          "schema_version": 1,
          "attributes": {
            "computed_fields": null,
            "field_manager": [],
            "manifest": {
              "value": {
                "apiVersion": "argus.io/v1alpha1",
                "kind": "Control",
                "metadata": {
                  "labels": {
                    "app.kubernetes.io/created-by": "operator",
                    "app.kubernetes.io/instance": "control-sample",
                    "app.kubernetes.io/managed-by": "kustomize",
                    "app.kubernetes.io/name": "control",
                    "app.kubernetes.io/part-of": "operator"
                  },
                  "name": "net-req-04",
                  "namespace": "default"
                },
                "spec": {
                  "applicableComponentClasses": [
                    "NetworkElement"
                  ],
                  "definition": {
                    "category": "Internal",
                    "class": "Security",
                    "code": "NET-REQ-04",
                    "version": "1.0.0"
                  },
                  "requiredAssessmentClasses": [
                    "PreventativeControl",
                    "DetectiveControl",
                    "ReactiveControl"
                  ]
                }
              },
              "type": [
                "object",
                {
                  "apiVersion": "string",
                  "kind": "string",
                  "metadata": [
                    "object",
                    {
                      "labels": [
                        "object",
                        {
                          "app.kubernetes.io/created-by": "string",
                          "app.kubernetes.io/instance": "string",
                          "app.kubernetes.io/managed-by": "string",
                          "app.kubernetes.io/name": "string",
                          "app.kubernetes.io/part-of": "string"
                        }
                      ],
                      "name": "string",
                      "namespace": "string"
                    }
                  ],
                  "spec": [
                    "object",
                    {
                      "applicableComponentClasses": [
                        "tuple",
                        [
                          "string"
                        ]
                      ],
                      "definition": [
                        "object",
                        {
                          "category": "string",
                          "class": "string",
                          "code": "string",
                          "version": "string"
                        }
                      ],
                      "requiredAssessmentClasses": [
                        "tuple",
                        [
                          "string",
                          "string",
                          "string"
                        ]
                      ]
                    }
                  ]
                }
              ]
            },
            "object": {
              "value": {
                "apiVersion": "argus.io/v1alpha1",
                "kind": "Control",
                "metadata": {
                  "annotations": null,
                  "creationTimestamp": null,
                  "deletionGracePeriodSeconds": null,
                  "deletionTimestamp": null,
                  "finalizers": null,
                  "generateName": null,
                  "generation": null,
                  "labels": {
                    "app.kubernetes.io/created-by": "operator",
                    "app.kubernetes.io/instance": "control-sample",
                    "app.kubernetes.io/managed-by": "kustomize",
                    "app.kubernetes.io/name": "control",
                    "app.kubernetes.io/part-of": "operator"
                  },
                  "managedFields": null,
                  "name": "net-req-04",
                  "namespace": "default",
                  "ownerReferences": null,
                  "resourceVersion": null,
                  "selfLink": null,
                  "uid": null
                },
                "spec": {
                  "applicableComponentClasses": [
                    "NetworkElement"
                  ],
                  "definition": {
                    "category": "Internal",
                    "class": "Security",
                    "code": "NET-REQ-04",
                    "version": "1.0.0"
                  },
                  "requiredAssessmentClasses": [
                    "PreventativeControl",
                    "DetectiveControl",
                    "ReactiveControl"
                  ]
                }
              },
              "type": [
                "object",
                {
                  "apiVersion": "string",
                  "kind": "string",
                  "metadata": [
                    "object",
                    {
                      "annotations": [
                        "map",
                        "string"
                      ],
                      "creationTimestamp": "string",
                      "deletionGracePeriodSeconds": "number",
                      "deletionTimestamp": "string",
                      "finalizers": [
                        "list",
                        "string"
                      ],
                      "generateName": "string",
                      "generation": "number",
                      "labels": [
                        "map",
                        "string"
                      ],
                      "managedFields": [
                        "tuple",
                        [
                          [
                            "object",
                            {
                              "apiVersion": "string",
                              "fieldsType": "string",
                              "fieldsV1": "dynamic",
                              "manager": "string",
                              "operation": "string",
                              "subresource": "string",
                              "time": "string"
                            }
                          ]
                        ]
                      ],
                      "name": "string",
                      "namespace": "string",
                      "ownerReferences": [
                        "list",
                        [
                          "object",
                          {
                            "apiVersion": "string",
                            "blockOwnerDeletion": "bool",
                            "controller": "bool",
                            "kind": "string",
                            "name": "string",
                            "uid": "string"
                          }
                        ]
                      ],
                      "resourceVersion": "string",
                      "selfLink": "string",
                      "uid": "string"
                    }
                  ],
                  "spec": [
                    "object",
                    {
                      "applicableComponentClasses": [
                        "list",
                        "string"
                      ],
                      "definition": [
                        "object",
                        {
                          "category": "string",
                          "class": "string",
                          "code": "string",
                          "version": "string"
                        }
                      ],
                      "requiredAssessmentClasses": [
                        "list",
                        "string"
                      ]
                    }
                  ]
                }
              ]
            },
            "timeouts": [],
            "wait": [],
            "wait_for": null
          },
          "sensitive_attributes": []
        }
      ]
    },
    {
      "mode": "managed",
      "type": "kubernetes_manifest",
      "name": "network_control_5",
      "provider": "provider[\"registry.terraform.io/hashicorp/kubernetes\"]",
      "instances": [
        {
          "schema_version": 1,
          "attributes": {
            "computed_fields": null,
            "field_manager": [],
            "manifest": {
              "value": {
                "apiVersion": "argus.io/v1alpha1",
                "kind": "Control",
                "metadata": {
                  "labels": {
                    "app.kubernetes.io/created-by": "operator",
                    "app.kubernetes.io/instance": "control-sample",
                    "app.kubernetes.io/managed-by": "kustomize",
                    "app.kubernetes.io/name": "control",
                    "app.kubernetes.io/part-of": "operator"
                  },
                  "name": "net-req-05",
                  "namespace": "default"
                },
                "spec": {
                  "applicableComponentClasses": [
                    "NetworkElement"
                  ],
                  "definition": {
                    "category": "Internal",
                    "class": "Security",
                    "code": "NET-REQ-05",
                    "version": "1.0.0"
                  },
                  "requiredAssessmentClasses": [
                    "PreventativeControl",
                    "DetectiveControl",
                    "ReactiveControl"
                  ]
                }
              },
              "type": [
                "object",
                {
                  "apiVersion": "string",
                  "kind": "string",
                  "metadata": [
                    "object",
                    {
                      "labels": [
                        "object",
                        {
                          "app.kubernetes.io/created-by": "string",
                          "app.kubernetes.io/instance": "string",
                          "app.kubernetes.io/managed-by": "string",
                          "app.kubernetes.io/name": "string",
                          "app.kubernetes.io/part-of": "string"
                        }
                      ],
                      "name": "string",
                      "namespace": "string"
                    }
                  ],
                  "spec": [
                    "object",
                    {
                      "applicableComponentClasses": [
                        "tuple",
                        [
                          "string"
                        ]
                      ],
                      "definition": [
                        "object",
                        {
                          "category": "string",
                          "class": "string",
                          "code": "string",
                          "version": "string"
                        }
                      ],
                      "requiredAssessmentClasses": [
                        "tuple",
                        [
                          "string",
                          "string",
                          "string"
                        ]
                      ]
                    }
                  ]
                }
              ]
            },
            "object": {
              "value": {
                "apiVersion": "argus.io/v1alpha1",
                "kind": "Control",
                "metadata": {
                  "annotations": null,
                  "creationTimestamp": null,
                  "deletionGracePeriodSeconds": null,
                  "deletionTimestamp": null,
                  "finalizers": null,
                  "generateName": null,
                  "generation": null,
                  "labels": {
                    "app.kubernetes.io/created-by": "operator",
                    "app.kubernetes.io/instance": "control-sample",
                    "app.kubernetes.io/managed-by": "kustomize",
                    "app.kubernetes.io/name": "control",
                    "app.kubernetes.io/part-of": "operator"
                  },
                  "managedFields": null,
                  "name": "net-req-05",
                  "namespace": "default",
                  "ownerReferences": null,
                  "resourceVersion": null,
                  "selfLink": null,
                  "uid": null
                },
                "spec": {
                  "applicableComponentClasses": [
                    "NetworkElement"
                  ],
                  "definition": {
                    "category": "Internal",
                    "class": "Security",
                    "code": "NET-REQ-05",
                    "version": "1.0.0"
                  },
                  "requiredAssessmentClasses": [
                    "PreventativeControl",
                    "DetectiveControl",
                    "ReactiveControl"
                  ]
                }
              },
              "type": [
                "object",
                {
                  "apiVersion": "string",
                  "kind": "string",
                  "metadata": [
                    "object",
                    {
                      "annotations": [
                        "map",
                        "string"
                      ],
                      "creationTimestamp": "string",
                      "deletionGracePeriodSeconds": "number",
                      "deletionTimestamp": "string",
                      "finalizers": [
                        "list",
                        "string"
                      ],
                      "generateName": "string",
                      "generation": "number",
                      "labels": [
                        "map",
                        "string"
                      ],
                      "managedFields": [
                        "tuple",
                        [
                          [
                            "object",
                            {
                              "apiVersion": "string",
                              "fieldsType": "string",
                              "fieldsV1": "dynamic",
                              "manager": "string",
                              "operation": "string",
                              "subresource": "string",
                              "time": "string"
                            }
                          ]
                        ]
                      ],
                      "name": "string",
                      "namespace": "string",
                      "ownerReferences": [
                        "list",
                        [
                          "object",
                          {
                            "apiVersion": "string",
                            "blockOwnerDeletion": "bool",
                            "controller": "bool",
                            "kind": "string",
                            "name": "string",
                            "uid": "string"
                          }
                        ]
                      ],
                      "resourceVersion": "string",
                      "selfLink": "string",
                      "uid": "string"
                    }
                  ],
                  "spec": [
                    "object",
                    {
                      "applicableComponentClasses": [
                        "list",
                        "string"
                      ],
                      "definition": [
                        "object",
                        {
                          "category": "string",
                          "class": "string",
                          "code": "string",
                          "version": "string"
                        }
                      ],
                      "requiredAssessmentClasses": [
                        "list",
                        "string"
                      ]
                    }
                  ]
                }
              ]
            },
            "timeouts": [],
            "wait": [],
            "wait_for": null
          },
          "sensitive_attributes": []
        }
      ]
    },
    {
      "mode": "managed",
      "type": "kubernetes_manifest",
      "name": "network_control_6",
      "provider": "provider[\"registry.terraform.io/hashicorp/kubernetes\"]",
      "instances": [
        {
          "schema_version": 1,
          "attributes": {
            "computed_fields": null,
            "field_manager": [],
            "manifest": {
              "value": {
                "apiVersion": "argus.io/v1alpha1",
                "kind": "Control",
                "metadata": {
                  "labels": {
                    "app.kubernetes.io/created-by": "operator",
                    "app.kubernetes.io/instance": "control-sample",
                    "app.kubernetes.io/managed-by": "kustomize",
                    "app.kubernetes.io/name": "control",
                    "app.kubernetes.io/part-of": "operator"
                  },
                  "name": "net-req-06",
                  "namespace": "default"
                },
                "spec": {
                  "applicableComponentClasses": [
                    "NetworkElement"
                  ],
                  "definition": {
                    "category": "Internal",
                    "class": "Security",
                    "code": "NET-REQ-06",
                    "version": "1.0.0"
                  },
                  "requiredAssessmentClasses": [
                    "PreventativeControl",
                    "DetectiveControl",
                    "ReactiveControl"
                  ]
                }
              },
              "type": [
                "object",
                {
                  "apiVersion": "string",
                  "kind": "string",
                  "metadata": [
                    "object",
                    {
                      "labels": [
                        "object",
                        {
                          "app.kubernetes.io/created-by": "string",
                          "app.kubernetes.io/instance": "string",
                          "app.kubernetes.io/managed-by": "string",
                          "app.kubernetes.io/name": "string",
                          "app.kubernetes.io/part-of": "string"
                        }
                      ],
                      "name": "string",
                      "namespace": "string"
                    }
                  ],
                  "spec": [
                    "object",
                    {
                      "applicableComponentClasses": [
                        "tuple",
                        [
                          "string"
                        ]
                      ],
                      "definition": [
                        "object",
                        {
                          "category": "string",
                          "class": "string",
                          "code": "string",
                          "version": "string"
                        }
                      ],
                      "requiredAssessmentClasses": [
                        "tuple",
                        [
                          "string",
                          "string",
                          "string"
                        ]
                      ]
                    }
                  ]
                }
              ]
            },
            "object": {
              "value": {
                "apiVersion": "argus.io/v1alpha1",
                "kind": "Control",
                "metadata": {
                  "annotations": null,
                  "creationTimestamp": null,
                  "deletionGracePeriodSeconds": null,
                  "deletionTimestamp": null,
                  "finalizers": null,
                  "generateName": null,
                  "generation": null,
                  "labels": {
                    "app.kubernetes.io/created-by": "operator",
                    "app.kubernetes.io/instance": "control-sample",
                    "app.kubernetes.io/managed-by": "kustomize",
                    "app.kubernetes.io/name": "control",
                    "app.kubernetes.io/part-of": "operator"
                  },
                  "managedFields": null,
                  "name": "net-req-06",
                  "namespace": "default",
                  "ownerReferences": null,
                  "resourceVersion": null,
                  "selfLink": null,
                  "uid": null
                },
                "spec": {
                  "applicableComponentClasses": [
                    "NetworkElement"
                  ],
                  "definition": {
                    "category": "Internal",
                    "class": "Security",
                    "code": "NET-REQ-06",
                    "version": "1.0.0"
                  },
                  "requiredAssessmentClasses": [
                    "PreventativeControl",
                    "DetectiveControl",
                    "ReactiveControl"
                  ]
                }
              },
              "type": [
                "object",
                {
                  "apiVersion": "string",
                  "kind": "string",
                  "metadata": [
                    "object",
                    {
                      "annotations": [
                        "map",
                        "string"
                      ],
                      "creationTimestamp": "string",
                      "deletionGracePeriodSeconds": "number",
                      "deletionTimestamp": "string",
                      "finalizers": [
                        "list",
                        "string"
                      ],
                      "generateName": "string",
                      "generation": "number",
                      "labels": [
                        "map",
                        "string"
                      ],
                      "managedFields": [
                        "tuple",
                        [
                          [
                            "object",
                            {
                              "apiVersion": "string",
                              "fieldsType": "string",
                              "fieldsV1": "dynamic",
                              "manager": "string",
                              "operation": "string",
                              "subresource": "string",
                              "time": "string"
                            }
                          ]
                        ]
                      ],
                      "name": "string",
                      "namespace": "string",
                      "ownerReferences": [
                        "list",
                        [
                          "object",
                          {
                            "apiVersion": "string",
                            "blockOwnerDeletion": "bool",
                            "controller": "bool",
                            "kind": "string",
                            "name": "string",
                            "uid": "string"
                          }
                        ]
                      ],
                      "resourceVersion": "string",
                      "selfLink": "string",
                      "uid": "string"
                    }
                  ],
                  "spec": [
                    "object",
                    {
                      "applicableComponentClasses": [
                        "list",
                        "string"
                      ],
                      "definition": [
                        "object",
                        {
                          "category": "string",
                          "class": "string",
                          "code": "string",
                          "version": "string"
                        }
                      ],
                      "requiredAssessmentClasses": [
                        "list",
                        "string"
                      ]
                    }
                  ]
                }
              ]
            },
            "timeouts": [],
            "wait": [],
            "wait_for": null
          },
          "sensitive_attributes": []
        }
      ]
    },
    {
      "mode": "managed",
      "type": "kubernetes_manifest",
      "name": "network_control_7",
      "provider": "provider[\"registry.terraform.io/hashicorp/kubernetes\"]",
      "instances": [
        {
          "schema_version": 1,
          "attributes": {
            "computed_fields": null,
            "field_manager": [],
            "manifest": {
              "value": {
                "apiVersion": "argus.io/v1alpha1",
                "kind": "Control",
                "metadata": {
                  "labels": {
                    "app.kubernetes.io/created-by": "operator",
                    "app.kubernetes.io/instance": "control-sample",
                    "app.kubernetes.io/managed-by": "kustomize",
                    "app.kubernetes.io/name": "control",
                    "app.kubernetes.io/part-of": "operator"
                  },
                  "name": "net-req-07",
                  "namespace": "default"
                },
                "spec": {
                  "applicableComponentClasses": [
                    "NetworkElement"
                  ],
                  "definition": {
                    "category": "Internal",
                    "class": "Security",
                    "code": "NET-REQ-07",
                    "version": "1.0.0"
                  },
                  "requiredAssessmentClasses": [
                    "PreventativeControl",
                    "DetectiveControl",
                    "ReactiveControl"
                  ]
                }
              },
              "type": [
                "object",
                {
                  "apiVersion": "string",
                  "kind": "string",
                  "metadata": [
                    "object",
                    {
                      "labels": [
                        "object",
                        {
                          "app.kubernetes.io/created-by": "string",
                          "app.kubernetes.io/instance": "string",
                          "app.kubernetes.io/managed-by": "string",
                          "app.kubernetes.io/name": "string",
                          "app.kubernetes.io/part-of": "string"
                        }
                      ],
                      "name": "string",
                      "namespace": "string"
                    }
                  ],
                  "spec": [
                    "object",
                    {
                      "applicableComponentClasses": [
                        "tuple",
                        [
                          "string"
                        ]
                      ],
                      "definition": [
                        "object",
                        {
                          "category": "string",
                          "class": "string",
                          "code": "string",
                          "version": "string"
                        }
                      ],
                      "requiredAssessmentClasses": [
                        "tuple",
                        [
                          "string",
                          "string",
                          "string"
                        ]
                      ]
                    }
                  ]
                }
              ]
            },
            "object": {
              "value": {
                "apiVersion": "argus.io/v1alpha1",
                "kind": "Control",
                "metadata": {
                  "annotations": null,
                  "creationTimestamp": null,
                  "deletionGracePeriodSeconds": null,
                  "deletionTimestamp": null,
                  "finalizers": null,
                  "generateName": null,
                  "generation": null,
                  "labels": {
                    "app.kubernetes.io/created-by": "operator",
                    "app.kubernetes.io/instance": "control-sample",
                    "app.kubernetes.io/managed-by": "kustomize",
                    "app.kubernetes.io/name": "control",
                    "app.kubernetes.io/part-of": "operator"
                  },
                  "managedFields": null,
                  "name": "net-req-07",
                  "namespace": "default",
                  "ownerReferences": null,
                  "resourceVersion": null,
                  "selfLink": null,
                  "uid": null
                },
                "spec": {
                  "applicableComponentClasses": [
                    "NetworkElement"
                  ],
                  "definition": {
                    "category": "Internal",
                    "class": "Security",
                    "code": "NET-REQ-07",
                    "version": "1.0.0"
                  },
                  "requiredAssessmentClasses": [
                    "PreventativeControl",
                    "DetectiveControl",
                    "ReactiveControl"
                  ]
                }
              },
              "type": [
                "object",
                {
                  "apiVersion": "string",
                  "kind": "string",
                  "metadata": [
                    "object",
                    {
                      "annotations": [
                        "map",
                        "string"
                      ],
                      "creationTimestamp": "string",
                      "deletionGracePeriodSeconds": "number",
                      "deletionTimestamp": "string",
                      "finalizers": [
                        "list",
                        "string"
                      ],
                      "generateName": "string",
                      "generation": "number",
                      "labels": [
                        "map",
                        "string"
                      ],
                      "managedFields": [
                        "tuple",
                        [
                          [
                            "object",
                            {
                              "apiVersion": "string",
                              "fieldsType": "string",
                              "fieldsV1": "dynamic",
                              "manager": "string",
                              "operation": "string",
                              "subresource": "string",
                              "time": "string"
                            }
                          ]
                        ]
                      ],
                      "name": "string",
                      "namespace": "string",
                      "ownerReferences": [
                        "list",
                        [
                          "object",
                          {
                            "apiVersion": "string",
                            "blockOwnerDeletion": "bool",
                            "controller": "bool",
                            "kind": "string",
                            "name": "string",
                            "uid": "string"
                          }
                        ]
                      ],
                      "resourceVersion": "string",
                      "selfLink": "string",
                      "uid": "string"
                    }
                  ],
                  "spec": [
                    "object",
                    {
                      "applicableComponentClasses": [
                        "list",
                        "string"
                      ],
                      "definition": [
                        "object",
                        {
                          "category": "string",
                          "class": "string",
                          "code": "string",
                          "version": "string"
                        }
                      ],
                      "requiredAssessmentClasses": [
                        "list",
                        "string"
                      ]
                    }
                  ]
                }
              ]
            },
            "timeouts": [],
            "wait": [],
            "wait_for": null
          },
          "sensitive_attributes": []
        }
      ]
    },
    {
      "mode": "managed",
      "type": "kubernetes_manifest",
      "name": "network_control_8",
      "provider": "provider[\"registry.terraform.io/hashicorp/kubernetes\"]",
      "instances": [
        {
          "schema_version": 1,
          "attributes": {
            "computed_fields": null,
            "field_manager": [],
            "manifest": {
              "value": {
                "apiVersion": "argus.io/v1alpha1",
                "kind": "Control",
                "metadata": {
                  "labels": {
                    "app.kubernetes.io/created-by": "operator",
                    "app.kubernetes.io/instance": "control-sample",
                    "app.kubernetes.io/managed-by": "kustomize",
                    "app.kubernetes.io/name": "control",
                    "app.kubernetes.io/part-of": "operator"
                  },
                  "name": "net-req-08",
                  "namespace": "default"
                },
                "spec": {
                  "applicableComponentClasses": [
                    "NetworkElement"
                  ],
                  "definition": {
                    "category": "Internal",
                    "class": "Security",
                    "code": "NET-REQ-08",
                    "version": "1.0.0"
                  },
                  "requiredAssessmentClasses": [
                    "PreventativeControl",
                    "DetectiveControl",
                    "ReactiveControl"
                  ]
                }
              },
              "type": [
                "object",
                {
                  "apiVersion": "string",
                  "kind": "string",
                  "metadata": [
                    "object",
                    {
                      "labels": [
                        "object",
                        {
                          "app.kubernetes.io/created-by": "string",
                          "app.kubernetes.io/instance": "string",
                          "app.kubernetes.io/managed-by": "string",
                          "app.kubernetes.io/name": "string",
                          "app.kubernetes.io/part-of": "string"
                        }
                      ],
                      "name": "string",
                      "namespace": "string"
                    }
                  ],
                  "spec": [
                    "object",
                    {
                      "applicableComponentClasses": [
                        "tuple",
                        [
                          "string"
                        ]
                      ],
                      "definition": [
                        "object",
                        {
                          "category": "string",
                          "class": "string",
                          "code": "string",
                          "version": "string"
                        }
                      ],
                      "requiredAssessmentClasses": [
                        "tuple",
                        [
                          "string",
                          "string",
                          "string"
                        ]
                      ]
                    }
                  ]
                }
              ]
            },
            "object": {
              "value": {
                "apiVersion": "argus.io/v1alpha1",
                "kind": "Control",
                "metadata": {
                  "annotations": null,
                  "creationTimestamp": null,
                  "deletionGracePeriodSeconds": null,
                  "deletionTimestamp": null,
                  "finalizers": null,
                  "generateName": null,
                  "generation": null,
                  "labels": {
                    "app.kubernetes.io/created-by": "operator",
                    "app.kubernetes.io/instance": "control-sample",
                    "app.kubernetes.io/managed-by": "kustomize",
                    "app.kubernetes.io/name": "control",
                    "app.kubernetes.io/part-of": "operator"
                  },
                  "managedFields": null,
                  "name": "net-req-08",
                  "namespace": "default",
                  "ownerReferences": null,
                  "resourceVersion": null,
                  "selfLink": null,
                  "uid": null
                },
                "spec": {
                  "applicableComponentClasses": [
                    "NetworkElement"
                  ],
                  "definition": {
                    "category": "Internal",
                    "class": "Security",
                    "code": "NET-REQ-08",
                    "version": "1.0.0"
                  },
                  "requiredAssessmentClasses": [
                    "PreventativeControl",
                    "DetectiveControl",
                    "ReactiveControl"
                  ]
                }
              },
              "type": [
                "object",
                {
                  "apiVersion": "string",
                  "kind": "string",
                  "metadata": [
                    "object",
                    {
                      "annotations": [
                        "map",
                        "string"
                      ],
                      "creationTimestamp": "string",
                      "deletionGracePeriodSeconds": "number",
                      "deletionTimestamp": "string",
                      "finalizers": [
                        "list",
                        "string"
                      ],
                      "generateName": "string",
                      "generation": "number",
                      "labels": [
                        "map",
                        "string"
                      ],
                      "managedFields": [
                        "tuple",
                        [
                          [
                            "object",
                            {
                              "apiVersion": "string",
                              "fieldsType": "string",
                              "fieldsV1": "dynamic",
                              "manager": "string",
                              "operation": "string",
                              "subresource": "string",
                              "time": "string"
                            }
                          ]
                        ]
                      ],
                      "name": "string",
                      "namespace": "string",
                      "ownerReferences": [
                        "list",
                        [
                          "object",
                          {
                            "apiVersion": "string",
                            "blockOwnerDeletion": "bool",
                            "controller": "bool",
                            "kind": "string",
                            "name": "string",
                            "uid": "string"
                          }
                        ]
                      ],
                      "resourceVersion": "string",
                      "selfLink": "string",
                      "uid": "string"
                    }
                  ],
                  "spec": [
                    "object",
                    {
                      "applicableComponentClasses": [
                        "list",
                        "string"
                      ],
                      "definition": [
                        "object",
                        {
                          "category": "string",
                          "class": "string",
                          "code": "string",
                          "version": "string"
                        }
                      ],
                      "requiredAssessmentClasses": [
                        "list",
                        "string"
                      ]
                    }
                  ]
                }
              ]
            },
            "timeouts": [],
            "wait": [],
            "wait_for": null
          },
          "sensitive_attributes": []
        }
      ]
    },
    {
      "mode": "managed",
      "type": "kubernetes_manifest",
      "name": "preventative_control",
      "provider": "provider[\"registry.terraform.io/hashicorp/kubernetes\"]",
      "instances": [
        {
          "index_key": 0,
          "schema_version": 1,
          "attributes": {
            "computed_fields": null,
            "field_manager": [],
            "manifest": {
              "value": {
                "apiVersion": "argus.io/v1alpha1",
                "kind": "Assessment",
                "metadata": {
                  "labels": {
                    "app.kubernetes.io/created-by": "operator",
                    "app.kubernetes.io/instance": "assessment-sample",
                    "app.kubernetes.io/managed-by": "kustomize",
                    "app.kubernetes.io/name": "assessment",
                    "app.kubernetes.io/part-of": "operator"
                  },
                  "name": "req1-preventative",
                  "namespace": "default"
                },
                "spec": {
                  "cascadePolicy": "None",
                  "class": "PreventativeControl",
                  "componentRef": [
                    {
                      "name": "rt-1",
                      "namespace": "default"
                    },
                    {
                      "name": "rt-2",
                      "namespace": "default"
                    },
                    {
                      "name": "rt-3",
                      "namespace": "default"
                    },
                    {
                      "name": "rt-4",
                      "namespace": "default"
                    },
                    {
                      "name": "rt-5",
                      "namespace": "default"
                    },
                    {
                      "name": "rt-6",
                      "namespace": "default"
                    },
                    {
                      "name": "rt-7",
                      "namespace": "default"
                    },
                    {
                      "name": "rt-8",
                      "namespace": "default"
                    },
                    {
                      "name": "rt-9",
                      "namespace": "default"
                    },
                    {
                      "name": "rt-10",
                      "namespace": "default"
                    }
                  ],
                  "controlRef": {
                    "code": "NET-REQ-01",
                    "version": "1.0.0"
                  }
                }
              },
              "type": [
                "object",
                {
                  "apiVersion": "string",
                  "kind": "string",
                  "metadata": [
                    "object",
                    {
                      "labels": [
                        "object",
                        {
                          "app.kubernetes.io/created-by": "string",
                          "app.kubernetes.io/instance": "string",
                          "app.kubernetes.io/managed-by": "string",
                          "app.kubernetes.io/name": "string",
                          "app.kubernetes.io/part-of": "string"
                        }
                      ],
                      "name": "string",
                      "namespace": "string"
                    }
                  ],
                  "spec": [
                    "object",
                    {
                      "cascadePolicy": "string",
                      "class": "string",
                      "componentRef": [
                        "tuple",
                        [
                          [
                            "object",
                            {
                              "name": "string",
                              "namespace": "string"
                            }
                          ],
                          [
                            "object",
                            {
                              "name": "string",
                              "namespace": "string"
                            }
                          ],
                          [
                            "object",
                            {
                              "name": "string",
                              "namespace": "string"
                            }
                          ],
                          [
                            "object",
                            {
                              "name": "string",
                              "namespace": "string"
                            }
                          ],
                          [
                            "object",
                            {
                              "name": "string",
                              "namespace": "string"
                            }
                          ],
                          [
                            "object",
                            {
                              "name": "string",
                              "namespace": "string"
                            }
                          ],
                          [
                            "object",
                            {
                              "name": "string",
                              "namespace": "string"
                            }
                          ],
                          [
                            "object",
                            {
                              "name": "string",
                              "namespace": "string"
                            }
                          ],
                          [
                            "object",
                            {
                              "name": "string",
                              "namespace": "string"
                            }
                          ],
                          [
                            "object",
                            {
                              "name": "string",
                              "namespace": "string"
                            }
                          ]
                        ]
                      ],
                      "controlRef": [
                        "object",
                        {
                          "code": "string",
                          "version": "string"
                        }
                      ]
                    }
                  ]
                }
              ]
            },
            "object": {
              "value": {
                "apiVersion": "argus.io/v1alpha1",
                "kind": "Assessment",
                "metadata": {
                  "annotations": null,
                  "creationTimestamp": null,
                  "deletionGracePeriodSeconds": null,
                  "deletionTimestamp": null,
                  "finalizers": null,
                  "generateName": null,
                  "generation": null,
                  "labels": {
                    "app.kubernetes.io/created-by": "operator",
                    "app.kubernetes.io/instance": "assessment-sample",
                    "app.kubernetes.io/managed-by": "kustomize",
                    "app.kubernetes.io/name": "assessment",
                    "app.kubernetes.io/part-of": "operator"
                  },
                  "managedFields": null,
                  "name": "req1-preventative",
                  "namespace": "default",
                  "ownerReferences": null,
                  "resourceVersion": null,
                  "selfLink": null,
                  "uid": null
                },
                "spec": {
                  "cascadePolicy": "None",
                  "class": "PreventativeControl",
                  "componentRef": [
                    {
                      "name": "rt-1",
                      "namespace": "default"
                    },
                    {
                      "name": "rt-2",
                      "namespace": "default"
                    },
                    {
                      "name": "rt-3",
                      "namespace": "default"
                    },
                    {
                      "name": "rt-4",
                      "namespace": "default"
                    },
                    {
                      "name": "rt-5",
                      "namespace": "default"
                    },
                    {
                      "name": "rt-6",
                      "namespace": "default"
                    },
                    {
                      "name": "rt-7",
                      "namespace": "default"
                    },
                    {
                      "name": "rt-8",
                      "namespace": "default"
                    },
                    {
                      "name": "rt-9",
                      "namespace": "default"
                    },
                    {
                      "name": "rt-10",
                      "namespace": "default"
                    }
                  ],
                  "controlRef": {
                    "code": "NET-REQ-01",
                    "version": "1.0.0"
                  }
                }
              },
              "type": [
                "object",
                {
                  "apiVersion": "string",
                  "kind": "string",
                  "metadata": [
                    "object",
                    {
                      "annotations": [
                        "map",
                        "string"
                      ],
                      "creationTimestamp": "string",
                      "deletionGracePeriodSeconds": "number",
                      "deletionTimestamp": "string",
                      "finalizers": [
                        "list",
                        "string"
                      ],
                      "generateName": "string",
                      "generation": "number",
                      "labels": [
                        "map",
                        "string"
                      ],
                      "managedFields": [
                        "tuple",
                        [
                          [
                            "object",
                            {
                              "apiVersion": "string",
                              "fieldsType": "string",
                              "fieldsV1": "dynamic",
                              "manager": "string",
                              "operation": "string",
                              "subresource": "string",
                              "time": "string"
                            }
                          ]
                        ]
                      ],
                      "name": "string",
                      "namespace": "string",
                      "ownerReferences": [
                        "list",
                        [
                          "object",
                          {
                            "apiVersion": "string",
                            "blockOwnerDeletion": "bool",
                            "controller": "bool",
                            "kind": "string",
                            "name": "string",
                            "uid": "string"
                          }
                        ]
                      ],
                      "resourceVersion": "string",
                      "selfLink": "string",
                      "uid": "string"
                    }
                  ],
                  "spec": [
                    "object",
                    {
                      "cascadePolicy": "string",
                      "class": "string",
                      "componentRef": [
                        "list",
                        [
                          "object",
                          {
                            "name": "string",
                            "namespace": "string"
                          }
                        ]
                      ],
                      "controlRef": [
                        "object",
                        {
                          "code": "string",
                          "version": "string"
                        }
                      ]
                    }
                  ]
                }
              ]
            },
            "timeouts": [],
            "wait": [],
            "wait_for": null
          },
          "sensitive_attributes": []
        },
        {
          "index_key": 1,
          "schema_version": 1,
          "attributes": {
            "computed_fields": null,
            "field_manager": [],
            "manifest": {
              "value": {
                "apiVersion": "argus.io/v1alpha1",
                "kind": "Assessment",
                "metadata": {
                  "labels": {
                    "app.kubernetes.io/created-by": "operator",
                    "app.kubernetes.io/instance": "assessment-sample",
                    "app.kubernetes.io/managed-by": "kustomize",
                    "app.kubernetes.io/name": "assessment",
                    "app.kubernetes.io/part-of": "operator"
                  },
                  "name": "req2-preventative",
                  "namespace": "default"
                },
                "spec": {
                  "cascadePolicy": "None",
                  "class": "PreventativeControl",
                  "componentRef": [
                    {
                      "name": "rt-1",
                      "namespace": "default"
                    },
                    {
                      "name": "rt-2",
                      "namespace": "default"
                    },
                    {
                      "name": "rt-3",
                      "namespace": "default"
                    },
                    {
                      "name": "rt-4",
                      "namespace": "default"
                    },
                    {
                      "name": "rt-5",
                      "namespace": "default"
                    },
                    {
                      "name": "rt-6",
                      "namespace": "default"
                    },
                    {
                      "name": "rt-7",
                      "namespace": "default"
                    },
                    {
                      "name": "rt-8",
                      "namespace": "default"
                    },
                    {
                      "name": "rt-9",
                      "namespace": "default"
                    },
                    {
                      "name": "rt-10",
                      "namespace": "default"
                    }
                  ],
                  "controlRef": {
                    "code": "NET-REQ-02",
                    "version": "1.0.0"
                  }
                }
              },
              "type": [
                "object",
                {
                  "apiVersion": "string",
                  "kind": "string",
                  "metadata": [
                    "object",
                    {
                      "labels": [
                        "object",
                        {
                          "app.kubernetes.io/created-by": "string",
                          "app.kubernetes.io/instance": "string",
                          "app.kubernetes.io/managed-by": "string",
                          "app.kubernetes.io/name": "string",
                          "app.kubernetes.io/part-of": "string"
                        }
                      ],
                      "name": "string",
                      "namespace": "string"
                    }
                  ],
                  "spec": [
                    "object",
                    {
                      "cascadePolicy": "string",
                      "class": "string",
                      "componentRef": [
                        "tuple",
                        [
                          [
                            "object",
                            {
                              "name": "string",
                              "namespace": "string"
                            }
                          ],
                          [
                            "object",
                            {
                              "name": "string",
                              "namespace": "string"
                            }
                          ],
                          [
                            "object",
                            {
                              "name": "string",
                              "namespace": "string"
                            }
                          ],
                          [
                            "object",
                            {
                              "name": "string",
                              "namespace": "string"
                            }
                          ],
                          [
                            "object",
                            {
                              "name": "string",
                              "namespace": "string"
                            }
                          ],
                          [
                            "object",
                            {
                              "name": "string",
                              "namespace": "string"
                            }
                          ],
                          [
                            "object",
                            {
                              "name": "string",
                              "namespace": "string"
                            }
                          ],
                          [
                            "object",
                            {
                              "name": "string",
                              "namespace": "string"
                            }
                          ],
                          [
                            "object",
                            {
                              "name": "string",
                              "namespace": "string"
                            }
                          ],
                          [
                            "object",
                            {
                              "name": "string",
                              "namespace": "string"
                            }
                          ]
                        ]
                      ],
                      "controlRef": [
                        "object",
                        {
                          "code": "string",
                          "version": "string"
                        }
                      ]
                    }
                  ]
                }
              ]
            },
            "object": {
              "value": {
                "apiVersion": "argus.io/v1alpha1",
                "kind": "Assessment",
                "metadata": {
                  "annotations": null,
                  "creationTimestamp": null,
                  "deletionGracePeriodSeconds": null,
                  "deletionTimestamp": null,
                  "finalizers": null,
                  "generateName": null,
                  "generation": null,
                  "labels": {
                    "app.kubernetes.io/created-by": "operator",
                    "app.kubernetes.io/instance": "assessment-sample",
                    "app.kubernetes.io/managed-by": "kustomize",
                    "app.kubernetes.io/name": "assessment",
                    "app.kubernetes.io/part-of": "operator"
                  },
                  "managedFields": null,
                  "name": "req2-preventative",
                  "namespace": "default",
                  "ownerReferences": null,
                  "resourceVersion": null,
                  "selfLink": null,
                  "uid": null
                },
                "spec": {
                  "cascadePolicy": "None",
                  "class": "PreventativeControl",
                  "componentRef": [
                    {
                      "name": "rt-1",
                      "namespace": "default"
                    },
                    {
                      "name": "rt-2",
                      "namespace": "default"
                    },
                    {
                      "name": "rt-3",
                      "namespace": "default"
                    },
                    {
                      "name": "rt-4",
                      "namespace": "default"
                    },
                    {
                      "name": "rt-5",
                      "namespace": "default"
                    },
                    {
                      "name": "rt-6",
                      "namespace": "default"
                    },
                    {
                      "name": "rt-7",
                      "namespace": "default"
                    },
                    {
                      "name": "rt-8",
                      "namespace": "default"
                    },
                    {
                      "name": "rt-9",
                      "namespace": "default"
                    },
                    {
                      "name": "rt-10",
                      "namespace": "default"
                    }
                  ],
                  "controlRef": {
                    "code": "NET-REQ-02",
                    "version": "1.0.0"
                  }
                }
              },
              "type": [
                "object",
                {
                  "apiVersion": "string",
                  "kind": "string",
                  "metadata": [
                    "object",
                    {
                      "annotations": [
                        "map",
                        "string"
                      ],
                      "creationTimestamp": "string",
                      "deletionGracePeriodSeconds": "number",
                      "deletionTimestamp": "string",
                      "finalizers": [
                        "list",
                        "string"
                      ],
                      "generateName": "string",
                      "generation": "number",
                      "labels": [
                        "map",
                        "string"
                      ],
                      "managedFields": [
                        "tuple",
                        [
                          [
                            "object",
                            {
                              "apiVersion": "string",
                              "fieldsType": "string",
                              "fieldsV1": "dynamic",
                              "manager": "string",
                              "operation": "string",
                              "subresource": "string",
                              "time": "string"
                            }
                          ]
                        ]
                      ],
                      "name": "string",
                      "namespace": "string",
                      "ownerReferences": [
                        "list",
                        [
                          "object",
                          {
                            "apiVersion": "string",
                            "blockOwnerDeletion": "bool",
                            "controller": "bool",
                            "kind": "string",
                            "name": "string",
                            "uid": "string"
                          }
                        ]
                      ],
                      "resourceVersion": "string",
                      "selfLink": "string",
                      "uid": "string"
                    }
                  ],
                  "spec": [
                    "object",
                    {
                      "cascadePolicy": "string",
                      "class": "string",
                      "componentRef": [
                        "list",
                        [
                          "object",
                          {
                            "name": "string",
                            "namespace": "string"
                          }
                        ]
                      ],
                      "controlRef": [
                        "object",
                        {
                          "code": "string",
                          "version": "string"
                        }
                      ]
                    }
                  ]
                }
              ]
            },
            "timeouts": [],
            "wait": [],
            "wait_for": null
          },
          "sensitive_attributes": []
        },
        {
          "index_key": 2,
          "schema_version": 1,
          "attributes": {
            "computed_fields": null,
            "field_manager": [],
            "manifest": {
              "value": {
                "apiVersion": "argus.io/v1alpha1",
                "kind": "Assessment",
                "metadata": {
                  "labels": {
                    "app.kubernetes.io/created-by": "operator",
                    "app.kubernetes.io/instance": "assessment-sample",
                    "app.kubernetes.io/managed-by": "kustomize",
                    "app.kubernetes.io/name": "assessment",
                    "app.kubernetes.io/part-of": "operator"
                  },
                  "name": "req3-preventative",
                  "namespace": "default"
                },
                "spec": {
                  "cascadePolicy": "None",
                  "class": "PreventativeControl",
                  "componentRef": [
                    {
                      "name": "rt-1",
                      "namespace": "default"
                    },
                    {
                      "name": "rt-2",
                      "namespace": "default"
                    },
                    {
                      "name": "rt-3",
                      "namespace": "default"
                    },
                    {
                      "name": "rt-4",
                      "namespace": "default"
                    },
                    {
                      "name": "rt-5",
                      "namespace": "default"
                    },
                    {
                      "name": "rt-6",
                      "namespace": "default"
                    },
                    {
                      "name": "rt-7",
                      "namespace": "default"
                    },
                    {
                      "name": "rt-8",
                      "namespace": "default"
                    },
                    {
                      "name": "rt-9",
                      "namespace": "default"
                    },
                    {
                      "name": "rt-10",
                      "namespace": "default"
                    }
                  ],
                  "controlRef": {
                    "code": "NET-REQ-03",
                    "version": "1.0.0"
                  }
                }
              },
              "type": [
                "object",
                {
                  "apiVersion": "string",
                  "kind": "string",
                  "metadata": [
                    "object",
                    {
                      "labels": [
                        "object",
                        {
                          "app.kubernetes.io/created-by": "string",
                          "app.kubernetes.io/instance": "string",
                          "app.kubernetes.io/managed-by": "string",
                          "app.kubernetes.io/name": "string",
                          "app.kubernetes.io/part-of": "string"
                        }
                      ],
                      "name": "string",
                      "namespace": "string"
                    }
                  ],
                  "spec": [
                    "object",
                    {
                      "cascadePolicy": "string",
                      "class": "string",
                      "componentRef": [
                        "tuple",
                        [
                          [
                            "object",
                            {
                              "name": "string",
                              "namespace": "string"
                            }
                          ],
                          [
                            "object",
                            {
                              "name": "string",
                              "namespace": "string"
                            }
                          ],
                          [
                            "object",
                            {
                              "name": "string",
                              "namespace": "string"
                            }
                          ],
                          [
                            "object",
                            {
                              "name": "string",
                              "namespace": "string"
                            }
                          ],
                          [
                            "object",
                            {
                              "name": "string",
                              "namespace": "string"
                            }
                          ],
                          [
                            "object",
                            {
                              "name": "string",
                              "namespace": "string"
                            }
                          ],
                          [
                            "object",
                            {
                              "name": "string",
                              "namespace": "string"
                            }
                          ],
                          [
                            "object",
                            {
                              "name": "string",
                              "namespace": "string"
                            }
                          ],
                          [
                            "object",
                            {
                              "name": "string",
                              "namespace": "string"
                            }
                          ],
                          [
                            "object",
                            {
                              "name": "string",
                              "namespace": "string"
                            }
                          ]
                        ]
                      ],
                      "controlRef": [
                        "object",
                        {
                          "code": "string",
                          "version": "string"
                        }
                      ]
                    }
                  ]
                }
              ]
            },
            "object": {
              "value": {
                "apiVersion": "argus.io/v1alpha1",
                "kind": "Assessment",
                "metadata": {
                  "annotations": null,
                  "creationTimestamp": null,
                  "deletionGracePeriodSeconds": null,
                  "deletionTimestamp": null,
                  "finalizers": null,
                  "generateName": null,
                  "generation": null,
                  "labels": {
                    "app.kubernetes.io/created-by": "operator",
                    "app.kubernetes.io/instance": "assessment-sample",
                    "app.kubernetes.io/managed-by": "kustomize",
                    "app.kubernetes.io/name": "assessment",
                    "app.kubernetes.io/part-of": "operator"
                  },
                  "managedFields": null,
                  "name": "req3-preventative",
                  "namespace": "default",
                  "ownerReferences": null,
                  "resourceVersion": null,
                  "selfLink": null,
                  "uid": null
                },
                "spec": {
                  "cascadePolicy": "None",
                  "class": "PreventativeControl",
                  "componentRef": [
                    {
                      "name": "rt-1",
                      "namespace": "default"
                    },
                    {
                      "name": "rt-2",
                      "namespace": "default"
                    },
                    {
                      "name": "rt-3",
                      "namespace": "default"
                    },
                    {
                      "name": "rt-4",
                      "namespace": "default"
                    },
                    {
                      "name": "rt-5",
                      "namespace": "default"
                    },
                    {
                      "name": "rt-6",
                      "namespace": "default"
                    },
                    {
                      "name": "rt-7",
                      "namespace": "default"
                    },
                    {
                      "name": "rt-8",
                      "namespace": "default"
                    },
                    {
                      "name": "rt-9",
                      "namespace": "default"
                    },
                    {
                      "name": "rt-10",
                      "namespace": "default"
                    }
                  ],
                  "controlRef": {
                    "code": "NET-REQ-03",
                    "version": "1.0.0"
                  }
                }
              },
              "type": [
                "object",
                {
                  "apiVersion": "string",
                  "kind": "string",
                  "metadata": [
                    "object",
                    {
                      "annotations": [
                        "map",
                        "string"
                      ],
                      "creationTimestamp": "string",
                      "deletionGracePeriodSeconds": "number",
                      "deletionTimestamp": "string",
                      "finalizers": [
                        "list",
                        "string"
                      ],
                      "generateName": "string",
                      "generation": "number",
                      "labels": [
                        "map",
                        "string"
                      ],
                      "managedFields": [
                        "tuple",
                        [
                          [
                            "object",
                            {
                              "apiVersion": "string",
                              "fieldsType": "string",
                              "fieldsV1": "dynamic",
                              "manager": "string",
                              "operation": "string",
                              "subresource": "string",
                              "time": "string"
                            }
                          ]
                        ]
                      ],
                      "name": "string",
                      "namespace": "string",
                      "ownerReferences": [
                        "list",
                        [
                          "object",
                          {
                            "apiVersion": "string",
                            "blockOwnerDeletion": "bool",
                            "controller": "bool",
                            "kind": "string",
                            "name": "string",
                            "uid": "string"
                          }
                        ]
                      ],
                      "resourceVersion": "string",
                      "selfLink": "string",
                      "uid": "string"
                    }
                  ],
                  "spec": [
                    "object",
                    {
                      "cascadePolicy": "string",
                      "class": "string",
                      "componentRef": [
                        "list",
                        [
                          "object",
                          {
                            "name": "string",
                            "namespace": "string"
                          }
                        ]
                      ],
                      "controlRef": [
                        "object",
                        {
                          "code": "string",
                          "version": "string"
                        }
                      ]
                    }
                  ]
                }
              ]
            },
            "timeouts": [],
            "wait": [],
            "wait_for": null
          },
          "sensitive_attributes": []
        },
        {
          "index_key": 3,
          "schema_version": 1,
          "attributes": {
            "computed_fields": null,
            "field_manager": [],
            "manifest": {
              "value": {
                "apiVersion": "argus.io/v1alpha1",
                "kind": "Assessment",
                "metadata": {
                  "labels": {
                    "app.kubernetes.io/created-by": "operator",
                    "app.kubernetes.io/instance": "assessment-sample",
                    "app.kubernetes.io/managed-by": "kustomize",
                    "app.kubernetes.io/name": "assessment",
                    "app.kubernetes.io/part-of": "operator"
                  },
                  "name": "req4-preventative",
                  "namespace": "default"
                },
                "spec": {
                  "cascadePolicy": "None",
                  "class": "PreventativeControl",
                  "componentRef": [
                    {
                      "name": "rt-1",
                      "namespace": "default"
                    },
                    {
                      "name": "rt-2",
                      "namespace": "default"
                    },
                    {
                      "name": "rt-3",
                      "namespace": "default"
                    },
                    {
                      "name": "rt-4",
                      "namespace": "default"
                    },
                    {
                      "name": "rt-5",
                      "namespace": "default"
                    },
                    {
                      "name": "rt-6",
                      "namespace": "default"
                    },
                    {
                      "name": "rt-7",
                      "namespace": "default"
                    },
                    {
                      "name": "rt-8",
                      "namespace": "default"
                    },
                    {
                      "name": "rt-9",
                      "namespace": "default"
                    },
                    {
                      "name": "rt-10",
                      "namespace": "default"
                    }
                  ],
                  "controlRef": {
                    "code": "NET-REQ-04",
                    "version": "1.0.0"
                  }
                }
              },
              "type": [
                "object",
                {
                  "apiVersion": "string",
                  "kind": "string",
                  "metadata": [
                    "object",
                    {
                      "labels": [
                        "object",
                        {
                          "app.kubernetes.io/created-by": "string",
                          "app.kubernetes.io/instance": "string",
                          "app.kubernetes.io/managed-by": "string",
                          "app.kubernetes.io/name": "string",
                          "app.kubernetes.io/part-of": "string"
                        }
                      ],
                      "name": "string",
                      "namespace": "string"
                    }
                  ],
                  "spec": [
                    "object",
                    {
                      "cascadePolicy": "string",
                      "class": "string",
                      "componentRef": [
                        "tuple",
                        [
                          [
                            "object",
                            {
                              "name": "string",
                              "namespace": "string"
                            }
                          ],
                          [
                            "object",
                            {
                              "name": "string",
                              "namespace": "string"
                            }
                          ],
                          [
                            "object",
                            {
                              "name": "string",
                              "namespace": "string"
                            }
                          ],
                          [
                            "object",
                            {
                              "name": "string",
                              "namespace": "string"
                            }
                          ],
                          [
                            "object",
                            {
                              "name": "string",
                              "namespace": "string"
                            }
                          ],
                          [
                            "object",
                            {
                              "name": "string",
                              "namespace": "string"
                            }
                          ],
                          [
                            "object",
                            {
                              "name": "string",
                              "namespace": "string"
                            }
                          ],
                          [
                            "object",
                            {
                              "name": "string",
                              "namespace": "string"
                            }
                          ],
                          [
                            "object",
                            {
                              "name": "string",
                              "namespace": "string"
                            }
                          ],
                          [
                            "object",
                            {
                              "name": "string",
                              "namespace": "string"
                            }
                          ]
                        ]
                      ],
                      "controlRef": [
                        "object",
                        {
                          "code": "string",
                          "version": "string"
                        }
                      ]
                    }
                  ]
                }
              ]
            },
            "object": {
              "value": {
                "apiVersion": "argus.io/v1alpha1",
                "kind": "Assessment",
                "metadata": {
                  "annotations": null,
                  "creationTimestamp": null,
                  "deletionGracePeriodSeconds": null,
                  "deletionTimestamp": null,
                  "finalizers": null,
                  "generateName": null,
                  "generation": null,
                  "labels": {
                    "app.kubernetes.io/created-by": "operator",
                    "app.kubernetes.io/instance": "assessment-sample",
                    "app.kubernetes.io/managed-by": "kustomize",
                    "app.kubernetes.io/name": "assessment",
                    "app.kubernetes.io/part-of": "operator"
                  },
                  "managedFields": null,
                  "name": "req4-preventative",
                  "namespace": "default",
                  "ownerReferences": null,
                  "resourceVersion": null,
                  "selfLink": null,
                  "uid": null
                },
                "spec": {
                  "cascadePolicy": "None",
                  "class": "PreventativeControl",
                  "componentRef": [
                    {
                      "name": "rt-1",
                      "namespace": "default"
                    },
                    {
                      "name": "rt-2",
                      "namespace": "default"
                    },
                    {
                      "name": "rt-3",
                      "namespace": "default"
                    },
                    {
                      "name": "rt-4",
                      "namespace": "default"
                    },
                    {
                      "name": "rt-5",
                      "namespace": "default"
                    },
                    {
                      "name": "rt-6",
                      "namespace": "default"
                    },
                    {
                      "name": "rt-7",
                      "namespace": "default"
                    },
                    {
                      "name": "rt-8",
                      "namespace": "default"
                    },
                    {
                      "name": "rt-9",
                      "namespace": "default"
                    },
                    {
                      "name": "rt-10",
                      "namespace": "default"
                    }
                  ],
                  "controlRef": {
                    "code": "NET-REQ-04",
                    "version": "1.0.0"
                  }
                }
              },
              "type": [
                "object",
                {
                  "apiVersion": "string",
                  "kind": "string",
                  "metadata": [
                    "object",
                    {
                      "annotations": [
                        "map",
                        "string"
                      ],
                      "creationTimestamp": "string",
                      "deletionGracePeriodSeconds": "number",
                      "deletionTimestamp": "string",
                      "finalizers": [
                        "list",
                        "string"
                      ],
                      "generateName": "string",
                      "generation": "number",
                      "labels": [
                        "map",
                        "string"
                      ],
                      "managedFields": [
                        "tuple",
                        [
                          [
                            "object",
                            {
                              "apiVersion": "string",
                              "fieldsType": "string",
                              "fieldsV1": "dynamic",
                              "manager": "string",
                              "operation": "string",
                              "subresource": "string",
                              "time": "string"
                            }
                          ]
                        ]
                      ],
                      "name": "string",
                      "namespace": "string",
                      "ownerReferences": [
                        "list",
                        [
                          "object",
                          {
                            "apiVersion": "string",
                            "blockOwnerDeletion": "bool",
                            "controller": "bool",
                            "kind": "string",
                            "name": "string",
                            "uid": "string"
                          }
                        ]
                      ],
                      "resourceVersion": "string",
                      "selfLink": "string",
                      "uid": "string"
                    }
                  ],
                  "spec": [
                    "object",
                    {
                      "cascadePolicy": "string",
                      "class": "string",
                      "componentRef": [
                        "list",
                        [
                          "object",
                          {
                            "name": "string",
                            "namespace": "string"
                          }
                        ]
                      ],
                      "controlRef": [
                        "object",
                        {
                          "code": "string",
                          "version": "string"
                        }
                      ]
                    }
                  ]
                }
              ]
            },
            "timeouts": [],
            "wait": [],
            "wait_for": null
          },
          "sensitive_attributes": []
        },
        {
          "index_key": 4,
          "schema_version": 1,
          "attributes": {
            "computed_fields": null,
            "field_manager": [],
            "manifest": {
              "value": {
                "apiVersion": "argus.io/v1alpha1",
                "kind": "Assessment",
                "metadata": {
                  "labels": {
                    "app.kubernetes.io/created-by": "operator",
                    "app.kubernetes.io/instance": "assessment-sample",
                    "app.kubernetes.io/managed-by": "kustomize",
                    "app.kubernetes.io/name": "assessment",
                    "app.kubernetes.io/part-of": "operator"
                  },
                  "name": "req5-preventative",
                  "namespace": "default"
                },
                "spec": {
                  "cascadePolicy": "None",
                  "class": "PreventativeControl",
                  "componentRef": [
                    {
                      "name": "rt-1",
                      "namespace": "default"
                    },
                    {
                      "name": "rt-2",
                      "namespace": "default"
                    },
                    {
                      "name": "rt-3",
                      "namespace": "default"
                    },
                    {
                      "name": "rt-4",
                      "namespace": "default"
                    },
                    {
                      "name": "rt-5",
                      "namespace": "default"
                    },
                    {
                      "name": "rt-6",
                      "namespace": "default"
                    },
                    {
                      "name": "rt-7",
                      "namespace": "default"
                    },
                    {
                      "name": "rt-8",
                      "namespace": "default"
                    },
                    {
                      "name": "rt-9",
                      "namespace": "default"
                    },
                    {
                      "name": "rt-10",
                      "namespace": "default"
                    }
                  ],
                  "controlRef": {
                    "code": "NET-REQ-05",
                    "version": "1.0.0"
                  }
                }
              },
              "type": [
                "object",
                {
                  "apiVersion": "string",
                  "kind": "string",
                  "metadata": [
                    "object",
                    {
                      "labels": [
                        "object",
                        {
                          "app.kubernetes.io/created-by": "string",
                          "app.kubernetes.io/instance": "string",
                          "app.kubernetes.io/managed-by": "string",
                          "app.kubernetes.io/name": "string",
                          "app.kubernetes.io/part-of": "string"
                        }
                      ],
                      "name": "string",
                      "namespace": "string"
                    }
                  ],
                  "spec": [
                    "object",
                    {
                      "cascadePolicy": "string",
                      "class": "string",
                      "componentRef": [
                        "tuple",
                        [
                          [
                            "object",
                            {
                              "name": "string",
                              "namespace": "string"
                            }
                          ],
                          [
                            "object",
                            {
                              "name": "string",
                              "namespace": "string"
                            }
                          ],
                          [
                            "object",
                            {
                              "name": "string",
                              "namespace": "string"
                            }
                          ],
                          [
                            "object",
                            {
                              "name": "string",
                              "namespace": "string"
                            }
                          ],
                          [
                            "object",
                            {
                              "name": "string",
                              "namespace": "string"
                            }
                          ],
                          [
                            "object",
                            {
                              "name": "string",
                              "namespace": "string"
                            }
                          ],
                          [
                            "object",
                            {
                              "name": "string",
                              "namespace": "string"
                            }
                          ],
                          [
                            "object",
                            {
                              "name": "string",
                              "namespace": "string"
                            }
                          ],
                          [
                            "object",
                            {
                              "name": "string",
                              "namespace": "string"
                            }
                          ],
                          [
                            "object",
                            {
                              "name": "string",
                              "namespace": "string"
                            }
                          ]
                        ]
                      ],
                      "controlRef": [
                        "object",
                        {
                          "code": "string",
                          "version": "string"
                        }
                      ]
                    }
                  ]
                }
              ]
            },
            "object": {
              "value": {
                "apiVersion": "argus.io/v1alpha1",
                "kind": "Assessment",
                "metadata": {
                  "annotations": null,
                  "creationTimestamp": null,
                  "deletionGracePeriodSeconds": null,
                  "deletionTimestamp": null,
                  "finalizers": null,
                  "generateName": null,
                  "generation": null,
                  "labels": {
                    "app.kubernetes.io/created-by": "operator",
                    "app.kubernetes.io/instance": "assessment-sample",
                    "app.kubernetes.io/managed-by": "kustomize",
                    "app.kubernetes.io/name": "assessment",
                    "app.kubernetes.io/part-of": "operator"
                  },
                  "managedFields": null,
                  "name": "req5-preventative",
                  "namespace": "default",
                  "ownerReferences": null,
                  "resourceVersion": null,
                  "selfLink": null,
                  "uid": null
                },
                "spec": {
                  "cascadePolicy": "None",
                  "class": "PreventativeControl",
                  "componentRef": [
                    {
                      "name": "rt-1",
                      "namespace": "default"
                    },
                    {
                      "name": "rt-2",
                      "namespace": "default"
                    },
                    {
                      "name": "rt-3",
                      "namespace": "default"
                    },
                    {
                      "name": "rt-4",
                      "namespace": "default"
                    },
                    {
                      "name": "rt-5",
                      "namespace": "default"
                    },
                    {
                      "name": "rt-6",
                      "namespace": "default"
                    },
                    {
                      "name": "rt-7",
                      "namespace": "default"
                    },
                    {
                      "name": "rt-8",
                      "namespace": "default"
                    },
                    {
                      "name": "rt-9",
                      "namespace": "default"
                    },
                    {
                      "name": "rt-10",
                      "namespace": "default"
                    }
                  ],
                  "controlRef": {
                    "code": "NET-REQ-05",
                    "version": "1.0.0"
                  }
                }
              },
              "type": [
                "object",
                {
                  "apiVersion": "string",
                  "kind": "string",
                  "metadata": [
                    "object",
                    {
                      "annotations": [
                        "map",
                        "string"
                      ],
                      "creationTimestamp": "string",
                      "deletionGracePeriodSeconds": "number",
                      "deletionTimestamp": "string",
                      "finalizers": [
                        "list",
                        "string"
                      ],
                      "generateName": "string",
                      "generation": "number",
                      "labels": [
                        "map",
                        "string"
                      ],
                      "managedFields": [
                        "tuple",
                        [
                          [
                            "object",
                            {
                              "apiVersion": "string",
                              "fieldsType": "string",
                              "fieldsV1": "dynamic",
                              "manager": "string",
                              "operation": "string",
                              "subresource": "string",
                              "time": "string"
                            }
                          ]
                        ]
                      ],
                      "name": "string",
                      "namespace": "string",
                      "ownerReferences": [
                        "list",
                        [
                          "object",
                          {
                            "apiVersion": "string",
                            "blockOwnerDeletion": "bool",
                            "controller": "bool",
                            "kind": "string",
                            "name": "string",
                            "uid": "string"
                          }
                        ]
                      ],
                      "resourceVersion": "string",
                      "selfLink": "string",
                      "uid": "string"
                    }
                  ],
                  "spec": [
                    "object",
                    {
                      "cascadePolicy": "string",
                      "class": "string",
                      "componentRef": [
                        "list",
                        [
                          "object",
                          {
                            "name": "string",
                            "namespace": "string"
                          }
                        ]
                      ],
                      "controlRef": [
                        "object",
                        {
                          "code": "string",
                          "version": "string"
                        }
                      ]
                    }
                  ]
                }
              ]
            },
            "timeouts": [],
            "wait": [],
            "wait_for": null
          },
          "sensitive_attributes": []
        },
        {
          "index_key": 5,
          "schema_version": 1,
          "attributes": {
            "computed_fields": null,
            "field_manager": [],
            "manifest": {
              "value": {
                "apiVersion": "argus.io/v1alpha1",
                "kind": "Assessment",
                "metadata": {
                  "labels": {
                    "app.kubernetes.io/created-by": "operator",
                    "app.kubernetes.io/instance": "assessment-sample",
                    "app.kubernetes.io/managed-by": "kustomize",
                    "app.kubernetes.io/name": "assessment",
                    "app.kubernetes.io/part-of": "operator"
                  },
                  "name": "req6-preventative",
                  "namespace": "default"
                },
                "spec": {
                  "cascadePolicy": "None",
                  "class": "PreventativeControl",
                  "componentRef": [
                    {
                      "name": "rt-1",
                      "namespace": "default"
                    },
                    {
                      "name": "rt-2",
                      "namespace": "default"
                    },
                    {
                      "name": "rt-3",
                      "namespace": "default"
                    },
                    {
                      "name": "rt-4",
                      "namespace": "default"
                    },
                    {
                      "name": "rt-5",
                      "namespace": "default"
                    },
                    {
                      "name": "rt-6",
                      "namespace": "default"
                    },
                    {
                      "name": "rt-7",
                      "namespace": "default"
                    },
                    {
                      "name": "rt-8",
                      "namespace": "default"
                    },
                    {
                      "name": "rt-9",
                      "namespace": "default"
                    },
                    {
                      "name": "rt-10",
                      "namespace": "default"
                    }
                  ],
                  "controlRef": {
                    "code": "NET-REQ-06",
                    "version": "1.0.0"
                  }
                }
              },
              "type": [
                "object",
                {
                  "apiVersion": "string",
                  "kind": "string",
                  "metadata": [
                    "object",
                    {
                      "labels": [
                        "object",
                        {
                          "app.kubernetes.io/created-by": "string",
                          "app.kubernetes.io/instance": "string",
                          "app.kubernetes.io/managed-by": "string",
                          "app.kubernetes.io/name": "string",
                          "app.kubernetes.io/part-of": "string"
                        }
                      ],
                      "name": "string",
                      "namespace": "string"
                    }
                  ],
                  "spec": [
                    "object",
                    {
                      "cascadePolicy": "string",
                      "class": "string",
                      "componentRef": [
                        "tuple",
                        [
                          [
                            "object",
                            {
                              "name": "string",
                              "namespace": "string"
                            }
                          ],
                          [
                            "object",
                            {
                              "name": "string",
                              "namespace": "string"
                            }
                          ],
                          [
                            "object",
                            {
                              "name": "string",
                              "namespace": "string"
                            }
                          ],
                          [
                            "object",
                            {
                              "name": "string",
                              "namespace": "string"
                            }
                          ],
                          [
                            "object",
                            {
                              "name": "string",
                              "namespace": "string"
                            }
                          ],
                          [
                            "object",
                            {
                              "name": "string",
                              "namespace": "string"
                            }
                          ],
                          [
                            "object",
                            {
                              "name": "string",
                              "namespace": "string"
                            }
                          ],
                          [
                            "object",
                            {
                              "name": "string",
                              "namespace": "string"
                            }
                          ],
                          [
                            "object",
                            {
                              "name": "string",
                              "namespace": "string"
                            }
                          ],
                          [
                            "object",
                            {
                              "name": "string",
                              "namespace": "string"
                            }
                          ]
                        ]
                      ],
                      "controlRef": [
                        "object",
                        {
                          "code": "string",
                          "version": "string"
                        }
                      ]
                    }
                  ]
                }
              ]
            },
            "object": {
              "value": {
                "apiVersion": "argus.io/v1alpha1",
                "kind": "Assessment",
                "metadata": {
                  "annotations": null,
                  "creationTimestamp": null,
                  "deletionGracePeriodSeconds": null,
                  "deletionTimestamp": null,
                  "finalizers": null,
                  "generateName": null,
                  "generation": null,
                  "labels": {
                    "app.kubernetes.io/created-by": "operator",
                    "app.kubernetes.io/instance": "assessment-sample",
                    "app.kubernetes.io/managed-by": "kustomize",
                    "app.kubernetes.io/name": "assessment",
                    "app.kubernetes.io/part-of": "operator"
                  },
                  "managedFields": null,
                  "name": "req6-preventative",
                  "namespace": "default",
                  "ownerReferences": null,
                  "resourceVersion": null,
                  "selfLink": null,
                  "uid": null
                },
                "spec": {
                  "cascadePolicy": "None",
                  "class": "PreventativeControl",
                  "componentRef": [
                    {
                      "name": "rt-1",
                      "namespace": "default"
                    },
                    {
                      "name": "rt-2",
                      "namespace": "default"
                    },
                    {
                      "name": "rt-3",
                      "namespace": "default"
                    },
                    {
                      "name": "rt-4",
                      "namespace": "default"
                    },
                    {
                      "name": "rt-5",
                      "namespace": "default"
                    },
                    {
                      "name": "rt-6",
                      "namespace": "default"
                    },
                    {
                      "name": "rt-7",
                      "namespace": "default"
                    },
                    {
                      "name": "rt-8",
                      "namespace": "default"
                    },
                    {
                      "name": "rt-9",
                      "namespace": "default"
                    },
                    {
                      "name": "rt-10",
                      "namespace": "default"
                    }
                  ],
                  "controlRef": {
                    "code": "NET-REQ-06",
                    "version": "1.0.0"
                  }
                }
              },
              "type": [
                "object",
                {
                  "apiVersion": "string",
                  "kind": "string",
                  "metadata": [
                    "object",
                    {
                      "annotations": [
                        "map",
                        "string"
                      ],
                      "creationTimestamp": "string",
                      "deletionGracePeriodSeconds": "number",
                      "deletionTimestamp": "string",
                      "finalizers": [
                        "list",
                        "string"
                      ],
                      "generateName": "string",
                      "generation": "number",
                      "labels": [
                        "map",
                        "string"
                      ],
                      "managedFields": [
                        "tuple",
                        [
                          [
                            "object",
                            {
                              "apiVersion": "string",
                              "fieldsType": "string",
                              "fieldsV1": "dynamic",
                              "manager": "string",
                              "operation": "string",
                              "subresource": "string",
                              "time": "string"
                            }
                          ]
                        ]
                      ],
                      "name": "string",
                      "namespace": "string",
                      "ownerReferences": [
                        "list",
                        [
                          "object",
                          {
                            "apiVersion": "string",
                            "blockOwnerDeletion": "bool",
                            "controller": "bool",
                            "kind": "string",
                            "name": "string",
                            "uid": "string"
                          }
                        ]
                      ],
                      "resourceVersion": "string",
                      "selfLink": "string",
                      "uid": "string"
                    }
                  ],
                  "spec": [
                    "object",
                    {
                      "cascadePolicy": "string",
                      "class": "string",
                      "componentRef": [
                        "list",
                        [
                          "object",
                          {
                            "name": "string",
                            "namespace": "string"
                          }
                        ]
                      ],
                      "controlRef": [
                        "object",
                        {
                          "code": "string",
                          "version": "string"
                        }
                      ]
                    }
                  ]
                }
              ]
            },
            "timeouts": [],
            "wait": [],
            "wait_for": null
          },
          "sensitive_attributes": []
        },
        {
          "index_key": 6,
          "schema_version": 1,
          "attributes": {
            "computed_fields": null,
            "field_manager": [],
            "manifest": {
              "value": {
                "apiVersion": "argus.io/v1alpha1",
                "kind": "Assessment",
                "metadata": {
                  "labels": {
                    "app.kubernetes.io/created-by": "operator",
                    "app.kubernetes.io/instance": "assessment-sample",
                    "app.kubernetes.io/managed-by": "kustomize",
                    "app.kubernetes.io/name": "assessment",
                    "app.kubernetes.io/part-of": "operator"
                  },
                  "name": "req7-preventative",
                  "namespace": "default"
                },
                "spec": {
                  "cascadePolicy": "None",
                  "class": "PreventativeControl",
                  "componentRef": [
                    {
                      "name": "rt-1",
                      "namespace": "default"
                    },
                    {
                      "name": "rt-2",
                      "namespace": "default"
                    },
                    {
                      "name": "rt-3",
                      "namespace": "default"
                    },
                    {
                      "name": "rt-4",
                      "namespace": "default"
                    },
                    {
                      "name": "rt-5",
                      "namespace": "default"
                    },
                    {
                      "name": "rt-6",
                      "namespace": "default"
                    },
                    {
                      "name": "rt-7",
                      "namespace": "default"
                    },
                    {
                      "name": "rt-8",
                      "namespace": "default"
                    },
                    {
                      "name": "rt-9",
                      "namespace": "default"
                    },
                    {
                      "name": "rt-10",
                      "namespace": "default"
                    }
                  ],
                  "controlRef": {
                    "code": "NET-REQ-07",
                    "version": "1.0.0"
                  }
                }
              },
              "type": [
                "object",
                {
                  "apiVersion": "string",
                  "kind": "string",
                  "metadata": [
                    "object",
                    {
                      "labels": [
                        "object",
                        {
                          "app.kubernetes.io/created-by": "string",
                          "app.kubernetes.io/instance": "string",
                          "app.kubernetes.io/managed-by": "string",
                          "app.kubernetes.io/name": "string",
                          "app.kubernetes.io/part-of": "string"
                        }
                      ],
                      "name": "string",
                      "namespace": "string"
                    }
                  ],
                  "spec": [
                    "object",
                    {
                      "cascadePolicy": "string",
                      "class": "string",
                      "componentRef": [
                        "tuple",
                        [
                          [
                            "object",
                            {
                              "name": "string",
                              "namespace": "string"
                            }
                          ],
                          [
                            "object",
                            {
                              "name": "string",
                              "namespace": "string"
                            }
                          ],
                          [
                            "object",
                            {
                              "name": "string",
                              "namespace": "string"
                            }
                          ],
                          [
                            "object",
                            {
                              "name": "string",
                              "namespace": "string"
                            }
                          ],
                          [
                            "object",
                            {
                              "name": "string",
                              "namespace": "string"
                            }
                          ],
                          [
                            "object",
                            {
                              "name": "string",
                              "namespace": "string"
                            }
                          ],
                          [
                            "object",
                            {
                              "name": "string",
                              "namespace": "string"
                            }
                          ],
                          [
                            "object",
                            {
                              "name": "string",
                              "namespace": "string"
                            }
                          ],
                          [
                            "object",
                            {
                              "name": "string",
                              "namespace": "string"
                            }
                          ],
                          [
                            "object",
                            {
                              "name": "string",
                              "namespace": "string"
                            }
                          ]
                        ]
                      ],
                      "controlRef": [
                        "object",
                        {
                          "code": "string",
                          "version": "string"
                        }
                      ]
                    }
                  ]
                }
              ]
            },
            "object": {
              "value": {
                "apiVersion": "argus.io/v1alpha1",
                "kind": "Assessment",
                "metadata": {
                  "annotations": null,
                  "creationTimestamp": null,
                  "deletionGracePeriodSeconds": null,
                  "deletionTimestamp": null,
                  "finalizers": null,
                  "generateName": null,
                  "generation": null,
                  "labels": {
                    "app.kubernetes.io/created-by": "operator",
                    "app.kubernetes.io/instance": "assessment-sample",
                    "app.kubernetes.io/managed-by": "kustomize",
                    "app.kubernetes.io/name": "assessment",
                    "app.kubernetes.io/part-of": "operator"
                  },
                  "managedFields": null,
                  "name": "req7-preventative",
                  "namespace": "default",
                  "ownerReferences": null,
                  "resourceVersion": null,
                  "selfLink": null,
                  "uid": null
                },
                "spec": {
                  "cascadePolicy": "None",
                  "class": "PreventativeControl",
                  "componentRef": [
                    {
                      "name": "rt-1",
                      "namespace": "default"
                    },
                    {
                      "name": "rt-2",
                      "namespace": "default"
                    },
                    {
                      "name": "rt-3",
                      "namespace": "default"
                    },
                    {
                      "name": "rt-4",
                      "namespace": "default"
                    },
                    {
                      "name": "rt-5",
                      "namespace": "default"
                    },
                    {
                      "name": "rt-6",
                      "namespace": "default"
                    },
                    {
                      "name": "rt-7",
                      "namespace": "default"
                    },
                    {
                      "name": "rt-8",
                      "namespace": "default"
                    },
                    {
                      "name": "rt-9",
                      "namespace": "default"
                    },
                    {
                      "name": "rt-10",
                      "namespace": "default"
                    }
                  ],
                  "controlRef": {
                    "code": "NET-REQ-07",
                    "version": "1.0.0"
                  }
                }
              },
              "type": [
                "object",
                {
                  "apiVersion": "string",
                  "kind": "string",
                  "metadata": [
                    "object",
                    {
                      "annotations": [
                        "map",
                        "string"
                      ],
                      "creationTimestamp": "string",
                      "deletionGracePeriodSeconds": "number",
                      "deletionTimestamp": "string",
                      "finalizers": [
                        "list",
                        "string"
                      ],
                      "generateName": "string",
                      "generation": "number",
                      "labels": [
                        "map",
                        "string"
                      ],
                      "managedFields": [
                        "tuple",
                        [
                          [
                            "object",
                            {
                              "apiVersion": "string",
                              "fieldsType": "string",
                              "fieldsV1": "dynamic",
                              "manager": "string",
                              "operation": "string",
                              "subresource": "string",
                              "time": "string"
                            }
                          ]
                        ]
                      ],
                      "name": "string",
                      "namespace": "string",
                      "ownerReferences": [
                        "list",
                        [
                          "object",
                          {
                            "apiVersion": "string",
                            "blockOwnerDeletion": "bool",
                            "controller": "bool",
                            "kind": "string",
                            "name": "string",
                            "uid": "string"
                          }
                        ]
                      ],
                      "resourceVersion": "string",
                      "selfLink": "string",
                      "uid": "string"
                    }
                  ],
                  "spec": [
                    "object",
                    {
                      "cascadePolicy": "string",
                      "class": "string",
                      "componentRef": [
                        "list",
                        [
                          "object",
                          {
                            "name": "string",
                            "namespace": "string"
                          }
                        ]
                      ],
                      "controlRef": [
                        "object",
                        {
                          "code": "string",
                          "version": "string"
                        }
                      ]
                    }
                  ]
                }
              ]
            },
            "timeouts": [],
            "wait": [],
            "wait_for": null
          },
          "sensitive_attributes": []
        },
        {
          "index_key": 7,
          "schema_version": 1,
          "attributes": {
            "computed_fields": null,
            "field_manager": [],
            "manifest": {
              "value": {
                "apiVersion": "argus.io/v1alpha1",
                "kind": "Assessment",
                "metadata": {
                  "labels": {
                    "app.kubernetes.io/created-by": "operator",
                    "app.kubernetes.io/instance": "assessment-sample",
                    "app.kubernetes.io/managed-by": "kustomize",
                    "app.kubernetes.io/name": "assessment",
                    "app.kubernetes.io/part-of": "operator"
                  },
                  "name": "req8-preventative",
                  "namespace": "default"
                },
                "spec": {
                  "cascadePolicy": "None",
                  "class": "PreventativeControl",
                  "componentRef": [
                    {
                      "name": "rt-1",
                      "namespace": "default"
                    },
                    {
                      "name": "rt-2",
                      "namespace": "default"
                    },
                    {
                      "name": "rt-3",
                      "namespace": "default"
                    },
                    {
                      "name": "rt-4",
                      "namespace": "default"
                    },
                    {
                      "name": "rt-5",
                      "namespace": "default"
                    },
                    {
                      "name": "rt-6",
                      "namespace": "default"
                    },
                    {
                      "name": "rt-7",
                      "namespace": "default"
                    },
                    {
                      "name": "rt-8",
                      "namespace": "default"
                    },
                    {
                      "name": "rt-9",
                      "namespace": "default"
                    },
                    {
                      "name": "rt-10",
                      "namespace": "default"
                    }
                  ],
                  "controlRef": {
                    "code": "NET-REQ-08",
                    "version": "1.0.0"
                  }
                }
              },
              "type": [
                "object",
                {
                  "apiVersion": "string",
                  "kind": "string",
                  "metadata": [
                    "object",
                    {
                      "labels": [
                        "object",
                        {
                          "app.kubernetes.io/created-by": "string",
                          "app.kubernetes.io/instance": "string",
                          "app.kubernetes.io/managed-by": "string",
                          "app.kubernetes.io/name": "string",
                          "app.kubernetes.io/part-of": "string"
                        }
                      ],
                      "name": "string",
                      "namespace": "string"
                    }
                  ],
                  "spec": [
                    "object",
                    {
                      "cascadePolicy": "string",
                      "class": "string",
                      "componentRef": [
                        "tuple",
                        [
                          [
                            "object",
                            {
                              "name": "string",
                              "namespace": "string"
                            }
                          ],
                          [
                            "object",
                            {
                              "name": "string",
                              "namespace": "string"
                            }
                          ],
                          [
                            "object",
                            {
                              "name": "string",
                              "namespace": "string"
                            }
                          ],
                          [
                            "object",
                            {
                              "name": "string",
                              "namespace": "string"
                            }
                          ],
                          [
                            "object",
                            {
                              "name": "string",
                              "namespace": "string"
                            }
                          ],
                          [
                            "object",
                            {
                              "name": "string",
                              "namespace": "string"
                            }
                          ],
                          [
                            "object",
                            {
                              "name": "string",
                              "namespace": "string"
                            }
                          ],
                          [
                            "object",
                            {
                              "name": "string",
                              "namespace": "string"
                            }
                          ],
                          [
                            "object",
                            {
                              "name": "string",
                              "namespace": "string"
                            }
                          ],
                          [
                            "object",
                            {
                              "name": "string",
                              "namespace": "string"
                            }
                          ]
                        ]
                      ],
                      "controlRef": [
                        "object",
                        {
                          "code": "string",
                          "version": "string"
                        }
                      ]
                    }
                  ]
                }
              ]
            },
            "object": {
              "value": {
                "apiVersion": "argus.io/v1alpha1",
                "kind": "Assessment",
                "metadata": {
                  "annotations": null,
                  "creationTimestamp": null,
                  "deletionGracePeriodSeconds": null,
                  "deletionTimestamp": null,
                  "finalizers": null,
                  "generateName": null,
                  "generation": null,
                  "labels": {
                    "app.kubernetes.io/created-by": "operator",
                    "app.kubernetes.io/instance": "assessment-sample",
                    "app.kubernetes.io/managed-by": "kustomize",
                    "app.kubernetes.io/name": "assessment",
                    "app.kubernetes.io/part-of": "operator"
                  },
                  "managedFields": null,
                  "name": "req8-preventative",
                  "namespace": "default",
                  "ownerReferences": null,
                  "resourceVersion": null,
                  "selfLink": null,
                  "uid": null
                },
                "spec": {
                  "cascadePolicy": "None",
                  "class": "PreventativeControl",
                  "componentRef": [
                    {
                      "name": "rt-1",
                      "namespace": "default"
                    },
                    {
                      "name": "rt-2",
                      "namespace": "default"
                    },
                    {
                      "name": "rt-3",
                      "namespace": "default"
                    },
                    {
                      "name": "rt-4",
                      "namespace": "default"
                    },
                    {
                      "name": "rt-5",
                      "namespace": "default"
                    },
                    {
                      "name": "rt-6",
                      "namespace": "default"
                    },
                    {
                      "name": "rt-7",
                      "namespace": "default"
                    },
                    {
                      "name": "rt-8",
                      "namespace": "default"
                    },
                    {
                      "name": "rt-9",
                      "namespace": "default"
                    },
                    {
                      "name": "rt-10",
                      "namespace": "default"
                    }
                  ],
                  "controlRef": {
                    "code": "NET-REQ-08",
                    "version": "1.0.0"
                  }
                }
              },
              "type": [
                "object",
                {
                  "apiVersion": "string",
                  "kind": "string",
                  "metadata": [
                    "object",
                    {
                      "annotations": [
                        "map",
                        "string"
                      ],
                      "creationTimestamp": "string",
                      "deletionGracePeriodSeconds": "number",
                      "deletionTimestamp": "string",
                      "finalizers": [
                        "list",
                        "string"
                      ],
                      "generateName": "string",
                      "generation": "number",
                      "labels": [
                        "map",
                        "string"
                      ],
                      "managedFields": [
                        "tuple",
                        [
                          [
                            "object",
                            {
                              "apiVersion": "string",
                              "fieldsType": "string",
                              "fieldsV1": "dynamic",
                              "manager": "string",
                              "operation": "string",
                              "subresource": "string",
                              "time": "string"
                            }
                          ]
                        ]
                      ],
                      "name": "string",
                      "namespace": "string",
                      "ownerReferences": [
                        "list",
                        [
                          "object",
                          {
                            "apiVersion": "string",
                            "blockOwnerDeletion": "bool",
                            "controller": "bool",
                            "kind": "string",
                            "name": "string",
                            "uid": "string"
                          }
                        ]
                      ],
                      "resourceVersion": "string",
                      "selfLink": "string",
                      "uid": "string"
                    }
                  ],
                  "spec": [
                    "object",
                    {
                      "cascadePolicy": "string",
                      "class": "string",
                      "componentRef": [
                        "list",
                        [
                          "object",
                          {
                            "name": "string",
                            "namespace": "string"
                          }
                        ]
                      ],
                      "controlRef": [
                        "object",
                        {
                          "code": "string",
                          "version": "string"
                        }
                      ]
                    }
                  ]
                }
              ]
            },
            "timeouts": [],
            "wait": [],
            "wait_for": null
          },
          "sensitive_attributes": []
        }
      ]
    },
    {
      "mode": "managed",
      "type": "kubernetes_manifest",
      "name": "random_provider",
      "provider": "provider[\"registry.terraform.io/hashicorp/kubernetes\"]",
      "instances": [
        {
          "schema_version": 1,
          "attributes": {
            "computed_fields": null,
            "field_manager": [],
            "manifest": {
              "value": {
                "apiVersion": "argus.io/v1alpha1",
                "kind": "AttestationProvider",
                "metadata": {
                  "labels": {
                    "app.kubernetes.io/created-by": "operator",
                    "app.kubernetes.io/instance": "attestationprovider-sample",
                    "app.kubernetes.io/managed-by": "kustomize",
                    "app.kubernetes.io/name": "attestationprovider",
                    "app.kubernetes.io/part-of": "operator"
                  },
                  "name": "random",
                  "namespace": "default"
                },
                "spec": {
                  "providerConfig": {
                    "regenerate": "5m"
                  },
                  "type": "random"
                }
              },
              "type": [
                "object",
                {
                  "apiVersion": "string",
                  "kind": "string",
                  "metadata": [
                    "object",
                    {
                      "labels": [
                        "object",
                        {
                          "app.kubernetes.io/created-by": "string",
                          "app.kubernetes.io/instance": "string",
                          "app.kubernetes.io/managed-by": "string",
                          "app.kubernetes.io/name": "string",
                          "app.kubernetes.io/part-of": "string"
                        }
                      ],
                      "name": "string",
                      "namespace": "string"
                    }
                  ],
                  "spec": [
                    "object",
                    {
                      "providerConfig": [
                        "object",
                        {
                          "regenerate": "string"
                        }
                      ],
                      "type": "string"
                    }
                  ]
                }
              ]
            },
            "object": {
              "value": {
                "apiVersion": "argus.io/v1alpha1",
                "kind": "AttestationProvider",
                "metadata": {
                  "annotations": null,
                  "creationTimestamp": null,
                  "deletionGracePeriodSeconds": null,
                  "deletionTimestamp": null,
                  "finalizers": null,
                  "generateName": null,
                  "generation": null,
                  "labels": {
                    "app.kubernetes.io/created-by": "operator",
                    "app.kubernetes.io/instance": "attestationprovider-sample",
                    "app.kubernetes.io/managed-by": "kustomize",
                    "app.kubernetes.io/name": "attestationprovider",
                    "app.kubernetes.io/part-of": "operator"
                  },
                  "managedFields": null,
                  "name": "random",
                  "namespace": "default",
                  "ownerReferences": null,
                  "resourceVersion": null,
                  "selfLink": null,
                  "uid": null
                },
                "spec": {
                  "providerConfig": {
                    "regenerate": "5m"
                  },
                  "type": "random"
                }
              },
              "type": [
                "object",
                {
                  "apiVersion": "string",
                  "kind": "string",
                  "metadata": [
                    "object",
                    {
                      "annotations": [
                        "map",
                        "string"
                      ],
                      "creationTimestamp": "string",
                      "deletionGracePeriodSeconds": "number",
                      "deletionTimestamp": "string",
                      "finalizers": [
                        "list",
                        "string"
                      ],
                      "generateName": "string",
                      "generation": "number",
                      "labels": [
                        "map",
                        "string"
                      ],
                      "managedFields": [
                        "tuple",
                        [
                          [
                            "object",
                            {
                              "apiVersion": "string",
                              "fieldsType": "string",
                              "fieldsV1": "dynamic",
                              "manager": "string",
                              "operation": "string",
                              "subresource": "string",
                              "time": "string"
                            }
                          ]
                        ]
                      ],
                      "name": "string",
                      "namespace": "string",
                      "ownerReferences": [
                        "list",
                        [
                          "object",
                          {
                            "apiVersion": "string",
                            "blockOwnerDeletion": "bool",
                            "controller": "bool",
                            "kind": "string",
                            "name": "string",
                            "uid": "string"
                          }
                        ]
                      ],
                      "resourceVersion": "string",
                      "selfLink": "string",
                      "uid": "string"
                    }
                  ],
                  "spec": [
                    "object",
                    {
                      "providerConfig": [
                        "map",
                        "string"
                      ],
                      "type": "string"
                    }
                  ]
                }
              ]
            },
            "timeouts": [],
            "wait": [],
            "wait_for": null
          },
          "sensitive_attributes": []
        }
      ]
    },
    {
      "mode": "managed",
      "type": "kubernetes_manifest",
      "name": "reactive_control",
      "provider": "provider[\"registry.terraform.io/hashicorp/kubernetes\"]",
      "instances": [
        {
          "index_key": 0,
          "schema_version": 1,
          "attributes": {
            "computed_fields": null,
            "field_manager": [],
            "manifest": {
              "value": {
                "apiVersion": "argus.io/v1alpha1",
                "kind": "Assessment",
                "metadata": {
                  "labels": {
                    "app.kubernetes.io/created-by": "operator",
                    "app.kubernetes.io/instance": "assessment-sample",
                    "app.kubernetes.io/managed-by": "kustomize",
                    "app.kubernetes.io/name": "assessment",
                    "app.kubernetes.io/part-of": "operator"
                  },
                  "name": "req1-reactive",
                  "namespace": "default"
                },
                "spec": {
                  "cascadePolicy": "None",
                  "class": "ReactiveControl",
                  "componentRef": [
                    {
                      "name": "rt-1",
                      "namespace": "default"
                    },
                    {
                      "name": "rt-2",
                      "namespace": "default"
                    },
                    {
                      "name": "rt-3",
                      "namespace": "default"
                    },
                    {
                      "name": "rt-4",
                      "namespace": "default"
                    },
                    {
                      "name": "rt-5",
                      "namespace": "default"
                    },
                    {
                      "name": "rt-6",
                      "namespace": "default"
                    },
                    {
                      "name": "rt-7",
                      "namespace": "default"
                    },
                    {
                      "name": "rt-8",
                      "namespace": "default"
                    },
                    {
                      "name": "rt-9",
                      "namespace": "default"
                    },
                    {
                      "name": "rt-10",
                      "namespace": "default"
                    }
                  ],
                  "controlRef": {
                    "code": "NET-REQ-01",
                    "version": "1.0.0"
                  }
                }
              },
              "type": [
                "object",
                {
                  "apiVersion": "string",
                  "kind": "string",
                  "metadata": [
                    "object",
                    {
                      "labels": [
                        "object",
                        {
                          "app.kubernetes.io/created-by": "string",
                          "app.kubernetes.io/instance": "string",
                          "app.kubernetes.io/managed-by": "string",
                          "app.kubernetes.io/name": "string",
                          "app.kubernetes.io/part-of": "string"
                        }
                      ],
                      "name": "string",
                      "namespace": "string"
                    }
                  ],
                  "spec": [
                    "object",
                    {
                      "cascadePolicy": "string",
                      "class": "string",
                      "componentRef": [
                        "tuple",
                        [
                          [
                            "object",
                            {
                              "name": "string",
                              "namespace": "string"
                            }
                          ],
                          [
                            "object",
                            {
                              "name": "string",
                              "namespace": "string"
                            }
                          ],
                          [
                            "object",
                            {
                              "name": "string",
                              "namespace": "string"
                            }
                          ],
                          [
                            "object",
                            {
                              "name": "string",
                              "namespace": "string"
                            }
                          ],
                          [
                            "object",
                            {
                              "name": "string",
                              "namespace": "string"
                            }
                          ],
                          [
                            "object",
                            {
                              "name": "string",
                              "namespace": "string"
                            }
                          ],
                          [
                            "object",
                            {
                              "name": "string",
                              "namespace": "string"
                            }
                          ],
                          [
                            "object",
                            {
                              "name": "string",
                              "namespace": "string"
                            }
                          ],
                          [
                            "object",
                            {
                              "name": "string",
                              "namespace": "string"
                            }
                          ],
                          [
                            "object",
                            {
                              "name": "string",
                              "namespace": "string"
                            }
                          ]
                        ]
                      ],
                      "controlRef": [
                        "object",
                        {
                          "code": "string",
                          "version": "string"
                        }
                      ]
                    }
                  ]
                }
              ]
            },
            "object": {
              "value": {
                "apiVersion": "argus.io/v1alpha1",
                "kind": "Assessment",
                "metadata": {
                  "annotations": null,
                  "creationTimestamp": null,
                  "deletionGracePeriodSeconds": null,
                  "deletionTimestamp": null,
                  "finalizers": null,
                  "generateName": null,
                  "generation": null,
                  "labels": {
                    "app.kubernetes.io/created-by": "operator",
                    "app.kubernetes.io/instance": "assessment-sample",
                    "app.kubernetes.io/managed-by": "kustomize",
                    "app.kubernetes.io/name": "assessment",
                    "app.kubernetes.io/part-of": "operator"
                  },
                  "managedFields": null,
                  "name": "req1-reactive",
                  "namespace": "default",
                  "ownerReferences": null,
                  "resourceVersion": null,
                  "selfLink": null,
                  "uid": null
                },
                "spec": {
                  "cascadePolicy": "None",
                  "class": "ReactiveControl",
                  "componentRef": [
                    {
                      "name": "rt-1",
                      "namespace": "default"
                    },
                    {
                      "name": "rt-2",
                      "namespace": "default"
                    },
                    {
                      "name": "rt-3",
                      "namespace": "default"
                    },
                    {
                      "name": "rt-4",
                      "namespace": "default"
                    },
                    {
                      "name": "rt-5",
                      "namespace": "default"
                    },
                    {
                      "name": "rt-6",
                      "namespace": "default"
                    },
                    {
                      "name": "rt-7",
                      "namespace": "default"
                    },
                    {
                      "name": "rt-8",
                      "namespace": "default"
                    },
                    {
                      "name": "rt-9",
                      "namespace": "default"
                    },
                    {
                      "name": "rt-10",
                      "namespace": "default"
                    }
                  ],
                  "controlRef": {
                    "code": "NET-REQ-01",
                    "version": "1.0.0"
                  }
                }
              },
              "type": [
                "object",
                {
                  "apiVersion": "string",
                  "kind": "string",
                  "metadata": [
                    "object",
                    {
                      "annotations": [
                        "map",
                        "string"
                      ],
                      "creationTimestamp": "string",
                      "deletionGracePeriodSeconds": "number",
                      "deletionTimestamp": "string",
                      "finalizers": [
                        "list",
                        "string"
                      ],
                      "generateName": "string",
                      "generation": "number",
                      "labels": [
                        "map",
                        "string"
                      ],
                      "managedFields": [
                        "tuple",
                        [
                          [
                            "object",
                            {
                              "apiVersion": "string",
                              "fieldsType": "string",
                              "fieldsV1": "dynamic",
                              "manager": "string",
                              "operation": "string",
                              "subresource": "string",
                              "time": "string"
                            }
                          ]
                        ]
                      ],
                      "name": "string",
                      "namespace": "string",
                      "ownerReferences": [
                        "list",
                        [
                          "object",
                          {
                            "apiVersion": "string",
                            "blockOwnerDeletion": "bool",
                            "controller": "bool",
                            "kind": "string",
                            "name": "string",
                            "uid": "string"
                          }
                        ]
                      ],
                      "resourceVersion": "string",
                      "selfLink": "string",
                      "uid": "string"
                    }
                  ],
                  "spec": [
                    "object",
                    {
                      "cascadePolicy": "string",
                      "class": "string",
                      "componentRef": [
                        "list",
                        [
                          "object",
                          {
                            "name": "string",
                            "namespace": "string"
                          }
                        ]
                      ],
                      "controlRef": [
                        "object",
                        {
                          "code": "string",
                          "version": "string"
                        }
                      ]
                    }
                  ]
                }
              ]
            },
            "timeouts": [],
            "wait": [],
            "wait_for": null
          },
          "sensitive_attributes": []
        },
        {
          "index_key": 1,
          "schema_version": 1,
          "attributes": {
            "computed_fields": null,
            "field_manager": [],
            "manifest": {
              "value": {
                "apiVersion": "argus.io/v1alpha1",
                "kind": "Assessment",
                "metadata": {
                  "labels": {
                    "app.kubernetes.io/created-by": "operator",
                    "app.kubernetes.io/instance": "assessment-sample",
                    "app.kubernetes.io/managed-by": "kustomize",
                    "app.kubernetes.io/name": "assessment",
                    "app.kubernetes.io/part-of": "operator"
                  },
                  "name": "req2-reactive",
                  "namespace": "default"
                },
                "spec": {
                  "cascadePolicy": "None",
                  "class": "ReactiveControl",
                  "componentRef": [
                    {
                      "name": "rt-1",
                      "namespace": "default"
                    },
                    {
                      "name": "rt-2",
                      "namespace": "default"
                    },
                    {
                      "name": "rt-3",
                      "namespace": "default"
                    },
                    {
                      "name": "rt-4",
                      "namespace": "default"
                    },
                    {
                      "name": "rt-5",
                      "namespace": "default"
                    },
                    {
                      "name": "rt-6",
                      "namespace": "default"
                    },
                    {
                      "name": "rt-7",
                      "namespace": "default"
                    },
                    {
                      "name": "rt-8",
                      "namespace": "default"
                    },
                    {
                      "name": "rt-9",
                      "namespace": "default"
                    },
                    {
                      "name": "rt-10",
                      "namespace": "default"
                    }
                  ],
                  "controlRef": {
                    "code": "NET-REQ-02",
                    "version": "1.0.0"
                  }
                }
              },
              "type": [
                "object",
                {
                  "apiVersion": "string",
                  "kind": "string",
                  "metadata": [
                    "object",
                    {
                      "labels": [
                        "object",
                        {
                          "app.kubernetes.io/created-by": "string",
                          "app.kubernetes.io/instance": "string",
                          "app.kubernetes.io/managed-by": "string",
                          "app.kubernetes.io/name": "string",
                          "app.kubernetes.io/part-of": "string"
                        }
                      ],
                      "name": "string",
                      "namespace": "string"
                    }
                  ],
                  "spec": [
                    "object",
                    {
                      "cascadePolicy": "string",
                      "class": "string",
                      "componentRef": [
                        "tuple",
                        [
                          [
                            "object",
                            {
                              "name": "string",
                              "namespace": "string"
                            }
                          ],
                          [
                            "object",
                            {
                              "name": "string",
                              "namespace": "string"
                            }
                          ],
                          [
                            "object",
                            {
                              "name": "string",
                              "namespace": "string"
                            }
                          ],
                          [
                            "object",
                            {
                              "name": "string",
                              "namespace": "string"
                            }
                          ],
                          [
                            "object",
                            {
                              "name": "string",
                              "namespace": "string"
                            }
                          ],
                          [
                            "object",
                            {
                              "name": "string",
                              "namespace": "string"
                            }
                          ],
                          [
                            "object",
                            {
                              "name": "string",
                              "namespace": "string"
                            }
                          ],
                          [
                            "object",
                            {
                              "name": "string",
                              "namespace": "string"
                            }
                          ],
                          [
                            "object",
                            {
                              "name": "string",
                              "namespace": "string"
                            }
                          ],
                          [
                            "object",
                            {
                              "name": "string",
                              "namespace": "string"
                            }
                          ]
                        ]
                      ],
                      "controlRef": [
                        "object",
                        {
                          "code": "string",
                          "version": "string"
                        }
                      ]
                    }
                  ]
                }
              ]
            },
            "object": {
              "value": {
                "apiVersion": "argus.io/v1alpha1",
                "kind": "Assessment",
                "metadata": {
                  "annotations": null,
                  "creationTimestamp": null,
                  "deletionGracePeriodSeconds": null,
                  "deletionTimestamp": null,
                  "finalizers": null,
                  "generateName": null,
                  "generation": null,
                  "labels": {
                    "app.kubernetes.io/created-by": "operator",
                    "app.kubernetes.io/instance": "assessment-sample",
                    "app.kubernetes.io/managed-by": "kustomize",
                    "app.kubernetes.io/name": "assessment",
                    "app.kubernetes.io/part-of": "operator"
                  },
                  "managedFields": null,
                  "name": "req2-reactive",
                  "namespace": "default",
                  "ownerReferences": null,
                  "resourceVersion": null,
                  "selfLink": null,
                  "uid": null
                },
                "spec": {
                  "cascadePolicy": "None",
                  "class": "ReactiveControl",
                  "componentRef": [
                    {
                      "name": "rt-1",
                      "namespace": "default"
                    },
                    {
                      "name": "rt-2",
                      "namespace": "default"
                    },
                    {
                      "name": "rt-3",
                      "namespace": "default"
                    },
                    {
                      "name": "rt-4",
                      "namespace": "default"
                    },
                    {
                      "name": "rt-5",
                      "namespace": "default"
                    },
                    {
                      "name": "rt-6",
                      "namespace": "default"
                    },
                    {
                      "name": "rt-7",
                      "namespace": "default"
                    },
                    {
                      "name": "rt-8",
                      "namespace": "default"
                    },
                    {
                      "name": "rt-9",
                      "namespace": "default"
                    },
                    {
                      "name": "rt-10",
                      "namespace": "default"
                    }
                  ],
                  "controlRef": {
                    "code": "NET-REQ-02",
                    "version": "1.0.0"
                  }
                }
              },
              "type": [
                "object",
                {
                  "apiVersion": "string",
                  "kind": "string",
                  "metadata": [
                    "object",
                    {
                      "annotations": [
                        "map",
                        "string"
                      ],
                      "creationTimestamp": "string",
                      "deletionGracePeriodSeconds": "number",
                      "deletionTimestamp": "string",
                      "finalizers": [
                        "list",
                        "string"
                      ],
                      "generateName": "string",
                      "generation": "number",
                      "labels": [
                        "map",
                        "string"
                      ],
                      "managedFields": [
                        "tuple",
                        [
                          [
                            "object",
                            {
                              "apiVersion": "string",
                              "fieldsType": "string",
                              "fieldsV1": "dynamic",
                              "manager": "string",
                              "operation": "string",
                              "subresource": "string",
                              "time": "string"
                            }
                          ]
                        ]
                      ],
                      "name": "string",
                      "namespace": "string",
                      "ownerReferences": [
                        "list",
                        [
                          "object",
                          {
                            "apiVersion": "string",
                            "blockOwnerDeletion": "bool",
                            "controller": "bool",
                            "kind": "string",
                            "name": "string",
                            "uid": "string"
                          }
                        ]
                      ],
                      "resourceVersion": "string",
                      "selfLink": "string",
                      "uid": "string"
                    }
                  ],
                  "spec": [
                    "object",
                    {
                      "cascadePolicy": "string",
                      "class": "string",
                      "componentRef": [
                        "list",
                        [
                          "object",
                          {
                            "name": "string",
                            "namespace": "string"
                          }
                        ]
                      ],
                      "controlRef": [
                        "object",
                        {
                          "code": "string",
                          "version": "string"
                        }
                      ]
                    }
                  ]
                }
              ]
            },
            "timeouts": [],
            "wait": [],
            "wait_for": null
          },
          "sensitive_attributes": []
        },
        {
          "index_key": 2,
          "schema_version": 1,
          "attributes": {
            "computed_fields": null,
            "field_manager": [],
            "manifest": {
              "value": {
                "apiVersion": "argus.io/v1alpha1",
                "kind": "Assessment",
                "metadata": {
                  "labels": {
                    "app.kubernetes.io/created-by": "operator",
                    "app.kubernetes.io/instance": "assessment-sample",
                    "app.kubernetes.io/managed-by": "kustomize",
                    "app.kubernetes.io/name": "assessment",
                    "app.kubernetes.io/part-of": "operator"
                  },
                  "name": "req3-reactive",
                  "namespace": "default"
                },
                "spec": {
                  "cascadePolicy": "None",
                  "class": "ReactiveControl",
                  "componentRef": [
                    {
                      "name": "rt-1",
                      "namespace": "default"
                    },
                    {
                      "name": "rt-2",
                      "namespace": "default"
                    },
                    {
                      "name": "rt-3",
                      "namespace": "default"
                    },
                    {
                      "name": "rt-4",
                      "namespace": "default"
                    },
                    {
                      "name": "rt-5",
                      "namespace": "default"
                    },
                    {
                      "name": "rt-6",
                      "namespace": "default"
                    },
                    {
                      "name": "rt-7",
                      "namespace": "default"
                    },
                    {
                      "name": "rt-8",
                      "namespace": "default"
                    },
                    {
                      "name": "rt-9",
                      "namespace": "default"
                    },
                    {
                      "name": "rt-10",
                      "namespace": "default"
                    }
                  ],
                  "controlRef": {
                    "code": "NET-REQ-03",
                    "version": "1.0.0"
                  }
                }
              },
              "type": [
                "object",
                {
                  "apiVersion": "string",
                  "kind": "string",
                  "metadata": [
                    "object",
                    {
                      "labels": [
                        "object",
                        {
                          "app.kubernetes.io/created-by": "string",
                          "app.kubernetes.io/instance": "string",
                          "app.kubernetes.io/managed-by": "string",
                          "app.kubernetes.io/name": "string",
                          "app.kubernetes.io/part-of": "string"
                        }
                      ],
                      "name": "string",
                      "namespace": "string"
                    }
                  ],
                  "spec": [
                    "object",
                    {
                      "cascadePolicy": "string",
                      "class": "string",
                      "componentRef": [
                        "tuple",
                        [
                          [
                            "object",
                            {
                              "name": "string",
                              "namespace": "string"
                            }
                          ],
                          [
                            "object",
                            {
                              "name": "string",
                              "namespace": "string"
                            }
                          ],
                          [
                            "object",
                            {
                              "name": "string",
                              "namespace": "string"
                            }
                          ],
                          [
                            "object",
                            {
                              "name": "string",
                              "namespace": "string"
                            }
                          ],
                          [
                            "object",
                            {
                              "name": "string",
                              "namespace": "string"
                            }
                          ],
                          [
                            "object",
                            {
                              "name": "string",
                              "namespace": "string"
                            }
                          ],
                          [
                            "object",
                            {
                              "name": "string",
                              "namespace": "string"
                            }
                          ],
                          [
                            "object",
                            {
                              "name": "string",
                              "namespace": "string"
                            }
                          ],
                          [
                            "object",
                            {
                              "name": "string",
                              "namespace": "string"
                            }
                          ],
                          [
                            "object",
                            {
                              "name": "string",
                              "namespace": "string"
                            }
                          ]
                        ]
                      ],
                      "controlRef": [
                        "object",
                        {
                          "code": "string",
                          "version": "string"
                        }
                      ]
                    }
                  ]
                }
              ]
            },
            "object": {
              "value": {
                "apiVersion": "argus.io/v1alpha1",
                "kind": "Assessment",
                "metadata": {
                  "annotations": null,
                  "creationTimestamp": null,
                  "deletionGracePeriodSeconds": null,
                  "deletionTimestamp": null,
                  "finalizers": null,
                  "generateName": null,
                  "generation": null,
                  "labels": {
                    "app.kubernetes.io/created-by": "operator",
                    "app.kubernetes.io/instance": "assessment-sample",
                    "app.kubernetes.io/managed-by": "kustomize",
                    "app.kubernetes.io/name": "assessment",
                    "app.kubernetes.io/part-of": "operator"
                  },
                  "managedFields": null,
                  "name": "req3-reactive",
                  "namespace": "default",
                  "ownerReferences": null,
                  "resourceVersion": null,
                  "selfLink": null,
                  "uid": null
                },
                "spec": {
                  "cascadePolicy": "None",
                  "class": "ReactiveControl",
                  "componentRef": [
                    {
                      "name": "rt-1",
                      "namespace": "default"
                    },
                    {
                      "name": "rt-2",
                      "namespace": "default"
                    },
                    {
                      "name": "rt-3",
                      "namespace": "default"
                    },
                    {
                      "name": "rt-4",
                      "namespace": "default"
                    },
                    {
                      "name": "rt-5",
                      "namespace": "default"
                    },
                    {
                      "name": "rt-6",
                      "namespace": "default"
                    },
                    {
                      "name": "rt-7",
                      "namespace": "default"
                    },
                    {
                      "name": "rt-8",
                      "namespace": "default"
                    },
                    {
                      "name": "rt-9",
                      "namespace": "default"
                    },
                    {
                      "name": "rt-10",
                      "namespace": "default"
                    }
                  ],
                  "controlRef": {
                    "code": "NET-REQ-03",
                    "version": "1.0.0"
                  }
                }
              },
              "type": [
                "object",
                {
                  "apiVersion": "string",
                  "kind": "string",
                  "metadata": [
                    "object",
                    {
                      "annotations": [
                        "map",
                        "string"
                      ],
                      "creationTimestamp": "string",
                      "deletionGracePeriodSeconds": "number",
                      "deletionTimestamp": "string",
                      "finalizers": [
                        "list",
                        "string"
                      ],
                      "generateName": "string",
                      "generation": "number",
                      "labels": [
                        "map",
                        "string"
                      ],
                      "managedFields": [
                        "tuple",
                        [
                          [
                            "object",
                            {
                              "apiVersion": "string",
                              "fieldsType": "string",
                              "fieldsV1": "dynamic",
                              "manager": "string",
                              "operation": "string",
                              "subresource": "string",
                              "time": "string"
                            }
                          ]
                        ]
                      ],
                      "name": "string",
                      "namespace": "string",
                      "ownerReferences": [
                        "list",
                        [
                          "object",
                          {
                            "apiVersion": "string",
                            "blockOwnerDeletion": "bool",
                            "controller": "bool",
                            "kind": "string",
                            "name": "string",
                            "uid": "string"
                          }
                        ]
                      ],
                      "resourceVersion": "string",
                      "selfLink": "string",
                      "uid": "string"
                    }
                  ],
                  "spec": [
                    "object",
                    {
                      "cascadePolicy": "string",
                      "class": "string",
                      "componentRef": [
                        "list",
                        [
                          "object",
                          {
                            "name": "string",
                            "namespace": "string"
                          }
                        ]
                      ],
                      "controlRef": [
                        "object",
                        {
                          "code": "string",
                          "version": "string"
                        }
                      ]
                    }
                  ]
                }
              ]
            },
            "timeouts": [],
            "wait": [],
            "wait_for": null
          },
          "sensitive_attributes": []
        },
        {
          "index_key": 3,
          "schema_version": 1,
          "attributes": {
            "computed_fields": null,
            "field_manager": [],
            "manifest": {
              "value": {
                "apiVersion": "argus.io/v1alpha1",
                "kind": "Assessment",
                "metadata": {
                  "labels": {
                    "app.kubernetes.io/created-by": "operator",
                    "app.kubernetes.io/instance": "assessment-sample",
                    "app.kubernetes.io/managed-by": "kustomize",
                    "app.kubernetes.io/name": "assessment",
                    "app.kubernetes.io/part-of": "operator"
                  },
                  "name": "req4-reactive",
                  "namespace": "default"
                },
                "spec": {
                  "cascadePolicy": "None",
                  "class": "ReactiveControl",
                  "componentRef": [
                    {
                      "name": "rt-1",
                      "namespace": "default"
                    },
                    {
                      "name": "rt-2",
                      "namespace": "default"
                    },
                    {
                      "name": "rt-3",
                      "namespace": "default"
                    },
                    {
                      "name": "rt-4",
                      "namespace": "default"
                    },
                    {
                      "name": "rt-5",
                      "namespace": "default"
                    },
                    {
                      "name": "rt-6",
                      "namespace": "default"
                    },
                    {
                      "name": "rt-7",
                      "namespace": "default"
                    },
                    {
                      "name": "rt-8",
                      "namespace": "default"
                    },
                    {
                      "name": "rt-9",
                      "namespace": "default"
                    },
                    {
                      "name": "rt-10",
                      "namespace": "default"
                    }
                  ],
                  "controlRef": {
                    "code": "NET-REQ-04",
                    "version": "1.0.0"
                  }
                }
              },
              "type": [
                "object",
                {
                  "apiVersion": "string",
                  "kind": "string",
                  "metadata": [
                    "object",
                    {
                      "labels": [
                        "object",
                        {
                          "app.kubernetes.io/created-by": "string",
                          "app.kubernetes.io/instance": "string",
                          "app.kubernetes.io/managed-by": "string",
                          "app.kubernetes.io/name": "string",
                          "app.kubernetes.io/part-of": "string"
                        }
                      ],
                      "name": "string",
                      "namespace": "string"
                    }
                  ],
                  "spec": [
                    "object",
                    {
                      "cascadePolicy": "string",
                      "class": "string",
                      "componentRef": [
                        "tuple",
                        [
                          [
                            "object",
                            {
                              "name": "string",
                              "namespace": "string"
                            }
                          ],
                          [
                            "object",
                            {
                              "name": "string",
                              "namespace": "string"
                            }
                          ],
                          [
                            "object",
                            {
                              "name": "string",
                              "namespace": "string"
                            }
                          ],
                          [
                            "object",
                            {
                              "name": "string",
                              "namespace": "string"
                            }
                          ],
                          [
                            "object",
                            {
                              "name": "string",
                              "namespace": "string"
                            }
                          ],
                          [
                            "object",
                            {
                              "name": "string",
                              "namespace": "string"
                            }
                          ],
                          [
                            "object",
                            {
                              "name": "string",
                              "namespace": "string"
                            }
                          ],
                          [
                            "object",
                            {
                              "name": "string",
                              "namespace": "string"
                            }
                          ],
                          [
                            "object",
                            {
                              "name": "string",
                              "namespace": "string"
                            }
                          ],
                          [
                            "object",
                            {
                              "name": "string",
                              "namespace": "string"
                            }
                          ]
                        ]
                      ],
                      "controlRef": [
                        "object",
                        {
                          "code": "string",
                          "version": "string"
                        }
                      ]
                    }
                  ]
                }
              ]
            },
            "object": {
              "value": {
                "apiVersion": "argus.io/v1alpha1",
                "kind": "Assessment",
                "metadata": {
                  "annotations": null,
                  "creationTimestamp": null,
                  "deletionGracePeriodSeconds": null,
                  "deletionTimestamp": null,
                  "finalizers": null,
                  "generateName": null,
                  "generation": null,
                  "labels": {
                    "app.kubernetes.io/created-by": "operator",
                    "app.kubernetes.io/instance": "assessment-sample",
                    "app.kubernetes.io/managed-by": "kustomize",
                    "app.kubernetes.io/name": "assessment",
                    "app.kubernetes.io/part-of": "operator"
                  },
                  "managedFields": null,
                  "name": "req4-reactive",
                  "namespace": "default",
                  "ownerReferences": null,
                  "resourceVersion": null,
                  "selfLink": null,
                  "uid": null
                },
                "spec": {
                  "cascadePolicy": "None",
                  "class": "ReactiveControl",
                  "componentRef": [
                    {
                      "name": "rt-1",
                      "namespace": "default"
                    },
                    {
                      "name": "rt-2",
                      "namespace": "default"
                    },
                    {
                      "name": "rt-3",
                      "namespace": "default"
                    },
                    {
                      "name": "rt-4",
                      "namespace": "default"
                    },
                    {
                      "name": "rt-5",
                      "namespace": "default"
                    },
                    {
                      "name": "rt-6",
                      "namespace": "default"
                    },
                    {
                      "name": "rt-7",
                      "namespace": "default"
                    },
                    {
                      "name": "rt-8",
                      "namespace": "default"
                    },
                    {
                      "name": "rt-9",
                      "namespace": "default"
                    },
                    {
                      "name": "rt-10",
                      "namespace": "default"
                    }
                  ],
                  "controlRef": {
                    "code": "NET-REQ-04",
                    "version": "1.0.0"
                  }
                }
              },
              "type": [
                "object",
                {
                  "apiVersion": "string",
                  "kind": "string",
                  "metadata": [
                    "object",
                    {
                      "annotations": [
                        "map",
                        "string"
                      ],
                      "creationTimestamp": "string",
                      "deletionGracePeriodSeconds": "number",
                      "deletionTimestamp": "string",
                      "finalizers": [
                        "list",
                        "string"
                      ],
                      "generateName": "string",
                      "generation": "number",
                      "labels": [
                        "map",
                        "string"
                      ],
                      "managedFields": [
                        "tuple",
                        [
                          [
                            "object",
                            {
                              "apiVersion": "string",
                              "fieldsType": "string",
                              "fieldsV1": "dynamic",
                              "manager": "string",
                              "operation": "string",
                              "subresource": "string",
                              "time": "string"
                            }
                          ]
                        ]
                      ],
                      "name": "string",
                      "namespace": "string",
                      "ownerReferences": [
                        "list",
                        [
                          "object",
                          {
                            "apiVersion": "string",
                            "blockOwnerDeletion": "bool",
                            "controller": "bool",
                            "kind": "string",
                            "name": "string",
                            "uid": "string"
                          }
                        ]
                      ],
                      "resourceVersion": "string",
                      "selfLink": "string",
                      "uid": "string"
                    }
                  ],
                  "spec": [
                    "object",
                    {
                      "cascadePolicy": "string",
                      "class": "string",
                      "componentRef": [
                        "list",
                        [
                          "object",
                          {
                            "name": "string",
                            "namespace": "string"
                          }
                        ]
                      ],
                      "controlRef": [
                        "object",
                        {
                          "code": "string",
                          "version": "string"
                        }
                      ]
                    }
                  ]
                }
              ]
            },
            "timeouts": [],
            "wait": [],
            "wait_for": null
          },
          "sensitive_attributes": []
        },
        {
          "index_key": 4,
          "schema_version": 1,
          "attributes": {
            "computed_fields": null,
            "field_manager": [],
            "manifest": {
              "value": {
                "apiVersion": "argus.io/v1alpha1",
                "kind": "Assessment",
                "metadata": {
                  "labels": {
                    "app.kubernetes.io/created-by": "operator",
                    "app.kubernetes.io/instance": "assessment-sample",
                    "app.kubernetes.io/managed-by": "kustomize",
                    "app.kubernetes.io/name": "assessment",
                    "app.kubernetes.io/part-of": "operator"
                  },
                  "name": "req5-reactive",
                  "namespace": "default"
                },
                "spec": {
                  "cascadePolicy": "None",
                  "class": "ReactiveControl",
                  "componentRef": [
                    {
                      "name": "rt-1",
                      "namespace": "default"
                    },
                    {
                      "name": "rt-2",
                      "namespace": "default"
                    },
                    {
                      "name": "rt-3",
                      "namespace": "default"
                    },
                    {
                      "name": "rt-4",
                      "namespace": "default"
                    },
                    {
                      "name": "rt-5",
                      "namespace": "default"
                    },
                    {
                      "name": "rt-6",
                      "namespace": "default"
                    },
                    {
                      "name": "rt-7",
                      "namespace": "default"
                    },
                    {
                      "name": "rt-8",
                      "namespace": "default"
                    },
                    {
                      "name": "rt-9",
                      "namespace": "default"
                    },
                    {
                      "name": "rt-10",
                      "namespace": "default"
                    }
                  ],
                  "controlRef": {
                    "code": "NET-REQ-05",
                    "version": "1.0.0"
                  }
                }
              },
              "type": [
                "object",
                {
                  "apiVersion": "string",
                  "kind": "string",
                  "metadata": [
                    "object",
                    {
                      "labels": [
                        "object",
                        {
                          "app.kubernetes.io/created-by": "string",
                          "app.kubernetes.io/instance": "string",
                          "app.kubernetes.io/managed-by": "string",
                          "app.kubernetes.io/name": "string",
                          "app.kubernetes.io/part-of": "string"
                        }
                      ],
                      "name": "string",
                      "namespace": "string"
                    }
                  ],
                  "spec": [
                    "object",
                    {
                      "cascadePolicy": "string",
                      "class": "string",
                      "componentRef": [
                        "tuple",
                        [
                          [
                            "object",
                            {
                              "name": "string",
                              "namespace": "string"
                            }
                          ],
                          [
                            "object",
                            {
                              "name": "string",
                              "namespace": "string"
                            }
                          ],
                          [
                            "object",
                            {
                              "name": "string",
                              "namespace": "string"
                            }
                          ],
                          [
                            "object",
                            {
                              "name": "string",
                              "namespace": "string"
                            }
                          ],
                          [
                            "object",
                            {
                              "name": "string",
                              "namespace": "string"
                            }
                          ],
                          [
                            "object",
                            {
                              "name": "string",
                              "namespace": "string"
                            }
                          ],
                          [
                            "object",
                            {
                              "name": "string",
                              "namespace": "string"
                            }
                          ],
                          [
                            "object",
                            {
                              "name": "string",
                              "namespace": "string"
                            }
                          ],
                          [
                            "object",
                            {
                              "name": "string",
                              "namespace": "string"
                            }
                          ],
                          [
                            "object",
                            {
                              "name": "string",
                              "namespace": "string"
                            }
                          ]
                        ]
                      ],
                      "controlRef": [
                        "object",
                        {
                          "code": "string",
                          "version": "string"
                        }
                      ]
                    }
                  ]
                }
              ]
            },
            "object": {
              "value": {
                "apiVersion": "argus.io/v1alpha1",
                "kind": "Assessment",
                "metadata": {
                  "annotations": null,
                  "creationTimestamp": null,
                  "deletionGracePeriodSeconds": null,
                  "deletionTimestamp": null,
                  "finalizers": null,
                  "generateName": null,
                  "generation": null,
                  "labels": {
                    "app.kubernetes.io/created-by": "operator",
                    "app.kubernetes.io/instance": "assessment-sample",
                    "app.kubernetes.io/managed-by": "kustomize",
                    "app.kubernetes.io/name": "assessment",
                    "app.kubernetes.io/part-of": "operator"
                  },
                  "managedFields": null,
                  "name": "req5-reactive",
                  "namespace": "default",
                  "ownerReferences": null,
                  "resourceVersion": null,
                  "selfLink": null,
                  "uid": null
                },
                "spec": {
                  "cascadePolicy": "None",
                  "class": "ReactiveControl",
                  "componentRef": [
                    {
                      "name": "rt-1",
                      "namespace": "default"
                    },
                    {
                      "name": "rt-2",
                      "namespace": "default"
                    },
                    {
                      "name": "rt-3",
                      "namespace": "default"
                    },
                    {
                      "name": "rt-4",
                      "namespace": "default"
                    },
                    {
                      "name": "rt-5",
                      "namespace": "default"
                    },
                    {
                      "name": "rt-6",
                      "namespace": "default"
                    },
                    {
                      "name": "rt-7",
                      "namespace": "default"
                    },
                    {
                      "name": "rt-8",
                      "namespace": "default"
                    },
                    {
                      "name": "rt-9",
                      "namespace": "default"
                    },
                    {
                      "name": "rt-10",
                      "namespace": "default"
                    }
                  ],
                  "controlRef": {
                    "code": "NET-REQ-05",
                    "version": "1.0.0"
                  }
                }
              },
              "type": [
                "object",
                {
                  "apiVersion": "string",
                  "kind": "string",
                  "metadata": [
                    "object",
                    {
                      "annotations": [
                        "map",
                        "string"
                      ],
                      "creationTimestamp": "string",
                      "deletionGracePeriodSeconds": "number",
                      "deletionTimestamp": "string",
                      "finalizers": [
                        "list",
                        "string"
                      ],
                      "generateName": "string",
                      "generation": "number",
                      "labels": [
                        "map",
                        "string"
                      ],
                      "managedFields": [
                        "tuple",
                        [
                          [
                            "object",
                            {
                              "apiVersion": "string",
                              "fieldsType": "string",
                              "fieldsV1": "dynamic",
                              "manager": "string",
                              "operation": "string",
                              "subresource": "string",
                              "time": "string"
                            }
                          ]
                        ]
                      ],
                      "name": "string",
                      "namespace": "string",
                      "ownerReferences": [
                        "list",
                        [
                          "object",
                          {
                            "apiVersion": "string",
                            "blockOwnerDeletion": "bool",
                            "controller": "bool",
                            "kind": "string",
                            "name": "string",
                            "uid": "string"
                          }
                        ]
                      ],
                      "resourceVersion": "string",
                      "selfLink": "string",
                      "uid": "string"
                    }
                  ],
                  "spec": [
                    "object",
                    {
                      "cascadePolicy": "string",
                      "class": "string",
                      "componentRef": [
                        "list",
                        [
                          "object",
                          {
                            "name": "string",
                            "namespace": "string"
                          }
                        ]
                      ],
                      "controlRef": [
                        "object",
                        {
                          "code": "string",
                          "version": "string"
                        }
                      ]
                    }
                  ]
                }
              ]
            },
            "timeouts": [],
            "wait": [],
            "wait_for": null
          },
          "sensitive_attributes": []
        },
        {
          "index_key": 5,
          "schema_version": 1,
          "attributes": {
            "computed_fields": null,
            "field_manager": [],
            "manifest": {
              "value": {
                "apiVersion": "argus.io/v1alpha1",
                "kind": "Assessment",
                "metadata": {
                  "labels": {
                    "app.kubernetes.io/created-by": "operator",
                    "app.kubernetes.io/instance": "assessment-sample",
                    "app.kubernetes.io/managed-by": "kustomize",
                    "app.kubernetes.io/name": "assessment",
                    "app.kubernetes.io/part-of": "operator"
                  },
                  "name": "req6-reactive",
                  "namespace": "default"
                },
                "spec": {
                  "cascadePolicy": "None",
                  "class": "ReactiveControl",
                  "componentRef": [
                    {
                      "name": "rt-1",
                      "namespace": "default"
                    },
                    {
                      "name": "rt-2",
                      "namespace": "default"
                    },
                    {
                      "name": "rt-3",
                      "namespace": "default"
                    },
                    {
                      "name": "rt-4",
                      "namespace": "default"
                    },
                    {
                      "name": "rt-5",
                      "namespace": "default"
                    },
                    {
                      "name": "rt-6",
                      "namespace": "default"
                    },
                    {
                      "name": "rt-7",
                      "namespace": "default"
                    },
                    {
                      "name": "rt-8",
                      "namespace": "default"
                    },
                    {
                      "name": "rt-9",
                      "namespace": "default"
                    },
                    {
                      "name": "rt-10",
                      "namespace": "default"
                    }
                  ],
                  "controlRef": {
                    "code": "NET-REQ-06",
                    "version": "1.0.0"
                  }
                }
              },
              "type": [
                "object",
                {
                  "apiVersion": "string",
                  "kind": "string",
                  "metadata": [
                    "object",
                    {
                      "labels": [
                        "object",
                        {
                          "app.kubernetes.io/created-by": "string",
                          "app.kubernetes.io/instance": "string",
                          "app.kubernetes.io/managed-by": "string",
                          "app.kubernetes.io/name": "string",
                          "app.kubernetes.io/part-of": "string"
                        }
                      ],
                      "name": "string",
                      "namespace": "string"
                    }
                  ],
                  "spec": [
                    "object",
                    {
                      "cascadePolicy": "string",
                      "class": "string",
                      "componentRef": [
                        "tuple",
                        [
                          [
                            "object",
                            {
                              "name": "string",
                              "namespace": "string"
                            }
                          ],
                          [
                            "object",
                            {
                              "name": "string",
                              "namespace": "string"
                            }
                          ],
                          [
                            "object",
                            {
                              "name": "string",
                              "namespace": "string"
                            }
                          ],
                          [
                            "object",
                            {
                              "name": "string",
                              "namespace": "string"
                            }
                          ],
                          [
                            "object",
                            {
                              "name": "string",
                              "namespace": "string"
                            }
                          ],
                          [
                            "object",
                            {
                              "name": "string",
                              "namespace": "string"
                            }
                          ],
                          [
                            "object",
                            {
                              "name": "string",
                              "namespace": "string"
                            }
                          ],
                          [
                            "object",
                            {
                              "name": "string",
                              "namespace": "string"
                            }
                          ],
                          [
                            "object",
                            {
                              "name": "string",
                              "namespace": "string"
                            }
                          ],
                          [
                            "object",
                            {
                              "name": "string",
                              "namespace": "string"
                            }
                          ]
                        ]
                      ],
                      "controlRef": [
                        "object",
                        {
                          "code": "string",
                          "version": "string"
                        }
                      ]
                    }
                  ]
                }
              ]
            },
            "object": {
              "value": {
                "apiVersion": "argus.io/v1alpha1",
                "kind": "Assessment",
                "metadata": {
                  "annotations": null,
                  "creationTimestamp": null,
                  "deletionGracePeriodSeconds": null,
                  "deletionTimestamp": null,
                  "finalizers": null,
                  "generateName": null,
                  "generation": null,
                  "labels": {
                    "app.kubernetes.io/created-by": "operator",
                    "app.kubernetes.io/instance": "assessment-sample",
                    "app.kubernetes.io/managed-by": "kustomize",
                    "app.kubernetes.io/name": "assessment",
                    "app.kubernetes.io/part-of": "operator"
                  },
                  "managedFields": null,
                  "name": "req6-reactive",
                  "namespace": "default",
                  "ownerReferences": null,
                  "resourceVersion": null,
                  "selfLink": null,
                  "uid": null
                },
                "spec": {
                  "cascadePolicy": "None",
                  "class": "ReactiveControl",
                  "componentRef": [
                    {
                      "name": "rt-1",
                      "namespace": "default"
                    },
                    {
                      "name": "rt-2",
                      "namespace": "default"
                    },
                    {
                      "name": "rt-3",
                      "namespace": "default"
                    },
                    {
                      "name": "rt-4",
                      "namespace": "default"
                    },
                    {
                      "name": "rt-5",
                      "namespace": "default"
                    },
                    {
                      "name": "rt-6",
                      "namespace": "default"
                    },
                    {
                      "name": "rt-7",
                      "namespace": "default"
                    },
                    {
                      "name": "rt-8",
                      "namespace": "default"
                    },
                    {
                      "name": "rt-9",
                      "namespace": "default"
                    },
                    {
                      "name": "rt-10",
                      "namespace": "default"
                    }
                  ],
                  "controlRef": {
                    "code": "NET-REQ-06",
                    "version": "1.0.0"
                  }
                }
              },
              "type": [
                "object",
                {
                  "apiVersion": "string",
                  "kind": "string",
                  "metadata": [
                    "object",
                    {
                      "annotations": [
                        "map",
                        "string"
                      ],
                      "creationTimestamp": "string",
                      "deletionGracePeriodSeconds": "number",
                      "deletionTimestamp": "string",
                      "finalizers": [
                        "list",
                        "string"
                      ],
                      "generateName": "string",
                      "generation": "number",
                      "labels": [
                        "map",
                        "string"
                      ],
                      "managedFields": [
                        "tuple",
                        [
                          [
                            "object",
                            {
                              "apiVersion": "string",
                              "fieldsType": "string",
                              "fieldsV1": "dynamic",
                              "manager": "string",
                              "operation": "string",
                              "subresource": "string",
                              "time": "string"
                            }
                          ]
                        ]
                      ],
                      "name": "string",
                      "namespace": "string",
                      "ownerReferences": [
                        "list",
                        [
                          "object",
                          {
                            "apiVersion": "string",
                            "blockOwnerDeletion": "bool",
                            "controller": "bool",
                            "kind": "string",
                            "name": "string",
                            "uid": "string"
                          }
                        ]
                      ],
                      "resourceVersion": "string",
                      "selfLink": "string",
                      "uid": "string"
                    }
                  ],
                  "spec": [
                    "object",
                    {
                      "cascadePolicy": "string",
                      "class": "string",
                      "componentRef": [
                        "list",
                        [
                          "object",
                          {
                            "name": "string",
                            "namespace": "string"
                          }
                        ]
                      ],
                      "controlRef": [
                        "object",
                        {
                          "code": "string",
                          "version": "string"
                        }
                      ]
                    }
                  ]
                }
              ]
            },
            "timeouts": [],
            "wait": [],
            "wait_for": null
          },
          "sensitive_attributes": []
        },
        {
          "index_key": 6,
          "schema_version": 1,
          "attributes": {
            "computed_fields": null,
            "field_manager": [],
            "manifest": {
              "value": {
                "apiVersion": "argus.io/v1alpha1",
                "kind": "Assessment",
                "metadata": {
                  "labels": {
                    "app.kubernetes.io/created-by": "operator",
                    "app.kubernetes.io/instance": "assessment-sample",
                    "app.kubernetes.io/managed-by": "kustomize",
                    "app.kubernetes.io/name": "assessment",
                    "app.kubernetes.io/part-of": "operator"
                  },
                  "name": "req7-reactive",
                  "namespace": "default"
                },
                "spec": {
                  "cascadePolicy": "None",
                  "class": "ReactiveControl",
                  "componentRef": [
                    {
                      "name": "rt-1",
                      "namespace": "default"
                    },
                    {
                      "name": "rt-2",
                      "namespace": "default"
                    },
                    {
                      "name": "rt-3",
                      "namespace": "default"
                    },
                    {
                      "name": "rt-4",
                      "namespace": "default"
                    },
                    {
                      "name": "rt-5",
                      "namespace": "default"
                    },
                    {
                      "name": "rt-6",
                      "namespace": "default"
                    },
                    {
                      "name": "rt-7",
                      "namespace": "default"
                    },
                    {
                      "name": "rt-8",
                      "namespace": "default"
                    },
                    {
                      "name": "rt-9",
                      "namespace": "default"
                    },
                    {
                      "name": "rt-10",
                      "namespace": "default"
                    }
                  ],
                  "controlRef": {
                    "code": "NET-REQ-07",
                    "version": "1.0.0"
                  }
                }
              },
              "type": [
                "object",
                {
                  "apiVersion": "string",
                  "kind": "string",
                  "metadata": [
                    "object",
                    {
                      "labels": [
                        "object",
                        {
                          "app.kubernetes.io/created-by": "string",
                          "app.kubernetes.io/instance": "string",
                          "app.kubernetes.io/managed-by": "string",
                          "app.kubernetes.io/name": "string",
                          "app.kubernetes.io/part-of": "string"
                        }
                      ],
                      "name": "string",
                      "namespace": "string"
                    }
                  ],
                  "spec": [
                    "object",
                    {
                      "cascadePolicy": "string",
                      "class": "string",
                      "componentRef": [
                        "tuple",
                        [
                          [
                            "object",
                            {
                              "name": "string",
                              "namespace": "string"
                            }
                          ],
                          [
                            "object",
                            {
                              "name": "string",
                              "namespace": "string"
                            }
                          ],
                          [
                            "object",
                            {
                              "name": "string",
                              "namespace": "string"
                            }
                          ],
                          [
                            "object",
                            {
                              "name": "string",
                              "namespace": "string"
                            }
                          ],
                          [
                            "object",
                            {
                              "name": "string",
                              "namespace": "string"
                            }
                          ],
                          [
                            "object",
                            {
                              "name": "string",
                              "namespace": "string"
                            }
                          ],
                          [
                            "object",
                            {
                              "name": "string",
                              "namespace": "string"
                            }
                          ],
                          [
                            "object",
                            {
                              "name": "string",
                              "namespace": "string"
                            }
                          ],
                          [
                            "object",
                            {
                              "name": "string",
                              "namespace": "string"
                            }
                          ],
                          [
                            "object",
                            {
                              "name": "string",
                              "namespace": "string"
                            }
                          ]
                        ]
                      ],
                      "controlRef": [
                        "object",
                        {
                          "code": "string",
                          "version": "string"
                        }
                      ]
                    }
                  ]
                }
              ]
            },
            "object": {
              "value": {
                "apiVersion": "argus.io/v1alpha1",
                "kind": "Assessment",
                "metadata": {
                  "annotations": null,
                  "creationTimestamp": null,
                  "deletionGracePeriodSeconds": null,
                  "deletionTimestamp": null,
                  "finalizers": null,
                  "generateName": null,
                  "generation": null,
                  "labels": {
                    "app.kubernetes.io/created-by": "operator",
                    "app.kubernetes.io/instance": "assessment-sample",
                    "app.kubernetes.io/managed-by": "kustomize",
                    "app.kubernetes.io/name": "assessment",
                    "app.kubernetes.io/part-of": "operator"
                  },
                  "managedFields": null,
                  "name": "req7-reactive",
                  "namespace": "default",
                  "ownerReferences": null,
                  "resourceVersion": null,
                  "selfLink": null,
                  "uid": null
                },
                "spec": {
                  "cascadePolicy": "None",
                  "class": "ReactiveControl",
                  "componentRef": [
                    {
                      "name": "rt-1",
                      "namespace": "default"
                    },
                    {
                      "name": "rt-2",
                      "namespace": "default"
                    },
                    {
                      "name": "rt-3",
                      "namespace": "default"
                    },
                    {
                      "name": "rt-4",
                      "namespace": "default"
                    },
                    {
                      "name": "rt-5",
                      "namespace": "default"
                    },
                    {
                      "name": "rt-6",
                      "namespace": "default"
                    },
                    {
                      "name": "rt-7",
                      "namespace": "default"
                    },
                    {
                      "name": "rt-8",
                      "namespace": "default"
                    },
                    {
                      "name": "rt-9",
                      "namespace": "default"
                    },
                    {
                      "name": "rt-10",
                      "namespace": "default"
                    }
                  ],
                  "controlRef": {
                    "code": "NET-REQ-07",
                    "version": "1.0.0"
                  }
                }
              },
              "type": [
                "object",
                {
                  "apiVersion": "string",
                  "kind": "string",
                  "metadata": [
                    "object",
                    {
                      "annotations": [
                        "map",
                        "string"
                      ],
                      "creationTimestamp": "string",
                      "deletionGracePeriodSeconds": "number",
                      "deletionTimestamp": "string",
                      "finalizers": [
                        "list",
                        "string"
                      ],
                      "generateName": "string",
                      "generation": "number",
                      "labels": [
                        "map",
                        "string"
                      ],
                      "managedFields": [
                        "tuple",
                        [
                          [
                            "object",
                            {
                              "apiVersion": "string",
                              "fieldsType": "string",
                              "fieldsV1": "dynamic",
                              "manager": "string",
                              "operation": "string",
                              "subresource": "string",
                              "time": "string"
                            }
                          ]
                        ]
                      ],
                      "name": "string",
                      "namespace": "string",
                      "ownerReferences": [
                        "list",
                        [
                          "object",
                          {
                            "apiVersion": "string",
                            "blockOwnerDeletion": "bool",
                            "controller": "bool",
                            "kind": "string",
                            "name": "string",
                            "uid": "string"
                          }
                        ]
                      ],
                      "resourceVersion": "string",
                      "selfLink": "string",
                      "uid": "string"
                    }
                  ],
                  "spec": [
                    "object",
                    {
                      "cascadePolicy": "string",
                      "class": "string",
                      "componentRef": [
                        "list",
                        [
                          "object",
                          {
                            "name": "string",
                            "namespace": "string"
                          }
                        ]
                      ],
                      "controlRef": [
                        "object",
                        {
                          "code": "string",
                          "version": "string"
                        }
                      ]
                    }
                  ]
                }
              ]
            },
            "timeouts": [],
            "wait": [],
            "wait_for": null
          },
          "sensitive_attributes": []
        },
        {
          "index_key": 7,
          "schema_version": 1,
          "attributes": {
            "computed_fields": null,
            "field_manager": [],
            "manifest": {
              "value": {
                "apiVersion": "argus.io/v1alpha1",
                "kind": "Assessment",
                "metadata": {
                  "labels": {
                    "app.kubernetes.io/created-by": "operator",
                    "app.kubernetes.io/instance": "assessment-sample",
                    "app.kubernetes.io/managed-by": "kustomize",
                    "app.kubernetes.io/name": "assessment",
                    "app.kubernetes.io/part-of": "operator"
                  },
                  "name": "req8-reactive",
                  "namespace": "default"
                },
                "spec": {
                  "cascadePolicy": "None",
                  "class": "ReactiveControl",
                  "componentRef": [
                    {
                      "name": "rt-1",
                      "namespace": "default"
                    },
                    {
                      "name": "rt-2",
                      "namespace": "default"
                    },
                    {
                      "name": "rt-3",
                      "namespace": "default"
                    },
                    {
                      "name": "rt-4",
                      "namespace": "default"
                    },
                    {
                      "name": "rt-5",
                      "namespace": "default"
                    },
                    {
                      "name": "rt-6",
                      "namespace": "default"
                    },
                    {
                      "name": "rt-7",
                      "namespace": "default"
                    },
                    {
                      "name": "rt-8",
                      "namespace": "default"
                    },
                    {
                      "name": "rt-9",
                      "namespace": "default"
                    },
                    {
                      "name": "rt-10",
                      "namespace": "default"
                    }
                  ],
                  "controlRef": {
                    "code": "NET-REQ-08",
                    "version": "1.0.0"
                  }
                }
              },
              "type": [
                "object",
                {
                  "apiVersion": "string",
                  "kind": "string",
                  "metadata": [
                    "object",
                    {
                      "labels": [
                        "object",
                        {
                          "app.kubernetes.io/created-by": "string",
                          "app.kubernetes.io/instance": "string",
                          "app.kubernetes.io/managed-by": "string",
                          "app.kubernetes.io/name": "string",
                          "app.kubernetes.io/part-of": "string"
                        }
                      ],
                      "name": "string",
                      "namespace": "string"
                    }
                  ],
                  "spec": [
                    "object",
                    {
                      "cascadePolicy": "string",
                      "class": "string",
                      "componentRef": [
                        "tuple",
                        [
                          [
                            "object",
                            {
                              "name": "string",
                              "namespace": "string"
                            }
                          ],
                          [
                            "object",
                            {
                              "name": "string",
                              "namespace": "string"
                            }
                          ],
                          [
                            "object",
                            {
                              "name": "string",
                              "namespace": "string"
                            }
                          ],
                          [
                            "object",
                            {
                              "name": "string",
                              "namespace": "string"
                            }
                          ],
                          [
                            "object",
                            {
                              "name": "string",
                              "namespace": "string"
                            }
                          ],
                          [
                            "object",
                            {
                              "name": "string",
                              "namespace": "string"
                            }
                          ],
                          [
                            "object",
                            {
                              "name": "string",
                              "namespace": "string"
                            }
                          ],
                          [
                            "object",
                            {
                              "name": "string",
                              "namespace": "string"
                            }
                          ],
                          [
                            "object",
                            {
                              "name": "string",
                              "namespace": "string"
                            }
                          ],
                          [
                            "object",
                            {
                              "name": "string",
                              "namespace": "string"
                            }
                          ]
                        ]
                      ],
                      "controlRef": [
                        "object",
                        {
                          "code": "string",
                          "version": "string"
                        }
                      ]
                    }
                  ]
                }
              ]
            },
            "object": {
              "value": {
                "apiVersion": "argus.io/v1alpha1",
                "kind": "Assessment",
                "metadata": {
                  "annotations": null,
                  "creationTimestamp": null,
                  "deletionGracePeriodSeconds": null,
                  "deletionTimestamp": null,
                  "finalizers": null,
                  "generateName": null,
                  "generation": null,
                  "labels": {
                    "app.kubernetes.io/created-by": "operator",
                    "app.kubernetes.io/instance": "assessment-sample",
                    "app.kubernetes.io/managed-by": "kustomize",
                    "app.kubernetes.io/name": "assessment",
                    "app.kubernetes.io/part-of": "operator"
                  },
                  "managedFields": null,
                  "name": "req8-reactive",
                  "namespace": "default",
                  "ownerReferences": null,
                  "resourceVersion": null,
                  "selfLink": null,
                  "uid": null
                },
                "spec": {
                  "cascadePolicy": "None",
                  "class": "ReactiveControl",
                  "componentRef": [
                    {
                      "name": "rt-1",
                      "namespace": "default"
                    },
                    {
                      "name": "rt-2",
                      "namespace": "default"
                    },
                    {
                      "name": "rt-3",
                      "namespace": "default"
                    },
                    {
                      "name": "rt-4",
                      "namespace": "default"
                    },
                    {
                      "name": "rt-5",
                      "namespace": "default"
                    },
                    {
                      "name": "rt-6",
                      "namespace": "default"
                    },
                    {
                      "name": "rt-7",
                      "namespace": "default"
                    },
                    {
                      "name": "rt-8",
                      "namespace": "default"
                    },
                    {
                      "name": "rt-9",
                      "namespace": "default"
                    },
                    {
                      "name": "rt-10",
                      "namespace": "default"
                    }
                  ],
                  "controlRef": {
                    "code": "NET-REQ-08",
                    "version": "1.0.0"
                  }
                }
              },
              "type": [
                "object",
                {
                  "apiVersion": "string",
                  "kind": "string",
                  "metadata": [
                    "object",
                    {
                      "annotations": [
                        "map",
                        "string"
                      ],
                      "creationTimestamp": "string",
                      "deletionGracePeriodSeconds": "number",
                      "deletionTimestamp": "string",
                      "finalizers": [
                        "list",
                        "string"
                      ],
                      "generateName": "string",
                      "generation": "number",
                      "labels": [
                        "map",
                        "string"
                      ],
                      "managedFields": [
                        "tuple",
                        [
                          [
                            "object",
                            {
                              "apiVersion": "string",
                              "fieldsType": "string",
                              "fieldsV1": "dynamic",
                              "manager": "string",
                              "operation": "string",
                              "subresource": "string",
                              "time": "string"
                            }
                          ]
                        ]
                      ],
                      "name": "string",
                      "namespace": "string",
                      "ownerReferences": [
                        "list",
                        [
                          "object",
                          {
                            "apiVersion": "string",
                            "blockOwnerDeletion": "bool",
                            "controller": "bool",
                            "kind": "string",
                            "name": "string",
                            "uid": "string"
                          }
                        ]
                      ],
                      "resourceVersion": "string",
                      "selfLink": "string",
                      "uid": "string"
                    }
                  ],
                  "spec": [
                    "object",
                    {
                      "cascadePolicy": "string",
                      "class": "string",
                      "componentRef": [
                        "list",
                        [
                          "object",
                          {
                            "name": "string",
                            "namespace": "string"
                          }
                        ]
                      ],
                      "controlRef": [
                        "object",
                        {
                          "code": "string",
                          "version": "string"
                        }
                      ]
                    }
                  ]
                }
              ]
            },
            "timeouts": [],
            "wait": [],
            "wait_for": null
          },
          "sensitive_attributes": []
        }
      ]
    },
    {
      "mode": "managed",
      "type": "kubernetes_manifest",
      "name": "reactive_deployed_attestation",
      "provider": "provider[\"registry.terraform.io/hashicorp/kubernetes\"]",
      "instances": [
        {
          "index_key": 0,
          "schema_version": 1,
          "attributes": {
            "computed_fields": null,
            "field_manager": [],
            "manifest": {
              "value": {
                "apiVersion": "argus.io/v1alpha1",
                "kind": "Attestation",
                "metadata": {
                  "labels": {
                    "app.kubernetes.io/created-by": "operator",
                    "app.kubernetes.io/instance": "attestation-sample",
                    "app.kubernetes.io/managed-by": "kustomize",
                    "app.kubernetes.io/name": "attestation",
                    "app.kubernetes.io/part-of": "operator"
                  },
                  "name": "req1-reactive-deployed",
                  "namespace": "default"
                },
                "spec": {
                  "assessmentRef": "req1-reactive",
                  "providerRef": {
                    "name": "random",
                    "namespace": "default"
                  }
                }
              },
              "type": [
                "object",
                {
                  "apiVersion": "string",
                  "kind": "string",
                  "metadata": [
                    "object",
                    {
                      "labels": [
                        "object",
                        {
                          "app.kubernetes.io/created-by": "string",
                          "app.kubernetes.io/instance": "string",
                          "app.kubernetes.io/managed-by": "string",
                          "app.kubernetes.io/name": "string",
                          "app.kubernetes.io/part-of": "string"
                        }
                      ],
                      "name": "string",
                      "namespace": "string"
                    }
                  ],
                  "spec": [
                    "object",
                    {
                      "assessmentRef": "string",
                      "providerRef": [
                        "object",
                        {
                          "name": "string",
                          "namespace": "string"
                        }
                      ]
                    }
                  ]
                }
              ]
            },
            "object": {
              "value": {
                "apiVersion": "argus.io/v1alpha1",
                "kind": "Attestation",
                "metadata": {
                  "annotations": null,
                  "creationTimestamp": null,
                  "deletionGracePeriodSeconds": null,
                  "deletionTimestamp": null,
                  "finalizers": null,
                  "generateName": null,
                  "generation": null,
                  "labels": {
                    "app.kubernetes.io/created-by": "operator",
                    "app.kubernetes.io/instance": "attestation-sample",
                    "app.kubernetes.io/managed-by": "kustomize",
                    "app.kubernetes.io/name": "attestation",
                    "app.kubernetes.io/part-of": "operator"
                  },
                  "managedFields": null,
                  "name": "req1-reactive-deployed",
                  "namespace": "default",
                  "ownerReferences": null,
                  "resourceVersion": null,
                  "selfLink": null,
                  "uid": null
                },
                "spec": {
                  "assessmentRef": "req1-reactive",
                  "providerRef": {
                    "name": "random",
                    "namespace": "default"
                  }
                }
              },
              "type": [
                "object",
                {
                  "apiVersion": "string",
                  "kind": "string",
                  "metadata": [
                    "object",
                    {
                      "annotations": [
                        "map",
                        "string"
                      ],
                      "creationTimestamp": "string",
                      "deletionGracePeriodSeconds": "number",
                      "deletionTimestamp": "string",
                      "finalizers": [
                        "list",
                        "string"
                      ],
                      "generateName": "string",
                      "generation": "number",
                      "labels": [
                        "map",
                        "string"
                      ],
                      "managedFields": [
                        "tuple",
                        [
                          [
                            "object",
                            {
                              "apiVersion": "string",
                              "fieldsType": "string",
                              "fieldsV1": "dynamic",
                              "manager": "string",
                              "operation": "string",
                              "subresource": "string",
                              "time": "string"
                            }
                          ]
                        ]
                      ],
                      "name": "string",
                      "namespace": "string",
                      "ownerReferences": [
                        "list",
                        [
                          "object",
                          {
                            "apiVersion": "string",
                            "blockOwnerDeletion": "bool",
                            "controller": "bool",
                            "kind": "string",
                            "name": "string",
                            "uid": "string"
                          }
                        ]
                      ],
                      "resourceVersion": "string",
                      "selfLink": "string",
                      "uid": "string"
                    }
                  ],
                  "spec": [
                    "object",
                    {
                      "assessmentRef": "string",
                      "providerRef": [
                        "object",
                        {
                          "name": "string",
                          "namespace": "string"
                        }
                      ]
                    }
                  ]
                }
              ]
            },
            "timeouts": [],
            "wait": [],
            "wait_for": null
          },
          "sensitive_attributes": []
        },
        {
          "index_key": 1,
          "schema_version": 1,
          "attributes": {
            "computed_fields": null,
            "field_manager": [],
            "manifest": {
              "value": {
                "apiVersion": "argus.io/v1alpha1",
                "kind": "Attestation",
                "metadata": {
                  "labels": {
                    "app.kubernetes.io/created-by": "operator",
                    "app.kubernetes.io/instance": "attestation-sample",
                    "app.kubernetes.io/managed-by": "kustomize",
                    "app.kubernetes.io/name": "attestation",
                    "app.kubernetes.io/part-of": "operator"
                  },
                  "name": "req2-reactive-deployed",
                  "namespace": "default"
                },
                "spec": {
                  "assessmentRef": "req2-reactive",
                  "providerRef": {
                    "name": "random",
                    "namespace": "default"
                  }
                }
              },
              "type": [
                "object",
                {
                  "apiVersion": "string",
                  "kind": "string",
                  "metadata": [
                    "object",
                    {
                      "labels": [
                        "object",
                        {
                          "app.kubernetes.io/created-by": "string",
                          "app.kubernetes.io/instance": "string",
                          "app.kubernetes.io/managed-by": "string",
                          "app.kubernetes.io/name": "string",
                          "app.kubernetes.io/part-of": "string"
                        }
                      ],
                      "name": "string",
                      "namespace": "string"
                    }
                  ],
                  "spec": [
                    "object",
                    {
                      "assessmentRef": "string",
                      "providerRef": [
                        "object",
                        {
                          "name": "string",
                          "namespace": "string"
                        }
                      ]
                    }
                  ]
                }
              ]
            },
            "object": {
              "value": {
                "apiVersion": "argus.io/v1alpha1",
                "kind": "Attestation",
                "metadata": {
                  "annotations": null,
                  "creationTimestamp": null,
                  "deletionGracePeriodSeconds": null,
                  "deletionTimestamp": null,
                  "finalizers": null,
                  "generateName": null,
                  "generation": null,
                  "labels": {
                    "app.kubernetes.io/created-by": "operator",
                    "app.kubernetes.io/instance": "attestation-sample",
                    "app.kubernetes.io/managed-by": "kustomize",
                    "app.kubernetes.io/name": "attestation",
                    "app.kubernetes.io/part-of": "operator"
                  },
                  "managedFields": null,
                  "name": "req2-reactive-deployed",
                  "namespace": "default",
                  "ownerReferences": null,
                  "resourceVersion": null,
                  "selfLink": null,
                  "uid": null
                },
                "spec": {
                  "assessmentRef": "req2-reactive",
                  "providerRef": {
                    "name": "random",
                    "namespace": "default"
                  }
                }
              },
              "type": [
                "object",
                {
                  "apiVersion": "string",
                  "kind": "string",
                  "metadata": [
                    "object",
                    {
                      "annotations": [
                        "map",
                        "string"
                      ],
                      "creationTimestamp": "string",
                      "deletionGracePeriodSeconds": "number",
                      "deletionTimestamp": "string",
                      "finalizers": [
                        "list",
                        "string"
                      ],
                      "generateName": "string",
                      "generation": "number",
                      "labels": [
                        "map",
                        "string"
                      ],
                      "managedFields": [
                        "tuple",
                        [
                          [
                            "object",
                            {
                              "apiVersion": "string",
                              "fieldsType": "string",
                              "fieldsV1": "dynamic",
                              "manager": "string",
                              "operation": "string",
                              "subresource": "string",
                              "time": "string"
                            }
                          ]
                        ]
                      ],
                      "name": "string",
                      "namespace": "string",
                      "ownerReferences": [
                        "list",
                        [
                          "object",
                          {
                            "apiVersion": "string",
                            "blockOwnerDeletion": "bool",
                            "controller": "bool",
                            "kind": "string",
                            "name": "string",
                            "uid": "string"
                          }
                        ]
                      ],
                      "resourceVersion": "string",
                      "selfLink": "string",
                      "uid": "string"
                    }
                  ],
                  "spec": [
                    "object",
                    {
                      "assessmentRef": "string",
                      "providerRef": [
                        "object",
                        {
                          "name": "string",
                          "namespace": "string"
                        }
                      ]
                    }
                  ]
                }
              ]
            },
            "timeouts": [],
            "wait": [],
            "wait_for": null
          },
          "sensitive_attributes": []
        },
        {
          "index_key": 2,
          "schema_version": 1,
          "attributes": {
            "computed_fields": null,
            "field_manager": [],
            "manifest": {
              "value": {
                "apiVersion": "argus.io/v1alpha1",
                "kind": "Attestation",
                "metadata": {
                  "labels": {
                    "app.kubernetes.io/created-by": "operator",
                    "app.kubernetes.io/instance": "attestation-sample",
                    "app.kubernetes.io/managed-by": "kustomize",
                    "app.kubernetes.io/name": "attestation",
                    "app.kubernetes.io/part-of": "operator"
                  },
                  "name": "req3-reactive-deployed",
                  "namespace": "default"
                },
                "spec": {
                  "assessmentRef": "req3-reactive",
                  "providerRef": {
                    "name": "random",
                    "namespace": "default"
                  }
                }
              },
              "type": [
                "object",
                {
                  "apiVersion": "string",
                  "kind": "string",
                  "metadata": [
                    "object",
                    {
                      "labels": [
                        "object",
                        {
                          "app.kubernetes.io/created-by": "string",
                          "app.kubernetes.io/instance": "string",
                          "app.kubernetes.io/managed-by": "string",
                          "app.kubernetes.io/name": "string",
                          "app.kubernetes.io/part-of": "string"
                        }
                      ],
                      "name": "string",
                      "namespace": "string"
                    }
                  ],
                  "spec": [
                    "object",
                    {
                      "assessmentRef": "string",
                      "providerRef": [
                        "object",
                        {
                          "name": "string",
                          "namespace": "string"
                        }
                      ]
                    }
                  ]
                }
              ]
            },
            "object": {
              "value": {
                "apiVersion": "argus.io/v1alpha1",
                "kind": "Attestation",
                "metadata": {
                  "annotations": null,
                  "creationTimestamp": null,
                  "deletionGracePeriodSeconds": null,
                  "deletionTimestamp": null,
                  "finalizers": null,
                  "generateName": null,
                  "generation": null,
                  "labels": {
                    "app.kubernetes.io/created-by": "operator",
                    "app.kubernetes.io/instance": "attestation-sample",
                    "app.kubernetes.io/managed-by": "kustomize",
                    "app.kubernetes.io/name": "attestation",
                    "app.kubernetes.io/part-of": "operator"
                  },
                  "managedFields": null,
                  "name": "req3-reactive-deployed",
                  "namespace": "default",
                  "ownerReferences": null,
                  "resourceVersion": null,
                  "selfLink": null,
                  "uid": null
                },
                "spec": {
                  "assessmentRef": "req3-reactive",
                  "providerRef": {
                    "name": "random",
                    "namespace": "default"
                  }
                }
              },
              "type": [
                "object",
                {
                  "apiVersion": "string",
                  "kind": "string",
                  "metadata": [
                    "object",
                    {
                      "annotations": [
                        "map",
                        "string"
                      ],
                      "creationTimestamp": "string",
                      "deletionGracePeriodSeconds": "number",
                      "deletionTimestamp": "string",
                      "finalizers": [
                        "list",
                        "string"
                      ],
                      "generateName": "string",
                      "generation": "number",
                      "labels": [
                        "map",
                        "string"
                      ],
                      "managedFields": [
                        "tuple",
                        [
                          [
                            "object",
                            {
                              "apiVersion": "string",
                              "fieldsType": "string",
                              "fieldsV1": "dynamic",
                              "manager": "string",
                              "operation": "string",
                              "subresource": "string",
                              "time": "string"
                            }
                          ]
                        ]
                      ],
                      "name": "string",
                      "namespace": "string",
                      "ownerReferences": [
                        "list",
                        [
                          "object",
                          {
                            "apiVersion": "string",
                            "blockOwnerDeletion": "bool",
                            "controller": "bool",
                            "kind": "string",
                            "name": "string",
                            "uid": "string"
                          }
                        ]
                      ],
                      "resourceVersion": "string",
                      "selfLink": "string",
                      "uid": "string"
                    }
                  ],
                  "spec": [
                    "object",
                    {
                      "assessmentRef": "string",
                      "providerRef": [
                        "object",
                        {
                          "name": "string",
                          "namespace": "string"
                        }
                      ]
                    }
                  ]
                }
              ]
            },
            "timeouts": [],
            "wait": [],
            "wait_for": null
          },
          "sensitive_attributes": []
        },
        {
          "index_key": 3,
          "schema_version": 1,
          "attributes": {
            "computed_fields": null,
            "field_manager": [],
            "manifest": {
              "value": {
                "apiVersion": "argus.io/v1alpha1",
                "kind": "Attestation",
                "metadata": {
                  "labels": {
                    "app.kubernetes.io/created-by": "operator",
                    "app.kubernetes.io/instance": "attestation-sample",
                    "app.kubernetes.io/managed-by": "kustomize",
                    "app.kubernetes.io/name": "attestation",
                    "app.kubernetes.io/part-of": "operator"
                  },
                  "name": "req4-reactive-deployed",
                  "namespace": "default"
                },
                "spec": {
                  "assessmentRef": "req4-reactive",
                  "providerRef": {
                    "name": "random",
                    "namespace": "default"
                  }
                }
              },
              "type": [
                "object",
                {
                  "apiVersion": "string",
                  "kind": "string",
                  "metadata": [
                    "object",
                    {
                      "labels": [
                        "object",
                        {
                          "app.kubernetes.io/created-by": "string",
                          "app.kubernetes.io/instance": "string",
                          "app.kubernetes.io/managed-by": "string",
                          "app.kubernetes.io/name": "string",
                          "app.kubernetes.io/part-of": "string"
                        }
                      ],
                      "name": "string",
                      "namespace": "string"
                    }
                  ],
                  "spec": [
                    "object",
                    {
                      "assessmentRef": "string",
                      "providerRef": [
                        "object",
                        {
                          "name": "string",
                          "namespace": "string"
                        }
                      ]
                    }
                  ]
                }
              ]
            },
            "object": {
              "value": {
                "apiVersion": "argus.io/v1alpha1",
                "kind": "Attestation",
                "metadata": {
                  "annotations": null,
                  "creationTimestamp": null,
                  "deletionGracePeriodSeconds": null,
                  "deletionTimestamp": null,
                  "finalizers": null,
                  "generateName": null,
                  "generation": null,
                  "labels": {
                    "app.kubernetes.io/created-by": "operator",
                    "app.kubernetes.io/instance": "attestation-sample",
                    "app.kubernetes.io/managed-by": "kustomize",
                    "app.kubernetes.io/name": "attestation",
                    "app.kubernetes.io/part-of": "operator"
                  },
                  "managedFields": null,
                  "name": "req4-reactive-deployed",
                  "namespace": "default",
                  "ownerReferences": null,
                  "resourceVersion": null,
                  "selfLink": null,
                  "uid": null
                },
                "spec": {
                  "assessmentRef": "req4-reactive",
                  "providerRef": {
                    "name": "random",
                    "namespace": "default"
                  }
                }
              },
              "type": [
                "object",
                {
                  "apiVersion": "string",
                  "kind": "string",
                  "metadata": [
                    "object",
                    {
                      "annotations": [
                        "map",
                        "string"
                      ],
                      "creationTimestamp": "string",
                      "deletionGracePeriodSeconds": "number",
                      "deletionTimestamp": "string",
                      "finalizers": [
                        "list",
                        "string"
                      ],
                      "generateName": "string",
                      "generation": "number",
                      "labels": [
                        "map",
                        "string"
                      ],
                      "managedFields": [
                        "tuple",
                        [
                          [
                            "object",
                            {
                              "apiVersion": "string",
                              "fieldsType": "string",
                              "fieldsV1": "dynamic",
                              "manager": "string",
                              "operation": "string",
                              "subresource": "string",
                              "time": "string"
                            }
                          ]
                        ]
                      ],
                      "name": "string",
                      "namespace": "string",
                      "ownerReferences": [
                        "list",
                        [
                          "object",
                          {
                            "apiVersion": "string",
                            "blockOwnerDeletion": "bool",
                            "controller": "bool",
                            "kind": "string",
                            "name": "string",
                            "uid": "string"
                          }
                        ]
                      ],
                      "resourceVersion": "string",
                      "selfLink": "string",
                      "uid": "string"
                    }
                  ],
                  "spec": [
                    "object",
                    {
                      "assessmentRef": "string",
                      "providerRef": [
                        "object",
                        {
                          "name": "string",
                          "namespace": "string"
                        }
                      ]
                    }
                  ]
                }
              ]
            },
            "timeouts": [],
            "wait": [],
            "wait_for": null
          },
          "sensitive_attributes": []
        },
        {
          "index_key": 4,
          "schema_version": 1,
          "attributes": {
            "computed_fields": null,
            "field_manager": [],
            "manifest": {
              "value": {
                "apiVersion": "argus.io/v1alpha1",
                "kind": "Attestation",
                "metadata": {
                  "labels": {
                    "app.kubernetes.io/created-by": "operator",
                    "app.kubernetes.io/instance": "attestation-sample",
                    "app.kubernetes.io/managed-by": "kustomize",
                    "app.kubernetes.io/name": "attestation",
                    "app.kubernetes.io/part-of": "operator"
                  },
                  "name": "req5-reactive-deployed",
                  "namespace": "default"
                },
                "spec": {
                  "assessmentRef": "req5-reactive",
                  "providerRef": {
                    "name": "random",
                    "namespace": "default"
                  }
                }
              },
              "type": [
                "object",
                {
                  "apiVersion": "string",
                  "kind": "string",
                  "metadata": [
                    "object",
                    {
                      "labels": [
                        "object",
                        {
                          "app.kubernetes.io/created-by": "string",
                          "app.kubernetes.io/instance": "string",
                          "app.kubernetes.io/managed-by": "string",
                          "app.kubernetes.io/name": "string",
                          "app.kubernetes.io/part-of": "string"
                        }
                      ],
                      "name": "string",
                      "namespace": "string"
                    }
                  ],
                  "spec": [
                    "object",
                    {
                      "assessmentRef": "string",
                      "providerRef": [
                        "object",
                        {
                          "name": "string",
                          "namespace": "string"
                        }
                      ]
                    }
                  ]
                }
              ]
            },
            "object": {
              "value": {
                "apiVersion": "argus.io/v1alpha1",
                "kind": "Attestation",
                "metadata": {
                  "annotations": null,
                  "creationTimestamp": null,
                  "deletionGracePeriodSeconds": null,
                  "deletionTimestamp": null,
                  "finalizers": null,
                  "generateName": null,
                  "generation": null,
                  "labels": {
                    "app.kubernetes.io/created-by": "operator",
                    "app.kubernetes.io/instance": "attestation-sample",
                    "app.kubernetes.io/managed-by": "kustomize",
                    "app.kubernetes.io/name": "attestation",
                    "app.kubernetes.io/part-of": "operator"
                  },
                  "managedFields": null,
                  "name": "req5-reactive-deployed",
                  "namespace": "default",
                  "ownerReferences": null,
                  "resourceVersion": null,
                  "selfLink": null,
                  "uid": null
                },
                "spec": {
                  "assessmentRef": "req5-reactive",
                  "providerRef": {
                    "name": "random",
                    "namespace": "default"
                  }
                }
              },
              "type": [
                "object",
                {
                  "apiVersion": "string",
                  "kind": "string",
                  "metadata": [
                    "object",
                    {
                      "annotations": [
                        "map",
                        "string"
                      ],
                      "creationTimestamp": "string",
                      "deletionGracePeriodSeconds": "number",
                      "deletionTimestamp": "string",
                      "finalizers": [
                        "list",
                        "string"
                      ],
                      "generateName": "string",
                      "generation": "number",
                      "labels": [
                        "map",
                        "string"
                      ],
                      "managedFields": [
                        "tuple",
                        [
                          [
                            "object",
                            {
                              "apiVersion": "string",
                              "fieldsType": "string",
                              "fieldsV1": "dynamic",
                              "manager": "string",
                              "operation": "string",
                              "subresource": "string",
                              "time": "string"
                            }
                          ]
                        ]
                      ],
                      "name": "string",
                      "namespace": "string",
                      "ownerReferences": [
                        "list",
                        [
                          "object",
                          {
                            "apiVersion": "string",
                            "blockOwnerDeletion": "bool",
                            "controller": "bool",
                            "kind": "string",
                            "name": "string",
                            "uid": "string"
                          }
                        ]
                      ],
                      "resourceVersion": "string",
                      "selfLink": "string",
                      "uid": "string"
                    }
                  ],
                  "spec": [
                    "object",
                    {
                      "assessmentRef": "string",
                      "providerRef": [
                        "object",
                        {
                          "name": "string",
                          "namespace": "string"
                        }
                      ]
                    }
                  ]
                }
              ]
            },
            "timeouts": [],
            "wait": [],
            "wait_for": null
          },
          "sensitive_attributes": []
        },
        {
          "index_key": 5,
          "schema_version": 1,
          "attributes": {
            "computed_fields": null,
            "field_manager": [],
            "manifest": {
              "value": {
                "apiVersion": "argus.io/v1alpha1",
                "kind": "Attestation",
                "metadata": {
                  "labels": {
                    "app.kubernetes.io/created-by": "operator",
                    "app.kubernetes.io/instance": "attestation-sample",
                    "app.kubernetes.io/managed-by": "kustomize",
                    "app.kubernetes.io/name": "attestation",
                    "app.kubernetes.io/part-of": "operator"
                  },
                  "name": "req6-reactive-deployed",
                  "namespace": "default"
                },
                "spec": {
                  "assessmentRef": "req6-reactive",
                  "providerRef": {
                    "name": "random",
                    "namespace": "default"
                  }
                }
              },
              "type": [
                "object",
                {
                  "apiVersion": "string",
                  "kind": "string",
                  "metadata": [
                    "object",
                    {
                      "labels": [
                        "object",
                        {
                          "app.kubernetes.io/created-by": "string",
                          "app.kubernetes.io/instance": "string",
                          "app.kubernetes.io/managed-by": "string",
                          "app.kubernetes.io/name": "string",
                          "app.kubernetes.io/part-of": "string"
                        }
                      ],
                      "name": "string",
                      "namespace": "string"
                    }
                  ],
                  "spec": [
                    "object",
                    {
                      "assessmentRef": "string",
                      "providerRef": [
                        "object",
                        {
                          "name": "string",
                          "namespace": "string"
                        }
                      ]
                    }
                  ]
                }
              ]
            },
            "object": {
              "value": {
                "apiVersion": "argus.io/v1alpha1",
                "kind": "Attestation",
                "metadata": {
                  "annotations": null,
                  "creationTimestamp": null,
                  "deletionGracePeriodSeconds": null,
                  "deletionTimestamp": null,
                  "finalizers": null,
                  "generateName": null,
                  "generation": null,
                  "labels": {
                    "app.kubernetes.io/created-by": "operator",
                    "app.kubernetes.io/instance": "attestation-sample",
                    "app.kubernetes.io/managed-by": "kustomize",
                    "app.kubernetes.io/name": "attestation",
                    "app.kubernetes.io/part-of": "operator"
                  },
                  "managedFields": null,
                  "name": "req6-reactive-deployed",
                  "namespace": "default",
                  "ownerReferences": null,
                  "resourceVersion": null,
                  "selfLink": null,
                  "uid": null
                },
                "spec": {
                  "assessmentRef": "req6-reactive",
                  "providerRef": {
                    "name": "random",
                    "namespace": "default"
                  }
                }
              },
              "type": [
                "object",
                {
                  "apiVersion": "string",
                  "kind": "string",
                  "metadata": [
                    "object",
                    {
                      "annotations": [
                        "map",
                        "string"
                      ],
                      "creationTimestamp": "string",
                      "deletionGracePeriodSeconds": "number",
                      "deletionTimestamp": "string",
                      "finalizers": [
                        "list",
                        "string"
                      ],
                      "generateName": "string",
                      "generation": "number",
                      "labels": [
                        "map",
                        "string"
                      ],
                      "managedFields": [
                        "tuple",
                        [
                          [
                            "object",
                            {
                              "apiVersion": "string",
                              "fieldsType": "string",
                              "fieldsV1": "dynamic",
                              "manager": "string",
                              "operation": "string",
                              "subresource": "string",
                              "time": "string"
                            }
                          ]
                        ]
                      ],
                      "name": "string",
                      "namespace": "string",
                      "ownerReferences": [
                        "list",
                        [
                          "object",
                          {
                            "apiVersion": "string",
                            "blockOwnerDeletion": "bool",
                            "controller": "bool",
                            "kind": "string",
                            "name": "string",
                            "uid": "string"
                          }
                        ]
                      ],
                      "resourceVersion": "string",
                      "selfLink": "string",
                      "uid": "string"
                    }
                  ],
                  "spec": [
                    "object",
                    {
                      "assessmentRef": "string",
                      "providerRef": [
                        "object",
                        {
                          "name": "string",
                          "namespace": "string"
                        }
                      ]
                    }
                  ]
                }
              ]
            },
            "timeouts": [],
            "wait": [],
            "wait_for": null
          },
          "sensitive_attributes": []
        },
        {
          "index_key": 6,
          "schema_version": 1,
          "attributes": {
            "computed_fields": null,
            "field_manager": [],
            "manifest": {
              "value": {
                "apiVersion": "argus.io/v1alpha1",
                "kind": "Attestation",
                "metadata": {
                  "labels": {
                    "app.kubernetes.io/created-by": "operator",
                    "app.kubernetes.io/instance": "attestation-sample",
                    "app.kubernetes.io/managed-by": "kustomize",
                    "app.kubernetes.io/name": "attestation",
                    "app.kubernetes.io/part-of": "operator"
                  },
                  "name": "req7-reactive-deployed",
                  "namespace": "default"
                },
                "spec": {
                  "assessmentRef": "req7-reactive",
                  "providerRef": {
                    "name": "random",
                    "namespace": "default"
                  }
                }
              },
              "type": [
                "object",
                {
                  "apiVersion": "string",
                  "kind": "string",
                  "metadata": [
                    "object",
                    {
                      "labels": [
                        "object",
                        {
                          "app.kubernetes.io/created-by": "string",
                          "app.kubernetes.io/instance": "string",
                          "app.kubernetes.io/managed-by": "string",
                          "app.kubernetes.io/name": "string",
                          "app.kubernetes.io/part-of": "string"
                        }
                      ],
                      "name": "string",
                      "namespace": "string"
                    }
                  ],
                  "spec": [
                    "object",
                    {
                      "assessmentRef": "string",
                      "providerRef": [
                        "object",
                        {
                          "name": "string",
                          "namespace": "string"
                        }
                      ]
                    }
                  ]
                }
              ]
            },
            "object": {
              "value": {
                "apiVersion": "argus.io/v1alpha1",
                "kind": "Attestation",
                "metadata": {
                  "annotations": null,
                  "creationTimestamp": null,
                  "deletionGracePeriodSeconds": null,
                  "deletionTimestamp": null,
                  "finalizers": null,
                  "generateName": null,
                  "generation": null,
                  "labels": {
                    "app.kubernetes.io/created-by": "operator",
                    "app.kubernetes.io/instance": "attestation-sample",
                    "app.kubernetes.io/managed-by": "kustomize",
                    "app.kubernetes.io/name": "attestation",
                    "app.kubernetes.io/part-of": "operator"
                  },
                  "managedFields": null,
                  "name": "req7-reactive-deployed",
                  "namespace": "default",
                  "ownerReferences": null,
                  "resourceVersion": null,
                  "selfLink": null,
                  "uid": null
                },
                "spec": {
                  "assessmentRef": "req7-reactive",
                  "providerRef": {
                    "name": "random",
                    "namespace": "default"
                  }
                }
              },
              "type": [
                "object",
                {
                  "apiVersion": "string",
                  "kind": "string",
                  "metadata": [
                    "object",
                    {
                      "annotations": [
                        "map",
                        "string"
                      ],
                      "creationTimestamp": "string",
                      "deletionGracePeriodSeconds": "number",
                      "deletionTimestamp": "string",
                      "finalizers": [
                        "list",
                        "string"
                      ],
                      "generateName": "string",
                      "generation": "number",
                      "labels": [
                        "map",
                        "string"
                      ],
                      "managedFields": [
                        "tuple",
                        [
                          [
                            "object",
                            {
                              "apiVersion": "string",
                              "fieldsType": "string",
                              "fieldsV1": "dynamic",
                              "manager": "string",
                              "operation": "string",
                              "subresource": "string",
                              "time": "string"
                            }
                          ]
                        ]
                      ],
                      "name": "string",
                      "namespace": "string",
                      "ownerReferences": [
                        "list",
                        [
                          "object",
                          {
                            "apiVersion": "string",
                            "blockOwnerDeletion": "bool",
                            "controller": "bool",
                            "kind": "string",
                            "name": "string",
                            "uid": "string"
                          }
                        ]
                      ],
                      "resourceVersion": "string",
                      "selfLink": "string",
                      "uid": "string"
                    }
                  ],
                  "spec": [
                    "object",
                    {
                      "assessmentRef": "string",
                      "providerRef": [
                        "object",
                        {
                          "name": "string",
                          "namespace": "string"
                        }
                      ]
                    }
                  ]
                }
              ]
            },
            "timeouts": [],
            "wait": [],
            "wait_for": null
          },
          "sensitive_attributes": []
        },
        {
          "index_key": 7,
          "schema_version": 1,
          "attributes": {
            "computed_fields": null,
            "field_manager": [],
            "manifest": {
              "value": {
                "apiVersion": "argus.io/v1alpha1",
                "kind": "Attestation",
                "metadata": {
                  "labels": {
                    "app.kubernetes.io/created-by": "operator",
                    "app.kubernetes.io/instance": "attestation-sample",
                    "app.kubernetes.io/managed-by": "kustomize",
                    "app.kubernetes.io/name": "attestation",
                    "app.kubernetes.io/part-of": "operator"
                  },
                  "name": "req8-reactive-deployed",
                  "namespace": "default"
                },
                "spec": {
                  "assessmentRef": "req8-reactive",
                  "providerRef": {
                    "name": "random",
                    "namespace": "default"
                  }
                }
              },
              "type": [
                "object",
                {
                  "apiVersion": "string",
                  "kind": "string",
                  "metadata": [
                    "object",
                    {
                      "labels": [
                        "object",
                        {
                          "app.kubernetes.io/created-by": "string",
                          "app.kubernetes.io/instance": "string",
                          "app.kubernetes.io/managed-by": "string",
                          "app.kubernetes.io/name": "string",
                          "app.kubernetes.io/part-of": "string"
                        }
                      ],
                      "name": "string",
                      "namespace": "string"
                    }
                  ],
                  "spec": [
                    "object",
                    {
                      "assessmentRef": "string",
                      "providerRef": [
                        "object",
                        {
                          "name": "string",
                          "namespace": "string"
                        }
                      ]
                    }
                  ]
                }
              ]
            },
            "object": {
              "value": {
                "apiVersion": "argus.io/v1alpha1",
                "kind": "Attestation",
                "metadata": {
                  "annotations": null,
                  "creationTimestamp": null,
                  "deletionGracePeriodSeconds": null,
                  "deletionTimestamp": null,
                  "finalizers": null,
                  "generateName": null,
                  "generation": null,
                  "labels": {
                    "app.kubernetes.io/created-by": "operator",
                    "app.kubernetes.io/instance": "attestation-sample",
                    "app.kubernetes.io/managed-by": "kustomize",
                    "app.kubernetes.io/name": "attestation",
                    "app.kubernetes.io/part-of": "operator"
                  },
                  "managedFields": null,
                  "name": "req8-reactive-deployed",
                  "namespace": "default",
                  "ownerReferences": null,
                  "resourceVersion": null,
                  "selfLink": null,
                  "uid": null
                },
                "spec": {
                  "assessmentRef": "req8-reactive",
                  "providerRef": {
                    "name": "random",
                    "namespace": "default"
                  }
                }
              },
              "type": [
                "object",
                {
                  "apiVersion": "string",
                  "kind": "string",
                  "metadata": [
                    "object",
                    {
                      "annotations": [
                        "map",
                        "string"
                      ],
                      "creationTimestamp": "string",
                      "deletionGracePeriodSeconds": "number",
                      "deletionTimestamp": "string",
                      "finalizers": [
                        "list",
                        "string"
                      ],
                      "generateName": "string",
                      "generation": "number",
                      "labels": [
                        "map",
                        "string"
                      ],
                      "managedFields": [
                        "tuple",
                        [
                          [
                            "object",
                            {
                              "apiVersion": "string",
                              "fieldsType": "string",
                              "fieldsV1": "dynamic",
                              "manager": "string",
                              "operation": "string",
                              "subresource": "string",
                              "time": "string"
                            }
                          ]
                        ]
                      ],
                      "name": "string",
                      "namespace": "string",
                      "ownerReferences": [
                        "list",
                        [
                          "object",
                          {
                            "apiVersion": "string",
                            "blockOwnerDeletion": "bool",
                            "controller": "bool",
                            "kind": "string",
                            "name": "string",
                            "uid": "string"
                          }
                        ]
                      ],
                      "resourceVersion": "string",
                      "selfLink": "string",
                      "uid": "string"
                    }
                  ],
                  "spec": [
                    "object",
                    {
                      "assessmentRef": "string",
                      "providerRef": [
                        "object",
                        {
                          "name": "string",
                          "namespace": "string"
                        }
                      ]
                    }
                  ]
                }
              ]
            },
            "timeouts": [],
            "wait": [],
            "wait_for": null
          },
          "sensitive_attributes": []
        }
      ]
    },
    {
      "mode": "managed",
      "type": "kubernetes_manifest",
      "name": "reactive_reasoning_attestation",
      "provider": "provider[\"registry.terraform.io/hashicorp/kubernetes\"]",
      "instances": [
        {
          "index_key": 0,
          "schema_version": 1,
          "attributes": {
            "computed_fields": null,
            "field_manager": [],
            "manifest": {
              "value": {
                "apiVersion": "argus.io/v1alpha1",
                "kind": "Attestation",
                "metadata": {
                  "labels": {
                    "app.kubernetes.io/created-by": "operator",
                    "app.kubernetes.io/instance": "attestation-sample",
                    "app.kubernetes.io/managed-by": "kustomize",
                    "app.kubernetes.io/name": "attestation",
                    "app.kubernetes.io/part-of": "operator"
                  },
                  "name": "req1-reactive-reasoning",
                  "namespace": "default"
                },
                "spec": {
                  "assessmentRef": "req1-reactive",
                  "providerRef": {
                    "name": "random",
                    "namespace": "default"
                  }
                }
              },
              "type": [
                "object",
                {
                  "apiVersion": "string",
                  "kind": "string",
                  "metadata": [
                    "object",
                    {
                      "labels": [
                        "object",
                        {
                          "app.kubernetes.io/created-by": "string",
                          "app.kubernetes.io/instance": "string",
                          "app.kubernetes.io/managed-by": "string",
                          "app.kubernetes.io/name": "string",
                          "app.kubernetes.io/part-of": "string"
                        }
                      ],
                      "name": "string",
                      "namespace": "string"
                    }
                  ],
                  "spec": [
                    "object",
                    {
                      "assessmentRef": "string",
                      "providerRef": [
                        "object",
                        {
                          "name": "string",
                          "namespace": "string"
                        }
                      ]
                    }
                  ]
                }
              ]
            },
            "object": {
              "value": {
                "apiVersion": "argus.io/v1alpha1",
                "kind": "Attestation",
                "metadata": {
                  "annotations": null,
                  "creationTimestamp": null,
                  "deletionGracePeriodSeconds": null,
                  "deletionTimestamp": null,
                  "finalizers": null,
                  "generateName": null,
                  "generation": null,
                  "labels": {
                    "app.kubernetes.io/created-by": "operator",
                    "app.kubernetes.io/instance": "attestation-sample",
                    "app.kubernetes.io/managed-by": "kustomize",
                    "app.kubernetes.io/name": "attestation",
                    "app.kubernetes.io/part-of": "operator"
                  },
                  "managedFields": null,
                  "name": "req1-reactive-reasoning",
                  "namespace": "default",
                  "ownerReferences": null,
                  "resourceVersion": null,
                  "selfLink": null,
                  "uid": null
                },
                "spec": {
                  "assessmentRef": "req1-reactive",
                  "providerRef": {
                    "name": "random",
                    "namespace": "default"
                  }
                }
              },
              "type": [
                "object",
                {
                  "apiVersion": "string",
                  "kind": "string",
                  "metadata": [
                    "object",
                    {
                      "annotations": [
                        "map",
                        "string"
                      ],
                      "creationTimestamp": "string",
                      "deletionGracePeriodSeconds": "number",
                      "deletionTimestamp": "string",
                      "finalizers": [
                        "list",
                        "string"
                      ],
                      "generateName": "string",
                      "generation": "number",
                      "labels": [
                        "map",
                        "string"
                      ],
                      "managedFields": [
                        "tuple",
                        [
                          [
                            "object",
                            {
                              "apiVersion": "string",
                              "fieldsType": "string",
                              "fieldsV1": "dynamic",
                              "manager": "string",
                              "operation": "string",
                              "subresource": "string",
                              "time": "string"
                            }
                          ]
                        ]
                      ],
                      "name": "string",
                      "namespace": "string",
                      "ownerReferences": [
                        "list",
                        [
                          "object",
                          {
                            "apiVersion": "string",
                            "blockOwnerDeletion": "bool",
                            "controller": "bool",
                            "kind": "string",
                            "name": "string",
                            "uid": "string"
                          }
                        ]
                      ],
                      "resourceVersion": "string",
                      "selfLink": "string",
                      "uid": "string"
                    }
                  ],
                  "spec": [
                    "object",
                    {
                      "assessmentRef": "string",
                      "providerRef": [
                        "object",
                        {
                          "name": "string",
                          "namespace": "string"
                        }
                      ]
                    }
                  ]
                }
              ]
            },
            "timeouts": [],
            "wait": [],
            "wait_for": null
          },
          "sensitive_attributes": []
        },
        {
          "index_key": 1,
          "schema_version": 1,
          "attributes": {
            "computed_fields": null,
            "field_manager": [],
            "manifest": {
              "value": {
                "apiVersion": "argus.io/v1alpha1",
                "kind": "Attestation",
                "metadata": {
                  "labels": {
                    "app.kubernetes.io/created-by": "operator",
                    "app.kubernetes.io/instance": "attestation-sample",
                    "app.kubernetes.io/managed-by": "kustomize",
                    "app.kubernetes.io/name": "attestation",
                    "app.kubernetes.io/part-of": "operator"
                  },
                  "name": "req2-reactive-reasoning",
                  "namespace": "default"
                },
                "spec": {
                  "assessmentRef": "req2-reactive",
                  "providerRef": {
                    "name": "random",
                    "namespace": "default"
                  }
                }
              },
              "type": [
                "object",
                {
                  "apiVersion": "string",
                  "kind": "string",
                  "metadata": [
                    "object",
                    {
                      "labels": [
                        "object",
                        {
                          "app.kubernetes.io/created-by": "string",
                          "app.kubernetes.io/instance": "string",
                          "app.kubernetes.io/managed-by": "string",
                          "app.kubernetes.io/name": "string",
                          "app.kubernetes.io/part-of": "string"
                        }
                      ],
                      "name": "string",
                      "namespace": "string"
                    }
                  ],
                  "spec": [
                    "object",
                    {
                      "assessmentRef": "string",
                      "providerRef": [
                        "object",
                        {
                          "name": "string",
                          "namespace": "string"
                        }
                      ]
                    }
                  ]
                }
              ]
            },
            "object": {
              "value": {
                "apiVersion": "argus.io/v1alpha1",
                "kind": "Attestation",
                "metadata": {
                  "annotations": null,
                  "creationTimestamp": null,
                  "deletionGracePeriodSeconds": null,
                  "deletionTimestamp": null,
                  "finalizers": null,
                  "generateName": null,
                  "generation": null,
                  "labels": {
                    "app.kubernetes.io/created-by": "operator",
                    "app.kubernetes.io/instance": "attestation-sample",
                    "app.kubernetes.io/managed-by": "kustomize",
                    "app.kubernetes.io/name": "attestation",
                    "app.kubernetes.io/part-of": "operator"
                  },
                  "managedFields": null,
                  "name": "req2-reactive-reasoning",
                  "namespace": "default",
                  "ownerReferences": null,
                  "resourceVersion": null,
                  "selfLink": null,
                  "uid": null
                },
                "spec": {
                  "assessmentRef": "req2-reactive",
                  "providerRef": {
                    "name": "random",
                    "namespace": "default"
                  }
                }
              },
              "type": [
                "object",
                {
                  "apiVersion": "string",
                  "kind": "string",
                  "metadata": [
                    "object",
                    {
                      "annotations": [
                        "map",
                        "string"
                      ],
                      "creationTimestamp": "string",
                      "deletionGracePeriodSeconds": "number",
                      "deletionTimestamp": "string",
                      "finalizers": [
                        "list",
                        "string"
                      ],
                      "generateName": "string",
                      "generation": "number",
                      "labels": [
                        "map",
                        "string"
                      ],
                      "managedFields": [
                        "tuple",
                        [
                          [
                            "object",
                            {
                              "apiVersion": "string",
                              "fieldsType": "string",
                              "fieldsV1": "dynamic",
                              "manager": "string",
                              "operation": "string",
                              "subresource": "string",
                              "time": "string"
                            }
                          ]
                        ]
                      ],
                      "name": "string",
                      "namespace": "string",
                      "ownerReferences": [
                        "list",
                        [
                          "object",
                          {
                            "apiVersion": "string",
                            "blockOwnerDeletion": "bool",
                            "controller": "bool",
                            "kind": "string",
                            "name": "string",
                            "uid": "string"
                          }
                        ]
                      ],
                      "resourceVersion": "string",
                      "selfLink": "string",
                      "uid": "string"
                    }
                  ],
                  "spec": [
                    "object",
                    {
                      "assessmentRef": "string",
                      "providerRef": [
                        "object",
                        {
                          "name": "string",
                          "namespace": "string"
                        }
                      ]
                    }
                  ]
                }
              ]
            },
            "timeouts": [],
            "wait": [],
            "wait_for": null
          },
          "sensitive_attributes": []
        },
        {
          "index_key": 2,
          "schema_version": 1,
          "attributes": {
            "computed_fields": null,
            "field_manager": [],
            "manifest": {
              "value": {
                "apiVersion": "argus.io/v1alpha1",
                "kind": "Attestation",
                "metadata": {
                  "labels": {
                    "app.kubernetes.io/created-by": "operator",
                    "app.kubernetes.io/instance": "attestation-sample",
                    "app.kubernetes.io/managed-by": "kustomize",
                    "app.kubernetes.io/name": "attestation",
                    "app.kubernetes.io/part-of": "operator"
                  },
                  "name": "req3-reactive-reasoning",
                  "namespace": "default"
                },
                "spec": {
                  "assessmentRef": "req3-reactive",
                  "providerRef": {
                    "name": "random",
                    "namespace": "default"
                  }
                }
              },
              "type": [
                "object",
                {
                  "apiVersion": "string",
                  "kind": "string",
                  "metadata": [
                    "object",
                    {
                      "labels": [
                        "object",
                        {
                          "app.kubernetes.io/created-by": "string",
                          "app.kubernetes.io/instance": "string",
                          "app.kubernetes.io/managed-by": "string",
                          "app.kubernetes.io/name": "string",
                          "app.kubernetes.io/part-of": "string"
                        }
                      ],
                      "name": "string",
                      "namespace": "string"
                    }
                  ],
                  "spec": [
                    "object",
                    {
                      "assessmentRef": "string",
                      "providerRef": [
                        "object",
                        {
                          "name": "string",
                          "namespace": "string"
                        }
                      ]
                    }
                  ]
                }
              ]
            },
            "object": {
              "value": {
                "apiVersion": "argus.io/v1alpha1",
                "kind": "Attestation",
                "metadata": {
                  "annotations": null,
                  "creationTimestamp": null,
                  "deletionGracePeriodSeconds": null,
                  "deletionTimestamp": null,
                  "finalizers": null,
                  "generateName": null,
                  "generation": null,
                  "labels": {
                    "app.kubernetes.io/created-by": "operator",
                    "app.kubernetes.io/instance": "attestation-sample",
                    "app.kubernetes.io/managed-by": "kustomize",
                    "app.kubernetes.io/name": "attestation",
                    "app.kubernetes.io/part-of": "operator"
                  },
                  "managedFields": null,
                  "name": "req3-reactive-reasoning",
                  "namespace": "default",
                  "ownerReferences": null,
                  "resourceVersion": null,
                  "selfLink": null,
                  "uid": null
                },
                "spec": {
                  "assessmentRef": "req3-reactive",
                  "providerRef": {
                    "name": "random",
                    "namespace": "default"
                  }
                }
              },
              "type": [
                "object",
                {
                  "apiVersion": "string",
                  "kind": "string",
                  "metadata": [
                    "object",
                    {
                      "annotations": [
                        "map",
                        "string"
                      ],
                      "creationTimestamp": "string",
                      "deletionGracePeriodSeconds": "number",
                      "deletionTimestamp": "string",
                      "finalizers": [
                        "list",
                        "string"
                      ],
                      "generateName": "string",
                      "generation": "number",
                      "labels": [
                        "map",
                        "string"
                      ],
                      "managedFields": [
                        "tuple",
                        [
                          [
                            "object",
                            {
                              "apiVersion": "string",
                              "fieldsType": "string",
                              "fieldsV1": "dynamic",
                              "manager": "string",
                              "operation": "string",
                              "subresource": "string",
                              "time": "string"
                            }
                          ]
                        ]
                      ],
                      "name": "string",
                      "namespace": "string",
                      "ownerReferences": [
                        "list",
                        [
                          "object",
                          {
                            "apiVersion": "string",
                            "blockOwnerDeletion": "bool",
                            "controller": "bool",
                            "kind": "string",
                            "name": "string",
                            "uid": "string"
                          }
                        ]
                      ],
                      "resourceVersion": "string",
                      "selfLink": "string",
                      "uid": "string"
                    }
                  ],
                  "spec": [
                    "object",
                    {
                      "assessmentRef": "string",
                      "providerRef": [
                        "object",
                        {
                          "name": "string",
                          "namespace": "string"
                        }
                      ]
                    }
                  ]
                }
              ]
            },
            "timeouts": [],
            "wait": [],
            "wait_for": null
          },
          "sensitive_attributes": []
        },
        {
          "index_key": 3,
          "schema_version": 1,
          "attributes": {
            "computed_fields": null,
            "field_manager": [],
            "manifest": {
              "value": {
                "apiVersion": "argus.io/v1alpha1",
                "kind": "Attestation",
                "metadata": {
                  "labels": {
                    "app.kubernetes.io/created-by": "operator",
                    "app.kubernetes.io/instance": "attestation-sample",
                    "app.kubernetes.io/managed-by": "kustomize",
                    "app.kubernetes.io/name": "attestation",
                    "app.kubernetes.io/part-of": "operator"
                  },
                  "name": "req4-reactive-reasoning",
                  "namespace": "default"
                },
                "spec": {
                  "assessmentRef": "req4-reactive",
                  "providerRef": {
                    "name": "random",
                    "namespace": "default"
                  }
                }
              },
              "type": [
                "object",
                {
                  "apiVersion": "string",
                  "kind": "string",
                  "metadata": [
                    "object",
                    {
                      "labels": [
                        "object",
                        {
                          "app.kubernetes.io/created-by": "string",
                          "app.kubernetes.io/instance": "string",
                          "app.kubernetes.io/managed-by": "string",
                          "app.kubernetes.io/name": "string",
                          "app.kubernetes.io/part-of": "string"
                        }
                      ],
                      "name": "string",
                      "namespace": "string"
                    }
                  ],
                  "spec": [
                    "object",
                    {
                      "assessmentRef": "string",
                      "providerRef": [
                        "object",
                        {
                          "name": "string",
                          "namespace": "string"
                        }
                      ]
                    }
                  ]
                }
              ]
            },
            "object": {
              "value": {
                "apiVersion": "argus.io/v1alpha1",
                "kind": "Attestation",
                "metadata": {
                  "annotations": null,
                  "creationTimestamp": null,
                  "deletionGracePeriodSeconds": null,
                  "deletionTimestamp": null,
                  "finalizers": null,
                  "generateName": null,
                  "generation": null,
                  "labels": {
                    "app.kubernetes.io/created-by": "operator",
                    "app.kubernetes.io/instance": "attestation-sample",
                    "app.kubernetes.io/managed-by": "kustomize",
                    "app.kubernetes.io/name": "attestation",
                    "app.kubernetes.io/part-of": "operator"
                  },
                  "managedFields": null,
                  "name": "req4-reactive-reasoning",
                  "namespace": "default",
                  "ownerReferences": null,
                  "resourceVersion": null,
                  "selfLink": null,
                  "uid": null
                },
                "spec": {
                  "assessmentRef": "req4-reactive",
                  "providerRef": {
                    "name": "random",
                    "namespace": "default"
                  }
                }
              },
              "type": [
                "object",
                {
                  "apiVersion": "string",
                  "kind": "string",
                  "metadata": [
                    "object",
                    {
                      "annotations": [
                        "map",
                        "string"
                      ],
                      "creationTimestamp": "string",
                      "deletionGracePeriodSeconds": "number",
                      "deletionTimestamp": "string",
                      "finalizers": [
                        "list",
                        "string"
                      ],
                      "generateName": "string",
                      "generation": "number",
                      "labels": [
                        "map",
                        "string"
                      ],
                      "managedFields": [
                        "tuple",
                        [
                          [
                            "object",
                            {
                              "apiVersion": "string",
                              "fieldsType": "string",
                              "fieldsV1": "dynamic",
                              "manager": "string",
                              "operation": "string",
                              "subresource": "string",
                              "time": "string"
                            }
                          ]
                        ]
                      ],
                      "name": "string",
                      "namespace": "string",
                      "ownerReferences": [
                        "list",
                        [
                          "object",
                          {
                            "apiVersion": "string",
                            "blockOwnerDeletion": "bool",
                            "controller": "bool",
                            "kind": "string",
                            "name": "string",
                            "uid": "string"
                          }
                        ]
                      ],
                      "resourceVersion": "string",
                      "selfLink": "string",
                      "uid": "string"
                    }
                  ],
                  "spec": [
                    "object",
                    {
                      "assessmentRef": "string",
                      "providerRef": [
                        "object",
                        {
                          "name": "string",
                          "namespace": "string"
                        }
                      ]
                    }
                  ]
                }
              ]
            },
            "timeouts": [],
            "wait": [],
            "wait_for": null
          },
          "sensitive_attributes": []
        },
        {
          "index_key": 4,
          "schema_version": 1,
          "attributes": {
            "computed_fields": null,
            "field_manager": [],
            "manifest": {
              "value": {
                "apiVersion": "argus.io/v1alpha1",
                "kind": "Attestation",
                "metadata": {
                  "labels": {
                    "app.kubernetes.io/created-by": "operator",
                    "app.kubernetes.io/instance": "attestation-sample",
                    "app.kubernetes.io/managed-by": "kustomize",
                    "app.kubernetes.io/name": "attestation",
                    "app.kubernetes.io/part-of": "operator"
                  },
                  "name": "req5-reactive-reasoning",
                  "namespace": "default"
                },
                "spec": {
                  "assessmentRef": "req5-reactive",
                  "providerRef": {
                    "name": "random",
                    "namespace": "default"
                  }
                }
              },
              "type": [
                "object",
                {
                  "apiVersion": "string",
                  "kind": "string",
                  "metadata": [
                    "object",
                    {
                      "labels": [
                        "object",
                        {
                          "app.kubernetes.io/created-by": "string",
                          "app.kubernetes.io/instance": "string",
                          "app.kubernetes.io/managed-by": "string",
                          "app.kubernetes.io/name": "string",
                          "app.kubernetes.io/part-of": "string"
                        }
                      ],
                      "name": "string",
                      "namespace": "string"
                    }
                  ],
                  "spec": [
                    "object",
                    {
                      "assessmentRef": "string",
                      "providerRef": [
                        "object",
                        {
                          "name": "string",
                          "namespace": "string"
                        }
                      ]
                    }
                  ]
                }
              ]
            },
            "object": {
              "value": {
                "apiVersion": "argus.io/v1alpha1",
                "kind": "Attestation",
                "metadata": {
                  "annotations": null,
                  "creationTimestamp": null,
                  "deletionGracePeriodSeconds": null,
                  "deletionTimestamp": null,
                  "finalizers": null,
                  "generateName": null,
                  "generation": null,
                  "labels": {
                    "app.kubernetes.io/created-by": "operator",
                    "app.kubernetes.io/instance": "attestation-sample",
                    "app.kubernetes.io/managed-by": "kustomize",
                    "app.kubernetes.io/name": "attestation",
                    "app.kubernetes.io/part-of": "operator"
                  },
                  "managedFields": null,
                  "name": "req5-reactive-reasoning",
                  "namespace": "default",
                  "ownerReferences": null,
                  "resourceVersion": null,
                  "selfLink": null,
                  "uid": null
                },
                "spec": {
                  "assessmentRef": "req5-reactive",
                  "providerRef": {
                    "name": "random",
                    "namespace": "default"
                  }
                }
              },
              "type": [
                "object",
                {
                  "apiVersion": "string",
                  "kind": "string",
                  "metadata": [
                    "object",
                    {
                      "annotations": [
                        "map",
                        "string"
                      ],
                      "creationTimestamp": "string",
                      "deletionGracePeriodSeconds": "number",
                      "deletionTimestamp": "string",
                      "finalizers": [
                        "list",
                        "string"
                      ],
                      "generateName": "string",
                      "generation": "number",
                      "labels": [
                        "map",
                        "string"
                      ],
                      "managedFields": [
                        "tuple",
                        [
                          [
                            "object",
                            {
                              "apiVersion": "string",
                              "fieldsType": "string",
                              "fieldsV1": "dynamic",
                              "manager": "string",
                              "operation": "string",
                              "subresource": "string",
                              "time": "string"
                            }
                          ]
                        ]
                      ],
                      "name": "string",
                      "namespace": "string",
                      "ownerReferences": [
                        "list",
                        [
                          "object",
                          {
                            "apiVersion": "string",
                            "blockOwnerDeletion": "bool",
                            "controller": "bool",
                            "kind": "string",
                            "name": "string",
                            "uid": "string"
                          }
                        ]
                      ],
                      "resourceVersion": "string",
                      "selfLink": "string",
                      "uid": "string"
                    }
                  ],
                  "spec": [
                    "object",
                    {
                      "assessmentRef": "string",
                      "providerRef": [
                        "object",
                        {
                          "name": "string",
                          "namespace": "string"
                        }
                      ]
                    }
                  ]
                }
              ]
            },
            "timeouts": [],
            "wait": [],
            "wait_for": null
          },
          "sensitive_attributes": []
        },
        {
          "index_key": 5,
          "schema_version": 1,
          "attributes": {
            "computed_fields": null,
            "field_manager": [],
            "manifest": {
              "value": {
                "apiVersion": "argus.io/v1alpha1",
                "kind": "Attestation",
                "metadata": {
                  "labels": {
                    "app.kubernetes.io/created-by": "operator",
                    "app.kubernetes.io/instance": "attestation-sample",
                    "app.kubernetes.io/managed-by": "kustomize",
                    "app.kubernetes.io/name": "attestation",
                    "app.kubernetes.io/part-of": "operator"
                  },
                  "name": "req6-reactive-reasoning",
                  "namespace": "default"
                },
                "spec": {
                  "assessmentRef": "req6-reactive",
                  "providerRef": {
                    "name": "random",
                    "namespace": "default"
                  }
                }
              },
              "type": [
                "object",
                {
                  "apiVersion": "string",
                  "kind": "string",
                  "metadata": [
                    "object",
                    {
                      "labels": [
                        "object",
                        {
                          "app.kubernetes.io/created-by": "string",
                          "app.kubernetes.io/instance": "string",
                          "app.kubernetes.io/managed-by": "string",
                          "app.kubernetes.io/name": "string",
                          "app.kubernetes.io/part-of": "string"
                        }
                      ],
                      "name": "string",
                      "namespace": "string"
                    }
                  ],
                  "spec": [
                    "object",
                    {
                      "assessmentRef": "string",
                      "providerRef": [
                        "object",
                        {
                          "name": "string",
                          "namespace": "string"
                        }
                      ]
                    }
                  ]
                }
              ]
            },
            "object": {
              "value": {
                "apiVersion": "argus.io/v1alpha1",
                "kind": "Attestation",
                "metadata": {
                  "annotations": null,
                  "creationTimestamp": null,
                  "deletionGracePeriodSeconds": null,
                  "deletionTimestamp": null,
                  "finalizers": null,
                  "generateName": null,
                  "generation": null,
                  "labels": {
                    "app.kubernetes.io/created-by": "operator",
                    "app.kubernetes.io/instance": "attestation-sample",
                    "app.kubernetes.io/managed-by": "kustomize",
                    "app.kubernetes.io/name": "attestation",
                    "app.kubernetes.io/part-of": "operator"
                  },
                  "managedFields": null,
                  "name": "req6-reactive-reasoning",
                  "namespace": "default",
                  "ownerReferences": null,
                  "resourceVersion": null,
                  "selfLink": null,
                  "uid": null
                },
                "spec": {
                  "assessmentRef": "req6-reactive",
                  "providerRef": {
                    "name": "random",
                    "namespace": "default"
                  }
                }
              },
              "type": [
                "object",
                {
                  "apiVersion": "string",
                  "kind": "string",
                  "metadata": [
                    "object",
                    {
                      "annotations": [
                        "map",
                        "string"
                      ],
                      "creationTimestamp": "string",
                      "deletionGracePeriodSeconds": "number",
                      "deletionTimestamp": "string",
                      "finalizers": [
                        "list",
                        "string"
                      ],
                      "generateName": "string",
                      "generation": "number",
                      "labels": [
                        "map",
                        "string"
                      ],
                      "managedFields": [
                        "tuple",
                        [
                          [
                            "object",
                            {
                              "apiVersion": "string",
                              "fieldsType": "string",
                              "fieldsV1": "dynamic",
                              "manager": "string",
                              "operation": "string",
                              "subresource": "string",
                              "time": "string"
                            }
                          ]
                        ]
                      ],
                      "name": "string",
                      "namespace": "string",
                      "ownerReferences": [
                        "list",
                        [
                          "object",
                          {
                            "apiVersion": "string",
                            "blockOwnerDeletion": "bool",
                            "controller": "bool",
                            "kind": "string",
                            "name": "string",
                            "uid": "string"
                          }
                        ]
                      ],
                      "resourceVersion": "string",
                      "selfLink": "string",
                      "uid": "string"
                    }
                  ],
                  "spec": [
                    "object",
                    {
                      "assessmentRef": "string",
                      "providerRef": [
                        "object",
                        {
                          "name": "string",
                          "namespace": "string"
                        }
                      ]
                    }
                  ]
                }
              ]
            },
            "timeouts": [],
            "wait": [],
            "wait_for": null
          },
          "sensitive_attributes": []
        },
        {
          "index_key": 6,
          "schema_version": 1,
          "attributes": {
            "computed_fields": null,
            "field_manager": [],
            "manifest": {
              "value": {
                "apiVersion": "argus.io/v1alpha1",
                "kind": "Attestation",
                "metadata": {
                  "labels": {
                    "app.kubernetes.io/created-by": "operator",
                    "app.kubernetes.io/instance": "attestation-sample",
                    "app.kubernetes.io/managed-by": "kustomize",
                    "app.kubernetes.io/name": "attestation",
                    "app.kubernetes.io/part-of": "operator"
                  },
                  "name": "req7-reactive-reasoning",
                  "namespace": "default"
                },
                "spec": {
                  "assessmentRef": "req7-reactive",
                  "providerRef": {
                    "name": "random",
                    "namespace": "default"
                  }
                }
              },
              "type": [
                "object",
                {
                  "apiVersion": "string",
                  "kind": "string",
                  "metadata": [
                    "object",
                    {
                      "labels": [
                        "object",
                        {
                          "app.kubernetes.io/created-by": "string",
                          "app.kubernetes.io/instance": "string",
                          "app.kubernetes.io/managed-by": "string",
                          "app.kubernetes.io/name": "string",
                          "app.kubernetes.io/part-of": "string"
                        }
                      ],
                      "name": "string",
                      "namespace": "string"
                    }
                  ],
                  "spec": [
                    "object",
                    {
                      "assessmentRef": "string",
                      "providerRef": [
                        "object",
                        {
                          "name": "string",
                          "namespace": "string"
                        }
                      ]
                    }
                  ]
                }
              ]
            },
            "object": {
              "value": {
                "apiVersion": "argus.io/v1alpha1",
                "kind": "Attestation",
                "metadata": {
                  "annotations": null,
                  "creationTimestamp": null,
                  "deletionGracePeriodSeconds": null,
                  "deletionTimestamp": null,
                  "finalizers": null,
                  "generateName": null,
                  "generation": null,
                  "labels": {
                    "app.kubernetes.io/created-by": "operator",
                    "app.kubernetes.io/instance": "attestation-sample",
                    "app.kubernetes.io/managed-by": "kustomize",
                    "app.kubernetes.io/name": "attestation",
                    "app.kubernetes.io/part-of": "operator"
                  },
                  "managedFields": null,
                  "name": "req7-reactive-reasoning",
                  "namespace": "default",
                  "ownerReferences": null,
                  "resourceVersion": null,
                  "selfLink": null,
                  "uid": null
                },
                "spec": {
                  "assessmentRef": "req7-reactive",
                  "providerRef": {
                    "name": "random",
                    "namespace": "default"
                  }
                }
              },
              "type": [
                "object",
                {
                  "apiVersion": "string",
                  "kind": "string",
                  "metadata": [
                    "object",
                    {
                      "annotations": [
                        "map",
                        "string"
                      ],
                      "creationTimestamp": "string",
                      "deletionGracePeriodSeconds": "number",
                      "deletionTimestamp": "string",
                      "finalizers": [
                        "list",
                        "string"
                      ],
                      "generateName": "string",
                      "generation": "number",
                      "labels": [
                        "map",
                        "string"
                      ],
                      "managedFields": [
                        "tuple",
                        [
                          [
                            "object",
                            {
                              "apiVersion": "string",
                              "fieldsType": "string",
                              "fieldsV1": "dynamic",
                              "manager": "string",
                              "operation": "string",
                              "subresource": "string",
                              "time": "string"
                            }
                          ]
                        ]
                      ],
                      "name": "string",
                      "namespace": "string",
                      "ownerReferences": [
                        "list",
                        [
                          "object",
                          {
                            "apiVersion": "string",
                            "blockOwnerDeletion": "bool",
                            "controller": "bool",
                            "kind": "string",
                            "name": "string",
                            "uid": "string"
                          }
                        ]
                      ],
                      "resourceVersion": "string",
                      "selfLink": "string",
                      "uid": "string"
                    }
                  ],
                  "spec": [
                    "object",
                    {
                      "assessmentRef": "string",
                      "providerRef": [
                        "object",
                        {
                          "name": "string",
                          "namespace": "string"
                        }
                      ]
                    }
                  ]
                }
              ]
            },
            "timeouts": [],
            "wait": [],
            "wait_for": null
          },
          "sensitive_attributes": []
        },
        {
          "index_key": 7,
          "schema_version": 1,
          "attributes": {
            "computed_fields": null,
            "field_manager": [],
            "manifest": {
              "value": {
                "apiVersion": "argus.io/v1alpha1",
                "kind": "Attestation",
                "metadata": {
                  "labels": {
                    "app.kubernetes.io/created-by": "operator",
                    "app.kubernetes.io/instance": "attestation-sample",
                    "app.kubernetes.io/managed-by": "kustomize",
                    "app.kubernetes.io/name": "attestation",
                    "app.kubernetes.io/part-of": "operator"
                  },
                  "name": "req8-reactive-reasoning",
                  "namespace": "default"
                },
                "spec": {
                  "assessmentRef": "req8-reactive",
                  "providerRef": {
                    "name": "random",
                    "namespace": "default"
                  }
                }
              },
              "type": [
                "object",
                {
                  "apiVersion": "string",
                  "kind": "string",
                  "metadata": [
                    "object",
                    {
                      "labels": [
                        "object",
                        {
                          "app.kubernetes.io/created-by": "string",
                          "app.kubernetes.io/instance": "string",
                          "app.kubernetes.io/managed-by": "string",
                          "app.kubernetes.io/name": "string",
                          "app.kubernetes.io/part-of": "string"
                        }
                      ],
                      "name": "string",
                      "namespace": "string"
                    }
                  ],
                  "spec": [
                    "object",
                    {
                      "assessmentRef": "string",
                      "providerRef": [
                        "object",
                        {
                          "name": "string",
                          "namespace": "string"
                        }
                      ]
                    }
                  ]
                }
              ]
            },
            "object": {
              "value": {
                "apiVersion": "argus.io/v1alpha1",
                "kind": "Attestation",
                "metadata": {
                  "annotations": null,
                  "creationTimestamp": null,
                  "deletionGracePeriodSeconds": null,
                  "deletionTimestamp": null,
                  "finalizers": null,
                  "generateName": null,
                  "generation": null,
                  "labels": {
                    "app.kubernetes.io/created-by": "operator",
                    "app.kubernetes.io/instance": "attestation-sample",
                    "app.kubernetes.io/managed-by": "kustomize",
                    "app.kubernetes.io/name": "attestation",
                    "app.kubernetes.io/part-of": "operator"
                  },
                  "managedFields": null,
                  "name": "req8-reactive-reasoning",
                  "namespace": "default",
                  "ownerReferences": null,
                  "resourceVersion": null,
                  "selfLink": null,
                  "uid": null
                },
                "spec": {
                  "assessmentRef": "req8-reactive",
                  "providerRef": {
                    "name": "random",
                    "namespace": "default"
                  }
                }
              },
              "type": [
                "object",
                {
                  "apiVersion": "string",
                  "kind": "string",
                  "metadata": [
                    "object",
                    {
                      "annotations": [
                        "map",
                        "string"
                      ],
                      "creationTimestamp": "string",
                      "deletionGracePeriodSeconds": "number",
                      "deletionTimestamp": "string",
                      "finalizers": [
                        "list",
                        "string"
                      ],
                      "generateName": "string",
                      "generation": "number",
                      "labels": [
                        "map",
                        "string"
                      ],
                      "managedFields": [
                        "tuple",
                        [
                          [
                            "object",
                            {
                              "apiVersion": "string",
                              "fieldsType": "string",
                              "fieldsV1": "dynamic",
                              "manager": "string",
                              "operation": "string",
                              "subresource": "string",
                              "time": "string"
                            }
                          ]
                        ]
                      ],
                      "name": "string",
                      "namespace": "string",
                      "ownerReferences": [
                        "list",
                        [
                          "object",
                          {
                            "apiVersion": "string",
                            "blockOwnerDeletion": "bool",
                            "controller": "bool",
                            "kind": "string",
                            "name": "string",
                            "uid": "string"
                          }
                        ]
                      ],
                      "resourceVersion": "string",
                      "selfLink": "string",
                      "uid": "string"
                    }
                  ],
                  "spec": [
                    "object",
                    {
                      "assessmentRef": "string",
                      "providerRef": [
                        "object",
                        {
                          "name": "string",
                          "namespace": "string"
                        }
                      ]
                    }
                  ]
                }
              ]
            },
            "timeouts": [],
            "wait": [],
            "wait_for": null
          },
          "sensitive_attributes": []
        }
      ]
    },
    {
      "mode": "managed",
      "type": "kubernetes_manifest",
      "name": "reasoning_attestation",
      "provider": "provider[\"registry.terraform.io/hashicorp/kubernetes\"]",
      "instances": [
        {
          "index_key": 0,
          "schema_version": 1,
          "attributes": {
            "computed_fields": null,
            "field_manager": [],
            "manifest": {
              "value": {
                "apiVersion": "argus.io/v1alpha1",
                "kind": "Attestation",
                "metadata": {
                  "labels": {
                    "app.kubernetes.io/created-by": "operator",
                    "app.kubernetes.io/instance": "attestation-sample",
                    "app.kubernetes.io/managed-by": "kustomize",
                    "app.kubernetes.io/name": "attestation",
                    "app.kubernetes.io/part-of": "operator"
                  },
                  "name": "req1-reasoning",
                  "namespace": "default"
                },
                "spec": {
                  "assessmentRef": "req1-preventative",
                  "providerRef": {
                    "name": "random",
                    "namespace": "default"
                  }
                }
              },
              "type": [
                "object",
                {
                  "apiVersion": "string",
                  "kind": "string",
                  "metadata": [
                    "object",
                    {
                      "labels": [
                        "object",
                        {
                          "app.kubernetes.io/created-by": "string",
                          "app.kubernetes.io/instance": "string",
                          "app.kubernetes.io/managed-by": "string",
                          "app.kubernetes.io/name": "string",
                          "app.kubernetes.io/part-of": "string"
                        }
                      ],
                      "name": "string",
                      "namespace": "string"
                    }
                  ],
                  "spec": [
                    "object",
                    {
                      "assessmentRef": "string",
                      "providerRef": [
                        "object",
                        {
                          "name": "string",
                          "namespace": "string"
                        }
                      ]
                    }
                  ]
                }
              ]
            },
            "object": {
              "value": {
                "apiVersion": "argus.io/v1alpha1",
                "kind": "Attestation",
                "metadata": {
                  "annotations": null,
                  "creationTimestamp": null,
                  "deletionGracePeriodSeconds": null,
                  "deletionTimestamp": null,
                  "finalizers": null,
                  "generateName": null,
                  "generation": null,
                  "labels": {
                    "app.kubernetes.io/created-by": "operator",
                    "app.kubernetes.io/instance": "attestation-sample",
                    "app.kubernetes.io/managed-by": "kustomize",
                    "app.kubernetes.io/name": "attestation",
                    "app.kubernetes.io/part-of": "operator"
                  },
                  "managedFields": null,
                  "name": "req1-reasoning",
                  "namespace": "default",
                  "ownerReferences": null,
                  "resourceVersion": null,
                  "selfLink": null,
                  "uid": null
                },
                "spec": {
                  "assessmentRef": "req1-preventative",
                  "providerRef": {
                    "name": "random",
                    "namespace": "default"
                  }
                }
              },
              "type": [
                "object",
                {
                  "apiVersion": "string",
                  "kind": "string",
                  "metadata": [
                    "object",
                    {
                      "annotations": [
                        "map",
                        "string"
                      ],
                      "creationTimestamp": "string",
                      "deletionGracePeriodSeconds": "number",
                      "deletionTimestamp": "string",
                      "finalizers": [
                        "list",
                        "string"
                      ],
                      "generateName": "string",
                      "generation": "number",
                      "labels": [
                        "map",
                        "string"
                      ],
                      "managedFields": [
                        "tuple",
                        [
                          [
                            "object",
                            {
                              "apiVersion": "string",
                              "fieldsType": "string",
                              "fieldsV1": "dynamic",
                              "manager": "string",
                              "operation": "string",
                              "subresource": "string",
                              "time": "string"
                            }
                          ]
                        ]
                      ],
                      "name": "string",
                      "namespace": "string",
                      "ownerReferences": [
                        "list",
                        [
                          "object",
                          {
                            "apiVersion": "string",
                            "blockOwnerDeletion": "bool",
                            "controller": "bool",
                            "kind": "string",
                            "name": "string",
                            "uid": "string"
                          }
                        ]
                      ],
                      "resourceVersion": "string",
                      "selfLink": "string",
                      "uid": "string"
                    }
                  ],
                  "spec": [
                    "object",
                    {
                      "assessmentRef": "string",
                      "providerRef": [
                        "object",
                        {
                          "name": "string",
                          "namespace": "string"
                        }
                      ]
                    }
                  ]
                }
              ]
            },
            "timeouts": [],
            "wait": [],
            "wait_for": null
          },
          "sensitive_attributes": []
        },
        {
          "index_key": 1,
          "schema_version": 1,
          "attributes": {
            "computed_fields": null,
            "field_manager": [],
            "manifest": {
              "value": {
                "apiVersion": "argus.io/v1alpha1",
                "kind": "Attestation",
                "metadata": {
                  "labels": {
                    "app.kubernetes.io/created-by": "operator",
                    "app.kubernetes.io/instance": "attestation-sample",
                    "app.kubernetes.io/managed-by": "kustomize",
                    "app.kubernetes.io/name": "attestation",
                    "app.kubernetes.io/part-of": "operator"
                  },
                  "name": "req2-reasoning",
                  "namespace": "default"
                },
                "spec": {
                  "assessmentRef": "req2-preventative",
                  "providerRef": {
                    "name": "random",
                    "namespace": "default"
                  }
                }
              },
              "type": [
                "object",
                {
                  "apiVersion": "string",
                  "kind": "string",
                  "metadata": [
                    "object",
                    {
                      "labels": [
                        "object",
                        {
                          "app.kubernetes.io/created-by": "string",
                          "app.kubernetes.io/instance": "string",
                          "app.kubernetes.io/managed-by": "string",
                          "app.kubernetes.io/name": "string",
                          "app.kubernetes.io/part-of": "string"
                        }
                      ],
                      "name": "string",
                      "namespace": "string"
                    }
                  ],
                  "spec": [
                    "object",
                    {
                      "assessmentRef": "string",
                      "providerRef": [
                        "object",
                        {
                          "name": "string",
                          "namespace": "string"
                        }
                      ]
                    }
                  ]
                }
              ]
            },
            "object": {
              "value": {
                "apiVersion": "argus.io/v1alpha1",
                "kind": "Attestation",
                "metadata": {
                  "annotations": null,
                  "creationTimestamp": null,
                  "deletionGracePeriodSeconds": null,
                  "deletionTimestamp": null,
                  "finalizers": null,
                  "generateName": null,
                  "generation": null,
                  "labels": {
                    "app.kubernetes.io/created-by": "operator",
                    "app.kubernetes.io/instance": "attestation-sample",
                    "app.kubernetes.io/managed-by": "kustomize",
                    "app.kubernetes.io/name": "attestation",
                    "app.kubernetes.io/part-of": "operator"
                  },
                  "managedFields": null,
                  "name": "req2-reasoning",
                  "namespace": "default",
                  "ownerReferences": null,
                  "resourceVersion": null,
                  "selfLink": null,
                  "uid": null
                },
                "spec": {
                  "assessmentRef": "req2-preventative",
                  "providerRef": {
                    "name": "random",
                    "namespace": "default"
                  }
                }
              },
              "type": [
                "object",
                {
                  "apiVersion": "string",
                  "kind": "string",
                  "metadata": [
                    "object",
                    {
                      "annotations": [
                        "map",
                        "string"
                      ],
                      "creationTimestamp": "string",
                      "deletionGracePeriodSeconds": "number",
                      "deletionTimestamp": "string",
                      "finalizers": [
                        "list",
                        "string"
                      ],
                      "generateName": "string",
                      "generation": "number",
                      "labels": [
                        "map",
                        "string"
                      ],
                      "managedFields": [
                        "tuple",
                        [
                          [
                            "object",
                            {
                              "apiVersion": "string",
                              "fieldsType": "string",
                              "fieldsV1": "dynamic",
                              "manager": "string",
                              "operation": "string",
                              "subresource": "string",
                              "time": "string"
                            }
                          ]
                        ]
                      ],
                      "name": "string",
                      "namespace": "string",
                      "ownerReferences": [
                        "list",
                        [
                          "object",
                          {
                            "apiVersion": "string",
                            "blockOwnerDeletion": "bool",
                            "controller": "bool",
                            "kind": "string",
                            "name": "string",
                            "uid": "string"
                          }
                        ]
                      ],
                      "resourceVersion": "string",
                      "selfLink": "string",
                      "uid": "string"
                    }
                  ],
                  "spec": [
                    "object",
                    {
                      "assessmentRef": "string",
                      "providerRef": [
                        "object",
                        {
                          "name": "string",
                          "namespace": "string"
                        }
                      ]
                    }
                  ]
                }
              ]
            },
            "timeouts": [],
            "wait": [],
            "wait_for": null
          },
          "sensitive_attributes": []
        },
        {
          "index_key": 2,
          "schema_version": 1,
          "attributes": {
            "computed_fields": null,
            "field_manager": [],
            "manifest": {
              "value": {
                "apiVersion": "argus.io/v1alpha1",
                "kind": "Attestation",
                "metadata": {
                  "labels": {
                    "app.kubernetes.io/created-by": "operator",
                    "app.kubernetes.io/instance": "attestation-sample",
                    "app.kubernetes.io/managed-by": "kustomize",
                    "app.kubernetes.io/name": "attestation",
                    "app.kubernetes.io/part-of": "operator"
                  },
                  "name": "req3-reasoning",
                  "namespace": "default"
                },
                "spec": {
                  "assessmentRef": "req3-preventative",
                  "providerRef": {
                    "name": "random",
                    "namespace": "default"
                  }
                }
              },
              "type": [
                "object",
                {
                  "apiVersion": "string",
                  "kind": "string",
                  "metadata": [
                    "object",
                    {
                      "labels": [
                        "object",
                        {
                          "app.kubernetes.io/created-by": "string",
                          "app.kubernetes.io/instance": "string",
                          "app.kubernetes.io/managed-by": "string",
                          "app.kubernetes.io/name": "string",
                          "app.kubernetes.io/part-of": "string"
                        }
                      ],
                      "name": "string",
                      "namespace": "string"
                    }
                  ],
                  "spec": [
                    "object",
                    {
                      "assessmentRef": "string",
                      "providerRef": [
                        "object",
                        {
                          "name": "string",
                          "namespace": "string"
                        }
                      ]
                    }
                  ]
                }
              ]
            },
            "object": {
              "value": {
                "apiVersion": "argus.io/v1alpha1",
                "kind": "Attestation",
                "metadata": {
                  "annotations": null,
                  "creationTimestamp": null,
                  "deletionGracePeriodSeconds": null,
                  "deletionTimestamp": null,
                  "finalizers": null,
                  "generateName": null,
                  "generation": null,
                  "labels": {
                    "app.kubernetes.io/created-by": "operator",
                    "app.kubernetes.io/instance": "attestation-sample",
                    "app.kubernetes.io/managed-by": "kustomize",
                    "app.kubernetes.io/name": "attestation",
                    "app.kubernetes.io/part-of": "operator"
                  },
                  "managedFields": null,
                  "name": "req3-reasoning",
                  "namespace": "default",
                  "ownerReferences": null,
                  "resourceVersion": null,
                  "selfLink": null,
                  "uid": null
                },
                "spec": {
                  "assessmentRef": "req3-preventative",
                  "providerRef": {
                    "name": "random",
                    "namespace": "default"
                  }
                }
              },
              "type": [
                "object",
                {
                  "apiVersion": "string",
                  "kind": "string",
                  "metadata": [
                    "object",
                    {
                      "annotations": [
                        "map",
                        "string"
                      ],
                      "creationTimestamp": "string",
                      "deletionGracePeriodSeconds": "number",
                      "deletionTimestamp": "string",
                      "finalizers": [
                        "list",
                        "string"
                      ],
                      "generateName": "string",
                      "generation": "number",
                      "labels": [
                        "map",
                        "string"
                      ],
                      "managedFields": [
                        "tuple",
                        [
                          [
                            "object",
                            {
                              "apiVersion": "string",
                              "fieldsType": "string",
                              "fieldsV1": "dynamic",
                              "manager": "string",
                              "operation": "string",
                              "subresource": "string",
                              "time": "string"
                            }
                          ]
                        ]
                      ],
                      "name": "string",
                      "namespace": "string",
                      "ownerReferences": [
                        "list",
                        [
                          "object",
                          {
                            "apiVersion": "string",
                            "blockOwnerDeletion": "bool",
                            "controller": "bool",
                            "kind": "string",
                            "name": "string",
                            "uid": "string"
                          }
                        ]
                      ],
                      "resourceVersion": "string",
                      "selfLink": "string",
                      "uid": "string"
                    }
                  ],
                  "spec": [
                    "object",
                    {
                      "assessmentRef": "string",
                      "providerRef": [
                        "object",
                        {
                          "name": "string",
                          "namespace": "string"
                        }
                      ]
                    }
                  ]
                }
              ]
            },
            "timeouts": [],
            "wait": [],
            "wait_for": null
          },
          "sensitive_attributes": []
        },
        {
          "index_key": 3,
          "schema_version": 1,
          "attributes": {
            "computed_fields": null,
            "field_manager": [],
            "manifest": {
              "value": {
                "apiVersion": "argus.io/v1alpha1",
                "kind": "Attestation",
                "metadata": {
                  "labels": {
                    "app.kubernetes.io/created-by": "operator",
                    "app.kubernetes.io/instance": "attestation-sample",
                    "app.kubernetes.io/managed-by": "kustomize",
                    "app.kubernetes.io/name": "attestation",
                    "app.kubernetes.io/part-of": "operator"
                  },
                  "name": "req4-reasoning",
                  "namespace": "default"
                },
                "spec": {
                  "assessmentRef": "req4-preventative",
                  "providerRef": {
                    "name": "random",
                    "namespace": "default"
                  }
                }
              },
              "type": [
                "object",
                {
                  "apiVersion": "string",
                  "kind": "string",
                  "metadata": [
                    "object",
                    {
                      "labels": [
                        "object",
                        {
                          "app.kubernetes.io/created-by": "string",
                          "app.kubernetes.io/instance": "string",
                          "app.kubernetes.io/managed-by": "string",
                          "app.kubernetes.io/name": "string",
                          "app.kubernetes.io/part-of": "string"
                        }
                      ],
                      "name": "string",
                      "namespace": "string"
                    }
                  ],
                  "spec": [
                    "object",
                    {
                      "assessmentRef": "string",
                      "providerRef": [
                        "object",
                        {
                          "name": "string",
                          "namespace": "string"
                        }
                      ]
                    }
                  ]
                }
              ]
            },
            "object": {
              "value": {
                "apiVersion": "argus.io/v1alpha1",
                "kind": "Attestation",
                "metadata": {
                  "annotations": null,
                  "creationTimestamp": null,
                  "deletionGracePeriodSeconds": null,
                  "deletionTimestamp": null,
                  "finalizers": null,
                  "generateName": null,
                  "generation": null,
                  "labels": {
                    "app.kubernetes.io/created-by": "operator",
                    "app.kubernetes.io/instance": "attestation-sample",
                    "app.kubernetes.io/managed-by": "kustomize",
                    "app.kubernetes.io/name": "attestation",
                    "app.kubernetes.io/part-of": "operator"
                  },
                  "managedFields": null,
                  "name": "req4-reasoning",
                  "namespace": "default",
                  "ownerReferences": null,
                  "resourceVersion": null,
                  "selfLink": null,
                  "uid": null
                },
                "spec": {
                  "assessmentRef": "req4-preventative",
                  "providerRef": {
                    "name": "random",
                    "namespace": "default"
                  }
                }
              },
              "type": [
                "object",
                {
                  "apiVersion": "string",
                  "kind": "string",
                  "metadata": [
                    "object",
                    {
                      "annotations": [
                        "map",
                        "string"
                      ],
                      "creationTimestamp": "string",
                      "deletionGracePeriodSeconds": "number",
                      "deletionTimestamp": "string",
                      "finalizers": [
                        "list",
                        "string"
                      ],
                      "generateName": "string",
                      "generation": "number",
                      "labels": [
                        "map",
                        "string"
                      ],
                      "managedFields": [
                        "tuple",
                        [
                          [
                            "object",
                            {
                              "apiVersion": "string",
                              "fieldsType": "string",
                              "fieldsV1": "dynamic",
                              "manager": "string",
                              "operation": "string",
                              "subresource": "string",
                              "time": "string"
                            }
                          ]
                        ]
                      ],
                      "name": "string",
                      "namespace": "string",
                      "ownerReferences": [
                        "list",
                        [
                          "object",
                          {
                            "apiVersion": "string",
                            "blockOwnerDeletion": "bool",
                            "controller": "bool",
                            "kind": "string",
                            "name": "string",
                            "uid": "string"
                          }
                        ]
                      ],
                      "resourceVersion": "string",
                      "selfLink": "string",
                      "uid": "string"
                    }
                  ],
                  "spec": [
                    "object",
                    {
                      "assessmentRef": "string",
                      "providerRef": [
                        "object",
                        {
                          "name": "string",
                          "namespace": "string"
                        }
                      ]
                    }
                  ]
                }
              ]
            },
            "timeouts": [],
            "wait": [],
            "wait_for": null
          },
          "sensitive_attributes": []
        },
        {
          "index_key": 4,
          "schema_version": 1,
          "attributes": {
            "computed_fields": null,
            "field_manager": [],
            "manifest": {
              "value": {
                "apiVersion": "argus.io/v1alpha1",
                "kind": "Attestation",
                "metadata": {
                  "labels": {
                    "app.kubernetes.io/created-by": "operator",
                    "app.kubernetes.io/instance": "attestation-sample",
                    "app.kubernetes.io/managed-by": "kustomize",
                    "app.kubernetes.io/name": "attestation",
                    "app.kubernetes.io/part-of": "operator"
                  },
                  "name": "req5-reasoning",
                  "namespace": "default"
                },
                "spec": {
                  "assessmentRef": "req5-preventative",
                  "providerRef": {
                    "name": "random",
                    "namespace": "default"
                  }
                }
              },
              "type": [
                "object",
                {
                  "apiVersion": "string",
                  "kind": "string",
                  "metadata": [
                    "object",
                    {
                      "labels": [
                        "object",
                        {
                          "app.kubernetes.io/created-by": "string",
                          "app.kubernetes.io/instance": "string",
                          "app.kubernetes.io/managed-by": "string",
                          "app.kubernetes.io/name": "string",
                          "app.kubernetes.io/part-of": "string"
                        }
                      ],
                      "name": "string",
                      "namespace": "string"
                    }
                  ],
                  "spec": [
                    "object",
                    {
                      "assessmentRef": "string",
                      "providerRef": [
                        "object",
                        {
                          "name": "string",
                          "namespace": "string"
                        }
                      ]
                    }
                  ]
                }
              ]
            },
            "object": {
              "value": {
                "apiVersion": "argus.io/v1alpha1",
                "kind": "Attestation",
                "metadata": {
                  "annotations": null,
                  "creationTimestamp": null,
                  "deletionGracePeriodSeconds": null,
                  "deletionTimestamp": null,
                  "finalizers": null,
                  "generateName": null,
                  "generation": null,
                  "labels": {
                    "app.kubernetes.io/created-by": "operator",
                    "app.kubernetes.io/instance": "attestation-sample",
                    "app.kubernetes.io/managed-by": "kustomize",
                    "app.kubernetes.io/name": "attestation",
                    "app.kubernetes.io/part-of": "operator"
                  },
                  "managedFields": null,
                  "name": "req5-reasoning",
                  "namespace": "default",
                  "ownerReferences": null,
                  "resourceVersion": null,
                  "selfLink": null,
                  "uid": null
                },
                "spec": {
                  "assessmentRef": "req5-preventative",
                  "providerRef": {
                    "name": "random",
                    "namespace": "default"
                  }
                }
              },
              "type": [
                "object",
                {
                  "apiVersion": "string",
                  "kind": "string",
                  "metadata": [
                    "object",
                    {
                      "annotations": [
                        "map",
                        "string"
                      ],
                      "creationTimestamp": "string",
                      "deletionGracePeriodSeconds": "number",
                      "deletionTimestamp": "string",
                      "finalizers": [
                        "list",
                        "string"
                      ],
                      "generateName": "string",
                      "generation": "number",
                      "labels": [
                        "map",
                        "string"
                      ],
                      "managedFields": [
                        "tuple",
                        [
                          [
                            "object",
                            {
                              "apiVersion": "string",
                              "fieldsType": "string",
                              "fieldsV1": "dynamic",
                              "manager": "string",
                              "operation": "string",
                              "subresource": "string",
                              "time": "string"
                            }
                          ]
                        ]
                      ],
                      "name": "string",
                      "namespace": "string",
                      "ownerReferences": [
                        "list",
                        [
                          "object",
                          {
                            "apiVersion": "string",
                            "blockOwnerDeletion": "bool",
                            "controller": "bool",
                            "kind": "string",
                            "name": "string",
                            "uid": "string"
                          }
                        ]
                      ],
                      "resourceVersion": "string",
                      "selfLink": "string",
                      "uid": "string"
                    }
                  ],
                  "spec": [
                    "object",
                    {
                      "assessmentRef": "string",
                      "providerRef": [
                        "object",
                        {
                          "name": "string",
                          "namespace": "string"
                        }
                      ]
                    }
                  ]
                }
              ]
            },
            "timeouts": [],
            "wait": [],
            "wait_for": null
          },
          "sensitive_attributes": []
        },
        {
          "index_key": 5,
          "schema_version": 1,
          "attributes": {
            "computed_fields": null,
            "field_manager": [],
            "manifest": {
              "value": {
                "apiVersion": "argus.io/v1alpha1",
                "kind": "Attestation",
                "metadata": {
                  "labels": {
                    "app.kubernetes.io/created-by": "operator",
                    "app.kubernetes.io/instance": "attestation-sample",
                    "app.kubernetes.io/managed-by": "kustomize",
                    "app.kubernetes.io/name": "attestation",
                    "app.kubernetes.io/part-of": "operator"
                  },
                  "name": "req6-reasoning",
                  "namespace": "default"
                },
                "spec": {
                  "assessmentRef": "req6-preventative",
                  "providerRef": {
                    "name": "random",
                    "namespace": "default"
                  }
                }
              },
              "type": [
                "object",
                {
                  "apiVersion": "string",
                  "kind": "string",
                  "metadata": [
                    "object",
                    {
                      "labels": [
                        "object",
                        {
                          "app.kubernetes.io/created-by": "string",
                          "app.kubernetes.io/instance": "string",
                          "app.kubernetes.io/managed-by": "string",
                          "app.kubernetes.io/name": "string",
                          "app.kubernetes.io/part-of": "string"
                        }
                      ],
                      "name": "string",
                      "namespace": "string"
                    }
                  ],
                  "spec": [
                    "object",
                    {
                      "assessmentRef": "string",
                      "providerRef": [
                        "object",
                        {
                          "name": "string",
                          "namespace": "string"
                        }
                      ]
                    }
                  ]
                }
              ]
            },
            "object": {
              "value": {
                "apiVersion": "argus.io/v1alpha1",
                "kind": "Attestation",
                "metadata": {
                  "annotations": null,
                  "creationTimestamp": null,
                  "deletionGracePeriodSeconds": null,
                  "deletionTimestamp": null,
                  "finalizers": null,
                  "generateName": null,
                  "generation": null,
                  "labels": {
                    "app.kubernetes.io/created-by": "operator",
                    "app.kubernetes.io/instance": "attestation-sample",
                    "app.kubernetes.io/managed-by": "kustomize",
                    "app.kubernetes.io/name": "attestation",
                    "app.kubernetes.io/part-of": "operator"
                  },
                  "managedFields": null,
                  "name": "req6-reasoning",
                  "namespace": "default",
                  "ownerReferences": null,
                  "resourceVersion": null,
                  "selfLink": null,
                  "uid": null
                },
                "spec": {
                  "assessmentRef": "req6-preventative",
                  "providerRef": {
                    "name": "random",
                    "namespace": "default"
                  }
                }
              },
              "type": [
                "object",
                {
                  "apiVersion": "string",
                  "kind": "string",
                  "metadata": [
                    "object",
                    {
                      "annotations": [
                        "map",
                        "string"
                      ],
                      "creationTimestamp": "string",
                      "deletionGracePeriodSeconds": "number",
                      "deletionTimestamp": "string",
                      "finalizers": [
                        "list",
                        "string"
                      ],
                      "generateName": "string",
                      "generation": "number",
                      "labels": [
                        "map",
                        "string"
                      ],
                      "managedFields": [
                        "tuple",
                        [
                          [
                            "object",
                            {
                              "apiVersion": "string",
                              "fieldsType": "string",
                              "fieldsV1": "dynamic",
                              "manager": "string",
                              "operation": "string",
                              "subresource": "string",
                              "time": "string"
                            }
                          ]
                        ]
                      ],
                      "name": "string",
                      "namespace": "string",
                      "ownerReferences": [
                        "list",
                        [
                          "object",
                          {
                            "apiVersion": "string",
                            "blockOwnerDeletion": "bool",
                            "controller": "bool",
                            "kind": "string",
                            "name": "string",
                            "uid": "string"
                          }
                        ]
                      ],
                      "resourceVersion": "string",
                      "selfLink": "string",
                      "uid": "string"
                    }
                  ],
                  "spec": [
                    "object",
                    {
                      "assessmentRef": "string",
                      "providerRef": [
                        "object",
                        {
                          "name": "string",
                          "namespace": "string"
                        }
                      ]
                    }
                  ]
                }
              ]
            },
            "timeouts": [],
            "wait": [],
            "wait_for": null
          },
          "sensitive_attributes": []
        },
        {
          "index_key": 6,
          "schema_version": 1,
          "attributes": {
            "computed_fields": null,
            "field_manager": [],
            "manifest": {
              "value": {
                "apiVersion": "argus.io/v1alpha1",
                "kind": "Attestation",
                "metadata": {
                  "labels": {
                    "app.kubernetes.io/created-by": "operator",
                    "app.kubernetes.io/instance": "attestation-sample",
                    "app.kubernetes.io/managed-by": "kustomize",
                    "app.kubernetes.io/name": "attestation",
                    "app.kubernetes.io/part-of": "operator"
                  },
                  "name": "req7-reasoning",
                  "namespace": "default"
                },
                "spec": {
                  "assessmentRef": "req7-preventative",
                  "providerRef": {
                    "name": "random",
                    "namespace": "default"
                  }
                }
              },
              "type": [
                "object",
                {
                  "apiVersion": "string",
                  "kind": "string",
                  "metadata": [
                    "object",
                    {
                      "labels": [
                        "object",
                        {
                          "app.kubernetes.io/created-by": "string",
                          "app.kubernetes.io/instance": "string",
                          "app.kubernetes.io/managed-by": "string",
                          "app.kubernetes.io/name": "string",
                          "app.kubernetes.io/part-of": "string"
                        }
                      ],
                      "name": "string",
                      "namespace": "string"
                    }
                  ],
                  "spec": [
                    "object",
                    {
                      "assessmentRef": "string",
                      "providerRef": [
                        "object",
                        {
                          "name": "string",
                          "namespace": "string"
                        }
                      ]
                    }
                  ]
                }
              ]
            },
            "object": {
              "value": {
                "apiVersion": "argus.io/v1alpha1",
                "kind": "Attestation",
                "metadata": {
                  "annotations": null,
                  "creationTimestamp": null,
                  "deletionGracePeriodSeconds": null,
                  "deletionTimestamp": null,
                  "finalizers": null,
                  "generateName": null,
                  "generation": null,
                  "labels": {
                    "app.kubernetes.io/created-by": "operator",
                    "app.kubernetes.io/instance": "attestation-sample",
                    "app.kubernetes.io/managed-by": "kustomize",
                    "app.kubernetes.io/name": "attestation",
                    "app.kubernetes.io/part-of": "operator"
                  },
                  "managedFields": null,
                  "name": "req7-reasoning",
                  "namespace": "default",
                  "ownerReferences": null,
                  "resourceVersion": null,
                  "selfLink": null,
                  "uid": null
                },
                "spec": {
                  "assessmentRef": "req7-preventative",
                  "providerRef": {
                    "name": "random",
                    "namespace": "default"
                  }
                }
              },
              "type": [
                "object",
                {
                  "apiVersion": "string",
                  "kind": "string",
                  "metadata": [
                    "object",
                    {
                      "annotations": [
                        "map",
                        "string"
                      ],
                      "creationTimestamp": "string",
                      "deletionGracePeriodSeconds": "number",
                      "deletionTimestamp": "string",
                      "finalizers": [
                        "list",
                        "string"
                      ],
                      "generateName": "string",
                      "generation": "number",
                      "labels": [
                        "map",
                        "string"
                      ],
                      "managedFields": [
                        "tuple",
                        [
                          [
                            "object",
                            {
                              "apiVersion": "string",
                              "fieldsType": "string",
                              "fieldsV1": "dynamic",
                              "manager": "string",
                              "operation": "string",
                              "subresource": "string",
                              "time": "string"
                            }
                          ]
                        ]
                      ],
                      "name": "string",
                      "namespace": "string",
                      "ownerReferences": [
                        "list",
                        [
                          "object",
                          {
                            "apiVersion": "string",
                            "blockOwnerDeletion": "bool",
                            "controller": "bool",
                            "kind": "string",
                            "name": "string",
                            "uid": "string"
                          }
                        ]
                      ],
                      "resourceVersion": "string",
                      "selfLink": "string",
                      "uid": "string"
                    }
                  ],
                  "spec": [
                    "object",
                    {
                      "assessmentRef": "string",
                      "providerRef": [
                        "object",
                        {
                          "name": "string",
                          "namespace": "string"
                        }
                      ]
                    }
                  ]
                }
              ]
            },
            "timeouts": [],
            "wait": [],
            "wait_for": null
          },
          "sensitive_attributes": []
        },
        {
          "index_key": 7,
          "schema_version": 1,
          "attributes": {
            "computed_fields": null,
            "field_manager": [],
            "manifest": {
              "value": {
                "apiVersion": "argus.io/v1alpha1",
                "kind": "Attestation",
                "metadata": {
                  "labels": {
                    "app.kubernetes.io/created-by": "operator",
                    "app.kubernetes.io/instance": "attestation-sample",
                    "app.kubernetes.io/managed-by": "kustomize",
                    "app.kubernetes.io/name": "attestation",
                    "app.kubernetes.io/part-of": "operator"
                  },
                  "name": "req8-reasoning",
                  "namespace": "default"
                },
                "spec": {
                  "assessmentRef": "req8-preventative",
                  "providerRef": {
                    "name": "random",
                    "namespace": "default"
                  }
                }
              },
              "type": [
                "object",
                {
                  "apiVersion": "string",
                  "kind": "string",
                  "metadata": [
                    "object",
                    {
                      "labels": [
                        "object",
                        {
                          "app.kubernetes.io/created-by": "string",
                          "app.kubernetes.io/instance": "string",
                          "app.kubernetes.io/managed-by": "string",
                          "app.kubernetes.io/name": "string",
                          "app.kubernetes.io/part-of": "string"
                        }
                      ],
                      "name": "string",
                      "namespace": "string"
                    }
                  ],
                  "spec": [
                    "object",
                    {
                      "assessmentRef": "string",
                      "providerRef": [
                        "object",
                        {
                          "name": "string",
                          "namespace": "string"
                        }
                      ]
                    }
                  ]
                }
              ]
            },
            "object": {
              "value": {
                "apiVersion": "argus.io/v1alpha1",
                "kind": "Attestation",
                "metadata": {
                  "annotations": null,
                  "creationTimestamp": null,
                  "deletionGracePeriodSeconds": null,
                  "deletionTimestamp": null,
                  "finalizers": null,
                  "generateName": null,
                  "generation": null,
                  "labels": {
                    "app.kubernetes.io/created-by": "operator",
                    "app.kubernetes.io/instance": "attestation-sample",
                    "app.kubernetes.io/managed-by": "kustomize",
                    "app.kubernetes.io/name": "attestation",
                    "app.kubernetes.io/part-of": "operator"
                  },
                  "managedFields": null,
                  "name": "req8-reasoning",
                  "namespace": "default",
                  "ownerReferences": null,
                  "resourceVersion": null,
                  "selfLink": null,
                  "uid": null
                },
                "spec": {
                  "assessmentRef": "req8-preventative",
                  "providerRef": {
                    "name": "random",
                    "namespace": "default"
                  }
                }
              },
              "type": [
                "object",
                {
                  "apiVersion": "string",
                  "kind": "string",
                  "metadata": [
                    "object",
                    {
                      "annotations": [
                        "map",
                        "string"
                      ],
                      "creationTimestamp": "string",
                      "deletionGracePeriodSeconds": "number",
                      "deletionTimestamp": "string",
                      "finalizers": [
                        "list",
                        "string"
                      ],
                      "generateName": "string",
                      "generation": "number",
                      "labels": [
                        "map",
                        "string"
                      ],
                      "managedFields": [
                        "tuple",
                        [
                          [
                            "object",
                            {
                              "apiVersion": "string",
                              "fieldsType": "string",
                              "fieldsV1": "dynamic",
                              "manager": "string",
                              "operation": "string",
                              "subresource": "string",
                              "time": "string"
                            }
                          ]
                        ]
                      ],
                      "name": "string",
                      "namespace": "string",
                      "ownerReferences": [
                        "list",
                        [
                          "object",
                          {
                            "apiVersion": "string",
                            "blockOwnerDeletion": "bool",
                            "controller": "bool",
                            "kind": "string",
                            "name": "string",
                            "uid": "string"
                          }
                        ]
                      ],
                      "resourceVersion": "string",
                      "selfLink": "string",
                      "uid": "string"
                    }
                  ],
                  "spec": [
                    "object",
                    {
                      "assessmentRef": "string",
                      "providerRef": [
                        "object",
                        {
                          "name": "string",
                          "namespace": "string"
                        }
                      ]
                    }
                  ]
                }
              ]
            },
            "timeouts": [],
            "wait": [],
            "wait_for": null
          },
          "sensitive_attributes": []
        }
      ]
    },
    {
      "mode": "managed",
      "type": "kubernetes_manifest",
      "name": "resource_type1",
      "provider": "provider[\"registry.terraform.io/hashicorp/kubernetes\"]",
      "instances": [
        {
          "index_key": 0,
          "schema_version": 1,
          "attributes": {
            "computed_fields": null,
            "field_manager": [],
            "manifest": {
              "value": {
                "apiVersion": "argus.io/v1alpha1",
                "kind": "Component",
                "metadata": {
                  "labels": {
                    "app.kubernetes.io/created-by": "operator",
                    "app.kubernetes.io/instance": "component-sample",
                    "app.kubernetes.io/managed-by": "kustomize",
                    "app.kubernetes.io/name": "component",
                    "app.kubernetes.io/part-of": "operator"
                  },
                  "name": "app-1",
                  "namespace": "default"
                },
                "spec": {
                  "classes": [
                    "Application"
                  ],
                  "parents": [],
                  "type": "my-component"
                }
              },
              "type": [
                "object",
                {
                  "apiVersion": "string",
                  "kind": "string",
                  "metadata": [
                    "object",
                    {
                      "labels": [
                        "object",
                        {
                          "app.kubernetes.io/created-by": "string",
                          "app.kubernetes.io/instance": "string",
                          "app.kubernetes.io/managed-by": "string",
                          "app.kubernetes.io/name": "string",
                          "app.kubernetes.io/part-of": "string"
                        }
                      ],
                      "name": "string",
                      "namespace": "string"
                    }
                  ],
                  "spec": [
                    "object",
                    {
                      "classes": [
                        "tuple",
                        [
                          "string"
                        ]
                      ],
                      "parents": [
                        "tuple",
                        []
                      ],
                      "type": "string"
                    }
                  ]
                }
              ]
            },
            "object": {
              "value": {
                "apiVersion": "argus.io/v1alpha1",
                "kind": "Component",
                "metadata": {
                  "annotations": null,
                  "creationTimestamp": null,
                  "deletionGracePeriodSeconds": null,
                  "deletionTimestamp": null,
                  "finalizers": null,
                  "generateName": null,
                  "generation": null,
                  "labels": {
                    "app.kubernetes.io/created-by": "operator",
                    "app.kubernetes.io/instance": "component-sample",
                    "app.kubernetes.io/managed-by": "kustomize",
                    "app.kubernetes.io/name": "component",
                    "app.kubernetes.io/part-of": "operator"
                  },
                  "managedFields": null,
                  "name": "app-1",
                  "namespace": "default",
                  "ownerReferences": null,
                  "resourceVersion": null,
                  "selfLink": null,
                  "uid": null
                },
                "spec": {
                  "classes": [
                    "Application"
                  ],
                  "parents": [],
                  "type": "my-component"
                }
              },
              "type": [
                "object",
                {
                  "apiVersion": "string",
                  "kind": "string",
                  "metadata": [
                    "object",
                    {
                      "annotations": [
                        "map",
                        "string"
                      ],
                      "creationTimestamp": "string",
                      "deletionGracePeriodSeconds": "number",
                      "deletionTimestamp": "string",
                      "finalizers": [
                        "list",
                        "string"
                      ],
                      "generateName": "string",
                      "generation": "number",
                      "labels": [
                        "map",
                        "string"
                      ],
                      "managedFields": [
                        "tuple",
                        [
                          [
                            "object",
                            {
                              "apiVersion": "string",
                              "fieldsType": "string",
                              "fieldsV1": "dynamic",
                              "manager": "string",
                              "operation": "string",
                              "subresource": "string",
                              "time": "string"
                            }
                          ]
                        ]
                      ],
                      "name": "string",
                      "namespace": "string",
                      "ownerReferences": [
                        "list",
                        [
                          "object",
                          {
                            "apiVersion": "string",
                            "blockOwnerDeletion": "bool",
                            "controller": "bool",
                            "kind": "string",
                            "name": "string",
                            "uid": "string"
                          }
                        ]
                      ],
                      "resourceVersion": "string",
                      "selfLink": "string",
                      "uid": "string"
                    }
                  ],
                  "spec": [
                    "object",
                    {
                      "classes": [
                        "list",
                        "string"
                      ],
                      "parents": [
                        "list",
                        "string"
                      ],
                      "type": "string"
                    }
                  ]
                }
              ]
            },
            "timeouts": [],
            "wait": [],
            "wait_for": null
          },
          "sensitive_attributes": []
        },
        {
          "index_key": 1,
          "schema_version": 1,
          "attributes": {
            "computed_fields": null,
            "field_manager": [],
            "manifest": {
              "value": {
                "apiVersion": "argus.io/v1alpha1",
                "kind": "Component",
                "metadata": {
                  "labels": {
                    "app.kubernetes.io/created-by": "operator",
                    "app.kubernetes.io/instance": "component-sample",
                    "app.kubernetes.io/managed-by": "kustomize",
                    "app.kubernetes.io/name": "component",
                    "app.kubernetes.io/part-of": "operator"
                  },
                  "name": "app-2",
                  "namespace": "default"
                },
                "spec": {
                  "classes": [
                    "Application"
                  ],
                  "parents": [],
                  "type": "my-component"
                }
              },
              "type": [
                "object",
                {
                  "apiVersion": "string",
                  "kind": "string",
                  "metadata": [
                    "object",
                    {
                      "labels": [
                        "object",
                        {
                          "app.kubernetes.io/created-by": "string",
                          "app.kubernetes.io/instance": "string",
                          "app.kubernetes.io/managed-by": "string",
                          "app.kubernetes.io/name": "string",
                          "app.kubernetes.io/part-of": "string"
                        }
                      ],
                      "name": "string",
                      "namespace": "string"
                    }
                  ],
                  "spec": [
                    "object",
                    {
                      "classes": [
                        "tuple",
                        [
                          "string"
                        ]
                      ],
                      "parents": [
                        "tuple",
                        []
                      ],
                      "type": "string"
                    }
                  ]
                }
              ]
            },
            "object": {
              "value": {
                "apiVersion": "argus.io/v1alpha1",
                "kind": "Component",
                "metadata": {
                  "annotations": null,
                  "creationTimestamp": null,
                  "deletionGracePeriodSeconds": null,
                  "deletionTimestamp": null,
                  "finalizers": null,
                  "generateName": null,
                  "generation": null,
                  "labels": {
                    "app.kubernetes.io/created-by": "operator",
                    "app.kubernetes.io/instance": "component-sample",
                    "app.kubernetes.io/managed-by": "kustomize",
                    "app.kubernetes.io/name": "component",
                    "app.kubernetes.io/part-of": "operator"
                  },
                  "managedFields": null,
                  "name": "app-2",
                  "namespace": "default",
                  "ownerReferences": null,
                  "resourceVersion": null,
                  "selfLink": null,
                  "uid": null
                },
                "spec": {
                  "classes": [
                    "Application"
                  ],
                  "parents": [],
                  "type": "my-component"
                }
              },
              "type": [
                "object",
                {
                  "apiVersion": "string",
                  "kind": "string",
                  "metadata": [
                    "object",
                    {
                      "annotations": [
                        "map",
                        "string"
                      ],
                      "creationTimestamp": "string",
                      "deletionGracePeriodSeconds": "number",
                      "deletionTimestamp": "string",
                      "finalizers": [
                        "list",
                        "string"
                      ],
                      "generateName": "string",
                      "generation": "number",
                      "labels": [
                        "map",
                        "string"
                      ],
                      "managedFields": [
                        "tuple",
                        [
                          [
                            "object",
                            {
                              "apiVersion": "string",
                              "fieldsType": "string",
                              "fieldsV1": "dynamic",
                              "manager": "string",
                              "operation": "string",
                              "subresource": "string",
                              "time": "string"
                            }
                          ]
                        ]
                      ],
                      "name": "string",
                      "namespace": "string",
                      "ownerReferences": [
                        "list",
                        [
                          "object",
                          {
                            "apiVersion": "string",
                            "blockOwnerDeletion": "bool",
                            "controller": "bool",
                            "kind": "string",
                            "name": "string",
                            "uid": "string"
                          }
                        ]
                      ],
                      "resourceVersion": "string",
                      "selfLink": "string",
                      "uid": "string"
                    }
                  ],
                  "spec": [
                    "object",
                    {
                      "classes": [
                        "list",
                        "string"
                      ],
                      "parents": [
                        "list",
                        "string"
                      ],
                      "type": "string"
                    }
                  ]
                }
              ]
            },
            "timeouts": [],
            "wait": [],
            "wait_for": null
          },
          "sensitive_attributes": []
        },
        {
          "index_key": 2,
          "schema_version": 1,
          "attributes": {
            "computed_fields": null,
            "field_manager": [],
            "manifest": {
              "value": {
                "apiVersion": "argus.io/v1alpha1",
                "kind": "Component",
                "metadata": {
                  "labels": {
                    "app.kubernetes.io/created-by": "operator",
                    "app.kubernetes.io/instance": "component-sample",
                    "app.kubernetes.io/managed-by": "kustomize",
                    "app.kubernetes.io/name": "component",
                    "app.kubernetes.io/part-of": "operator"
                  },
                  "name": "app-3",
                  "namespace": "default"
                },
                "spec": {
                  "classes": [
                    "Application"
                  ],
                  "parents": [],
                  "type": "my-component"
                }
              },
              "type": [
                "object",
                {
                  "apiVersion": "string",
                  "kind": "string",
                  "metadata": [
                    "object",
                    {
                      "labels": [
                        "object",
                        {
                          "app.kubernetes.io/created-by": "string",
                          "app.kubernetes.io/instance": "string",
                          "app.kubernetes.io/managed-by": "string",
                          "app.kubernetes.io/name": "string",
                          "app.kubernetes.io/part-of": "string"
                        }
                      ],
                      "name": "string",
                      "namespace": "string"
                    }
                  ],
                  "spec": [
                    "object",
                    {
                      "classes": [
                        "tuple",
                        [
                          "string"
                        ]
                      ],
                      "parents": [
                        "tuple",
                        []
                      ],
                      "type": "string"
                    }
                  ]
                }
              ]
            },
            "object": {
              "value": {
                "apiVersion": "argus.io/v1alpha1",
                "kind": "Component",
                "metadata": {
                  "annotations": null,
                  "creationTimestamp": null,
                  "deletionGracePeriodSeconds": null,
                  "deletionTimestamp": null,
                  "finalizers": null,
                  "generateName": null,
                  "generation": null,
                  "labels": {
                    "app.kubernetes.io/created-by": "operator",
                    "app.kubernetes.io/instance": "component-sample",
                    "app.kubernetes.io/managed-by": "kustomize",
                    "app.kubernetes.io/name": "component",
                    "app.kubernetes.io/part-of": "operator"
                  },
                  "managedFields": null,
                  "name": "app-3",
                  "namespace": "default",
                  "ownerReferences": null,
                  "resourceVersion": null,
                  "selfLink": null,
                  "uid": null
                },
                "spec": {
                  "classes": [
                    "Application"
                  ],
                  "parents": [],
                  "type": "my-component"
                }
              },
              "type": [
                "object",
                {
                  "apiVersion": "string",
                  "kind": "string",
                  "metadata": [
                    "object",
                    {
                      "annotations": [
                        "map",
                        "string"
                      ],
                      "creationTimestamp": "string",
                      "deletionGracePeriodSeconds": "number",
                      "deletionTimestamp": "string",
                      "finalizers": [
                        "list",
                        "string"
                      ],
                      "generateName": "string",
                      "generation": "number",
                      "labels": [
                        "map",
                        "string"
                      ],
                      "managedFields": [
                        "tuple",
                        [
                          [
                            "object",
                            {
                              "apiVersion": "string",
                              "fieldsType": "string",
                              "fieldsV1": "dynamic",
                              "manager": "string",
                              "operation": "string",
                              "subresource": "string",
                              "time": "string"
                            }
                          ]
                        ]
                      ],
                      "name": "string",
                      "namespace": "string",
                      "ownerReferences": [
                        "list",
                        [
                          "object",
                          {
                            "apiVersion": "string",
                            "blockOwnerDeletion": "bool",
                            "controller": "bool",
                            "kind": "string",
                            "name": "string",
                            "uid": "string"
                          }
                        ]
                      ],
                      "resourceVersion": "string",
                      "selfLink": "string",
                      "uid": "string"
                    }
                  ],
                  "spec": [
                    "object",
                    {
                      "classes": [
                        "list",
                        "string"
                      ],
                      "parents": [
                        "list",
                        "string"
                      ],
                      "type": "string"
                    }
                  ]
                }
              ]
            },
            "timeouts": [],
            "wait": [],
            "wait_for": null
          },
          "sensitive_attributes": []
        },
        {
          "index_key": 3,
          "schema_version": 1,
          "attributes": {
            "computed_fields": null,
            "field_manager": [],
            "manifest": {
              "value": {
                "apiVersion": "argus.io/v1alpha1",
                "kind": "Component",
                "metadata": {
                  "labels": {
                    "app.kubernetes.io/created-by": "operator",
                    "app.kubernetes.io/instance": "component-sample",
                    "app.kubernetes.io/managed-by": "kustomize",
                    "app.kubernetes.io/name": "component",
                    "app.kubernetes.io/part-of": "operator"
                  },
                  "name": "app-4",
                  "namespace": "default"
                },
                "spec": {
                  "classes": [
                    "Application"
                  ],
                  "parents": [],
                  "type": "my-component"
                }
              },
              "type": [
                "object",
                {
                  "apiVersion": "string",
                  "kind": "string",
                  "metadata": [
                    "object",
                    {
                      "labels": [
                        "object",
                        {
                          "app.kubernetes.io/created-by": "string",
                          "app.kubernetes.io/instance": "string",
                          "app.kubernetes.io/managed-by": "string",
                          "app.kubernetes.io/name": "string",
                          "app.kubernetes.io/part-of": "string"
                        }
                      ],
                      "name": "string",
                      "namespace": "string"
                    }
                  ],
                  "spec": [
                    "object",
                    {
                      "classes": [
                        "tuple",
                        [
                          "string"
                        ]
                      ],
                      "parents": [
                        "tuple",
                        []
                      ],
                      "type": "string"
                    }
                  ]
                }
              ]
            },
            "object": {
              "value": {
                "apiVersion": "argus.io/v1alpha1",
                "kind": "Component",
                "metadata": {
                  "annotations": null,
                  "creationTimestamp": null,
                  "deletionGracePeriodSeconds": null,
                  "deletionTimestamp": null,
                  "finalizers": null,
                  "generateName": null,
                  "generation": null,
                  "labels": {
                    "app.kubernetes.io/created-by": "operator",
                    "app.kubernetes.io/instance": "component-sample",
                    "app.kubernetes.io/managed-by": "kustomize",
                    "app.kubernetes.io/name": "component",
                    "app.kubernetes.io/part-of": "operator"
                  },
                  "managedFields": null,
                  "name": "app-4",
                  "namespace": "default",
                  "ownerReferences": null,
                  "resourceVersion": null,
                  "selfLink": null,
                  "uid": null
                },
                "spec": {
                  "classes": [
                    "Application"
                  ],
                  "parents": [],
                  "type": "my-component"
                }
              },
              "type": [
                "object",
                {
                  "apiVersion": "string",
                  "kind": "string",
                  "metadata": [
                    "object",
                    {
                      "annotations": [
                        "map",
                        "string"
                      ],
                      "creationTimestamp": "string",
                      "deletionGracePeriodSeconds": "number",
                      "deletionTimestamp": "string",
                      "finalizers": [
                        "list",
                        "string"
                      ],
                      "generateName": "string",
                      "generation": "number",
                      "labels": [
                        "map",
                        "string"
                      ],
                      "managedFields": [
                        "tuple",
                        [
                          [
                            "object",
                            {
                              "apiVersion": "string",
                              "fieldsType": "string",
                              "fieldsV1": "dynamic",
                              "manager": "string",
                              "operation": "string",
                              "subresource": "string",
                              "time": "string"
                            }
                          ]
                        ]
                      ],
                      "name": "string",
                      "namespace": "string",
                      "ownerReferences": [
                        "list",
                        [
                          "object",
                          {
                            "apiVersion": "string",
                            "blockOwnerDeletion": "bool",
                            "controller": "bool",
                            "kind": "string",
                            "name": "string",
                            "uid": "string"
                          }
                        ]
                      ],
                      "resourceVersion": "string",
                      "selfLink": "string",
                      "uid": "string"
                    }
                  ],
                  "spec": [
                    "object",
                    {
                      "classes": [
                        "list",
                        "string"
                      ],
                      "parents": [
                        "list",
                        "string"
                      ],
                      "type": "string"
                    }
                  ]
                }
              ]
            },
            "timeouts": [],
            "wait": [],
            "wait_for": null
          },
          "sensitive_attributes": []
        },
        {
          "index_key": 4,
          "schema_version": 1,
          "attributes": {
            "computed_fields": null,
            "field_manager": [],
            "manifest": {
              "value": {
                "apiVersion": "argus.io/v1alpha1",
                "kind": "Component",
                "metadata": {
                  "labels": {
                    "app.kubernetes.io/created-by": "operator",
                    "app.kubernetes.io/instance": "component-sample",
                    "app.kubernetes.io/managed-by": "kustomize",
                    "app.kubernetes.io/name": "component",
                    "app.kubernetes.io/part-of": "operator"
                  },
                  "name": "app-5",
                  "namespace": "default"
                },
                "spec": {
                  "classes": [
                    "Application"
                  ],
                  "parents": [],
                  "type": "my-component"
                }
              },
              "type": [
                "object",
                {
                  "apiVersion": "string",
                  "kind": "string",
                  "metadata": [
                    "object",
                    {
                      "labels": [
                        "object",
                        {
                          "app.kubernetes.io/created-by": "string",
                          "app.kubernetes.io/instance": "string",
                          "app.kubernetes.io/managed-by": "string",
                          "app.kubernetes.io/name": "string",
                          "app.kubernetes.io/part-of": "string"
                        }
                      ],
                      "name": "string",
                      "namespace": "string"
                    }
                  ],
                  "spec": [
                    "object",
                    {
                      "classes": [
                        "tuple",
                        [
                          "string"
                        ]
                      ],
                      "parents": [
                        "tuple",
                        []
                      ],
                      "type": "string"
                    }
                  ]
                }
              ]
            },
            "object": {
              "value": {
                "apiVersion": "argus.io/v1alpha1",
                "kind": "Component",
                "metadata": {
                  "annotations": null,
                  "creationTimestamp": null,
                  "deletionGracePeriodSeconds": null,
                  "deletionTimestamp": null,
                  "finalizers": null,
                  "generateName": null,
                  "generation": null,
                  "labels": {
                    "app.kubernetes.io/created-by": "operator",
                    "app.kubernetes.io/instance": "component-sample",
                    "app.kubernetes.io/managed-by": "kustomize",
                    "app.kubernetes.io/name": "component",
                    "app.kubernetes.io/part-of": "operator"
                  },
                  "managedFields": null,
                  "name": "app-5",
                  "namespace": "default",
                  "ownerReferences": null,
                  "resourceVersion": null,
                  "selfLink": null,
                  "uid": null
                },
                "spec": {
                  "classes": [
                    "Application"
                  ],
                  "parents": [],
                  "type": "my-component"
                }
              },
              "type": [
                "object",
                {
                  "apiVersion": "string",
                  "kind": "string",
                  "metadata": [
                    "object",
                    {
                      "annotations": [
                        "map",
                        "string"
                      ],
                      "creationTimestamp": "string",
                      "deletionGracePeriodSeconds": "number",
                      "deletionTimestamp": "string",
                      "finalizers": [
                        "list",
                        "string"
                      ],
                      "generateName": "string",
                      "generation": "number",
                      "labels": [
                        "map",
                        "string"
                      ],
                      "managedFields": [
                        "tuple",
                        [
                          [
                            "object",
                            {
                              "apiVersion": "string",
                              "fieldsType": "string",
                              "fieldsV1": "dynamic",
                              "manager": "string",
                              "operation": "string",
                              "subresource": "string",
                              "time": "string"
                            }
                          ]
                        ]
                      ],
                      "name": "string",
                      "namespace": "string",
                      "ownerReferences": [
                        "list",
                        [
                          "object",
                          {
                            "apiVersion": "string",
                            "blockOwnerDeletion": "bool",
                            "controller": "bool",
                            "kind": "string",
                            "name": "string",
                            "uid": "string"
                          }
                        ]
                      ],
                      "resourceVersion": "string",
                      "selfLink": "string",
                      "uid": "string"
                    }
                  ],
                  "spec": [
                    "object",
                    {
                      "classes": [
                        "list",
                        "string"
                      ],
                      "parents": [
                        "list",
                        "string"
                      ],
                      "type": "string"
                    }
                  ]
                }
              ]
            },
            "timeouts": [],
            "wait": [],
            "wait_for": null
          },
          "sensitive_attributes": []
        },
        {
          "index_key": 5,
          "schema_version": 1,
          "attributes": {
            "computed_fields": null,
            "field_manager": [],
            "manifest": {
              "value": {
                "apiVersion": "argus.io/v1alpha1",
                "kind": "Component",
                "metadata": {
                  "labels": {
                    "app.kubernetes.io/created-by": "operator",
                    "app.kubernetes.io/instance": "component-sample",
                    "app.kubernetes.io/managed-by": "kustomize",
                    "app.kubernetes.io/name": "component",
                    "app.kubernetes.io/part-of": "operator"
                  },
                  "name": "app-6",
                  "namespace": "default"
                },
                "spec": {
                  "classes": [
                    "Application"
                  ],
                  "parents": [],
                  "type": "my-component"
                }
              },
              "type": [
                "object",
                {
                  "apiVersion": "string",
                  "kind": "string",
                  "metadata": [
                    "object",
                    {
                      "labels": [
                        "object",
                        {
                          "app.kubernetes.io/created-by": "string",
                          "app.kubernetes.io/instance": "string",
                          "app.kubernetes.io/managed-by": "string",
                          "app.kubernetes.io/name": "string",
                          "app.kubernetes.io/part-of": "string"
                        }
                      ],
                      "name": "string",
                      "namespace": "string"
                    }
                  ],
                  "spec": [
                    "object",
                    {
                      "classes": [
                        "tuple",
                        [
                          "string"
                        ]
                      ],
                      "parents": [
                        "tuple",
                        []
                      ],
                      "type": "string"
                    }
                  ]
                }
              ]
            },
            "object": {
              "value": {
                "apiVersion": "argus.io/v1alpha1",
                "kind": "Component",
                "metadata": {
                  "annotations": null,
                  "creationTimestamp": null,
                  "deletionGracePeriodSeconds": null,
                  "deletionTimestamp": null,
                  "finalizers": null,
                  "generateName": null,
                  "generation": null,
                  "labels": {
                    "app.kubernetes.io/created-by": "operator",
                    "app.kubernetes.io/instance": "component-sample",
                    "app.kubernetes.io/managed-by": "kustomize",
                    "app.kubernetes.io/name": "component",
                    "app.kubernetes.io/part-of": "operator"
                  },
                  "managedFields": null,
                  "name": "app-6",
                  "namespace": "default",
                  "ownerReferences": null,
                  "resourceVersion": null,
                  "selfLink": null,
                  "uid": null
                },
                "spec": {
                  "classes": [
                    "Application"
                  ],
                  "parents": [],
                  "type": "my-component"
                }
              },
              "type": [
                "object",
                {
                  "apiVersion": "string",
                  "kind": "string",
                  "metadata": [
                    "object",
                    {
                      "annotations": [
                        "map",
                        "string"
                      ],
                      "creationTimestamp": "string",
                      "deletionGracePeriodSeconds": "number",
                      "deletionTimestamp": "string",
                      "finalizers": [
                        "list",
                        "string"
                      ],
                      "generateName": "string",
                      "generation": "number",
                      "labels": [
                        "map",
                        "string"
                      ],
                      "managedFields": [
                        "tuple",
                        [
                          [
                            "object",
                            {
                              "apiVersion": "string",
                              "fieldsType": "string",
                              "fieldsV1": "dynamic",
                              "manager": "string",
                              "operation": "string",
                              "subresource": "string",
                              "time": "string"
                            }
                          ]
                        ]
                      ],
                      "name": "string",
                      "namespace": "string",
                      "ownerReferences": [
                        "list",
                        [
                          "object",
                          {
                            "apiVersion": "string",
                            "blockOwnerDeletion": "bool",
                            "controller": "bool",
                            "kind": "string",
                            "name": "string",
                            "uid": "string"
                          }
                        ]
                      ],
                      "resourceVersion": "string",
                      "selfLink": "string",
                      "uid": "string"
                    }
                  ],
                  "spec": [
                    "object",
                    {
                      "classes": [
                        "list",
                        "string"
                      ],
                      "parents": [
                        "list",
                        "string"
                      ],
                      "type": "string"
                    }
                  ]
                }
              ]
            },
            "timeouts": [],
            "wait": [],
            "wait_for": null
          },
          "sensitive_attributes": []
        },
        {
          "index_key": 6,
          "schema_version": 1,
          "attributes": {
            "computed_fields": null,
            "field_manager": [],
            "manifest": {
              "value": {
                "apiVersion": "argus.io/v1alpha1",
                "kind": "Component",
                "metadata": {
                  "labels": {
                    "app.kubernetes.io/created-by": "operator",
                    "app.kubernetes.io/instance": "component-sample",
                    "app.kubernetes.io/managed-by": "kustomize",
                    "app.kubernetes.io/name": "component",
                    "app.kubernetes.io/part-of": "operator"
                  },
                  "name": "app-7",
                  "namespace": "default"
                },
                "spec": {
                  "classes": [
                    "Application"
                  ],
                  "parents": [],
                  "type": "my-component"
                }
              },
              "type": [
                "object",
                {
                  "apiVersion": "string",
                  "kind": "string",
                  "metadata": [
                    "object",
                    {
                      "labels": [
                        "object",
                        {
                          "app.kubernetes.io/created-by": "string",
                          "app.kubernetes.io/instance": "string",
                          "app.kubernetes.io/managed-by": "string",
                          "app.kubernetes.io/name": "string",
                          "app.kubernetes.io/part-of": "string"
                        }
                      ],
                      "name": "string",
                      "namespace": "string"
                    }
                  ],
                  "spec": [
                    "object",
                    {
                      "classes": [
                        "tuple",
                        [
                          "string"
                        ]
                      ],
                      "parents": [
                        "tuple",
                        []
                      ],
                      "type": "string"
                    }
                  ]
                }
              ]
            },
            "object": {
              "value": {
                "apiVersion": "argus.io/v1alpha1",
                "kind": "Component",
                "metadata": {
                  "annotations": null,
                  "creationTimestamp": null,
                  "deletionGracePeriodSeconds": null,
                  "deletionTimestamp": null,
                  "finalizers": null,
                  "generateName": null,
                  "generation": null,
                  "labels": {
                    "app.kubernetes.io/created-by": "operator",
                    "app.kubernetes.io/instance": "component-sample",
                    "app.kubernetes.io/managed-by": "kustomize",
                    "app.kubernetes.io/name": "component",
                    "app.kubernetes.io/part-of": "operator"
                  },
                  "managedFields": null,
                  "name": "app-7",
                  "namespace": "default",
                  "ownerReferences": null,
                  "resourceVersion": null,
                  "selfLink": null,
                  "uid": null
                },
                "spec": {
                  "classes": [
                    "Application"
                  ],
                  "parents": [],
                  "type": "my-component"
                }
              },
              "type": [
                "object",
                {
                  "apiVersion": "string",
                  "kind": "string",
                  "metadata": [
                    "object",
                    {
                      "annotations": [
                        "map",
                        "string"
                      ],
                      "creationTimestamp": "string",
                      "deletionGracePeriodSeconds": "number",
                      "deletionTimestamp": "string",
                      "finalizers": [
                        "list",
                        "string"
                      ],
                      "generateName": "string",
                      "generation": "number",
                      "labels": [
                        "map",
                        "string"
                      ],
                      "managedFields": [
                        "tuple",
                        [
                          [
                            "object",
                            {
                              "apiVersion": "string",
                              "fieldsType": "string",
                              "fieldsV1": "dynamic",
                              "manager": "string",
                              "operation": "string",
                              "subresource": "string",
                              "time": "string"
                            }
                          ]
                        ]
                      ],
                      "name": "string",
                      "namespace": "string",
                      "ownerReferences": [
                        "list",
                        [
                          "object",
                          {
                            "apiVersion": "string",
                            "blockOwnerDeletion": "bool",
                            "controller": "bool",
                            "kind": "string",
                            "name": "string",
                            "uid": "string"
                          }
                        ]
                      ],
                      "resourceVersion": "string",
                      "selfLink": "string",
                      "uid": "string"
                    }
                  ],
                  "spec": [
                    "object",
                    {
                      "classes": [
                        "list",
                        "string"
                      ],
                      "parents": [
                        "list",
                        "string"
                      ],
                      "type": "string"
                    }
                  ]
                }
              ]
            },
            "timeouts": [],
            "wait": [],
            "wait_for": null
          },
          "sensitive_attributes": []
        },
        {
          "index_key": 7,
          "schema_version": 1,
          "attributes": {
            "computed_fields": null,
            "field_manager": [],
            "manifest": {
              "value": {
                "apiVersion": "argus.io/v1alpha1",
                "kind": "Component",
                "metadata": {
                  "labels": {
                    "app.kubernetes.io/created-by": "operator",
                    "app.kubernetes.io/instance": "component-sample",
                    "app.kubernetes.io/managed-by": "kustomize",
                    "app.kubernetes.io/name": "component",
                    "app.kubernetes.io/part-of": "operator"
                  },
                  "name": "app-8",
                  "namespace": "default"
                },
                "spec": {
                  "classes": [
                    "Application"
                  ],
                  "parents": [],
                  "type": "my-component"
                }
              },
              "type": [
                "object",
                {
                  "apiVersion": "string",
                  "kind": "string",
                  "metadata": [
                    "object",
                    {
                      "labels": [
                        "object",
                        {
                          "app.kubernetes.io/created-by": "string",
                          "app.kubernetes.io/instance": "string",
                          "app.kubernetes.io/managed-by": "string",
                          "app.kubernetes.io/name": "string",
                          "app.kubernetes.io/part-of": "string"
                        }
                      ],
                      "name": "string",
                      "namespace": "string"
                    }
                  ],
                  "spec": [
                    "object",
                    {
                      "classes": [
                        "tuple",
                        [
                          "string"
                        ]
                      ],
                      "parents": [
                        "tuple",
                        []
                      ],
                      "type": "string"
                    }
                  ]
                }
              ]
            },
            "object": {
              "value": {
                "apiVersion": "argus.io/v1alpha1",
                "kind": "Component",
                "metadata": {
                  "annotations": null,
                  "creationTimestamp": null,
                  "deletionGracePeriodSeconds": null,
                  "deletionTimestamp": null,
                  "finalizers": null,
                  "generateName": null,
                  "generation": null,
                  "labels": {
                    "app.kubernetes.io/created-by": "operator",
                    "app.kubernetes.io/instance": "component-sample",
                    "app.kubernetes.io/managed-by": "kustomize",
                    "app.kubernetes.io/name": "component",
                    "app.kubernetes.io/part-of": "operator"
                  },
                  "managedFields": null,
                  "name": "app-8",
                  "namespace": "default",
                  "ownerReferences": null,
                  "resourceVersion": null,
                  "selfLink": null,
                  "uid": null
                },
                "spec": {
                  "classes": [
                    "Application"
                  ],
                  "parents": [],
                  "type": "my-component"
                }
              },
              "type": [
                "object",
                {
                  "apiVersion": "string",
                  "kind": "string",
                  "metadata": [
                    "object",
                    {
                      "annotations": [
                        "map",
                        "string"
                      ],
                      "creationTimestamp": "string",
                      "deletionGracePeriodSeconds": "number",
                      "deletionTimestamp": "string",
                      "finalizers": [
                        "list",
                        "string"
                      ],
                      "generateName": "string",
                      "generation": "number",
                      "labels": [
                        "map",
                        "string"
                      ],
                      "managedFields": [
                        "tuple",
                        [
                          [
                            "object",
                            {
                              "apiVersion": "string",
                              "fieldsType": "string",
                              "fieldsV1": "dynamic",
                              "manager": "string",
                              "operation": "string",
                              "subresource": "string",
                              "time": "string"
                            }
                          ]
                        ]
                      ],
                      "name": "string",
                      "namespace": "string",
                      "ownerReferences": [
                        "list",
                        [
                          "object",
                          {
                            "apiVersion": "string",
                            "blockOwnerDeletion": "bool",
                            "controller": "bool",
                            "kind": "string",
                            "name": "string",
                            "uid": "string"
                          }
                        ]
                      ],
                      "resourceVersion": "string",
                      "selfLink": "string",
                      "uid": "string"
                    }
                  ],
                  "spec": [
                    "object",
                    {
                      "classes": [
                        "list",
                        "string"
                      ],
                      "parents": [
                        "list",
                        "string"
                      ],
                      "type": "string"
                    }
                  ]
                }
              ]
            },
            "timeouts": [],
            "wait": [],
            "wait_for": null
          },
          "sensitive_attributes": []
        },
        {
          "index_key": 8,
          "schema_version": 1,
          "attributes": {
            "computed_fields": null,
            "field_manager": [],
            "manifest": {
              "value": {
                "apiVersion": "argus.io/v1alpha1",
                "kind": "Component",
                "metadata": {
                  "labels": {
                    "app.kubernetes.io/created-by": "operator",
                    "app.kubernetes.io/instance": "component-sample",
                    "app.kubernetes.io/managed-by": "kustomize",
                    "app.kubernetes.io/name": "component",
                    "app.kubernetes.io/part-of": "operator"
                  },
                  "name": "app-9",
                  "namespace": "default"
                },
                "spec": {
                  "classes": [
                    "Application"
                  ],
                  "parents": [],
                  "type": "my-component"
                }
              },
              "type": [
                "object",
                {
                  "apiVersion": "string",
                  "kind": "string",
                  "metadata": [
                    "object",
                    {
                      "labels": [
                        "object",
                        {
                          "app.kubernetes.io/created-by": "string",
                          "app.kubernetes.io/instance": "string",
                          "app.kubernetes.io/managed-by": "string",
                          "app.kubernetes.io/name": "string",
                          "app.kubernetes.io/part-of": "string"
                        }
                      ],
                      "name": "string",
                      "namespace": "string"
                    }
                  ],
                  "spec": [
                    "object",
                    {
                      "classes": [
                        "tuple",
                        [
                          "string"
                        ]
                      ],
                      "parents": [
                        "tuple",
                        []
                      ],
                      "type": "string"
                    }
                  ]
                }
              ]
            },
            "object": {
              "value": {
                "apiVersion": "argus.io/v1alpha1",
                "kind": "Component",
                "metadata": {
                  "annotations": null,
                  "creationTimestamp": null,
                  "deletionGracePeriodSeconds": null,
                  "deletionTimestamp": null,
                  "finalizers": null,
                  "generateName": null,
                  "generation": null,
                  "labels": {
                    "app.kubernetes.io/created-by": "operator",
                    "app.kubernetes.io/instance": "component-sample",
                    "app.kubernetes.io/managed-by": "kustomize",
                    "app.kubernetes.io/name": "component",
                    "app.kubernetes.io/part-of": "operator"
                  },
                  "managedFields": null,
                  "name": "app-9",
                  "namespace": "default",
                  "ownerReferences": null,
                  "resourceVersion": null,
                  "selfLink": null,
                  "uid": null
                },
                "spec": {
                  "classes": [
                    "Application"
                  ],
                  "parents": [],
                  "type": "my-component"
                }
              },
              "type": [
                "object",
                {
                  "apiVersion": "string",
                  "kind": "string",
                  "metadata": [
                    "object",
                    {
                      "annotations": [
                        "map",
                        "string"
                      ],
                      "creationTimestamp": "string",
                      "deletionGracePeriodSeconds": "number",
                      "deletionTimestamp": "string",
                      "finalizers": [
                        "list",
                        "string"
                      ],
                      "generateName": "string",
                      "generation": "number",
                      "labels": [
                        "map",
                        "string"
                      ],
                      "managedFields": [
                        "tuple",
                        [
                          [
                            "object",
                            {
                              "apiVersion": "string",
                              "fieldsType": "string",
                              "fieldsV1": "dynamic",
                              "manager": "string",
                              "operation": "string",
                              "subresource": "string",
                              "time": "string"
                            }
                          ]
                        ]
                      ],
                      "name": "string",
                      "namespace": "string",
                      "ownerReferences": [
                        "list",
                        [
                          "object",
                          {
                            "apiVersion": "string",
                            "blockOwnerDeletion": "bool",
                            "controller": "bool",
                            "kind": "string",
                            "name": "string",
                            "uid": "string"
                          }
                        ]
                      ],
                      "resourceVersion": "string",
                      "selfLink": "string",
                      "uid": "string"
                    }
                  ],
                  "spec": [
                    "object",
                    {
                      "classes": [
                        "list",
                        "string"
                      ],
                      "parents": [
                        "list",
                        "string"
                      ],
                      "type": "string"
                    }
                  ]
                }
              ]
            },
            "timeouts": [],
            "wait": [],
            "wait_for": null
          },
          "sensitive_attributes": []
        },
        {
          "index_key": 9,
          "schema_version": 1,
          "attributes": {
            "computed_fields": null,
            "field_manager": [],
            "manifest": {
              "value": {
                "apiVersion": "argus.io/v1alpha1",
                "kind": "Component",
                "metadata": {
                  "labels": {
                    "app.kubernetes.io/created-by": "operator",
                    "app.kubernetes.io/instance": "component-sample",
                    "app.kubernetes.io/managed-by": "kustomize",
                    "app.kubernetes.io/name": "component",
                    "app.kubernetes.io/part-of": "operator"
                  },
                  "name": "app-10",
                  "namespace": "default"
                },
                "spec": {
                  "classes": [
                    "Application"
                  ],
                  "parents": [],
                  "type": "my-component"
                }
              },
              "type": [
                "object",
                {
                  "apiVersion": "string",
                  "kind": "string",
                  "metadata": [
                    "object",
                    {
                      "labels": [
                        "object",
                        {
                          "app.kubernetes.io/created-by": "string",
                          "app.kubernetes.io/instance": "string",
                          "app.kubernetes.io/managed-by": "string",
                          "app.kubernetes.io/name": "string",
                          "app.kubernetes.io/part-of": "string"
                        }
                      ],
                      "name": "string",
                      "namespace": "string"
                    }
                  ],
                  "spec": [
                    "object",
                    {
                      "classes": [
                        "tuple",
                        [
                          "string"
                        ]
                      ],
                      "parents": [
                        "tuple",
                        []
                      ],
                      "type": "string"
                    }
                  ]
                }
              ]
            },
            "object": {
              "value": {
                "apiVersion": "argus.io/v1alpha1",
                "kind": "Component",
                "metadata": {
                  "annotations": null,
                  "creationTimestamp": null,
                  "deletionGracePeriodSeconds": null,
                  "deletionTimestamp": null,
                  "finalizers": null,
                  "generateName": null,
                  "generation": null,
                  "labels": {
                    "app.kubernetes.io/created-by": "operator",
                    "app.kubernetes.io/instance": "component-sample",
                    "app.kubernetes.io/managed-by": "kustomize",
                    "app.kubernetes.io/name": "component",
                    "app.kubernetes.io/part-of": "operator"
                  },
                  "managedFields": null,
                  "name": "app-10",
                  "namespace": "default",
                  "ownerReferences": null,
                  "resourceVersion": null,
                  "selfLink": null,
                  "uid": null
                },
                "spec": {
                  "classes": [
                    "Application"
                  ],
                  "parents": [],
                  "type": "my-component"
                }
              },
              "type": [
                "object",
                {
                  "apiVersion": "string",
                  "kind": "string",
                  "metadata": [
                    "object",
                    {
                      "annotations": [
                        "map",
                        "string"
                      ],
                      "creationTimestamp": "string",
                      "deletionGracePeriodSeconds": "number",
                      "deletionTimestamp": "string",
                      "finalizers": [
                        "list",
                        "string"
                      ],
                      "generateName": "string",
                      "generation": "number",
                      "labels": [
                        "map",
                        "string"
                      ],
                      "managedFields": [
                        "tuple",
                        [
                          [
                            "object",
                            {
                              "apiVersion": "string",
                              "fieldsType": "string",
                              "fieldsV1": "dynamic",
                              "manager": "string",
                              "operation": "string",
                              "subresource": "string",
                              "time": "string"
                            }
                          ]
                        ]
                      ],
                      "name": "string",
                      "namespace": "string",
                      "ownerReferences": [
                        "list",
                        [
                          "object",
                          {
                            "apiVersion": "string",
                            "blockOwnerDeletion": "bool",
                            "controller": "bool",
                            "kind": "string",
                            "name": "string",
                            "uid": "string"
                          }
                        ]
                      ],
                      "resourceVersion": "string",
                      "selfLink": "string",
                      "uid": "string"
                    }
                  ],
                  "spec": [
                    "object",
                    {
                      "classes": [
                        "list",
                        "string"
                      ],
                      "parents": [
                        "list",
                        "string"
                      ],
                      "type": "string"
                    }
                  ]
                }
              ]
            },
            "timeouts": [],
            "wait": [],
            "wait_for": null
          },
          "sensitive_attributes": []
        }
      ]
    },
    {
      "mode": "managed",
      "type": "kubernetes_manifest",
      "name": "resource_type2",
      "provider": "provider[\"registry.terraform.io/hashicorp/kubernetes\"]",
      "instances": [
        {
          "index_key": 0,
          "schema_version": 1,
          "attributes": {
            "computed_fields": null,
            "field_manager": [],
            "manifest": {
              "value": {
                "apiVersion": "argus.io/v1alpha1",
                "kind": "Component",
                "metadata": {
                  "labels": {
                    "app.kubernetes.io/created-by": "operator",
                    "app.kubernetes.io/instance": "component-sample",
                    "app.kubernetes.io/managed-by": "kustomize",
                    "app.kubernetes.io/name": "component",
                    "app.kubernetes.io/part-of": "operator"
                  },
                  "name": "vm-1",
                  "namespace": "default"
                },
                "spec": {
                  "classes": [
                    "VirtualMachine"
                  ],
                  "parents": [],
                  "type": "my-component"
                }
              },
              "type": [
                "object",
                {
                  "apiVersion": "string",
                  "kind": "string",
                  "metadata": [
                    "object",
                    {
                      "labels": [
                        "object",
                        {
                          "app.kubernetes.io/created-by": "string",
                          "app.kubernetes.io/instance": "string",
                          "app.kubernetes.io/managed-by": "string",
                          "app.kubernetes.io/name": "string",
                          "app.kubernetes.io/part-of": "string"
                        }
                      ],
                      "name": "string",
                      "namespace": "string"
                    }
                  ],
                  "spec": [
                    "object",
                    {
                      "classes": [
                        "tuple",
                        [
                          "string"
                        ]
                      ],
                      "parents": [
                        "tuple",
                        []
                      ],
                      "type": "string"
                    }
                  ]
                }
              ]
            },
            "object": {
              "value": {
                "apiVersion": "argus.io/v1alpha1",
                "kind": "Component",
                "metadata": {
                  "annotations": null,
                  "creationTimestamp": null,
                  "deletionGracePeriodSeconds": null,
                  "deletionTimestamp": null,
                  "finalizers": null,
                  "generateName": null,
                  "generation": null,
                  "labels": {
                    "app.kubernetes.io/created-by": "operator",
                    "app.kubernetes.io/instance": "component-sample",
                    "app.kubernetes.io/managed-by": "kustomize",
                    "app.kubernetes.io/name": "component",
                    "app.kubernetes.io/part-of": "operator"
                  },
                  "managedFields": null,
                  "name": "vm-1",
                  "namespace": "default",
                  "ownerReferences": null,
                  "resourceVersion": null,
                  "selfLink": null,
                  "uid": null
                },
                "spec": {
                  "classes": [
                    "VirtualMachine"
                  ],
                  "parents": [],
                  "type": "my-component"
                }
              },
              "type": [
                "object",
                {
                  "apiVersion": "string",
                  "kind": "string",
                  "metadata": [
                    "object",
                    {
                      "annotations": [
                        "map",
                        "string"
                      ],
                      "creationTimestamp": "string",
                      "deletionGracePeriodSeconds": "number",
                      "deletionTimestamp": "string",
                      "finalizers": [
                        "list",
                        "string"
                      ],
                      "generateName": "string",
                      "generation": "number",
                      "labels": [
                        "map",
                        "string"
                      ],
                      "managedFields": [
                        "tuple",
                        [
                          [
                            "object",
                            {
                              "apiVersion": "string",
                              "fieldsType": "string",
                              "fieldsV1": "dynamic",
                              "manager": "string",
                              "operation": "string",
                              "subresource": "string",
                              "time": "string"
                            }
                          ]
                        ]
                      ],
                      "name": "string",
                      "namespace": "string",
                      "ownerReferences": [
                        "list",
                        [
                          "object",
                          {
                            "apiVersion": "string",
                            "blockOwnerDeletion": "bool",
                            "controller": "bool",
                            "kind": "string",
                            "name": "string",
                            "uid": "string"
                          }
                        ]
                      ],
                      "resourceVersion": "string",
                      "selfLink": "string",
                      "uid": "string"
                    }
                  ],
                  "spec": [
                    "object",
                    {
                      "classes": [
                        "list",
                        "string"
                      ],
                      "parents": [
                        "list",
                        "string"
                      ],
                      "type": "string"
                    }
                  ]
                }
              ]
            },
            "timeouts": [],
            "wait": [],
            "wait_for": null
          },
          "sensitive_attributes": []
        },
        {
          "index_key": 1,
          "schema_version": 1,
          "attributes": {
            "computed_fields": null,
            "field_manager": [],
            "manifest": {
              "value": {
                "apiVersion": "argus.io/v1alpha1",
                "kind": "Component",
                "metadata": {
                  "labels": {
                    "app.kubernetes.io/created-by": "operator",
                    "app.kubernetes.io/instance": "component-sample",
                    "app.kubernetes.io/managed-by": "kustomize",
                    "app.kubernetes.io/name": "component",
                    "app.kubernetes.io/part-of": "operator"
                  },
                  "name": "vm-2",
                  "namespace": "default"
                },
                "spec": {
                  "classes": [
                    "VirtualMachine"
                  ],
                  "parents": [],
                  "type": "my-component"
                }
              },
              "type": [
                "object",
                {
                  "apiVersion": "string",
                  "kind": "string",
                  "metadata": [
                    "object",
                    {
                      "labels": [
                        "object",
                        {
                          "app.kubernetes.io/created-by": "string",
                          "app.kubernetes.io/instance": "string",
                          "app.kubernetes.io/managed-by": "string",
                          "app.kubernetes.io/name": "string",
                          "app.kubernetes.io/part-of": "string"
                        }
                      ],
                      "name": "string",
                      "namespace": "string"
                    }
                  ],
                  "spec": [
                    "object",
                    {
                      "classes": [
                        "tuple",
                        [
                          "string"
                        ]
                      ],
                      "parents": [
                        "tuple",
                        []
                      ],
                      "type": "string"
                    }
                  ]
                }
              ]
            },
            "object": {
              "value": {
                "apiVersion": "argus.io/v1alpha1",
                "kind": "Component",
                "metadata": {
                  "annotations": null,
                  "creationTimestamp": null,
                  "deletionGracePeriodSeconds": null,
                  "deletionTimestamp": null,
                  "finalizers": null,
                  "generateName": null,
                  "generation": null,
                  "labels": {
                    "app.kubernetes.io/created-by": "operator",
                    "app.kubernetes.io/instance": "component-sample",
                    "app.kubernetes.io/managed-by": "kustomize",
                    "app.kubernetes.io/name": "component",
                    "app.kubernetes.io/part-of": "operator"
                  },
                  "managedFields": null,
                  "name": "vm-2",
                  "namespace": "default",
                  "ownerReferences": null,
                  "resourceVersion": null,
                  "selfLink": null,
                  "uid": null
                },
                "spec": {
                  "classes": [
                    "VirtualMachine"
                  ],
                  "parents": [],
                  "type": "my-component"
                }
              },
              "type": [
                "object",
                {
                  "apiVersion": "string",
                  "kind": "string",
                  "metadata": [
                    "object",
                    {
                      "annotations": [
                        "map",
                        "string"
                      ],
                      "creationTimestamp": "string",
                      "deletionGracePeriodSeconds": "number",
                      "deletionTimestamp": "string",
                      "finalizers": [
                        "list",
                        "string"
                      ],
                      "generateName": "string",
                      "generation": "number",
                      "labels": [
                        "map",
                        "string"
                      ],
                      "managedFields": [
                        "tuple",
                        [
                          [
                            "object",
                            {
                              "apiVersion": "string",
                              "fieldsType": "string",
                              "fieldsV1": "dynamic",
                              "manager": "string",
                              "operation": "string",
                              "subresource": "string",
                              "time": "string"
                            }
                          ]
                        ]
                      ],
                      "name": "string",
                      "namespace": "string",
                      "ownerReferences": [
                        "list",
                        [
                          "object",
                          {
                            "apiVersion": "string",
                            "blockOwnerDeletion": "bool",
                            "controller": "bool",
                            "kind": "string",
                            "name": "string",
                            "uid": "string"
                          }
                        ]
                      ],
                      "resourceVersion": "string",
                      "selfLink": "string",
                      "uid": "string"
                    }
                  ],
                  "spec": [
                    "object",
                    {
                      "classes": [
                        "list",
                        "string"
                      ],
                      "parents": [
                        "list",
                        "string"
                      ],
                      "type": "string"
                    }
                  ]
                }
              ]
            },
            "timeouts": [],
            "wait": [],
            "wait_for": null
          },
          "sensitive_attributes": []
        },
        {
          "index_key": 2,
          "schema_version": 1,
          "attributes": {
            "computed_fields": null,
            "field_manager": [],
            "manifest": {
              "value": {
                "apiVersion": "argus.io/v1alpha1",
                "kind": "Component",
                "metadata": {
                  "labels": {
                    "app.kubernetes.io/created-by": "operator",
                    "app.kubernetes.io/instance": "component-sample",
                    "app.kubernetes.io/managed-by": "kustomize",
                    "app.kubernetes.io/name": "component",
                    "app.kubernetes.io/part-of": "operator"
                  },
                  "name": "vm-3",
                  "namespace": "default"
                },
                "spec": {
                  "classes": [
                    "VirtualMachine"
                  ],
                  "parents": [],
                  "type": "my-component"
                }
              },
              "type": [
                "object",
                {
                  "apiVersion": "string",
                  "kind": "string",
                  "metadata": [
                    "object",
                    {
                      "labels": [
                        "object",
                        {
                          "app.kubernetes.io/created-by": "string",
                          "app.kubernetes.io/instance": "string",
                          "app.kubernetes.io/managed-by": "string",
                          "app.kubernetes.io/name": "string",
                          "app.kubernetes.io/part-of": "string"
                        }
                      ],
                      "name": "string",
                      "namespace": "string"
                    }
                  ],
                  "spec": [
                    "object",
                    {
                      "classes": [
                        "tuple",
                        [
                          "string"
                        ]
                      ],
                      "parents": [
                        "tuple",
                        []
                      ],
                      "type": "string"
                    }
                  ]
                }
              ]
            },
            "object": {
              "value": {
                "apiVersion": "argus.io/v1alpha1",
                "kind": "Component",
                "metadata": {
                  "annotations": null,
                  "creationTimestamp": null,
                  "deletionGracePeriodSeconds": null,
                  "deletionTimestamp": null,
                  "finalizers": null,
                  "generateName": null,
                  "generation": null,
                  "labels": {
                    "app.kubernetes.io/created-by": "operator",
                    "app.kubernetes.io/instance": "component-sample",
                    "app.kubernetes.io/managed-by": "kustomize",
                    "app.kubernetes.io/name": "component",
                    "app.kubernetes.io/part-of": "operator"
                  },
                  "managedFields": null,
                  "name": "vm-3",
                  "namespace": "default",
                  "ownerReferences": null,
                  "resourceVersion": null,
                  "selfLink": null,
                  "uid": null
                },
                "spec": {
                  "classes": [
                    "VirtualMachine"
                  ],
                  "parents": [],
                  "type": "my-component"
                }
              },
              "type": [
                "object",
                {
                  "apiVersion": "string",
                  "kind": "string",
                  "metadata": [
                    "object",
                    {
                      "annotations": [
                        "map",
                        "string"
                      ],
                      "creationTimestamp": "string",
                      "deletionGracePeriodSeconds": "number",
                      "deletionTimestamp": "string",
                      "finalizers": [
                        "list",
                        "string"
                      ],
                      "generateName": "string",
                      "generation": "number",
                      "labels": [
                        "map",
                        "string"
                      ],
                      "managedFields": [
                        "tuple",
                        [
                          [
                            "object",
                            {
                              "apiVersion": "string",
                              "fieldsType": "string",
                              "fieldsV1": "dynamic",
                              "manager": "string",
                              "operation": "string",
                              "subresource": "string",
                              "time": "string"
                            }
                          ]
                        ]
                      ],
                      "name": "string",
                      "namespace": "string",
                      "ownerReferences": [
                        "list",
                        [
                          "object",
                          {
                            "apiVersion": "string",
                            "blockOwnerDeletion": "bool",
                            "controller": "bool",
                            "kind": "string",
                            "name": "string",
                            "uid": "string"
                          }
                        ]
                      ],
                      "resourceVersion": "string",
                      "selfLink": "string",
                      "uid": "string"
                    }
                  ],
                  "spec": [
                    "object",
                    {
                      "classes": [
                        "list",
                        "string"
                      ],
                      "parents": [
                        "list",
                        "string"
                      ],
                      "type": "string"
                    }
                  ]
                }
              ]
            },
            "timeouts": [],
            "wait": [],
            "wait_for": null
          },
          "sensitive_attributes": []
        },
        {
          "index_key": 3,
          "schema_version": 1,
          "attributes": {
            "computed_fields": null,
            "field_manager": [],
            "manifest": {
              "value": {
                "apiVersion": "argus.io/v1alpha1",
                "kind": "Component",
                "metadata": {
                  "labels": {
                    "app.kubernetes.io/created-by": "operator",
                    "app.kubernetes.io/instance": "component-sample",
                    "app.kubernetes.io/managed-by": "kustomize",
                    "app.kubernetes.io/name": "component",
                    "app.kubernetes.io/part-of": "operator"
                  },
                  "name": "vm-4",
                  "namespace": "default"
                },
                "spec": {
                  "classes": [
                    "VirtualMachine"
                  ],
                  "parents": [],
                  "type": "my-component"
                }
              },
              "type": [
                "object",
                {
                  "apiVersion": "string",
                  "kind": "string",
                  "metadata": [
                    "object",
                    {
                      "labels": [
                        "object",
                        {
                          "app.kubernetes.io/created-by": "string",
                          "app.kubernetes.io/instance": "string",
                          "app.kubernetes.io/managed-by": "string",
                          "app.kubernetes.io/name": "string",
                          "app.kubernetes.io/part-of": "string"
                        }
                      ],
                      "name": "string",
                      "namespace": "string"
                    }
                  ],
                  "spec": [
                    "object",
                    {
                      "classes": [
                        "tuple",
                        [
                          "string"
                        ]
                      ],
                      "parents": [
                        "tuple",
                        []
                      ],
                      "type": "string"
                    }
                  ]
                }
              ]
            },
            "object": {
              "value": {
                "apiVersion": "argus.io/v1alpha1",
                "kind": "Component",
                "metadata": {
                  "annotations": null,
                  "creationTimestamp": null,
                  "deletionGracePeriodSeconds": null,
                  "deletionTimestamp": null,
                  "finalizers": null,
                  "generateName": null,
                  "generation": null,
                  "labels": {
                    "app.kubernetes.io/created-by": "operator",
                    "app.kubernetes.io/instance": "component-sample",
                    "app.kubernetes.io/managed-by": "kustomize",
                    "app.kubernetes.io/name": "component",
                    "app.kubernetes.io/part-of": "operator"
                  },
                  "managedFields": null,
                  "name": "vm-4",
                  "namespace": "default",
                  "ownerReferences": null,
                  "resourceVersion": null,
                  "selfLink": null,
                  "uid": null
                },
                "spec": {
                  "classes": [
                    "VirtualMachine"
                  ],
                  "parents": [],
                  "type": "my-component"
                }
              },
              "type": [
                "object",
                {
                  "apiVersion": "string",
                  "kind": "string",
                  "metadata": [
                    "object",
                    {
                      "annotations": [
                        "map",
                        "string"
                      ],
                      "creationTimestamp": "string",
                      "deletionGracePeriodSeconds": "number",
                      "deletionTimestamp": "string",
                      "finalizers": [
                        "list",
                        "string"
                      ],
                      "generateName": "string",
                      "generation": "number",
                      "labels": [
                        "map",
                        "string"
                      ],
                      "managedFields": [
                        "tuple",
                        [
                          [
                            "object",
                            {
                              "apiVersion": "string",
                              "fieldsType": "string",
                              "fieldsV1": "dynamic",
                              "manager": "string",
                              "operation": "string",
                              "subresource": "string",
                              "time": "string"
                            }
                          ]
                        ]
                      ],
                      "name": "string",
                      "namespace": "string",
                      "ownerReferences": [
                        "list",
                        [
                          "object",
                          {
                            "apiVersion": "string",
                            "blockOwnerDeletion": "bool",
                            "controller": "bool",
                            "kind": "string",
                            "name": "string",
                            "uid": "string"
                          }
                        ]
                      ],
                      "resourceVersion": "string",
                      "selfLink": "string",
                      "uid": "string"
                    }
                  ],
                  "spec": [
                    "object",
                    {
                      "classes": [
                        "list",
                        "string"
                      ],
                      "parents": [
                        "list",
                        "string"
                      ],
                      "type": "string"
                    }
                  ]
                }
              ]
            },
            "timeouts": [],
            "wait": [],
            "wait_for": null
          },
          "sensitive_attributes": []
        },
        {
          "index_key": 4,
          "schema_version": 1,
          "attributes": {
            "computed_fields": null,
            "field_manager": [],
            "manifest": {
              "value": {
                "apiVersion": "argus.io/v1alpha1",
                "kind": "Component",
                "metadata": {
                  "labels": {
                    "app.kubernetes.io/created-by": "operator",
                    "app.kubernetes.io/instance": "component-sample",
                    "app.kubernetes.io/managed-by": "kustomize",
                    "app.kubernetes.io/name": "component",
                    "app.kubernetes.io/part-of": "operator"
                  },
                  "name": "vm-5",
                  "namespace": "default"
                },
                "spec": {
                  "classes": [
                    "VirtualMachine"
                  ],
                  "parents": [],
                  "type": "my-component"
                }
              },
              "type": [
                "object",
                {
                  "apiVersion": "string",
                  "kind": "string",
                  "metadata": [
                    "object",
                    {
                      "labels": [
                        "object",
                        {
                          "app.kubernetes.io/created-by": "string",
                          "app.kubernetes.io/instance": "string",
                          "app.kubernetes.io/managed-by": "string",
                          "app.kubernetes.io/name": "string",
                          "app.kubernetes.io/part-of": "string"
                        }
                      ],
                      "name": "string",
                      "namespace": "string"
                    }
                  ],
                  "spec": [
                    "object",
                    {
                      "classes": [
                        "tuple",
                        [
                          "string"
                        ]
                      ],
                      "parents": [
                        "tuple",
                        []
                      ],
                      "type": "string"
                    }
                  ]
                }
              ]
            },
            "object": {
              "value": {
                "apiVersion": "argus.io/v1alpha1",
                "kind": "Component",
                "metadata": {
                  "annotations": null,
                  "creationTimestamp": null,
                  "deletionGracePeriodSeconds": null,
                  "deletionTimestamp": null,
                  "finalizers": null,
                  "generateName": null,
                  "generation": null,
                  "labels": {
                    "app.kubernetes.io/created-by": "operator",
                    "app.kubernetes.io/instance": "component-sample",
                    "app.kubernetes.io/managed-by": "kustomize",
                    "app.kubernetes.io/name": "component",
                    "app.kubernetes.io/part-of": "operator"
                  },
                  "managedFields": null,
                  "name": "vm-5",
                  "namespace": "default",
                  "ownerReferences": null,
                  "resourceVersion": null,
                  "selfLink": null,
                  "uid": null
                },
                "spec": {
                  "classes": [
                    "VirtualMachine"
                  ],
                  "parents": [],
                  "type": "my-component"
                }
              },
              "type": [
                "object",
                {
                  "apiVersion": "string",
                  "kind": "string",
                  "metadata": [
                    "object",
                    {
                      "annotations": [
                        "map",
                        "string"
                      ],
                      "creationTimestamp": "string",
                      "deletionGracePeriodSeconds": "number",
                      "deletionTimestamp": "string",
                      "finalizers": [
                        "list",
                        "string"
                      ],
                      "generateName": "string",
                      "generation": "number",
                      "labels": [
                        "map",
                        "string"
                      ],
                      "managedFields": [
                        "tuple",
                        [
                          [
                            "object",
                            {
                              "apiVersion": "string",
                              "fieldsType": "string",
                              "fieldsV1": "dynamic",
                              "manager": "string",
                              "operation": "string",
                              "subresource": "string",
                              "time": "string"
                            }
                          ]
                        ]
                      ],
                      "name": "string",
                      "namespace": "string",
                      "ownerReferences": [
                        "list",
                        [
                          "object",
                          {
                            "apiVersion": "string",
                            "blockOwnerDeletion": "bool",
                            "controller": "bool",
                            "kind": "string",
                            "name": "string",
                            "uid": "string"
                          }
                        ]
                      ],
                      "resourceVersion": "string",
                      "selfLink": "string",
                      "uid": "string"
                    }
                  ],
                  "spec": [
                    "object",
                    {
                      "classes": [
                        "list",
                        "string"
                      ],
                      "parents": [
                        "list",
                        "string"
                      ],
                      "type": "string"
                    }
                  ]
                }
              ]
            },
            "timeouts": [],
            "wait": [],
            "wait_for": null
          },
          "sensitive_attributes": []
        },
        {
          "index_key": 5,
          "schema_version": 1,
          "attributes": {
            "computed_fields": null,
            "field_manager": [],
            "manifest": {
              "value": {
                "apiVersion": "argus.io/v1alpha1",
                "kind": "Component",
                "metadata": {
                  "labels": {
                    "app.kubernetes.io/created-by": "operator",
                    "app.kubernetes.io/instance": "component-sample",
                    "app.kubernetes.io/managed-by": "kustomize",
                    "app.kubernetes.io/name": "component",
                    "app.kubernetes.io/part-of": "operator"
                  },
                  "name": "vm-6",
                  "namespace": "default"
                },
                "spec": {
                  "classes": [
                    "VirtualMachine"
                  ],
                  "parents": [],
                  "type": "my-component"
                }
              },
              "type": [
                "object",
                {
                  "apiVersion": "string",
                  "kind": "string",
                  "metadata": [
                    "object",
                    {
                      "labels": [
                        "object",
                        {
                          "app.kubernetes.io/created-by": "string",
                          "app.kubernetes.io/instance": "string",
                          "app.kubernetes.io/managed-by": "string",
                          "app.kubernetes.io/name": "string",
                          "app.kubernetes.io/part-of": "string"
                        }
                      ],
                      "name": "string",
                      "namespace": "string"
                    }
                  ],
                  "spec": [
                    "object",
                    {
                      "classes": [
                        "tuple",
                        [
                          "string"
                        ]
                      ],
                      "parents": [
                        "tuple",
                        []
                      ],
                      "type": "string"
                    }
                  ]
                }
              ]
            },
            "object": {
              "value": {
                "apiVersion": "argus.io/v1alpha1",
                "kind": "Component",
                "metadata": {
                  "annotations": null,
                  "creationTimestamp": null,
                  "deletionGracePeriodSeconds": null,
                  "deletionTimestamp": null,
                  "finalizers": null,
                  "generateName": null,
                  "generation": null,
                  "labels": {
                    "app.kubernetes.io/created-by": "operator",
                    "app.kubernetes.io/instance": "component-sample",
                    "app.kubernetes.io/managed-by": "kustomize",
                    "app.kubernetes.io/name": "component",
                    "app.kubernetes.io/part-of": "operator"
                  },
                  "managedFields": null,
                  "name": "vm-6",
                  "namespace": "default",
                  "ownerReferences": null,
                  "resourceVersion": null,
                  "selfLink": null,
                  "uid": null
                },
                "spec": {
                  "classes": [
                    "VirtualMachine"
                  ],
                  "parents": [],
                  "type": "my-component"
                }
              },
              "type": [
                "object",
                {
                  "apiVersion": "string",
                  "kind": "string",
                  "metadata": [
                    "object",
                    {
                      "annotations": [
                        "map",
                        "string"
                      ],
                      "creationTimestamp": "string",
                      "deletionGracePeriodSeconds": "number",
                      "deletionTimestamp": "string",
                      "finalizers": [
                        "list",
                        "string"
                      ],
                      "generateName": "string",
                      "generation": "number",
                      "labels": [
                        "map",
                        "string"
                      ],
                      "managedFields": [
                        "tuple",
                        [
                          [
                            "object",
                            {
                              "apiVersion": "string",
                              "fieldsType": "string",
                              "fieldsV1": "dynamic",
                              "manager": "string",
                              "operation": "string",
                              "subresource": "string",
                              "time": "string"
                            }
                          ]
                        ]
                      ],
                      "name": "string",
                      "namespace": "string",
                      "ownerReferences": [
                        "list",
                        [
                          "object",
                          {
                            "apiVersion": "string",
                            "blockOwnerDeletion": "bool",
                            "controller": "bool",
                            "kind": "string",
                            "name": "string",
                            "uid": "string"
                          }
                        ]
                      ],
                      "resourceVersion": "string",
                      "selfLink": "string",
                      "uid": "string"
                    }
                  ],
                  "spec": [
                    "object",
                    {
                      "classes": [
                        "list",
                        "string"
                      ],
                      "parents": [
                        "list",
                        "string"
                      ],
                      "type": "string"
                    }
                  ]
                }
              ]
            },
            "timeouts": [],
            "wait": [],
            "wait_for": null
          },
          "sensitive_attributes": []
        },
        {
          "index_key": 6,
          "schema_version": 1,
          "attributes": {
            "computed_fields": null,
            "field_manager": [],
            "manifest": {
              "value": {
                "apiVersion": "argus.io/v1alpha1",
                "kind": "Component",
                "metadata": {
                  "labels": {
                    "app.kubernetes.io/created-by": "operator",
                    "app.kubernetes.io/instance": "component-sample",
                    "app.kubernetes.io/managed-by": "kustomize",
                    "app.kubernetes.io/name": "component",
                    "app.kubernetes.io/part-of": "operator"
                  },
                  "name": "vm-7",
                  "namespace": "default"
                },
                "spec": {
                  "classes": [
                    "VirtualMachine"
                  ],
                  "parents": [],
                  "type": "my-component"
                }
              },
              "type": [
                "object",
                {
                  "apiVersion": "string",
                  "kind": "string",
                  "metadata": [
                    "object",
                    {
                      "labels": [
                        "object",
                        {
                          "app.kubernetes.io/created-by": "string",
                          "app.kubernetes.io/instance": "string",
                          "app.kubernetes.io/managed-by": "string",
                          "app.kubernetes.io/name": "string",
                          "app.kubernetes.io/part-of": "string"
                        }
                      ],
                      "name": "string",
                      "namespace": "string"
                    }
                  ],
                  "spec": [
                    "object",
                    {
                      "classes": [
                        "tuple",
                        [
                          "string"
                        ]
                      ],
                      "parents": [
                        "tuple",
                        []
                      ],
                      "type": "string"
                    }
                  ]
                }
              ]
            },
            "object": {
              "value": {
                "apiVersion": "argus.io/v1alpha1",
                "kind": "Component",
                "metadata": {
                  "annotations": null,
                  "creationTimestamp": null,
                  "deletionGracePeriodSeconds": null,
                  "deletionTimestamp": null,
                  "finalizers": null,
                  "generateName": null,
                  "generation": null,
                  "labels": {
                    "app.kubernetes.io/created-by": "operator",
                    "app.kubernetes.io/instance": "component-sample",
                    "app.kubernetes.io/managed-by": "kustomize",
                    "app.kubernetes.io/name": "component",
                    "app.kubernetes.io/part-of": "operator"
                  },
                  "managedFields": null,
                  "name": "vm-7",
                  "namespace": "default",
                  "ownerReferences": null,
                  "resourceVersion": null,
                  "selfLink": null,
                  "uid": null
                },
                "spec": {
                  "classes": [
                    "VirtualMachine"
                  ],
                  "parents": [],
                  "type": "my-component"
                }
              },
              "type": [
                "object",
                {
                  "apiVersion": "string",
                  "kind": "string",
                  "metadata": [
                    "object",
                    {
                      "annotations": [
                        "map",
                        "string"
                      ],
                      "creationTimestamp": "string",
                      "deletionGracePeriodSeconds": "number",
                      "deletionTimestamp": "string",
                      "finalizers": [
                        "list",
                        "string"
                      ],
                      "generateName": "string",
                      "generation": "number",
                      "labels": [
                        "map",
                        "string"
                      ],
                      "managedFields": [
                        "tuple",
                        [
                          [
                            "object",
                            {
                              "apiVersion": "string",
                              "fieldsType": "string",
                              "fieldsV1": "dynamic",
                              "manager": "string",
                              "operation": "string",
                              "subresource": "string",
                              "time": "string"
                            }
                          ]
                        ]
                      ],
                      "name": "string",
                      "namespace": "string",
                      "ownerReferences": [
                        "list",
                        [
                          "object",
                          {
                            "apiVersion": "string",
                            "blockOwnerDeletion": "bool",
                            "controller": "bool",
                            "kind": "string",
                            "name": "string",
                            "uid": "string"
                          }
                        ]
                      ],
                      "resourceVersion": "string",
                      "selfLink": "string",
                      "uid": "string"
                    }
                  ],
                  "spec": [
                    "object",
                    {
                      "classes": [
                        "list",
                        "string"
                      ],
                      "parents": [
                        "list",
                        "string"
                      ],
                      "type": "string"
                    }
                  ]
                }
              ]
            },
            "timeouts": [],
            "wait": [],
            "wait_for": null
          },
          "sensitive_attributes": []
        },
        {
          "index_key": 7,
          "schema_version": 1,
          "attributes": {
            "computed_fields": null,
            "field_manager": [],
            "manifest": {
              "value": {
                "apiVersion": "argus.io/v1alpha1",
                "kind": "Component",
                "metadata": {
                  "labels": {
                    "app.kubernetes.io/created-by": "operator",
                    "app.kubernetes.io/instance": "component-sample",
                    "app.kubernetes.io/managed-by": "kustomize",
                    "app.kubernetes.io/name": "component",
                    "app.kubernetes.io/part-of": "operator"
                  },
                  "name": "vm-8",
                  "namespace": "default"
                },
                "spec": {
                  "classes": [
                    "VirtualMachine"
                  ],
                  "parents": [],
                  "type": "my-component"
                }
              },
              "type": [
                "object",
                {
                  "apiVersion": "string",
                  "kind": "string",
                  "metadata": [
                    "object",
                    {
                      "labels": [
                        "object",
                        {
                          "app.kubernetes.io/created-by": "string",
                          "app.kubernetes.io/instance": "string",
                          "app.kubernetes.io/managed-by": "string",
                          "app.kubernetes.io/name": "string",
                          "app.kubernetes.io/part-of": "string"
                        }
                      ],
                      "name": "string",
                      "namespace": "string"
                    }
                  ],
                  "spec": [
                    "object",
                    {
                      "classes": [
                        "tuple",
                        [
                          "string"
                        ]
                      ],
                      "parents": [
                        "tuple",
                        []
                      ],
                      "type": "string"
                    }
                  ]
                }
              ]
            },
            "object": {
              "value": {
                "apiVersion": "argus.io/v1alpha1",
                "kind": "Component",
                "metadata": {
                  "annotations": null,
                  "creationTimestamp": null,
                  "deletionGracePeriodSeconds": null,
                  "deletionTimestamp": null,
                  "finalizers": null,
                  "generateName": null,
                  "generation": null,
                  "labels": {
                    "app.kubernetes.io/created-by": "operator",
                    "app.kubernetes.io/instance": "component-sample",
                    "app.kubernetes.io/managed-by": "kustomize",
                    "app.kubernetes.io/name": "component",
                    "app.kubernetes.io/part-of": "operator"
                  },
                  "managedFields": null,
                  "name": "vm-8",
                  "namespace": "default",
                  "ownerReferences": null,
                  "resourceVersion": null,
                  "selfLink": null,
                  "uid": null
                },
                "spec": {
                  "classes": [
                    "VirtualMachine"
                  ],
                  "parents": [],
                  "type": "my-component"
                }
              },
              "type": [
                "object",
                {
                  "apiVersion": "string",
                  "kind": "string",
                  "metadata": [
                    "object",
                    {
                      "annotations": [
                        "map",
                        "string"
                      ],
                      "creationTimestamp": "string",
                      "deletionGracePeriodSeconds": "number",
                      "deletionTimestamp": "string",
                      "finalizers": [
                        "list",
                        "string"
                      ],
                      "generateName": "string",
                      "generation": "number",
                      "labels": [
                        "map",
                        "string"
                      ],
                      "managedFields": [
                        "tuple",
                        [
                          [
                            "object",
                            {
                              "apiVersion": "string",
                              "fieldsType": "string",
                              "fieldsV1": "dynamic",
                              "manager": "string",
                              "operation": "string",
                              "subresource": "string",
                              "time": "string"
                            }
                          ]
                        ]
                      ],
                      "name": "string",
                      "namespace": "string",
                      "ownerReferences": [
                        "list",
                        [
                          "object",
                          {
                            "apiVersion": "string",
                            "blockOwnerDeletion": "bool",
                            "controller": "bool",
                            "kind": "string",
                            "name": "string",
                            "uid": "string"
                          }
                        ]
                      ],
                      "resourceVersion": "string",
                      "selfLink": "string",
                      "uid": "string"
                    }
                  ],
                  "spec": [
                    "object",
                    {
                      "classes": [
                        "list",
                        "string"
                      ],
                      "parents": [
                        "list",
                        "string"
                      ],
                      "type": "string"
                    }
                  ]
                }
              ]
            },
            "timeouts": [],
            "wait": [],
            "wait_for": null
          },
          "sensitive_attributes": []
        },
        {
          "index_key": 8,
          "schema_version": 1,
          "attributes": {
            "computed_fields": null,
            "field_manager": [],
            "manifest": {
              "value": {
                "apiVersion": "argus.io/v1alpha1",
                "kind": "Component",
                "metadata": {
                  "labels": {
                    "app.kubernetes.io/created-by": "operator",
                    "app.kubernetes.io/instance": "component-sample",
                    "app.kubernetes.io/managed-by": "kustomize",
                    "app.kubernetes.io/name": "component",
                    "app.kubernetes.io/part-of": "operator"
                  },
                  "name": "vm-9",
                  "namespace": "default"
                },
                "spec": {
                  "classes": [
                    "VirtualMachine"
                  ],
                  "parents": [],
                  "type": "my-component"
                }
              },
              "type": [
                "object",
                {
                  "apiVersion": "string",
                  "kind": "string",
                  "metadata": [
                    "object",
                    {
                      "labels": [
                        "object",
                        {
                          "app.kubernetes.io/created-by": "string",
                          "app.kubernetes.io/instance": "string",
                          "app.kubernetes.io/managed-by": "string",
                          "app.kubernetes.io/name": "string",
                          "app.kubernetes.io/part-of": "string"
                        }
                      ],
                      "name": "string",
                      "namespace": "string"
                    }
                  ],
                  "spec": [
                    "object",
                    {
                      "classes": [
                        "tuple",
                        [
                          "string"
                        ]
                      ],
                      "parents": [
                        "tuple",
                        []
                      ],
                      "type": "string"
                    }
                  ]
                }
              ]
            },
            "object": {
              "value": {
                "apiVersion": "argus.io/v1alpha1",
                "kind": "Component",
                "metadata": {
                  "annotations": null,
                  "creationTimestamp": null,
                  "deletionGracePeriodSeconds": null,
                  "deletionTimestamp": null,
                  "finalizers": null,
                  "generateName": null,
                  "generation": null,
                  "labels": {
                    "app.kubernetes.io/created-by": "operator",
                    "app.kubernetes.io/instance": "component-sample",
                    "app.kubernetes.io/managed-by": "kustomize",
                    "app.kubernetes.io/name": "component",
                    "app.kubernetes.io/part-of": "operator"
                  },
                  "managedFields": null,
                  "name": "vm-9",
                  "namespace": "default",
                  "ownerReferences": null,
                  "resourceVersion": null,
                  "selfLink": null,
                  "uid": null
                },
                "spec": {
                  "classes": [
                    "VirtualMachine"
                  ],
                  "parents": [],
                  "type": "my-component"
                }
              },
              "type": [
                "object",
                {
                  "apiVersion": "string",
                  "kind": "string",
                  "metadata": [
                    "object",
                    {
                      "annotations": [
                        "map",
                        "string"
                      ],
                      "creationTimestamp": "string",
                      "deletionGracePeriodSeconds": "number",
                      "deletionTimestamp": "string",
                      "finalizers": [
                        "list",
                        "string"
                      ],
                      "generateName": "string",
                      "generation": "number",
                      "labels": [
                        "map",
                        "string"
                      ],
                      "managedFields": [
                        "tuple",
                        [
                          [
                            "object",
                            {
                              "apiVersion": "string",
                              "fieldsType": "string",
                              "fieldsV1": "dynamic",
                              "manager": "string",
                              "operation": "string",
                              "subresource": "string",
                              "time": "string"
                            }
                          ]
                        ]
                      ],
                      "name": "string",
                      "namespace": "string",
                      "ownerReferences": [
                        "list",
                        [
                          "object",
                          {
                            "apiVersion": "string",
                            "blockOwnerDeletion": "bool",
                            "controller": "bool",
                            "kind": "string",
                            "name": "string",
                            "uid": "string"
                          }
                        ]
                      ],
                      "resourceVersion": "string",
                      "selfLink": "string",
                      "uid": "string"
                    }
                  ],
                  "spec": [
                    "object",
                    {
                      "classes": [
                        "list",
                        "string"
                      ],
                      "parents": [
                        "list",
                        "string"
                      ],
                      "type": "string"
                    }
                  ]
                }
              ]
            },
            "timeouts": [],
            "wait": [],
            "wait_for": null
          },
          "sensitive_attributes": []
        },
        {
          "index_key": 9,
          "schema_version": 1,
          "attributes": {
            "computed_fields": null,
            "field_manager": [],
            "manifest": {
              "value": {
                "apiVersion": "argus.io/v1alpha1",
                "kind": "Component",
                "metadata": {
                  "labels": {
                    "app.kubernetes.io/created-by": "operator",
                    "app.kubernetes.io/instance": "component-sample",
                    "app.kubernetes.io/managed-by": "kustomize",
                    "app.kubernetes.io/name": "component",
                    "app.kubernetes.io/part-of": "operator"
                  },
                  "name": "vm-10",
                  "namespace": "default"
                },
                "spec": {
                  "classes": [
                    "VirtualMachine"
                  ],
                  "parents": [],
                  "type": "my-component"
                }
              },
              "type": [
                "object",
                {
                  "apiVersion": "string",
                  "kind": "string",
                  "metadata": [
                    "object",
                    {
                      "labels": [
                        "object",
                        {
                          "app.kubernetes.io/created-by": "string",
                          "app.kubernetes.io/instance": "string",
                          "app.kubernetes.io/managed-by": "string",
                          "app.kubernetes.io/name": "string",
                          "app.kubernetes.io/part-of": "string"
                        }
                      ],
                      "name": "string",
                      "namespace": "string"
                    }
                  ],
                  "spec": [
                    "object",
                    {
                      "classes": [
                        "tuple",
                        [
                          "string"
                        ]
                      ],
                      "parents": [
                        "tuple",
                        []
                      ],
                      "type": "string"
                    }
                  ]
                }
              ]
            },
            "object": {
              "value": {
                "apiVersion": "argus.io/v1alpha1",
                "kind": "Component",
                "metadata": {
                  "annotations": null,
                  "creationTimestamp": null,
                  "deletionGracePeriodSeconds": null,
                  "deletionTimestamp": null,
                  "finalizers": null,
                  "generateName": null,
                  "generation": null,
                  "labels": {
                    "app.kubernetes.io/created-by": "operator",
                    "app.kubernetes.io/instance": "component-sample",
                    "app.kubernetes.io/managed-by": "kustomize",
                    "app.kubernetes.io/name": "component",
                    "app.kubernetes.io/part-of": "operator"
                  },
                  "managedFields": null,
                  "name": "vm-10",
                  "namespace": "default",
                  "ownerReferences": null,
                  "resourceVersion": null,
                  "selfLink": null,
                  "uid": null
                },
                "spec": {
                  "classes": [
                    "VirtualMachine"
                  ],
                  "parents": [],
                  "type": "my-component"
                }
              },
              "type": [
                "object",
                {
                  "apiVersion": "string",
                  "kind": "string",
                  "metadata": [
                    "object",
                    {
                      "annotations": [
                        "map",
                        "string"
                      ],
                      "creationTimestamp": "string",
                      "deletionGracePeriodSeconds": "number",
                      "deletionTimestamp": "string",
                      "finalizers": [
                        "list",
                        "string"
                      ],
                      "generateName": "string",
                      "generation": "number",
                      "labels": [
                        "map",
                        "string"
                      ],
                      "managedFields": [
                        "tuple",
                        [
                          [
                            "object",
                            {
                              "apiVersion": "string",
                              "fieldsType": "string",
                              "fieldsV1": "dynamic",
                              "manager": "string",
                              "operation": "string",
                              "subresource": "string",
                              "time": "string"
                            }
                          ]
                        ]
                      ],
                      "name": "string",
                      "namespace": "string",
                      "ownerReferences": [
                        "list",
                        [
                          "object",
                          {
                            "apiVersion": "string",
                            "blockOwnerDeletion": "bool",
                            "controller": "bool",
                            "kind": "string",
                            "name": "string",
                            "uid": "string"
                          }
                        ]
                      ],
                      "resourceVersion": "string",
                      "selfLink": "string",
                      "uid": "string"
                    }
                  ],
                  "spec": [
                    "object",
                    {
                      "classes": [
                        "list",
                        "string"
                      ],
                      "parents": [
                        "list",
                        "string"
                      ],
                      "type": "string"
                    }
                  ]
                }
              ]
            },
            "timeouts": [],
            "wait": [],
            "wait_for": null
          },
          "sensitive_attributes": []
        }
      ]
    },
    {
      "mode": "managed",
      "type": "kubernetes_manifest",
      "name": "resource_type3",
      "provider": "provider[\"registry.terraform.io/hashicorp/kubernetes\"]",
      "instances": [
        {
          "index_key": 0,
          "schema_version": 1,
          "attributes": {
            "computed_fields": null,
            "field_manager": [],
            "manifest": {
              "value": {
                "apiVersion": "argus.io/v1alpha1",
                "kind": "Component",
                "metadata": {
                  "labels": {
                    "app.kubernetes.io/created-by": "operator",
                    "app.kubernetes.io/instance": "component-sample",
                    "app.kubernetes.io/managed-by": "kustomize",
                    "app.kubernetes.io/name": "component",
                    "app.kubernetes.io/part-of": "operator"
                  },
                  "name": "rt-1",
                  "namespace": "default"
                },
                "spec": {
                  "classes": [
                    "NetworkElement"
                  ],
                  "parents": [],
                  "type": "my-component"
                }
              },
              "type": [
                "object",
                {
                  "apiVersion": "string",
                  "kind": "string",
                  "metadata": [
                    "object",
                    {
                      "labels": [
                        "object",
                        {
                          "app.kubernetes.io/created-by": "string",
                          "app.kubernetes.io/instance": "string",
                          "app.kubernetes.io/managed-by": "string",
                          "app.kubernetes.io/name": "string",
                          "app.kubernetes.io/part-of": "string"
                        }
                      ],
                      "name": "string",
                      "namespace": "string"
                    }
                  ],
                  "spec": [
                    "object",
                    {
                      "classes": [
                        "tuple",
                        [
                          "string"
                        ]
                      ],
                      "parents": [
                        "tuple",
                        []
                      ],
                      "type": "string"
                    }
                  ]
                }
              ]
            },
            "object": {
              "value": {
                "apiVersion": "argus.io/v1alpha1",
                "kind": "Component",
                "metadata": {
                  "annotations": null,
                  "creationTimestamp": null,
                  "deletionGracePeriodSeconds": null,
                  "deletionTimestamp": null,
                  "finalizers": null,
                  "generateName": null,
                  "generation": null,
                  "labels": {
                    "app.kubernetes.io/created-by": "operator",
                    "app.kubernetes.io/instance": "component-sample",
                    "app.kubernetes.io/managed-by": "kustomize",
                    "app.kubernetes.io/name": "component",
                    "app.kubernetes.io/part-of": "operator"
                  },
                  "managedFields": null,
                  "name": "rt-1",
                  "namespace": "default",
                  "ownerReferences": null,
                  "resourceVersion": null,
                  "selfLink": null,
                  "uid": null
                },
                "spec": {
                  "classes": [
                    "NetworkElement"
                  ],
                  "parents": [],
                  "type": "my-component"
                }
              },
              "type": [
                "object",
                {
                  "apiVersion": "string",
                  "kind": "string",
                  "metadata": [
                    "object",
                    {
                      "annotations": [
                        "map",
                        "string"
                      ],
                      "creationTimestamp": "string",
                      "deletionGracePeriodSeconds": "number",
                      "deletionTimestamp": "string",
                      "finalizers": [
                        "list",
                        "string"
                      ],
                      "generateName": "string",
                      "generation": "number",
                      "labels": [
                        "map",
                        "string"
                      ],
                      "managedFields": [
                        "tuple",
                        [
                          [
                            "object",
                            {
                              "apiVersion": "string",
                              "fieldsType": "string",
                              "fieldsV1": "dynamic",
                              "manager": "string",
                              "operation": "string",
                              "subresource": "string",
                              "time": "string"
                            }
                          ]
                        ]
                      ],
                      "name": "string",
                      "namespace": "string",
                      "ownerReferences": [
                        "list",
                        [
                          "object",
                          {
                            "apiVersion": "string",
                            "blockOwnerDeletion": "bool",
                            "controller": "bool",
                            "kind": "string",
                            "name": "string",
                            "uid": "string"
                          }
                        ]
                      ],
                      "resourceVersion": "string",
                      "selfLink": "string",
                      "uid": "string"
                    }
                  ],
                  "spec": [
                    "object",
                    {
                      "classes": [
                        "list",
                        "string"
                      ],
                      "parents": [
                        "list",
                        "string"
                      ],
                      "type": "string"
                    }
                  ]
                }
              ]
            },
            "timeouts": [],
            "wait": [],
            "wait_for": null
          },
          "sensitive_attributes": []
        },
        {
          "index_key": 1,
          "schema_version": 1,
          "attributes": {
            "computed_fields": null,
            "field_manager": [],
            "manifest": {
              "value": {
                "apiVersion": "argus.io/v1alpha1",
                "kind": "Component",
                "metadata": {
                  "labels": {
                    "app.kubernetes.io/created-by": "operator",
                    "app.kubernetes.io/instance": "component-sample",
                    "app.kubernetes.io/managed-by": "kustomize",
                    "app.kubernetes.io/name": "component",
                    "app.kubernetes.io/part-of": "operator"
                  },
                  "name": "rt-2",
                  "namespace": "default"
                },
                "spec": {
                  "classes": [
                    "NetworkElement"
                  ],
                  "parents": [],
                  "type": "my-component"
                }
              },
              "type": [
                "object",
                {
                  "apiVersion": "string",
                  "kind": "string",
                  "metadata": [
                    "object",
                    {
                      "labels": [
                        "object",
                        {
                          "app.kubernetes.io/created-by": "string",
                          "app.kubernetes.io/instance": "string",
                          "app.kubernetes.io/managed-by": "string",
                          "app.kubernetes.io/name": "string",
                          "app.kubernetes.io/part-of": "string"
                        }
                      ],
                      "name": "string",
                      "namespace": "string"
                    }
                  ],
                  "spec": [
                    "object",
                    {
                      "classes": [
                        "tuple",
                        [
                          "string"
                        ]
                      ],
                      "parents": [
                        "tuple",
                        []
                      ],
                      "type": "string"
                    }
                  ]
                }
              ]
            },
            "object": {
              "value": {
                "apiVersion": "argus.io/v1alpha1",
                "kind": "Component",
                "metadata": {
                  "annotations": null,
                  "creationTimestamp": null,
                  "deletionGracePeriodSeconds": null,
                  "deletionTimestamp": null,
                  "finalizers": null,
                  "generateName": null,
                  "generation": null,
                  "labels": {
                    "app.kubernetes.io/created-by": "operator",
                    "app.kubernetes.io/instance": "component-sample",
                    "app.kubernetes.io/managed-by": "kustomize",
                    "app.kubernetes.io/name": "component",
                    "app.kubernetes.io/part-of": "operator"
                  },
                  "managedFields": null,
                  "name": "rt-2",
                  "namespace": "default",
                  "ownerReferences": null,
                  "resourceVersion": null,
                  "selfLink": null,
                  "uid": null
                },
                "spec": {
                  "classes": [
                    "NetworkElement"
                  ],
                  "parents": [],
                  "type": "my-component"
                }
              },
              "type": [
                "object",
                {
                  "apiVersion": "string",
                  "kind": "string",
                  "metadata": [
                    "object",
                    {
                      "annotations": [
                        "map",
                        "string"
                      ],
                      "creationTimestamp": "string",
                      "deletionGracePeriodSeconds": "number",
                      "deletionTimestamp": "string",
                      "finalizers": [
                        "list",
                        "string"
                      ],
                      "generateName": "string",
                      "generation": "number",
                      "labels": [
                        "map",
                        "string"
                      ],
                      "managedFields": [
                        "tuple",
                        [
                          [
                            "object",
                            {
                              "apiVersion": "string",
                              "fieldsType": "string",
                              "fieldsV1": "dynamic",
                              "manager": "string",
                              "operation": "string",
                              "subresource": "string",
                              "time": "string"
                            }
                          ]
                        ]
                      ],
                      "name": "string",
                      "namespace": "string",
                      "ownerReferences": [
                        "list",
                        [
                          "object",
                          {
                            "apiVersion": "string",
                            "blockOwnerDeletion": "bool",
                            "controller": "bool",
                            "kind": "string",
                            "name": "string",
                            "uid": "string"
                          }
                        ]
                      ],
                      "resourceVersion": "string",
                      "selfLink": "string",
                      "uid": "string"
                    }
                  ],
                  "spec": [
                    "object",
                    {
                      "classes": [
                        "list",
                        "string"
                      ],
                      "parents": [
                        "list",
                        "string"
                      ],
                      "type": "string"
                    }
                  ]
                }
              ]
            },
            "timeouts": [],
            "wait": [],
            "wait_for": null
          },
          "sensitive_attributes": []
        },
        {
          "index_key": 2,
          "schema_version": 1,
          "attributes": {
            "computed_fields": null,
            "field_manager": [],
            "manifest": {
              "value": {
                "apiVersion": "argus.io/v1alpha1",
                "kind": "Component",
                "metadata": {
                  "labels": {
                    "app.kubernetes.io/created-by": "operator",
                    "app.kubernetes.io/instance": "component-sample",
                    "app.kubernetes.io/managed-by": "kustomize",
                    "app.kubernetes.io/name": "component",
                    "app.kubernetes.io/part-of": "operator"
                  },
                  "name": "rt-3",
                  "namespace": "default"
                },
                "spec": {
                  "classes": [
                    "NetworkElement"
                  ],
                  "parents": [],
                  "type": "my-component"
                }
              },
              "type": [
                "object",
                {
                  "apiVersion": "string",
                  "kind": "string",
                  "metadata": [
                    "object",
                    {
                      "labels": [
                        "object",
                        {
                          "app.kubernetes.io/created-by": "string",
                          "app.kubernetes.io/instance": "string",
                          "app.kubernetes.io/managed-by": "string",
                          "app.kubernetes.io/name": "string",
                          "app.kubernetes.io/part-of": "string"
                        }
                      ],
                      "name": "string",
                      "namespace": "string"
                    }
                  ],
                  "spec": [
                    "object",
                    {
                      "classes": [
                        "tuple",
                        [
                          "string"
                        ]
                      ],
                      "parents": [
                        "tuple",
                        []
                      ],
                      "type": "string"
                    }
                  ]
                }
              ]
            },
            "object": {
              "value": {
                "apiVersion": "argus.io/v1alpha1",
                "kind": "Component",
                "metadata": {
                  "annotations": null,
                  "creationTimestamp": null,
                  "deletionGracePeriodSeconds": null,
                  "deletionTimestamp": null,
                  "finalizers": null,
                  "generateName": null,
                  "generation": null,
                  "labels": {
                    "app.kubernetes.io/created-by": "operator",
                    "app.kubernetes.io/instance": "component-sample",
                    "app.kubernetes.io/managed-by": "kustomize",
                    "app.kubernetes.io/name": "component",
                    "app.kubernetes.io/part-of": "operator"
                  },
                  "managedFields": null,
                  "name": "rt-3",
                  "namespace": "default",
                  "ownerReferences": null,
                  "resourceVersion": null,
                  "selfLink": null,
                  "uid": null
                },
                "spec": {
                  "classes": [
                    "NetworkElement"
                  ],
                  "parents": [],
                  "type": "my-component"
                }
              },
              "type": [
                "object",
                {
                  "apiVersion": "string",
                  "kind": "string",
                  "metadata": [
                    "object",
                    {
                      "annotations": [
                        "map",
                        "string"
                      ],
                      "creationTimestamp": "string",
                      "deletionGracePeriodSeconds": "number",
                      "deletionTimestamp": "string",
                      "finalizers": [
                        "list",
                        "string"
                      ],
                      "generateName": "string",
                      "generation": "number",
                      "labels": [
                        "map",
                        "string"
                      ],
                      "managedFields": [
                        "tuple",
                        [
                          [
                            "object",
                            {
                              "apiVersion": "string",
                              "fieldsType": "string",
                              "fieldsV1": "dynamic",
                              "manager": "string",
                              "operation": "string",
                              "subresource": "string",
                              "time": "string"
                            }
                          ]
                        ]
                      ],
                      "name": "string",
                      "namespace": "string",
                      "ownerReferences": [
                        "list",
                        [
                          "object",
                          {
                            "apiVersion": "string",
                            "blockOwnerDeletion": "bool",
                            "controller": "bool",
                            "kind": "string",
                            "name": "string",
                            "uid": "string"
                          }
                        ]
                      ],
                      "resourceVersion": "string",
                      "selfLink": "string",
                      "uid": "string"
                    }
                  ],
                  "spec": [
                    "object",
                    {
                      "classes": [
                        "list",
                        "string"
                      ],
                      "parents": [
                        "list",
                        "string"
                      ],
                      "type": "string"
                    }
                  ]
                }
              ]
            },
            "timeouts": [],
            "wait": [],
            "wait_for": null
          },
          "sensitive_attributes": []
        },
        {
          "index_key": 3,
          "schema_version": 1,
          "attributes": {
            "computed_fields": null,
            "field_manager": [],
            "manifest": {
              "value": {
                "apiVersion": "argus.io/v1alpha1",
                "kind": "Component",
                "metadata": {
                  "labels": {
                    "app.kubernetes.io/created-by": "operator",
                    "app.kubernetes.io/instance": "component-sample",
                    "app.kubernetes.io/managed-by": "kustomize",
                    "app.kubernetes.io/name": "component",
                    "app.kubernetes.io/part-of": "operator"
                  },
                  "name": "rt-4",
                  "namespace": "default"
                },
                "spec": {
                  "classes": [
                    "NetworkElement"
                  ],
                  "parents": [],
                  "type": "my-component"
                }
              },
              "type": [
                "object",
                {
                  "apiVersion": "string",
                  "kind": "string",
                  "metadata": [
                    "object",
                    {
                      "labels": [
                        "object",
                        {
                          "app.kubernetes.io/created-by": "string",
                          "app.kubernetes.io/instance": "string",
                          "app.kubernetes.io/managed-by": "string",
                          "app.kubernetes.io/name": "string",
                          "app.kubernetes.io/part-of": "string"
                        }
                      ],
                      "name": "string",
                      "namespace": "string"
                    }
                  ],
                  "spec": [
                    "object",
                    {
                      "classes": [
                        "tuple",
                        [
                          "string"
                        ]
                      ],
                      "parents": [
                        "tuple",
                        []
                      ],
                      "type": "string"
                    }
                  ]
                }
              ]
            },
            "object": {
              "value": {
                "apiVersion": "argus.io/v1alpha1",
                "kind": "Component",
                "metadata": {
                  "annotations": null,
                  "creationTimestamp": null,
                  "deletionGracePeriodSeconds": null,
                  "deletionTimestamp": null,
                  "finalizers": null,
                  "generateName": null,
                  "generation": null,
                  "labels": {
                    "app.kubernetes.io/created-by": "operator",
                    "app.kubernetes.io/instance": "component-sample",
                    "app.kubernetes.io/managed-by": "kustomize",
                    "app.kubernetes.io/name": "component",
                    "app.kubernetes.io/part-of": "operator"
                  },
                  "managedFields": null,
                  "name": "rt-4",
                  "namespace": "default",
                  "ownerReferences": null,
                  "resourceVersion": null,
                  "selfLink": null,
                  "uid": null
                },
                "spec": {
                  "classes": [
                    "NetworkElement"
                  ],
                  "parents": [],
                  "type": "my-component"
                }
              },
              "type": [
                "object",
                {
                  "apiVersion": "string",
                  "kind": "string",
                  "metadata": [
                    "object",
                    {
                      "annotations": [
                        "map",
                        "string"
                      ],
                      "creationTimestamp": "string",
                      "deletionGracePeriodSeconds": "number",
                      "deletionTimestamp": "string",
                      "finalizers": [
                        "list",
                        "string"
                      ],
                      "generateName": "string",
                      "generation": "number",
                      "labels": [
                        "map",
                        "string"
                      ],
                      "managedFields": [
                        "tuple",
                        [
                          [
                            "object",
                            {
                              "apiVersion": "string",
                              "fieldsType": "string",
                              "fieldsV1": "dynamic",
                              "manager": "string",
                              "operation": "string",
                              "subresource": "string",
                              "time": "string"
                            }
                          ]
                        ]
                      ],
                      "name": "string",
                      "namespace": "string",
                      "ownerReferences": [
                        "list",
                        [
                          "object",
                          {
                            "apiVersion": "string",
                            "blockOwnerDeletion": "bool",
                            "controller": "bool",
                            "kind": "string",
                            "name": "string",
                            "uid": "string"
                          }
                        ]
                      ],
                      "resourceVersion": "string",
                      "selfLink": "string",
                      "uid": "string"
                    }
                  ],
                  "spec": [
                    "object",
                    {
                      "classes": [
                        "list",
                        "string"
                      ],
                      "parents": [
                        "list",
                        "string"
                      ],
                      "type": "string"
                    }
                  ]
                }
              ]
            },
            "timeouts": [],
            "wait": [],
            "wait_for": null
          },
          "sensitive_attributes": []
        },
        {
          "index_key": 4,
          "schema_version": 1,
          "attributes": {
            "computed_fields": null,
            "field_manager": [],
            "manifest": {
              "value": {
                "apiVersion": "argus.io/v1alpha1",
                "kind": "Component",
                "metadata": {
                  "labels": {
                    "app.kubernetes.io/created-by": "operator",
                    "app.kubernetes.io/instance": "component-sample",
                    "app.kubernetes.io/managed-by": "kustomize",
                    "app.kubernetes.io/name": "component",
                    "app.kubernetes.io/part-of": "operator"
                  },
                  "name": "rt-5",
                  "namespace": "default"
                },
                "spec": {
                  "classes": [
                    "NetworkElement"
                  ],
                  "parents": [],
                  "type": "my-component"
                }
              },
              "type": [
                "object",
                {
                  "apiVersion": "string",
                  "kind": "string",
                  "metadata": [
                    "object",
                    {
                      "labels": [
                        "object",
                        {
                          "app.kubernetes.io/created-by": "string",
                          "app.kubernetes.io/instance": "string",
                          "app.kubernetes.io/managed-by": "string",
                          "app.kubernetes.io/name": "string",
                          "app.kubernetes.io/part-of": "string"
                        }
                      ],
                      "name": "string",
                      "namespace": "string"
                    }
                  ],
                  "spec": [
                    "object",
                    {
                      "classes": [
                        "tuple",
                        [
                          "string"
                        ]
                      ],
                      "parents": [
                        "tuple",
                        []
                      ],
                      "type": "string"
                    }
                  ]
                }
              ]
            },
            "object": {
              "value": {
                "apiVersion": "argus.io/v1alpha1",
                "kind": "Component",
                "metadata": {
                  "annotations": null,
                  "creationTimestamp": null,
                  "deletionGracePeriodSeconds": null,
                  "deletionTimestamp": null,
                  "finalizers": null,
                  "generateName": null,
                  "generation": null,
                  "labels": {
                    "app.kubernetes.io/created-by": "operator",
                    "app.kubernetes.io/instance": "component-sample",
                    "app.kubernetes.io/managed-by": "kustomize",
                    "app.kubernetes.io/name": "component",
                    "app.kubernetes.io/part-of": "operator"
                  },
                  "managedFields": null,
                  "name": "rt-5",
                  "namespace": "default",
                  "ownerReferences": null,
                  "resourceVersion": null,
                  "selfLink": null,
                  "uid": null
                },
                "spec": {
                  "classes": [
                    "NetworkElement"
                  ],
                  "parents": [],
                  "type": "my-component"
                }
              },
              "type": [
                "object",
                {
                  "apiVersion": "string",
                  "kind": "string",
                  "metadata": [
                    "object",
                    {
                      "annotations": [
                        "map",
                        "string"
                      ],
                      "creationTimestamp": "string",
                      "deletionGracePeriodSeconds": "number",
                      "deletionTimestamp": "string",
                      "finalizers": [
                        "list",
                        "string"
                      ],
                      "generateName": "string",
                      "generation": "number",
                      "labels": [
                        "map",
                        "string"
                      ],
                      "managedFields": [
                        "tuple",
                        [
                          [
                            "object",
                            {
                              "apiVersion": "string",
                              "fieldsType": "string",
                              "fieldsV1": "dynamic",
                              "manager": "string",
                              "operation": "string",
                              "subresource": "string",
                              "time": "string"
                            }
                          ]
                        ]
                      ],
                      "name": "string",
                      "namespace": "string",
                      "ownerReferences": [
                        "list",
                        [
                          "object",
                          {
                            "apiVersion": "string",
                            "blockOwnerDeletion": "bool",
                            "controller": "bool",
                            "kind": "string",
                            "name": "string",
                            "uid": "string"
                          }
                        ]
                      ],
                      "resourceVersion": "string",
                      "selfLink": "string",
                      "uid": "string"
                    }
                  ],
                  "spec": [
                    "object",
                    {
                      "classes": [
                        "list",
                        "string"
                      ],
                      "parents": [
                        "list",
                        "string"
                      ],
                      "type": "string"
                    }
                  ]
                }
              ]
            },
            "timeouts": [],
            "wait": [],
            "wait_for": null
          },
          "sensitive_attributes": []
        },
        {
          "index_key": 5,
          "schema_version": 1,
          "attributes": {
            "computed_fields": null,
            "field_manager": [],
            "manifest": {
              "value": {
                "apiVersion": "argus.io/v1alpha1",
                "kind": "Component",
                "metadata": {
                  "labels": {
                    "app.kubernetes.io/created-by": "operator",
                    "app.kubernetes.io/instance": "component-sample",
                    "app.kubernetes.io/managed-by": "kustomize",
                    "app.kubernetes.io/name": "component",
                    "app.kubernetes.io/part-of": "operator"
                  },
                  "name": "rt-6",
                  "namespace": "default"
                },
                "spec": {
                  "classes": [
                    "NetworkElement"
                  ],
                  "parents": [],
                  "type": "my-component"
                }
              },
              "type": [
                "object",
                {
                  "apiVersion": "string",
                  "kind": "string",
                  "metadata": [
                    "object",
                    {
                      "labels": [
                        "object",
                        {
                          "app.kubernetes.io/created-by": "string",
                          "app.kubernetes.io/instance": "string",
                          "app.kubernetes.io/managed-by": "string",
                          "app.kubernetes.io/name": "string",
                          "app.kubernetes.io/part-of": "string"
                        }
                      ],
                      "name": "string",
                      "namespace": "string"
                    }
                  ],
                  "spec": [
                    "object",
                    {
                      "classes": [
                        "tuple",
                        [
                          "string"
                        ]
                      ],
                      "parents": [
                        "tuple",
                        []
                      ],
                      "type": "string"
                    }
                  ]
                }
              ]
            },
            "object": {
              "value": {
                "apiVersion": "argus.io/v1alpha1",
                "kind": "Component",
                "metadata": {
                  "annotations": null,
                  "creationTimestamp": null,
                  "deletionGracePeriodSeconds": null,
                  "deletionTimestamp": null,
                  "finalizers": null,
                  "generateName": null,
                  "generation": null,
                  "labels": {
                    "app.kubernetes.io/created-by": "operator",
                    "app.kubernetes.io/instance": "component-sample",
                    "app.kubernetes.io/managed-by": "kustomize",
                    "app.kubernetes.io/name": "component",
                    "app.kubernetes.io/part-of": "operator"
                  },
                  "managedFields": null,
                  "name": "rt-6",
                  "namespace": "default",
                  "ownerReferences": null,
                  "resourceVersion": null,
                  "selfLink": null,
                  "uid": null
                },
                "spec": {
                  "classes": [
                    "NetworkElement"
                  ],
                  "parents": [],
                  "type": "my-component"
                }
              },
              "type": [
                "object",
                {
                  "apiVersion": "string",
                  "kind": "string",
                  "metadata": [
                    "object",
                    {
                      "annotations": [
                        "map",
                        "string"
                      ],
                      "creationTimestamp": "string",
                      "deletionGracePeriodSeconds": "number",
                      "deletionTimestamp": "string",
                      "finalizers": [
                        "list",
                        "string"
                      ],
                      "generateName": "string",
                      "generation": "number",
                      "labels": [
                        "map",
                        "string"
                      ],
                      "managedFields": [
                        "tuple",
                        [
                          [
                            "object",
                            {
                              "apiVersion": "string",
                              "fieldsType": "string",
                              "fieldsV1": "dynamic",
                              "manager": "string",
                              "operation": "string",
                              "subresource": "string",
                              "time": "string"
                            }
                          ]
                        ]
                      ],
                      "name": "string",
                      "namespace": "string",
                      "ownerReferences": [
                        "list",
                        [
                          "object",
                          {
                            "apiVersion": "string",
                            "blockOwnerDeletion": "bool",
                            "controller": "bool",
                            "kind": "string",
                            "name": "string",
                            "uid": "string"
                          }
                        ]
                      ],
                      "resourceVersion": "string",
                      "selfLink": "string",
                      "uid": "string"
                    }
                  ],
                  "spec": [
                    "object",
                    {
                      "classes": [
                        "list",
                        "string"
                      ],
                      "parents": [
                        "list",
                        "string"
                      ],
                      "type": "string"
                    }
                  ]
                }
              ]
            },
            "timeouts": [],
            "wait": [],
            "wait_for": null
          },
          "sensitive_attributes": []
        },
        {
          "index_key": 6,
          "schema_version": 1,
          "attributes": {
            "computed_fields": null,
            "field_manager": [],
            "manifest": {
              "value": {
                "apiVersion": "argus.io/v1alpha1",
                "kind": "Component",
                "metadata": {
                  "labels": {
                    "app.kubernetes.io/created-by": "operator",
                    "app.kubernetes.io/instance": "component-sample",
                    "app.kubernetes.io/managed-by": "kustomize",
                    "app.kubernetes.io/name": "component",
                    "app.kubernetes.io/part-of": "operator"
                  },
                  "name": "rt-7",
                  "namespace": "default"
                },
                "spec": {
                  "classes": [
                    "NetworkElement"
                  ],
                  "parents": [],
                  "type": "my-component"
                }
              },
              "type": [
                "object",
                {
                  "apiVersion": "string",
                  "kind": "string",
                  "metadata": [
                    "object",
                    {
                      "labels": [
                        "object",
                        {
                          "app.kubernetes.io/created-by": "string",
                          "app.kubernetes.io/instance": "string",
                          "app.kubernetes.io/managed-by": "string",
                          "app.kubernetes.io/name": "string",
                          "app.kubernetes.io/part-of": "string"
                        }
                      ],
                      "name": "string",
                      "namespace": "string"
                    }
                  ],
                  "spec": [
                    "object",
                    {
                      "classes": [
                        "tuple",
                        [
                          "string"
                        ]
                      ],
                      "parents": [
                        "tuple",
                        []
                      ],
                      "type": "string"
                    }
                  ]
                }
              ]
            },
            "object": {
              "value": {
                "apiVersion": "argus.io/v1alpha1",
                "kind": "Component",
                "metadata": {
                  "annotations": null,
                  "creationTimestamp": null,
                  "deletionGracePeriodSeconds": null,
                  "deletionTimestamp": null,
                  "finalizers": null,
                  "generateName": null,
                  "generation": null,
                  "labels": {
                    "app.kubernetes.io/created-by": "operator",
                    "app.kubernetes.io/instance": "component-sample",
                    "app.kubernetes.io/managed-by": "kustomize",
                    "app.kubernetes.io/name": "component",
                    "app.kubernetes.io/part-of": "operator"
                  },
                  "managedFields": null,
                  "name": "rt-7",
                  "namespace": "default",
                  "ownerReferences": null,
                  "resourceVersion": null,
                  "selfLink": null,
                  "uid": null
                },
                "spec": {
                  "classes": [
                    "NetworkElement"
                  ],
                  "parents": [],
                  "type": "my-component"
                }
              },
              "type": [
                "object",
                {
                  "apiVersion": "string",
                  "kind": "string",
                  "metadata": [
                    "object",
                    {
                      "annotations": [
                        "map",
                        "string"
                      ],
                      "creationTimestamp": "string",
                      "deletionGracePeriodSeconds": "number",
                      "deletionTimestamp": "string",
                      "finalizers": [
                        "list",
                        "string"
                      ],
                      "generateName": "string",
                      "generation": "number",
                      "labels": [
                        "map",
                        "string"
                      ],
                      "managedFields": [
                        "tuple",
                        [
                          [
                            "object",
                            {
                              "apiVersion": "string",
                              "fieldsType": "string",
                              "fieldsV1": "dynamic",
                              "manager": "string",
                              "operation": "string",
                              "subresource": "string",
                              "time": "string"
                            }
                          ]
                        ]
                      ],
                      "name": "string",
                      "namespace": "string",
                      "ownerReferences": [
                        "list",
                        [
                          "object",
                          {
                            "apiVersion": "string",
                            "blockOwnerDeletion": "bool",
                            "controller": "bool",
                            "kind": "string",
                            "name": "string",
                            "uid": "string"
                          }
                        ]
                      ],
                      "resourceVersion": "string",
                      "selfLink": "string",
                      "uid": "string"
                    }
                  ],
                  "spec": [
                    "object",
                    {
                      "classes": [
                        "list",
                        "string"
                      ],
                      "parents": [
                        "list",
                        "string"
                      ],
                      "type": "string"
                    }
                  ]
                }
              ]
            },
            "timeouts": [],
            "wait": [],
            "wait_for": null
          },
          "sensitive_attributes": []
        },
        {
          "index_key": 7,
          "schema_version": 1,
          "attributes": {
            "computed_fields": null,
            "field_manager": [],
            "manifest": {
              "value": {
                "apiVersion": "argus.io/v1alpha1",
                "kind": "Component",
                "metadata": {
                  "labels": {
                    "app.kubernetes.io/created-by": "operator",
                    "app.kubernetes.io/instance": "component-sample",
                    "app.kubernetes.io/managed-by": "kustomize",
                    "app.kubernetes.io/name": "component",
                    "app.kubernetes.io/part-of": "operator"
                  },
                  "name": "rt-8",
                  "namespace": "default"
                },
                "spec": {
                  "classes": [
                    "NetworkElement"
                  ],
                  "parents": [],
                  "type": "my-component"
                }
              },
              "type": [
                "object",
                {
                  "apiVersion": "string",
                  "kind": "string",
                  "metadata": [
                    "object",
                    {
                      "labels": [
                        "object",
                        {
                          "app.kubernetes.io/created-by": "string",
                          "app.kubernetes.io/instance": "string",
                          "app.kubernetes.io/managed-by": "string",
                          "app.kubernetes.io/name": "string",
                          "app.kubernetes.io/part-of": "string"
                        }
                      ],
                      "name": "string",
                      "namespace": "string"
                    }
                  ],
                  "spec": [
                    "object",
                    {
                      "classes": [
                        "tuple",
                        [
                          "string"
                        ]
                      ],
                      "parents": [
                        "tuple",
                        []
                      ],
                      "type": "string"
                    }
                  ]
                }
              ]
            },
            "object": {
              "value": {
                "apiVersion": "argus.io/v1alpha1",
                "kind": "Component",
                "metadata": {
                  "annotations": null,
                  "creationTimestamp": null,
                  "deletionGracePeriodSeconds": null,
                  "deletionTimestamp": null,
                  "finalizers": null,
                  "generateName": null,
                  "generation": null,
                  "labels": {
                    "app.kubernetes.io/created-by": "operator",
                    "app.kubernetes.io/instance": "component-sample",
                    "app.kubernetes.io/managed-by": "kustomize",
                    "app.kubernetes.io/name": "component",
                    "app.kubernetes.io/part-of": "operator"
                  },
                  "managedFields": null,
                  "name": "rt-8",
                  "namespace": "default",
                  "ownerReferences": null,
                  "resourceVersion": null,
                  "selfLink": null,
                  "uid": null
                },
                "spec": {
                  "classes": [
                    "NetworkElement"
                  ],
                  "parents": [],
                  "type": "my-component"
                }
              },
              "type": [
                "object",
                {
                  "apiVersion": "string",
                  "kind": "string",
                  "metadata": [
                    "object",
                    {
                      "annotations": [
                        "map",
                        "string"
                      ],
                      "creationTimestamp": "string",
                      "deletionGracePeriodSeconds": "number",
                      "deletionTimestamp": "string",
                      "finalizers": [
                        "list",
                        "string"
                      ],
                      "generateName": "string",
                      "generation": "number",
                      "labels": [
                        "map",
                        "string"
                      ],
                      "managedFields": [
                        "tuple",
                        [
                          [
                            "object",
                            {
                              "apiVersion": "string",
                              "fieldsType": "string",
                              "fieldsV1": "dynamic",
                              "manager": "string",
                              "operation": "string",
                              "subresource": "string",
                              "time": "string"
                            }
                          ]
                        ]
                      ],
                      "name": "string",
                      "namespace": "string",
                      "ownerReferences": [
                        "list",
                        [
                          "object",
                          {
                            "apiVersion": "string",
                            "blockOwnerDeletion": "bool",
                            "controller": "bool",
                            "kind": "string",
                            "name": "string",
                            "uid": "string"
                          }
                        ]
                      ],
                      "resourceVersion": "string",
                      "selfLink": "string",
                      "uid": "string"
                    }
                  ],
                  "spec": [
                    "object",
                    {
                      "classes": [
                        "list",
                        "string"
                      ],
                      "parents": [
                        "list",
                        "string"
                      ],
                      "type": "string"
                    }
                  ]
                }
              ]
            },
            "timeouts": [],
            "wait": [],
            "wait_for": null
          },
          "sensitive_attributes": []
        },
        {
          "index_key": 8,
          "schema_version": 1,
          "attributes": {
            "computed_fields": null,
            "field_manager": [],
            "manifest": {
              "value": {
                "apiVersion": "argus.io/v1alpha1",
                "kind": "Component",
                "metadata": {
                  "labels": {
                    "app.kubernetes.io/created-by": "operator",
                    "app.kubernetes.io/instance": "component-sample",
                    "app.kubernetes.io/managed-by": "kustomize",
                    "app.kubernetes.io/name": "component",
                    "app.kubernetes.io/part-of": "operator"
                  },
                  "name": "rt-9",
                  "namespace": "default"
                },
                "spec": {
                  "classes": [
                    "NetworkElement"
                  ],
                  "parents": [],
                  "type": "my-component"
                }
              },
              "type": [
                "object",
                {
                  "apiVersion": "string",
                  "kind": "string",
                  "metadata": [
                    "object",
                    {
                      "labels": [
                        "object",
                        {
                          "app.kubernetes.io/created-by": "string",
                          "app.kubernetes.io/instance": "string",
                          "app.kubernetes.io/managed-by": "string",
                          "app.kubernetes.io/name": "string",
                          "app.kubernetes.io/part-of": "string"
                        }
                      ],
                      "name": "string",
                      "namespace": "string"
                    }
                  ],
                  "spec": [
                    "object",
                    {
                      "classes": [
                        "tuple",
                        [
                          "string"
                        ]
                      ],
                      "parents": [
                        "tuple",
                        []
                      ],
                      "type": "string"
                    }
                  ]
                }
              ]
            },
            "object": {
              "value": {
                "apiVersion": "argus.io/v1alpha1",
                "kind": "Component",
                "metadata": {
                  "annotations": null,
                  "creationTimestamp": null,
                  "deletionGracePeriodSeconds": null,
                  "deletionTimestamp": null,
                  "finalizers": null,
                  "generateName": null,
                  "generation": null,
                  "labels": {
                    "app.kubernetes.io/created-by": "operator",
                    "app.kubernetes.io/instance": "component-sample",
                    "app.kubernetes.io/managed-by": "kustomize",
                    "app.kubernetes.io/name": "component",
                    "app.kubernetes.io/part-of": "operator"
                  },
                  "managedFields": null,
                  "name": "rt-9",
                  "namespace": "default",
                  "ownerReferences": null,
                  "resourceVersion": null,
                  "selfLink": null,
                  "uid": null
                },
                "spec": {
                  "classes": [
                    "NetworkElement"
                  ],
                  "parents": [],
                  "type": "my-component"
                }
              },
              "type": [
                "object",
                {
                  "apiVersion": "string",
                  "kind": "string",
                  "metadata": [
                    "object",
                    {
                      "annotations": [
                        "map",
                        "string"
                      ],
                      "creationTimestamp": "string",
                      "deletionGracePeriodSeconds": "number",
                      "deletionTimestamp": "string",
                      "finalizers": [
                        "list",
                        "string"
                      ],
                      "generateName": "string",
                      "generation": "number",
                      "labels": [
                        "map",
                        "string"
                      ],
                      "managedFields": [
                        "tuple",
                        [
                          [
                            "object",
                            {
                              "apiVersion": "string",
                              "fieldsType": "string",
                              "fieldsV1": "dynamic",
                              "manager": "string",
                              "operation": "string",
                              "subresource": "string",
                              "time": "string"
                            }
                          ]
                        ]
                      ],
                      "name": "string",
                      "namespace": "string",
                      "ownerReferences": [
                        "list",
                        [
                          "object",
                          {
                            "apiVersion": "string",
                            "blockOwnerDeletion": "bool",
                            "controller": "bool",
                            "kind": "string",
                            "name": "string",
                            "uid": "string"
                          }
                        ]
                      ],
                      "resourceVersion": "string",
                      "selfLink": "string",
                      "uid": "string"
                    }
                  ],
                  "spec": [
                    "object",
                    {
                      "classes": [
                        "list",
                        "string"
                      ],
                      "parents": [
                        "list",
                        "string"
                      ],
                      "type": "string"
                    }
                  ]
                }
              ]
            },
            "timeouts": [],
            "wait": [],
            "wait_for": null
          },
          "sensitive_attributes": []
        },
        {
          "index_key": 9,
          "schema_version": 1,
          "attributes": {
            "computed_fields": null,
            "field_manager": [],
            "manifest": {
              "value": {
                "apiVersion": "argus.io/v1alpha1",
                "kind": "Component",
                "metadata": {
                  "labels": {
                    "app.kubernetes.io/created-by": "operator",
                    "app.kubernetes.io/instance": "component-sample",
                    "app.kubernetes.io/managed-by": "kustomize",
                    "app.kubernetes.io/name": "component",
                    "app.kubernetes.io/part-of": "operator"
                  },
                  "name": "rt-10",
                  "namespace": "default"
                },
                "spec": {
                  "classes": [
                    "NetworkElement"
                  ],
                  "parents": [],
                  "type": "my-component"
                }
              },
              "type": [
                "object",
                {
                  "apiVersion": "string",
                  "kind": "string",
                  "metadata": [
                    "object",
                    {
                      "labels": [
                        "object",
                        {
                          "app.kubernetes.io/created-by": "string",
                          "app.kubernetes.io/instance": "string",
                          "app.kubernetes.io/managed-by": "string",
                          "app.kubernetes.io/name": "string",
                          "app.kubernetes.io/part-of": "string"
                        }
                      ],
                      "name": "string",
                      "namespace": "string"
                    }
                  ],
                  "spec": [
                    "object",
                    {
                      "classes": [
                        "tuple",
                        [
                          "string"
                        ]
                      ],
                      "parents": [
                        "tuple",
                        []
                      ],
                      "type": "string"
                    }
                  ]
                }
              ]
            },
            "object": {
              "value": {
                "apiVersion": "argus.io/v1alpha1",
                "kind": "Component",
                "metadata": {
                  "annotations": null,
                  "creationTimestamp": null,
                  "deletionGracePeriodSeconds": null,
                  "deletionTimestamp": null,
                  "finalizers": null,
                  "generateName": null,
                  "generation": null,
                  "labels": {
                    "app.kubernetes.io/created-by": "operator",
                    "app.kubernetes.io/instance": "component-sample",
                    "app.kubernetes.io/managed-by": "kustomize",
                    "app.kubernetes.io/name": "component",
                    "app.kubernetes.io/part-of": "operator"
                  },
                  "managedFields": null,
                  "name": "rt-10",
                  "namespace": "default",
                  "ownerReferences": null,
                  "resourceVersion": null,
                  "selfLink": null,
                  "uid": null
                },
                "spec": {
                  "classes": [
                    "NetworkElement"
                  ],
                  "parents": [],
                  "type": "my-component"
                }
              },
              "type": [
                "object",
                {
                  "apiVersion": "string",
                  "kind": "string",
                  "metadata": [
                    "object",
                    {
                      "annotations": [
                        "map",
                        "string"
                      ],
                      "creationTimestamp": "string",
                      "deletionGracePeriodSeconds": "number",
                      "deletionTimestamp": "string",
                      "finalizers": [
                        "list",
                        "string"
                      ],
                      "generateName": "string",
                      "generation": "number",
                      "labels": [
                        "map",
                        "string"
                      ],
                      "managedFields": [
                        "tuple",
                        [
                          [
                            "object",
                            {
                              "apiVersion": "string",
                              "fieldsType": "string",
                              "fieldsV1": "dynamic",
                              "manager": "string",
                              "operation": "string",
                              "subresource": "string",
                              "time": "string"
                            }
                          ]
                        ]
                      ],
                      "name": "string",
                      "namespace": "string",
                      "ownerReferences": [
                        "list",
                        [
                          "object",
                          {
                            "apiVersion": "string",
                            "blockOwnerDeletion": "bool",
                            "controller": "bool",
                            "kind": "string",
                            "name": "string",
                            "uid": "string"
                          }
                        ]
                      ],
                      "resourceVersion": "string",
                      "selfLink": "string",
                      "uid": "string"
                    }
                  ],
                  "spec": [
                    "object",
                    {
                      "classes": [
                        "list",
                        "string"
                      ],
                      "parents": [
                        "list",
                        "string"
                      ],
                      "type": "string"
                    }
                  ]
                }
              ]
            },
            "timeouts": [],
            "wait": [],
            "wait_for": null
          },
          "sensitive_attributes": []
        }
      ]
    }
  ],
  "check_results": null
}
